{
  "version": 4,
  "terraform_version": "1.7.4",
  "serial": 102,
  "lineage": "6622a8f2-3a18-d301-2086-25fed51b8327",
  "outputs": {},
  "resources": [
    {
      "mode": "managed",
      "type": "aws_vpc",
      "name": "main",
      "provider": "provider[\"registry.terraform.io/hashicorp/aws\"]",
      "instances": [
        {
          "schema_version": 1,
          "attributes": {
            "id": "vpc-06622a8f20001",
            "cidr_block": "10.2.0.0/16",
            "default": false,
            "enable_dns_support": true,
            "enable_dns_hostnames": true,
            "dhcp_options_id": "dopt-06622a8f20001",
            "tags": {
              "Environment": "PROD",
              "System": "分析基盤",
              "ManagedBy": "terraform",
              "Name": "analytics-prod-vpc"
            },
            "tags_all": {
              "Environment": "PROD",
              "System": "分析基盤",
              "ManagedBy": "terraform",
              "Name": "analytics-prod-vpc"
            }
          }
        }
      ]
    },
    {
      "mode": "managed",
      "type": "aws_subnet",
      "name": "public_1",
      "provider": "provider[\"registry.terraform.io/hashicorp/aws\"]",
      "instances": [
        {
          "schema_version": 1,
          "attributes": {
            "id": "subnet-008b4d8b401",
            "vpc_id": "vpc-06622a8f20001",
            "cidr_block": "10.2.1.0/24",
            "availability_zone": "ap-northeast-1a",
            "map_public_ip_on_launch": true,
            "tags": {
              "Environment": "PROD",
              "System": "分析基盤",
              "ManagedBy": "terraform",
              "Name": "analytics-prod-public-1"
            },
            "tags_all": {
              "Environment": "PROD",
              "System": "分析基盤",
              "ManagedBy": "terraform",
              "Name": "analytics-prod-public-1"
            }
          }
        }
      ]
    },
    {
      "mode": "managed",
      "type": "aws_subnet",
      "name": "public_2",
      "provider": "provider[\"registry.terraform.io/hashicorp/aws\"]",
      "instances": [
        {
          "schema_version": 1,
          "attributes": {
            "id": "subnet-0d6319bb201",
            "vpc_id": "vpc-06622a8f20001",
            "cidr_block": "10.2.2.0/24",
            "availability_zone": "ap-northeast-1c",
            "map_public_ip_on_launch": true,
            "tags": {
              "Environment": "PROD",
              "System": "分析基盤",
              "ManagedBy": "terraform",
              "Name": "analytics-prod-public-2"
            },
            "tags_all": {
              "Environment": "PROD",
              "System": "分析基盤",
              "ManagedBy": "terraform",
              "Name": "analytics-prod-public-2"
            }
          }
        }
      ]
    },
    {
      "mode": "managed",
      "type": "aws_subnet",
      "name": "private_1",
      "provider": "provider[\"registry.terraform.io/hashicorp/aws\"]",
      "instances": [
        {
          "schema_version": 1,
          "attributes": {
            "id": "subnet-0b5d00d2901",
            "vpc_id": "vpc-06622a8f20001",
            "cidr_block": "10.2.11.0/24",
            "availability_zone": "ap-northeast-1a",
            "map_public_ip_on_launch": false,
            "tags": {
              "Environment": "PROD",
              "System": "分析基盤",
              "ManagedBy": "terraform",
              "Name": "analytics-prod-private-1"
            },
            "tags_all": {
              "Environment": "PROD",
              "System": "分析基盤",
              "ManagedBy": "terraform",
              "Name": "analytics-prod-private-1"
            }
          }
        }
      ]
    },
    {
      "mode": "managed",
      "type": "aws_subnet",
      "name": "private_2",
      "provider": "provider[\"registry.terraform.io/hashicorp/aws\"]",
      "instances": [
        {
          "schema_version": 1,
          "attributes": {
            "id": "subnet-01defca5b01",
            "vpc_id": "vpc-06622a8f20001",
            "cidr_block": "10.2.12.0/24",
            "availability_zone": "ap-northeast-1c",
            "map_public_ip_on_launch": false,
            "tags": {
              "Environment": "PROD",
              "System": "分析基盤",
              "ManagedBy": "terraform",
              "Name": "analytics-prod-private-2"
            },
            "tags_all": {
              "Environment": "PROD",
              "System": "分析基盤",
              "ManagedBy": "terraform",
              "Name": "analytics-prod-private-2"
            }
          }
        }
      ]
    },
    {
      "mode": "managed",
      "type": "aws_internet_gateway",
      "name": "main",
      "provider": "provider[\"registry.terraform.io/hashicorp/aws\"]",
      "instances": [
        {
          "schema_version": 1,
          "attributes": {
            "id": "igw-06622a8f20001",
            "vpc_id": "vpc-06622a8f20001",
            "tags": {
              "Environment": "PROD",
              "System": "分析基盤",
              "ManagedBy": "terraform",
              "Name": "analytics-prod-igw"
            },
            "tags_all": {
              "Environment": "PROD",
              "System": "分析基盤",
              "ManagedBy": "terraform",
              "Name": "analytics-prod-igw"
            }
          }
        }
      ]
    },
    {
      "mode": "managed",
      "type": "aws_eip",
      "name": "nat_1",
      "provider": "provider[\"registry.terraform.io/hashicorp/aws\"]",
      "instances": [
        {
          "schema_version": 1,
          "attributes": {
            "id": "eipalloc-029f62aae01",
            "public_ip": "54.12.20.105",
            "domain": "vpc",
            "vpc": true,
            "tags": {
              "Environment": "PROD",
              "System": "分析基盤",
              "ManagedBy": "terraform",
              "Name": "analytics-prod-eip-nat-1"
            },
            "tags_all": {
              "Environment": "PROD",
              "System": "分析基盤",
              "ManagedBy": "terraform",
              "Name": "analytics-prod-eip-nat-1"
            }
          }
        }
      ]
    },
    {
      "mode": "managed",
      "type": "aws_nat_gateway",
      "name": "az1",
      "provider": "provider[\"registry.terraform.io/hashicorp/aws\"]",
      "instances": [
        {
          "schema_version": 1,
          "attributes": {
            "id": "nat-0f0f4815701",
            "subnet_id": "subnet-008b4d8b401",
            "allocation_id": "eipalloc-029f62aae01",
            "connectivity_type": "public",
            "state": "available",
            "tags": {
              "Environment": "PROD",
              "System": "分析基盤",
              "ManagedBy": "terraform",
              "Name": "analytics-prod-nat-az1"
            },
            "tags_all": {
              "Environment": "PROD",
              "System": "分析基盤",
              "ManagedBy": "terraform",
              "Name": "analytics-prod-nat-az1"
            }
          }
        }
      ]
    },
    {
      "mode": "managed",
      "type": "aws_eip",
      "name": "nat_2",
      "provider": "provider[\"registry.terraform.io/hashicorp/aws\"]",
      "instances": [
        {
          "schema_version": 1,
          "attributes": {
            "id": "eipalloc-0d5b5558201",
            "public_ip": "54.12.40.110",
            "domain": "vpc",
            "vpc": true,
            "tags": {
              "Environment": "PROD",
              "System": "分析基盤",
              "ManagedBy": "terraform",
              "Name": "analytics-prod-eip-nat-2"
            },
            "tags_all": {
              "Environment": "PROD",
              "System": "分析基盤",
              "ManagedBy": "terraform",
              "Name": "analytics-prod-eip-nat-2"
            }
          }
        }
      ]
    },
    {
      "mode": "managed",
      "type": "aws_nat_gateway",
      "name": "az2",
      "provider": "provider[\"registry.terraform.io/hashicorp/aws\"]",
      "instances": [
        {
          "schema_version": 1,
          "attributes": {
            "id": "nat-02f1f7b5701",
            "subnet_id": "subnet-0d6319bb201",
            "allocation_id": "eipalloc-0d5b5558201",
            "connectivity_type": "public",
            "state": "available",
            "tags": {
              "Environment": "PROD",
              "System": "分析基盤",
              "ManagedBy": "terraform",
              "Name": "analytics-prod-nat-az2"
            },
            "tags_all": {
              "Environment": "PROD",
              "System": "分析基盤",
              "ManagedBy": "terraform",
              "Name": "analytics-prod-nat-az2"
            }
          }
        }
      ]
    },
    {
      "mode": "managed",
      "type": "aws_security_group",
      "name": "alb",
      "provider": "provider[\"registry.terraform.io/hashicorp/aws\"]",
      "instances": [
        {
          "schema_version": 1,
          "attributes": {
            "id": "sg-0e5ebbddb01",
            "name": "analytics-prod-sg-alb",
            "description": "ALB security group",
            "vpc_id": "vpc-06622a8f20001",
            "ingress": [
              {
                "from_port": 80,
                "to_port": 80,
                "protocol": "tcp",
                "cidr_blocks": [
                  "0.0.0.0/0"
                ],
                "ipv6_cidr_blocks": [
                  "::/0"
                ],
                "prefix_list_ids": [],
                "security_groups": [],
                "self": false,
                "description": "HTTP"
              },
              {
                "from_port": 443,
                "to_port": 443,
                "protocol": "tcp",
                "cidr_blocks": [
                  "0.0.0.0/0"
                ],
                "ipv6_cidr_blocks": [
                  "::/0"
                ],
                "prefix_list_ids": [],
                "security_groups": [],
                "self": false,
                "description": "HTTPS"
              }
            ],
            "egress": [
              {
                "from_port": 0,
                "to_port": 0,
                "protocol": "-1",
                "cidr_blocks": [
                  "0.0.0.0/0"
                ],
                "ipv6_cidr_blocks": [],
                "prefix_list_ids": [],
                "security_groups": [],
                "self": false,
                "description": ""
              }
            ],
            "tags": {
              "Environment": "PROD",
              "System": "分析基盤",
              "ManagedBy": "terraform",
              "Name": "analytics-prod-sg-alb"
            },
            "tags_all": {
              "Environment": "PROD",
              "System": "分析基盤",
              "ManagedBy": "terraform",
              "Name": "analytics-prod-sg-alb"
            }
          }
        }
      ]
    },
    {
      "mode": "managed",
      "type": "aws_security_group",
      "name": "app",
      "provider": "provider[\"registry.terraform.io/hashicorp/aws\"]",
      "instances": [
        {
          "schema_version": 1,
          "attributes": {
            "id": "sg-0c46e8b3101",
            "name": "analytics-prod-sg-app",
            "description": "App server security group",
            "vpc_id": "vpc-06622a8f20001",
            "ingress": [
              {
                "from_port": 8080,
                "to_port": 8080,
                "protocol": "tcp",
                "cidr_blocks": [],
                "ipv6_cidr_blocks": [],
                "prefix_list_ids": [],
                "security_groups": [
                  "sg-0e5ebbddb01"
                ],
                "self": false,
                "description": "From ALB"
              },
              {
                "from_port": 22,
                "to_port": 22,
                "protocol": "tcp",
                "cidr_blocks": [
                  "10.0.0.0/8"
                ],
                "ipv6_cidr_blocks": [],
                "prefix_list_ids": [],
                "security_groups": [],
                "self": false,
                "description": "SSH from internal"
              }
            ],
            "egress": [
              {
                "from_port": 0,
                "to_port": 0,
                "protocol": "-1",
                "cidr_blocks": [
                  "0.0.0.0/0"
                ],
                "ipv6_cidr_blocks": [],
                "prefix_list_ids": [],
                "security_groups": [],
                "self": false,
                "description": ""
              }
            ],
            "tags": {
              "Environment": "PROD",
              "System": "分析基盤",
              "ManagedBy": "terraform",
              "Name": "analytics-prod-sg-app"
            },
            "tags_all": {
              "Environment": "PROD",
              "System": "分析基盤",
              "ManagedBy": "terraform",
              "Name": "analytics-prod-sg-app"
            }
          }
        }
      ]
    },
    {
      "mode": "managed",
      "type": "aws_security_group",
      "name": "rds",
      "provider": "provider[\"registry.terraform.io/hashicorp/aws\"]",
      "instances": [
        {
          "schema_version": 1,
          "attributes": {
            "id": "sg-0e0c007fd01",
            "name": "analytics-prod-sg-rds",
            "description": "RDS security group",
            "vpc_id": "vpc-06622a8f20001",
            "ingress": [
              {
                "from_port": 5432,
                "to_port": 5432,
                "protocol": "tcp",
                "cidr_blocks": [],
                "ipv6_cidr_blocks": [],
                "prefix_list_ids": [],
                "security_groups": [
                  "sg-0c46e8b3101"
                ],
                "self": false,
                "description": "From App tier"
              }
            ],
            "egress": [
              {
                "from_port": 0,
                "to_port": 0,
                "protocol": "-1",
                "cidr_blocks": [
                  "0.0.0.0/0"
                ],
                "ipv6_cidr_blocks": [],
                "prefix_list_ids": [],
                "security_groups": [],
                "self": false,
                "description": ""
              }
            ],
            "tags": {
              "Environment": "PROD",
              "System": "分析基盤",
              "ManagedBy": "terraform",
              "Name": "analytics-prod-sg-rds"
            },
            "tags_all": {
              "Environment": "PROD",
              "System": "分析基盤",
              "ManagedBy": "terraform",
              "Name": "analytics-prod-sg-rds"
            }
          }
        }
      ]
    },
    {
      "mode": "managed",
      "type": "aws_instance",
      "name": "app_1",
      "provider": "provider[\"registry.terraform.io/hashicorp/aws\"]",
      "instances": [
        {
          "schema_version": 1,
          "attributes": {
            "id": "i-0f61523b401",
            "ami": "ami-0d52744d6551d851e",
            "instance_type": "c5.xlarge",
            "instance_state": "running",
            "vpc_id": "vpc-06622a8f20001",
            "subnet_id": "subnet-0b5d00d2901",
            "availability_zone": "ap-northeast-1a",
            "private_ip": "10.2.11.10",
            "public_ip": null,
            "vpc_security_group_ids": [
              "sg-0c46e8b3101"
            ],
            "key_name": "analytics-prod-keypair",
            "iam_instance_profile": "analytics-prod-ec2-profile",
            "monitoring": true,
            "platform": null,
            "tags": {
              "Environment": "PROD",
              "System": "分析基盤",
              "ManagedBy": "terraform",
              "Name": "analytics-prod-app-01",
              "Application": "分析基盤",
              "Language": "python",
              "Framework": "django",
              "Runtime": "gunicorn",
              "DeployMethod": "ec2",
              "Branch": "main"
            },
            "tags_all": {
              "Environment": "PROD",
              "System": "分析基盤",
              "ManagedBy": "terraform",
              "Name": "analytics-prod-app-01",
              "Application": "分析基盤",
              "Language": "python",
              "Framework": "django",
              "Runtime": "gunicorn",
              "DeployMethod": "ec2",
              "Branch": "main"
            }
          }
        }
      ]
    },
    {
      "mode": "managed",
      "type": "aws_instance",
      "name": "app_2",
      "provider": "provider[\"registry.terraform.io/hashicorp/aws\"]",
      "instances": [
        {
          "schema_version": 1,
          "attributes": {
            "id": "i-0c4f4de3501",
            "ami": "ami-0d52744d6551d851e",
            "instance_type": "c5.xlarge",
            "instance_state": "running",
            "vpc_id": "vpc-06622a8f20001",
            "subnet_id": "subnet-01defca5b01",
            "availability_zone": "ap-northeast-1c",
            "private_ip": "10.2.11.20",
            "public_ip": null,
            "vpc_security_group_ids": [
              "sg-0c46e8b3101"
            ],
            "key_name": "analytics-prod-keypair",
            "iam_instance_profile": "analytics-prod-ec2-profile",
            "monitoring": true,
            "platform": null,
            "tags": {
              "Environment": "PROD",
              "System": "分析基盤",
              "ManagedBy": "terraform",
              "Name": "analytics-prod-app-02",
              "Application": "分析基盤",
              "Language": "python",
              "Framework": "django",
              "Runtime": "gunicorn",
              "DeployMethod": "ec2",
              "Branch": "main"
            },
            "tags_all": {
              "Environment": "PROD",
              "System": "分析基盤",
              "ManagedBy": "terraform",
              "Name": "analytics-prod-app-02",
              "Application": "分析基盤",
              "Language": "python",
              "Framework": "django",
              "Runtime": "gunicorn",
              "DeployMethod": "ec2",
              "Branch": "main"
            }
          }
        }
      ]
    },
    {
      "mode": "managed",
      "type": "aws_ebs_volume",
      "name": "app_1",
      "provider": "provider[\"registry.terraform.io/hashicorp/aws\"]",
      "instances": [
        {
          "schema_version": 1,
          "attributes": {
            "id": "vol-0f8fa36ad01",
            "size": 50,
            "type": "gp3",
            "iops": 3000,
            "throughput": 125,
            "availability_zone": "ap-northeast-1a",
            "encrypted": true,
            "kms_key_id": "arn:aws:kms:ap-northeast-1:444455556666:key/ec029a9a",
            "snapshot_id": null,
            "multi_attach_enabled": false,
            "attachments": [
              {
                "instance_id": "i-0f61523b401",
                "device": "/dev/sdf",
                "delete_on_termination": true
              }
            ],
            "tags": {
              "Environment": "PROD",
              "System": "分析基盤",
              "ManagedBy": "terraform",
              "Name": "analytics-prod-ebs-01",
              "attached_instance_id": "i-0f61523b401"
            },
            "tags_all": {
              "Environment": "PROD",
              "System": "分析基盤",
              "ManagedBy": "terraform",
              "Name": "analytics-prod-ebs-01",
              "attached_instance_id": "i-0f61523b401"
            }
          }
        }
      ]
    },
    {
      "mode": "managed",
      "type": "aws_ebs_volume",
      "name": "app_2",
      "provider": "provider[\"registry.terraform.io/hashicorp/aws\"]",
      "instances": [
        {
          "schema_version": 1,
          "attributes": {
            "id": "vol-0e3b3b6d101",
            "size": 50,
            "type": "gp3",
            "iops": 3000,
            "throughput": 125,
            "availability_zone": "ap-northeast-1c",
            "encrypted": true,
            "kms_key_id": "arn:aws:kms:ap-northeast-1:444455556666:key/ec029a9a",
            "snapshot_id": null,
            "multi_attach_enabled": false,
            "attachments": [
              {
                "instance_id": "i-0c4f4de3501",
                "device": "/dev/sdf",
                "delete_on_termination": true
              }
            ],
            "tags": {
              "Environment": "PROD",
              "System": "分析基盤",
              "ManagedBy": "terraform",
              "Name": "analytics-prod-ebs-02",
              "attached_instance_id": "i-0c4f4de3501"
            },
            "tags_all": {
              "Environment": "PROD",
              "System": "分析基盤",
              "ManagedBy": "terraform",
              "Name": "analytics-prod-ebs-02",
              "attached_instance_id": "i-0c4f4de3501"
            }
          }
        }
      ]
    },
    {
      "mode": "managed",
      "type": "aws_db_instance",
      "name": "main",
      "provider": "provider[\"registry.terraform.io/hashicorp/aws\"]",
      "instances": [
        {
          "schema_version": 1,
          "attributes": {
            "id": "analytics-prod-db",
            "identifier": "analytics-prod-db",
            "engine": "postgres",
            "engine_version": "16.2",
            "instance_class": "db.r6g.xlarge",
            "db_name": "analytics",
            "username": "admin",
            "port": 5432,
            "endpoint": "analytics-prod-db.6622a8.ap-northeast-1.rds.amazonaws.com:5432",
            "address": "analytics-prod-db.6622a8.ap-northeast-1.rds.amazonaws.com",
            "status": "available",
            "multi_az": true,
            "publicly_accessible": false,
            "storage_type": "gp3",
            "allocated_storage": 100,
            "backup_retention_period": 7,
            "deletion_protection": true,
            "availability_zone": null,
            "vpc_security_group_memberships": [
              {
                "id": "sg-0e0c007fd01",
                "name": "analytics-prod-sg-rds"
              }
            ],
            "tags": {
              "Environment": "PROD",
              "System": "分析基盤",
              "ManagedBy": "terraform",
              "Name": "analytics-prod-db"
            },
            "tags_all": {
              "Environment": "PROD",
              "System": "分析基盤",
              "ManagedBy": "terraform",
              "Name": "analytics-prod-db"
            }
          }
        }
      ]
    },
    {
      "mode": "managed",
      "type": "aws_lb",
      "name": "main",
      "provider": "provider[\"registry.terraform.io/hashicorp/aws\"]",
      "instances": [
        {
          "schema_version": 1,
          "attributes": {
            "id": "arn:aws:elasticloadbalancing:ap-northeast-1:444455556666:loadbalancer/app/analytics-prod-alb/06622a8f20001",
            "arn": "arn:aws:elasticloadbalancing:ap-northeast-1:444455556666:loadbalancer/app/analytics-prod-alb/06622a8f20001",
            "name": "analytics-prod-alb",
            "dns_name": "analytics-prod-alb-26146.ap-northeast-1.elb.amazonaws.com",
            "internal": false,
            "load_balancer_type": "application",
            "subnets": [
              "subnet-008b4d8b401",
              "subnet-0d6319bb201"
            ],
            "security_groups": [
              "sg-0e5ebbddb01"
            ],
            "vpc_id": "vpc-06622a8f20001",
            "state": "active",
            "idle_timeout": 60,
            "enable_deletion_protection": true,
            "access_logs": [
              {
                "enabled": true,
                "bucket": "analytics-prod-logs-444455556666",
                "prefix": "alb"
              }
            ],
            "tags": {
              "Environment": "PROD",
              "System": "分析基盤",
              "ManagedBy": "terraform",
              "Name": "analytics-prod-alb"
            },
            "tags_all": {
              "Environment": "PROD",
              "System": "分析基盤",
              "ManagedBy": "terraform",
              "Name": "analytics-prod-alb"
            }
          }
        }
      ]
    },
    {
      "mode": "managed",
      "type": "aws_lb_target_group",
      "name": "main",
      "provider": "provider[\"registry.terraform.io/hashicorp/aws\"]",
      "instances": [
        {
          "schema_version": 1,
          "attributes": {
            "id": "arn:aws:elasticloadbalancing:ap-northeast-1:444455556666:targetgroup/analytics-prod-tg/0a35bf52901",
            "arn": "arn:aws:elasticloadbalancing:ap-northeast-1:444455556666:targetgroup/analytics-prod-tg/0a35bf52901",
            "name": "analytics-prod-tg",
            "protocol": "HTTP",
            "port": 8080,
            "target_type": "instance",
            "vpc_id": "vpc-06622a8f20001",
            "load_balancer_arns": [
              "arn:aws:elasticloadbalancing:ap-northeast-1:444455556666:loadbalancer/app/analytics-prod-alb/06622a8f20001"
            ],
            "health_check": [
              {
                "enabled": true,
                "path": "/health",
                "protocol": "HTTP",
                "port": "traffic-port",
                "interval": 30,
                "timeout": 5,
                "healthy_threshold": 3,
                "unhealthy_threshold": 3
              }
            ],
            "tags": {
              "Environment": "PROD",
              "System": "分析基盤",
              "ManagedBy": "terraform",
              "Name": "analytics-prod-tg"
            },
            "tags_all": {
              "Environment": "PROD",
              "System": "分析基盤",
              "ManagedBy": "terraform",
              "Name": "analytics-prod-tg"
            }
          }
        }
      ]
    },
    {
      "mode": "managed",
      "type": "aws_lb_listener",
      "name": "https",
      "provider": "provider[\"registry.terraform.io/hashicorp/aws\"]",
      "instances": [
        {
          "schema_version": 1,
          "attributes": {
            "id": "arn:aws:elasticloadbalancing:ap-northeast-1:444455556666:listener/app/analytics-prod-alb/06622a8f20001/073a0089101",
            "arn": "arn:aws:elasticloadbalancing:ap-northeast-1:444455556666:listener/app/analytics-prod-alb/06622a8f20001/073a0089101",
            "load_balancer_arn": "arn:aws:elasticloadbalancing:ap-northeast-1:444455556666:loadbalancer/app/analytics-prod-alb/06622a8f20001",
            "port": 443,
            "protocol": "HTTPS",
            "ssl_policy": "ELBSecurityPolicy-TLS13-1-2-2021-06",
            "certificate_arn": "arn:aws:acm:ap-northeast-1:444455556666:certificate/27c892db-c6e9-3257-de95-444acc8a4d4a",
            "default_action": [
              {
                "type": "forward",
                "target_group_arn": "arn:aws:elasticloadbalancing:ap-northeast-1:444455556666:targetgroup/analytics-prod-tg/0a35bf52901",
                "redirect": [],
                "fixed_response": []
              }
            ],
            "tags": {
              "Environment": "PROD",
              "System": "分析基盤",
              "ManagedBy": "terraform"
            },
            "tags_all": {
              "Environment": "PROD",
              "System": "分析基盤",
              "ManagedBy": "terraform"
            }
          }
        }
      ]
    },
    {
      "mode": "managed",
      "type": "aws_lb_listener",
      "name": "http",
      "provider": "provider[\"registry.terraform.io/hashicorp/aws\"]",
      "instances": [
        {
          "schema_version": 1,
          "attributes": {
            "id": "arn:aws:elasticloadbalancing:ap-northeast-1:444455556666:listener/app/analytics-prod-alb/06622a8f20001/00860112001",
            "arn": "arn:aws:elasticloadbalancing:ap-northeast-1:444455556666:listener/app/analytics-prod-alb/06622a8f20001/00860112001",
            "load_balancer_arn": "arn:aws:elasticloadbalancing:ap-northeast-1:444455556666:loadbalancer/app/analytics-prod-alb/06622a8f20001",
            "port": 80,
            "protocol": "HTTP",
            "ssl_policy": null,
            "certificate_arn": null,
            "default_action": [
              {
                "type": "redirect",
                "target_group_arn": null,
                "redirect": [
                  {
                    "port": "443",
                    "protocol": "HTTPS",
                    "status_code": "HTTP_301",
                    "host": "#{host}",
                    "path": "/#{path}",
                    "query": "#{query}"
                  }
                ],
                "fixed_response": []
              }
            ],
            "tags": {
              "Environment": "PROD",
              "System": "分析基盤",
              "ManagedBy": "terraform"
            },
            "tags_all": {
              "Environment": "PROD",
              "System": "分析基盤",
              "ManagedBy": "terraform"
            }
          }
        }
      ]
    },
    {
      "mode": "managed",
      "type": "aws_wafv2_web_acl",
      "name": "main",
      "provider": "provider[\"registry.terraform.io/hashicorp/aws\"]",
      "instances": [
        {
          "schema_version": 1,
          "attributes": {
            "id": "a4643c4a",
            "arn": "arn:aws:wafv2:ap-northeast-1:444455556666:regional/webacl/analytics-prod-waf/0a4643c4a",
            "name": "analytics-prod-waf",
            "scope": "REGIONAL",
            "default_action": [
              {
                "allow": [
                  {}
                ],
                "block": []
              }
            ],
            "rule": [
              {
                "name": "AWSManagedRulesCommonRuleSet",
                "priority": 1,
                "action": [],
                "override_action": [
                  {
                    "none": [
                      {}
                    ],
                    "count": []
                  }
                ],
                "statement": [
                  {
                    "managed_rule_group_statement": [
                      {
                        "vendor_name": "AWS",
                        "name": "AWSManagedRulesCommonRuleSet",
                        "excluded_rule": []
                      }
                    ]
                  }
                ],
                "visibility_config": [
                  {
                    "sampled_requests_enabled": true,
                    "cloudwatch_metrics_enabled": true,
                    "metric_name": "CommonRules"
                  }
                ]
              },
              {
                "name": "RateLimit",
                "priority": 2,
                "action": [
                  {
                    "block": [
                      {}
                    ],
                    "allow": [],
                    "count": []
                  }
                ],
                "override_action": [],
                "statement": [
                  {
                    "rate_based_statement": [
                      {
                        "limit": 2000,
                        "aggregate_key_type": "IP"
                      }
                    ]
                  }
                ],
                "visibility_config": [
                  {
                    "sampled_requests_enabled": true,
                    "cloudwatch_metrics_enabled": true,
                    "metric_name": "RateLimit"
                  }
                ]
              }
            ],
            "visibility_config": [
              {
                "sampled_requests_enabled": true,
                "cloudwatch_metrics_enabled": true,
                "metric_name": "analytics-prod-waf"
              }
            ],
            "tags": {
              "Environment": "PROD",
              "System": "分析基盤",
              "ManagedBy": "terraform",
              "Name": "analytics-prod-waf"
            },
            "tags_all": {
              "Environment": "PROD",
              "System": "分析基盤",
              "ManagedBy": "terraform",
              "Name": "analytics-prod-waf"
            }
          }
        }
      ]
    },
    {
      "mode": "managed",
      "type": "aws_wafv2_web_acl_association",
      "name": "main",
      "provider": "provider[\"registry.terraform.io/hashicorp/aws\"]",
      "instances": [
        {
          "schema_version": 1,
          "attributes": {
            "id": "arn:aws:wafv2:ap-northeast-1:444455556666:regional/webacl/analytics-prod-waf/0a4643c4a|arn:aws:elasticloadbalancing:ap-northeast-1:444455556666:loadbalancer/app/analytics-prod-alb/06622a8f20001",
            "resource_arn": "arn:aws:elasticloadbalancing:ap-northeast-1:444455556666:loadbalancer/app/analytics-prod-alb/06622a8f20001",
            "web_acl_arn": "arn:aws:wafv2:ap-northeast-1:444455556666:regional/webacl/analytics-prod-waf/0a4643c4a"
          }
        }
      ]
    },
    {
      "mode": "managed",
      "type": "aws_s3_bucket",
      "name": "analytics_prod_assets_444455556666",
      "provider": "provider[\"registry.terraform.io/hashicorp/aws\"]",
      "instances": [
        {
          "schema_version": 1,
          "attributes": {
            "id": "analytics-prod-assets-444455556666",
            "bucket": "analytics-prod-assets-444455556666",
            "region": "ap-northeast-1",
            "tags": {
              "Environment": "PROD",
              "System": "分析基盤",
              "ManagedBy": "terraform",
              "Name": "analytics-prod-assets-444455556666"
            },
            "tags_all": {
              "Environment": "PROD",
              "System": "分析基盤",
              "ManagedBy": "terraform",
              "Name": "analytics-prod-assets-444455556666"
            }
          }
        }
      ]
    },
    {
      "mode": "managed",
      "type": "aws_s3_bucket_versioning",
      "name": "analytics_prod_assets_444455556666_versioning",
      "provider": "provider[\"registry.terraform.io/hashicorp/aws\"]",
      "instances": [
        {
          "schema_version": 1,
          "attributes": {
            "id": "analytics-prod-assets-444455556666",
            "bucket": "analytics-prod-assets-444455556666",
            "versioning_configuration": [
              {
                "status": "Enabled",
                "mfa_delete": "Disabled"
              }
            ]
          }
        }
      ]
    },
    {
      "mode": "managed",
      "type": "aws_s3_bucket_server_side_encryption_configuration",
      "name": "analytics_prod_assets_444455556666_sse",
      "provider": "provider[\"registry.terraform.io/hashicorp/aws\"]",
      "instances": [
        {
          "schema_version": 1,
          "attributes": {
            "id": "analytics-prod-assets-444455556666",
            "bucket": "analytics-prod-assets-444455556666",
            "rule": [
              {
                "apply_server_side_encryption_by_default": [
                  {
                    "sse_algorithm": "aws:kms",
                    "kms_master_key_id": "arn:aws:kms:ap-northeast-1:444455556666:key/5210deab"
                  }
                ],
                "bucket_key_enabled": true
              }
            ]
          }
        }
      ]
    },
    {
      "mode": "managed",
      "type": "aws_s3_bucket_public_access_block",
      "name": "analytics_prod_assets_444455556666_pab",
      "provider": "provider[\"registry.terraform.io/hashicorp/aws\"]",
      "instances": [
        {
          "schema_version": 1,
          "attributes": {
            "id": "analytics-prod-assets-444455556666",
            "bucket": "analytics-prod-assets-444455556666",
            "block_public_acls": true,
            "block_public_policy": true,
            "ignore_public_acls": true,
            "restrict_public_buckets": true
          }
        }
      ]
    },
    {
      "mode": "managed",
      "type": "aws_s3_bucket",
      "name": "analytics_prod_logs_444455556666",
      "provider": "provider[\"registry.terraform.io/hashicorp/aws\"]",
      "instances": [
        {
          "schema_version": 1,
          "attributes": {
            "id": "analytics-prod-logs-444455556666",
            "bucket": "analytics-prod-logs-444455556666",
            "region": "ap-northeast-1",
            "tags": {
              "Environment": "PROD",
              "System": "分析基盤",
              "ManagedBy": "terraform",
              "Name": "analytics-prod-logs-444455556666"
            },
            "tags_all": {
              "Environment": "PROD",
              "System": "分析基盤",
              "ManagedBy": "terraform",
              "Name": "analytics-prod-logs-444455556666"
            }
          }
        }
      ]
    },
    {
      "mode": "managed",
      "type": "aws_s3_bucket_public_access_block",
      "name": "analytics_prod_logs_444455556666_pab",
      "provider": "provider[\"registry.terraform.io/hashicorp/aws\"]",
      "instances": [
        {
          "schema_version": 1,
          "attributes": {
            "id": "analytics-prod-logs-444455556666",
            "bucket": "analytics-prod-logs-444455556666",
            "block_public_acls": true,
            "block_public_policy": true,
            "ignore_public_acls": true,
            "restrict_public_buckets": true
          }
        }
      ]
    },
    {
      "mode": "managed",
      "type": "aws_s3_bucket",
      "name": "analytics_prod_deploy_444455556666",
      "provider": "provider[\"registry.terraform.io/hashicorp/aws\"]",
      "instances": [
        {
          "schema_version": 1,
          "attributes": {
            "id": "analytics-prod-deploy-444455556666",
            "bucket": "analytics-prod-deploy-444455556666",
            "region": "ap-northeast-1",
            "tags": {
              "Environment": "PROD",
              "System": "分析基盤",
              "ManagedBy": "terraform",
              "Name": "analytics-prod-deploy-444455556666"
            },
            "tags_all": {
              "Environment": "PROD",
              "System": "分析基盤",
              "ManagedBy": "terraform",
              "Name": "analytics-prod-deploy-444455556666"
            }
          }
        }
      ]
    },
    {
      "mode": "managed",
      "type": "aws_s3_bucket_public_access_block",
      "name": "analytics_prod_deploy_444455556666_pab",
      "provider": "provider[\"registry.terraform.io/hashicorp/aws\"]",
      "instances": [
        {
          "schema_version": 1,
          "attributes": {
            "id": "analytics-prod-deploy-444455556666",
            "bucket": "analytics-prod-deploy-444455556666",
            "block_public_acls": true,
            "block_public_policy": true,
            "ignore_public_acls": true,
            "restrict_public_buckets": true
          }
        }
      ]
    },
    {
      "mode": "managed",
      "type": "aws_cloudwatch_log_group",
      "name": "aws_ec2_analytics-prod",
      "provider": "provider[\"registry.terraform.io/hashicorp/aws\"]",
      "instances": [
        {
          "schema_version": 1,
          "attributes": {
            "id": "/aws/ec2/analytics-prod",
            "name": "/aws/ec2/analytics-prod",
            "retention_in_days": 90,
            "tags": {
              "Environment": "PROD",
              "System": "分析基盤",
              "ManagedBy": "terraform"
            },
            "tags_all": {
              "Environment": "PROD",
              "System": "分析基盤",
              "ManagedBy": "terraform"
            }
          }
        }
      ]
    },
    {
      "mode": "managed",
      "type": "aws_cloudwatch_log_group",
      "name": "aws_rds_analytics-prod-db",
      "provider": "provider[\"registry.terraform.io/hashicorp/aws\"]",
      "instances": [
        {
          "schema_version": 1,
          "attributes": {
            "id": "/aws/rds/analytics-prod-db",
            "name": "/aws/rds/analytics-prod-db",
            "retention_in_days": 90,
            "tags": {
              "Environment": "PROD",
              "System": "分析基盤",
              "ManagedBy": "terraform"
            },
            "tags_all": {
              "Environment": "PROD",
              "System": "分析基盤",
              "ManagedBy": "terraform"
            }
          }
        }
      ]
    },
    {
      "mode": "managed",
      "type": "aws_cloudwatch_metric_alarm",
      "name": "ec2_cpu_high",
      "provider": "provider[\"registry.terraform.io/hashicorp/aws\"]",
      "instances": [
        {
          "schema_version": 1,
          "attributes": {
            "id": "analytics-prod-ec2-cpu-high",
            "alarm_name": "analytics-prod-ec2-cpu-high",
            "alarm_description": "EC2 CPU utilization too high",
            "metric_name": "CPUUtilization",
            "namespace": "AWS/EC2",
            "statistic": "Average",
            "period": 300,
            "evaluation_periods": 2,
            "threshold": 80.0,
            "comparison_operator": "GreaterThanThreshold",
            "alarm_actions": [
              "arn:aws:sns:ap-northeast-1:444455556666:alerts"
            ],
            "ok_actions": [],
            "insufficient_data_actions": [],
            "dimensions": {
              "AutoScalingGroupName": "analytics-prod-asg"
            },
            "treat_missing_data": "notBreaching",
            "unit": "Percent",
            "tags": {
              "Environment": "PROD",
              "System": "分析基盤",
              "ManagedBy": "terraform"
            },
            "tags_all": {
              "Environment": "PROD",
              "System": "分析基盤",
              "ManagedBy": "terraform"
            }
          }
        }
      ]
    },
    {
      "mode": "managed",
      "type": "aws_cloudwatch_metric_alarm",
      "name": "rds_connections_high",
      "provider": "provider[\"registry.terraform.io/hashicorp/aws\"]",
      "instances": [
        {
          "schema_version": 1,
          "attributes": {
            "id": "analytics-prod-rds-connections-high",
            "alarm_name": "analytics-prod-rds-connections-high",
            "alarm_description": "RDS connection count too high",
            "metric_name": "DatabaseConnections",
            "namespace": "AWS/RDS",
            "statistic": "Average",
            "period": 60,
            "evaluation_periods": 5,
            "threshold": 400.0,
            "comparison_operator": "GreaterThanThreshold",
            "alarm_actions": [
              "arn:aws:sns:ap-northeast-1:444455556666:alerts"
            ],
            "ok_actions": [],
            "insufficient_data_actions": [],
            "dimensions": {
              "DBInstanceIdentifier": "analytics-prod-db"
            },
            "treat_missing_data": "notBreaching",
            "unit": "Count",
            "tags": {
              "Environment": "PROD",
              "System": "分析基盤",
              "ManagedBy": "terraform"
            },
            "tags_all": {
              "Environment": "PROD",
              "System": "分析基盤",
              "ManagedBy": "terraform"
            }
          }
        }
      ]
    },
    {
      "mode": "managed",
      "type": "aws_codedeploy_app",
      "name": "main",
      "provider": "provider[\"registry.terraform.io/hashicorp/aws\"]",
      "instances": [
        {
          "schema_version": 1,
          "attributes": {
            "id": "analytics-prod-app",
            "name": "analytics-prod-app",
            "compute_platform": "Server",
            "application_id": "64d51620",
            "tags": {
              "Environment": "PROD",
              "System": "分析基盤",
              "ManagedBy": "terraform",
              "Name": "analytics-prod-app"
            },
            "tags_all": {
              "Environment": "PROD",
              "System": "分析基盤",
              "ManagedBy": "terraform",
              "Name": "analytics-prod-app"
            }
          }
        }
      ]
    },
    {
      "mode": "managed",
      "type": "aws_codedeploy_deployment_group",
      "name": "main",
      "provider": "provider[\"registry.terraform.io/hashicorp/aws\"]",
      "instances": [
        {
          "schema_version": 1,
          "attributes": {
            "id": "d729fc98",
            "app_name": "analytics-prod-app",
            "deployment_group_name": "analytics-prod-deploy-group",
            "service_role_arn": "arn:aws:iam::444455556666:role/analytics-prod-codedeploy-role",
            "deployment_config_name": "CodeDeployDefault.OneAtATime",
            "autoscaling_groups": [
              "analytics-prod-asg"
            ],
            "deployment_style": [
              {
                "deployment_option": "WITHOUT_TRAFFIC_CONTROL",
                "deployment_type": "IN_PLACE"
              }
            ],
            "auto_rollback_configuration": [
              {
                "enabled": true,
                "events": [
                  "DEPLOYMENT_FAILURE",
                  "DEPLOYMENT_STOP_ON_ALARM"
                ]
              }
            ],
            "alarm_configuration": [
              {
                "enabled": true,
                "alarms": [
                  "analytics-prod-ec2-cpu-high"
                ]
              }
            ]
          }
        }
      ]
    }
  ]
}