{
  "version": 4,
  "terraform_version": "1.7.4",
  "serial": 111,
  "lineage": "edda2ec7-b977-6f7b-dc8f-0f82dadd789f",
  "outputs": {},
  "resources": [
    {
      "mode": "managed",
      "type": "aws_vpc",
      "name": "main",
      "provider": "provider[\"registry.terraform.io/hashicorp/aws\"]",
      "instances": [
        {
          "schema_version": 1,
          "attributes": {
            "id": "vpc-0edda2ec70001",
            "cidr_block": "10.11.0.0/16",
            "default": false,
            "enable_dns_support": true,
            "enable_dns_hostnames": true,
            "dhcp_options_id": "dopt-0edda2ec70001",
            "tags": {
              "Environment": "PROD",
              "System": "コンテンツ基盤",
              "ManagedBy": "terraform",
              "Name": "content-prod-vpc"
            },
            "tags_all": {
              "Environment": "PROD",
              "System": "コンテンツ基盤",
              "ManagedBy": "terraform",
              "Name": "content-prod-vpc"
            }
          }
        }
      ]
    },
    {
      "mode": "managed",
      "type": "aws_subnet",
      "name": "public_1",
      "provider": "provider[\"registry.terraform.io/hashicorp/aws\"]",
      "instances": [
        {
          "schema_version": 1,
          "attributes": {
            "id": "subnet-0a827498001",
            "vpc_id": "vpc-0edda2ec70001",
            "cidr_block": "10.11.1.0/24",
            "availability_zone": "eu-west-1a",
            "map_public_ip_on_launch": true,
            "tags": {
              "Environment": "PROD",
              "System": "コンテンツ基盤",
              "ManagedBy": "terraform",
              "Name": "content-prod-public-1"
            },
            "tags_all": {
              "Environment": "PROD",
              "System": "コンテンツ基盤",
              "ManagedBy": "terraform",
              "Name": "content-prod-public-1"
            }
          }
        }
      ]
    },
    {
      "mode": "managed",
      "type": "aws_subnet",
      "name": "public_2",
      "provider": "provider[\"registry.terraform.io/hashicorp/aws\"]",
      "instances": [
        {
          "schema_version": 1,
          "attributes": {
            "id": "subnet-0ee42b4af01",
            "vpc_id": "vpc-0edda2ec70001",
            "cidr_block": "10.11.2.0/24",
            "availability_zone": "eu-west-1b",
            "map_public_ip_on_launch": true,
            "tags": {
              "Environment": "PROD",
              "System": "コンテンツ基盤",
              "ManagedBy": "terraform",
              "Name": "content-prod-public-2"
            },
            "tags_all": {
              "Environment": "PROD",
              "System": "コンテンツ基盤",
              "ManagedBy": "terraform",
              "Name": "content-prod-public-2"
            }
          }
        }
      ]
    },
    {
      "mode": "managed",
      "type": "aws_subnet",
      "name": "private_1",
      "provider": "provider[\"registry.terraform.io/hashicorp/aws\"]",
      "instances": [
        {
          "schema_version": 1,
          "attributes": {
            "id": "subnet-0b03e3b5901",
            "vpc_id": "vpc-0edda2ec70001",
            "cidr_block": "10.11.11.0/24",
            "availability_zone": "eu-west-1a",
            "map_public_ip_on_launch": false,
            "tags": {
              "Environment": "PROD",
              "System": "コンテンツ基盤",
              "ManagedBy": "terraform",
              "Name": "content-prod-private-1"
            },
            "tags_all": {
              "Environment": "PROD",
              "System": "コンテンツ基盤",
              "ManagedBy": "terraform",
              "Name": "content-prod-private-1"
            }
          }
        }
      ]
    },
    {
      "mode": "managed",
      "type": "aws_subnet",
      "name": "private_2",
      "provider": "provider[\"registry.terraform.io/hashicorp/aws\"]",
      "instances": [
        {
          "schema_version": 1,
          "attributes": {
            "id": "subnet-0c0445aa801",
            "vpc_id": "vpc-0edda2ec70001",
            "cidr_block": "10.11.12.0/24",
            "availability_zone": "eu-west-1b",
            "map_public_ip_on_launch": false,
            "tags": {
              "Environment": "PROD",
              "System": "コンテンツ基盤",
              "ManagedBy": "terraform",
              "Name": "content-prod-private-2"
            },
            "tags_all": {
              "Environment": "PROD",
              "System": "コンテンツ基盤",
              "ManagedBy": "terraform",
              "Name": "content-prod-private-2"
            }
          }
        }
      ]
    },
    {
      "mode": "managed",
      "type": "aws_internet_gateway",
      "name": "main",
      "provider": "provider[\"registry.terraform.io/hashicorp/aws\"]",
      "instances": [
        {
          "schema_version": 1,
          "attributes": {
            "id": "igw-0edda2ec70001",
            "vpc_id": "vpc-0edda2ec70001",
            "tags": {
              "Environment": "PROD",
              "System": "コンテンツ基盤",
              "ManagedBy": "terraform",
              "Name": "content-prod-igw"
            },
            "tags_all": {
              "Environment": "PROD",
              "System": "コンテンツ基盤",
              "ManagedBy": "terraform",
              "Name": "content-prod-igw"
            }
          }
        }
      ]
    },
    {
      "mode": "managed",
      "type": "aws_eip",
      "name": "nat_1",
      "provider": "provider[\"registry.terraform.io/hashicorp/aws\"]",
      "instances": [
        {
          "schema_version": 1,
          "attributes": {
            "id": "eipalloc-0a2baa95c01",
            "public_ip": "54.21.20.105",
            "domain": "vpc",
            "vpc": true,
            "tags": {
              "Environment": "PROD",
              "System": "コンテンツ基盤",
              "ManagedBy": "terraform",
              "Name": "content-prod-eip-nat-1"
            },
            "tags_all": {
              "Environment": "PROD",
              "System": "コンテンツ基盤",
              "ManagedBy": "terraform",
              "Name": "content-prod-eip-nat-1"
            }
          }
        }
      ]
    },
    {
      "mode": "managed",
      "type": "aws_nat_gateway",
      "name": "az1",
      "provider": "provider[\"registry.terraform.io/hashicorp/aws\"]",
      "instances": [
        {
          "schema_version": 1,
          "attributes": {
            "id": "nat-0527ad22201",
            "subnet_id": "subnet-0a827498001",
            "allocation_id": "eipalloc-0a2baa95c01",
            "connectivity_type": "public",
            "state": "available",
            "tags": {
              "Environment": "PROD",
              "System": "コンテンツ基盤",
              "ManagedBy": "terraform",
              "Name": "content-prod-nat-az1"
            },
            "tags_all": {
              "Environment": "PROD",
              "System": "コンテンツ基盤",
              "ManagedBy": "terraform",
              "Name": "content-prod-nat-az1"
            }
          }
        }
      ]
    },
    {
      "mode": "managed",
      "type": "aws_eip",
      "name": "nat_2",
      "provider": "provider[\"registry.terraform.io/hashicorp/aws\"]",
      "instances": [
        {
          "schema_version": 1,
          "attributes": {
            "id": "eipalloc-0a2da5b9f01",
            "public_ip": "54.21.40.110",
            "domain": "vpc",
            "vpc": true,
            "tags": {
              "Environment": "PROD",
              "System": "コンテンツ基盤",
              "ManagedBy": "terraform",
              "Name": "content-prod-eip-nat-2"
            },
            "tags_all": {
              "Environment": "PROD",
              "System": "コンテンツ基盤",
              "ManagedBy": "terraform",
              "Name": "content-prod-eip-nat-2"
            }
          }
        }
      ]
    },
    {
      "mode": "managed",
      "type": "aws_nat_gateway",
      "name": "az2",
      "provider": "provider[\"registry.terraform.io/hashicorp/aws\"]",
      "instances": [
        {
          "schema_version": 1,
          "attributes": {
            "id": "nat-0a428fde601",
            "subnet_id": "subnet-0ee42b4af01",
            "allocation_id": "eipalloc-0a2da5b9f01",
            "connectivity_type": "public",
            "state": "available",
            "tags": {
              "Environment": "PROD",
              "System": "コンテンツ基盤",
              "ManagedBy": "terraform",
              "Name": "content-prod-nat-az2"
            },
            "tags_all": {
              "Environment": "PROD",
              "System": "コンテンツ基盤",
              "ManagedBy": "terraform",
              "Name": "content-prod-nat-az2"
            }
          }
        }
      ]
    },
    {
      "mode": "managed",
      "type": "aws_security_group",
      "name": "alb",
      "provider": "provider[\"registry.terraform.io/hashicorp/aws\"]",
      "instances": [
        {
          "schema_version": 1,
          "attributes": {
            "id": "sg-07fc0bd3b01",
            "name": "content-prod-sg-alb",
            "description": "ALB security group",
            "vpc_id": "vpc-0edda2ec70001",
            "ingress": [
              {
                "from_port": 80,
                "to_port": 80,
                "protocol": "tcp",
                "cidr_blocks": [
                  "0.0.0.0/0"
                ],
                "ipv6_cidr_blocks": [
                  "::/0"
                ],
                "prefix_list_ids": [],
                "security_groups": [],
                "self": false,
                "description": "HTTP"
              },
              {
                "from_port": 443,
                "to_port": 443,
                "protocol": "tcp",
                "cidr_blocks": [
                  "0.0.0.0/0"
                ],
                "ipv6_cidr_blocks": [
                  "::/0"
                ],
                "prefix_list_ids": [],
                "security_groups": [],
                "self": false,
                "description": "HTTPS"
              }
            ],
            "egress": [
              {
                "from_port": 0,
                "to_port": 0,
                "protocol": "-1",
                "cidr_blocks": [
                  "0.0.0.0/0"
                ],
                "ipv6_cidr_blocks": [],
                "prefix_list_ids": [],
                "security_groups": [],
                "self": false,
                "description": ""
              }
            ],
            "tags": {
              "Environment": "PROD",
              "System": "コンテンツ基盤",
              "ManagedBy": "terraform",
              "Name": "content-prod-sg-alb"
            },
            "tags_all": {
              "Environment": "PROD",
              "System": "コンテンツ基盤",
              "ManagedBy": "terraform",
              "Name": "content-prod-sg-alb"
            }
          }
        }
      ]
    },
    {
      "mode": "managed",
      "type": "aws_security_group",
      "name": "app",
      "provider": "provider[\"registry.terraform.io/hashicorp/aws\"]",
      "instances": [
        {
          "schema_version": 1,
          "attributes": {
            "id": "sg-051a10a9101",
            "name": "content-prod-sg-app",
            "description": "App server security group",
            "vpc_id": "vpc-0edda2ec70001",
            "ingress": [
              {
                "from_port": 8080,
                "to_port": 8080,
                "protocol": "tcp",
                "cidr_blocks": [],
                "ipv6_cidr_blocks": [],
                "prefix_list_ids": [],
                "security_groups": [
                  "sg-07fc0bd3b01"
                ],
                "self": false,
                "description": "From ALB"
              },
              {
                "from_port": 22,
                "to_port": 22,
                "protocol": "tcp",
                "cidr_blocks": [
                  "10.0.0.0/8"
                ],
                "ipv6_cidr_blocks": [],
                "prefix_list_ids": [],
                "security_groups": [],
                "self": false,
                "description": "SSH from internal"
              }
            ],
            "egress": [
              {
                "from_port": 0,
                "to_port": 0,
                "protocol": "-1",
                "cidr_blocks": [
                  "0.0.0.0/0"
                ],
                "ipv6_cidr_blocks": [],
                "prefix_list_ids": [],
                "security_groups": [],
                "self": false,
                "description": ""
              }
            ],
            "tags": {
              "Environment": "PROD",
              "System": "コンテンツ基盤",
              "ManagedBy": "terraform",
              "Name": "content-prod-sg-app"
            },
            "tags_all": {
              "Environment": "PROD",
              "System": "コンテンツ基盤",
              "ManagedBy": "terraform",
              "Name": "content-prod-sg-app"
            }
          }
        }
      ]
    },
    {
      "mode": "managed",
      "type": "aws_security_group",
      "name": "rds",
      "provider": "provider[\"registry.terraform.io/hashicorp/aws\"]",
      "instances": [
        {
          "schema_version": 1,
          "attributes": {
            "id": "sg-057b49ee201",
            "name": "content-prod-sg-rds",
            "description": "RDS security group",
            "vpc_id": "vpc-0edda2ec70001",
            "ingress": [
              {
                "from_port": 5432,
                "to_port": 5432,
                "protocol": "tcp",
                "cidr_blocks": [],
                "ipv6_cidr_blocks": [],
                "prefix_list_ids": [],
                "security_groups": [
                  "sg-051a10a9101"
                ],
                "self": false,
                "description": "From App tier"
              }
            ],
            "egress": [
              {
                "from_port": 0,
                "to_port": 0,
                "protocol": "-1",
                "cidr_blocks": [
                  "0.0.0.0/0"
                ],
                "ipv6_cidr_blocks": [],
                "prefix_list_ids": [],
                "security_groups": [],
                "self": false,
                "description": ""
              }
            ],
            "tags": {
              "Environment": "PROD",
              "System": "コンテンツ基盤",
              "ManagedBy": "terraform",
              "Name": "content-prod-sg-rds"
            },
            "tags_all": {
              "Environment": "PROD",
              "System": "コンテンツ基盤",
              "ManagedBy": "terraform",
              "Name": "content-prod-sg-rds"
            }
          }
        }
      ]
    },
    {
      "mode": "managed",
      "type": "aws_instance",
      "name": "app_1",
      "provider": "provider[\"registry.terraform.io/hashicorp/aws\"]",
      "instances": [
        {
          "schema_version": 1,
          "attributes": {
            "id": "i-05fe3b93c01",
            "ami": "ami-04f7efe62f419d9f5",
            "instance_type": "t3.large",
            "instance_state": "running",
            "vpc_id": "vpc-0edda2ec70001",
            "subnet_id": "subnet-0b03e3b5901",
            "availability_zone": "eu-west-1a",
            "private_ip": "10.11.11.10",
            "public_ip": null,
            "vpc_security_group_ids": [
              "sg-051a10a9101"
            ],
            "key_name": "content-prod-keypair",
            "iam_instance_profile": "content-prod-ec2-profile",
            "monitoring": true,
            "platform": null,
            "tags": {
              "Environment": "PROD",
              "System": "コンテンツ基盤",
              "ManagedBy": "terraform",
              "Name": "content-prod-app-01",
              "Application": "コンテンツプラットフォーム",
              "Language": "typescript",
              "Framework": "nuxtjs",
              "Runtime": "node",
              "DeployMethod": "ec2",
              "Branch": "main"
            },
            "tags_all": {
              "Environment": "PROD",
              "System": "コンテンツ基盤",
              "ManagedBy": "terraform",
              "Name": "content-prod-app-01",
              "Application": "コンテンツプラットフォーム",
              "Language": "typescript",
              "Framework": "nuxtjs",
              "Runtime": "node",
              "DeployMethod": "ec2",
              "Branch": "main"
            }
          }
        }
      ]
    },
    {
      "mode": "managed",
      "type": "aws_instance",
      "name": "app_2",
      "provider": "provider[\"registry.terraform.io/hashicorp/aws\"]",
      "instances": [
        {
          "schema_version": 1,
          "attributes": {
            "id": "i-05e6c55bd01",
            "ami": "ami-04f7efe62f419d9f5",
            "instance_type": "t3.large",
            "instance_state": "running",
            "vpc_id": "vpc-0edda2ec70001",
            "subnet_id": "subnet-0c0445aa801",
            "availability_zone": "eu-west-1b",
            "private_ip": "10.11.11.20",
            "public_ip": null,
            "vpc_security_group_ids": [
              "sg-051a10a9101"
            ],
            "key_name": "content-prod-keypair",
            "iam_instance_profile": "content-prod-ec2-profile",
            "monitoring": true,
            "platform": null,
            "tags": {
              "Environment": "PROD",
              "System": "コンテンツ基盤",
              "ManagedBy": "terraform",
              "Name": "content-prod-app-02",
              "Application": "コンテンツプラットフォーム",
              "Language": "typescript",
              "Framework": "nuxtjs",
              "Runtime": "node",
              "DeployMethod": "ec2",
              "Branch": "main"
            },
            "tags_all": {
              "Environment": "PROD",
              "System": "コンテンツ基盤",
              "ManagedBy": "terraform",
              "Name": "content-prod-app-02",
              "Application": "コンテンツプラットフォーム",
              "Language": "typescript",
              "Framework": "nuxtjs",
              "Runtime": "node",
              "DeployMethod": "ec2",
              "Branch": "main"
            }
          }
        }
      ]
    },
    {
      "mode": "managed",
      "type": "aws_ebs_volume",
      "name": "app_1",
      "provider": "provider[\"registry.terraform.io/hashicorp/aws\"]",
      "instances": [
        {
          "schema_version": 1,
          "attributes": {
            "id": "vol-0e2a152ed01",
            "size": 50,
            "type": "gp3",
            "iops": 3000,
            "throughput": 125,
            "availability_zone": "eu-west-1a",
            "encrypted": true,
            "kms_key_id": "arn:aws:kms:eu-west-1:555566667777:key/ae0a80da",
            "snapshot_id": null,
            "multi_attach_enabled": false,
            "attachments": [
              {
                "instance_id": "i-05fe3b93c01",
                "device": "/dev/sdf",
                "delete_on_termination": true
              }
            ],
            "tags": {
              "Environment": "PROD",
              "System": "コンテンツ基盤",
              "ManagedBy": "terraform",
              "Name": "content-prod-ebs-01",
              "attached_instance_id": "i-05fe3b93c01"
            },
            "tags_all": {
              "Environment": "PROD",
              "System": "コンテンツ基盤",
              "ManagedBy": "terraform",
              "Name": "content-prod-ebs-01",
              "attached_instance_id": "i-05fe3b93c01"
            }
          }
        }
      ]
    },
    {
      "mode": "managed",
      "type": "aws_ebs_volume",
      "name": "app_2",
      "provider": "provider[\"registry.terraform.io/hashicorp/aws\"]",
      "instances": [
        {
          "schema_version": 1,
          "attributes": {
            "id": "vol-09b39bc4f01",
            "size": 50,
            "type": "gp3",
            "iops": 3000,
            "throughput": 125,
            "availability_zone": "eu-west-1b",
            "encrypted": true,
            "kms_key_id": "arn:aws:kms:eu-west-1:555566667777:key/ae0a80da",
            "snapshot_id": null,
            "multi_attach_enabled": false,
            "attachments": [
              {
                "instance_id": "i-05e6c55bd01",
                "device": "/dev/sdf",
                "delete_on_termination": true
              }
            ],
            "tags": {
              "Environment": "PROD",
              "System": "コンテンツ基盤",
              "ManagedBy": "terraform",
              "Name": "content-prod-ebs-02",
              "attached_instance_id": "i-05e6c55bd01"
            },
            "tags_all": {
              "Environment": "PROD",
              "System": "コンテンツ基盤",
              "ManagedBy": "terraform",
              "Name": "content-prod-ebs-02",
              "attached_instance_id": "i-05e6c55bd01"
            }
          }
        }
      ]
    },
    {
      "mode": "managed",
      "type": "aws_db_instance",
      "name": "main",
      "provider": "provider[\"registry.terraform.io/hashicorp/aws\"]",
      "instances": [
        {
          "schema_version": 1,
          "attributes": {
            "id": "content-prod-db",
            "identifier": "content-prod-db",
            "engine": "postgres",
            "engine_version": "16.2",
            "instance_class": "db.t3.large",
            "db_name": "content",
            "username": "admin",
            "port": 5432,
            "endpoint": "content-prod-db.edda2e.eu-west-1.rds.amazonaws.com:5432",
            "address": "content-prod-db.edda2e.eu-west-1.rds.amazonaws.com",
            "status": "available",
            "multi_az": true,
            "publicly_accessible": false,
            "storage_type": "gp3",
            "allocated_storage": 100,
            "backup_retention_period": 7,
            "deletion_protection": true,
            "availability_zone": null,
            "vpc_security_group_memberships": [
              {
                "id": "sg-057b49ee201",
                "name": "content-prod-sg-rds"
              }
            ],
            "tags": {
              "Environment": "PROD",
              "System": "コンテンツ基盤",
              "ManagedBy": "terraform",
              "Name": "content-prod-db"
            },
            "tags_all": {
              "Environment": "PROD",
              "System": "コンテンツ基盤",
              "ManagedBy": "terraform",
              "Name": "content-prod-db"
            }
          }
        }
      ]
    },
    {
      "mode": "managed",
      "type": "aws_lb",
      "name": "main",
      "provider": "provider[\"registry.terraform.io/hashicorp/aws\"]",
      "instances": [
        {
          "schema_version": 1,
          "attributes": {
            "id": "arn:aws:elasticloadbalancing:eu-west-1:555566667777:loadbalancer/app/content-prod-alb/0edda2ec70001",
            "arn": "arn:aws:elasticloadbalancing:eu-west-1:555566667777:loadbalancer/app/content-prod-alb/0edda2ec70001",
            "name": "content-prod-alb",
            "dns_name": "content-prod-alb-60890.eu-west-1.elb.amazonaws.com",
            "internal": false,
            "load_balancer_type": "application",
            "subnets": [
              "subnet-0a827498001",
              "subnet-0ee42b4af01"
            ],
            "security_groups": [
              "sg-07fc0bd3b01"
            ],
            "vpc_id": "vpc-0edda2ec70001",
            "state": "active",
            "idle_timeout": 60,
            "enable_deletion_protection": true,
            "access_logs": [
              {
                "enabled": true,
                "bucket": "content-prod-logs-555566667777",
                "prefix": "alb"
              }
            ],
            "tags": {
              "Environment": "PROD",
              "System": "コンテンツ基盤",
              "ManagedBy": "terraform",
              "Name": "content-prod-alb"
            },
            "tags_all": {
              "Environment": "PROD",
              "System": "コンテンツ基盤",
              "ManagedBy": "terraform",
              "Name": "content-prod-alb"
            }
          }
        }
      ]
    },
    {
      "mode": "managed",
      "type": "aws_lb_target_group",
      "name": "main",
      "provider": "provider[\"registry.terraform.io/hashicorp/aws\"]",
      "instances": [
        {
          "schema_version": 1,
          "attributes": {
            "id": "arn:aws:elasticloadbalancing:eu-west-1:555566667777:targetgroup/content-prod-tg/0540d478b01",
            "arn": "arn:aws:elasticloadbalancing:eu-west-1:555566667777:targetgroup/content-prod-tg/0540d478b01",
            "name": "content-prod-tg",
            "protocol": "HTTP",
            "port": 8080,
            "target_type": "instance",
            "vpc_id": "vpc-0edda2ec70001",
            "load_balancer_arns": [
              "arn:aws:elasticloadbalancing:eu-west-1:555566667777:loadbalancer/app/content-prod-alb/0edda2ec70001"
            ],
            "health_check": [
              {
                "enabled": true,
                "path": "/health",
                "protocol": "HTTP",
                "port": "traffic-port",
                "interval": 30,
                "timeout": 5,
                "healthy_threshold": 3,
                "unhealthy_threshold": 3
              }
            ],
            "tags": {
              "Environment": "PROD",
              "System": "コンテンツ基盤",
              "ManagedBy": "terraform",
              "Name": "content-prod-tg"
            },
            "tags_all": {
              "Environment": "PROD",
              "System": "コンテンツ基盤",
              "ManagedBy": "terraform",
              "Name": "content-prod-tg"
            }
          }
        }
      ]
    },
    {
      "mode": "managed",
      "type": "aws_lb_listener",
      "name": "https",
      "provider": "provider[\"registry.terraform.io/hashicorp/aws\"]",
      "instances": [
        {
          "schema_version": 1,
          "attributes": {
            "id": "arn:aws:elasticloadbalancing:eu-west-1:555566667777:listener/app/content-prod-alb/0edda2ec70001/092ccc21201",
            "arn": "arn:aws:elasticloadbalancing:eu-west-1:555566667777:listener/app/content-prod-alb/0edda2ec70001/092ccc21201",
            "load_balancer_arn": "arn:aws:elasticloadbalancing:eu-west-1:555566667777:loadbalancer/app/content-prod-alb/0edda2ec70001",
            "port": 443,
            "protocol": "HTTPS",
            "ssl_policy": "ELBSecurityPolicy-TLS13-1-2-2021-06",
            "certificate_arn": "arn:aws:acm:eu-west-1:555566667777:certificate/73b488d2-4e2a-5311-8ff9-f8449b628138",
            "default_action": [
              {
                "type": "forward",
                "target_group_arn": "arn:aws:elasticloadbalancing:eu-west-1:555566667777:targetgroup/content-prod-tg/0540d478b01",
                "redirect": [],
                "fixed_response": []
              }
            ],
            "tags": {
              "Environment": "PROD",
              "System": "コンテンツ基盤",
              "ManagedBy": "terraform"
            },
            "tags_all": {
              "Environment": "PROD",
              "System": "コンテンツ基盤",
              "ManagedBy": "terraform"
            }
          }
        }
      ]
    },
    {
      "mode": "managed",
      "type": "aws_lb_listener",
      "name": "http",
      "provider": "provider[\"registry.terraform.io/hashicorp/aws\"]",
      "instances": [
        {
          "schema_version": 1,
          "attributes": {
            "id": "arn:aws:elasticloadbalancing:eu-west-1:555566667777:listener/app/content-prod-alb/0edda2ec70001/000c1349e01",
            "arn": "arn:aws:elasticloadbalancing:eu-west-1:555566667777:listener/app/content-prod-alb/0edda2ec70001/000c1349e01",
            "load_balancer_arn": "arn:aws:elasticloadbalancing:eu-west-1:555566667777:loadbalancer/app/content-prod-alb/0edda2ec70001",
            "port": 80,
            "protocol": "HTTP",
            "ssl_policy": null,
            "certificate_arn": null,
            "default_action": [
              {
                "type": "redirect",
                "target_group_arn": null,
                "redirect": [
                  {
                    "port": "443",
                    "protocol": "HTTPS",
                    "status_code": "HTTP_301",
                    "host": "#{host}",
                    "path": "/#{path}",
                    "query": "#{query}"
                  }
                ],
                "fixed_response": []
              }
            ],
            "tags": {
              "Environment": "PROD",
              "System": "コンテンツ基盤",
              "ManagedBy": "terraform"
            },
            "tags_all": {
              "Environment": "PROD",
              "System": "コンテンツ基盤",
              "ManagedBy": "terraform"
            }
          }
        }
      ]
    },
    {
      "mode": "managed",
      "type": "aws_wafv2_web_acl",
      "name": "main",
      "provider": "provider[\"registry.terraform.io/hashicorp/aws\"]",
      "instances": [
        {
          "schema_version": 1,
          "attributes": {
            "id": "68c54001",
            "arn": "arn:aws:wafv2:eu-west-1:555566667777:regional/webacl/content-prod-waf/068c54001",
            "name": "content-prod-waf",
            "scope": "REGIONAL",
            "default_action": [
              {
                "allow": [
                  {}
                ],
                "block": []
              }
            ],
            "rule": [
              {
                "name": "AWSManagedRulesCommonRuleSet",
                "priority": 1,
                "action": [],
                "override_action": [
                  {
                    "none": [
                      {}
                    ],
                    "count": []
                  }
                ],
                "statement": [
                  {
                    "managed_rule_group_statement": [
                      {
                        "vendor_name": "AWS",
                        "name": "AWSManagedRulesCommonRuleSet",
                        "excluded_rule": []
                      }
                    ]
                  }
                ],
                "visibility_config": [
                  {
                    "sampled_requests_enabled": true,
                    "cloudwatch_metrics_enabled": true,
                    "metric_name": "CommonRules"
                  }
                ]
              },
              {
                "name": "RateLimit",
                "priority": 2,
                "action": [
                  {
                    "block": [
                      {}
                    ],
                    "allow": [],
                    "count": []
                  }
                ],
                "override_action": [],
                "statement": [
                  {
                    "rate_based_statement": [
                      {
                        "limit": 2000,
                        "aggregate_key_type": "IP"
                      }
                    ]
                  }
                ],
                "visibility_config": [
                  {
                    "sampled_requests_enabled": true,
                    "cloudwatch_metrics_enabled": true,
                    "metric_name": "RateLimit"
                  }
                ]
              }
            ],
            "visibility_config": [
              {
                "sampled_requests_enabled": true,
                "cloudwatch_metrics_enabled": true,
                "metric_name": "content-prod-waf"
              }
            ],
            "tags": {
              "Environment": "PROD",
              "System": "コンテンツ基盤",
              "ManagedBy": "terraform",
              "Name": "content-prod-waf"
            },
            "tags_all": {
              "Environment": "PROD",
              "System": "コンテンツ基盤",
              "ManagedBy": "terraform",
              "Name": "content-prod-waf"
            }
          }
        }
      ]
    },
    {
      "mode": "managed",
      "type": "aws_wafv2_web_acl_association",
      "name": "main",
      "provider": "provider[\"registry.terraform.io/hashicorp/aws\"]",
      "instances": [
        {
          "schema_version": 1,
          "attributes": {
            "id": "arn:aws:wafv2:eu-west-1:555566667777:regional/webacl/content-prod-waf/068c54001|arn:aws:elasticloadbalancing:eu-west-1:555566667777:loadbalancer/app/content-prod-alb/0edda2ec70001",
            "resource_arn": "arn:aws:elasticloadbalancing:eu-west-1:555566667777:loadbalancer/app/content-prod-alb/0edda2ec70001",
            "web_acl_arn": "arn:aws:wafv2:eu-west-1:555566667777:regional/webacl/content-prod-waf/068c54001"
          }
        }
      ]
    },
    {
      "mode": "managed",
      "type": "aws_s3_bucket",
      "name": "content_prod_assets_555566667777",
      "provider": "provider[\"registry.terraform.io/hashicorp/aws\"]",
      "instances": [
        {
          "schema_version": 1,
          "attributes": {
            "id": "content-prod-assets-555566667777",
            "bucket": "content-prod-assets-555566667777",
            "region": "eu-west-1",
            "tags": {
              "Environment": "PROD",
              "System": "コンテンツ基盤",
              "ManagedBy": "terraform",
              "Name": "content-prod-assets-555566667777"
            },
            "tags_all": {
              "Environment": "PROD",
              "System": "コンテンツ基盤",
              "ManagedBy": "terraform",
              "Name": "content-prod-assets-555566667777"
            }
          }
        }
      ]
    },
    {
      "mode": "managed",
      "type": "aws_s3_bucket_versioning",
      "name": "content_prod_assets_555566667777_versioning",
      "provider": "provider[\"registry.terraform.io/hashicorp/aws\"]",
      "instances": [
        {
          "schema_version": 1,
          "attributes": {
            "id": "content-prod-assets-555566667777",
            "bucket": "content-prod-assets-555566667777",
            "versioning_configuration": [
              {
                "status": "Enabled",
                "mfa_delete": "Disabled"
              }
            ]
          }
        }
      ]
    },
    {
      "mode": "managed",
      "type": "aws_s3_bucket_server_side_encryption_configuration",
      "name": "content_prod_assets_555566667777_sse",
      "provider": "provider[\"registry.terraform.io/hashicorp/aws\"]",
      "instances": [
        {
          "schema_version": 1,
          "attributes": {
            "id": "content-prod-assets-555566667777",
            "bucket": "content-prod-assets-555566667777",
            "rule": [
              {
                "apply_server_side_encryption_by_default": [
                  {
                    "sse_algorithm": "aws:kms",
                    "kms_master_key_id": "arn:aws:kms:eu-west-1:555566667777:key/4288c9ff"
                  }
                ],
                "bucket_key_enabled": true
              }
            ]
          }
        }
      ]
    },
    {
      "mode": "managed",
      "type": "aws_s3_bucket_public_access_block",
      "name": "content_prod_assets_555566667777_pab",
      "provider": "provider[\"registry.terraform.io/hashicorp/aws\"]",
      "instances": [
        {
          "schema_version": 1,
          "attributes": {
            "id": "content-prod-assets-555566667777",
            "bucket": "content-prod-assets-555566667777",
            "block_public_acls": true,
            "block_public_policy": true,
            "ignore_public_acls": true,
            "restrict_public_buckets": true
          }
        }
      ]
    },
    {
      "mode": "managed",
      "type": "aws_s3_bucket",
      "name": "content_prod_logs_555566667777",
      "provider": "provider[\"registry.terraform.io/hashicorp/aws\"]",
      "instances": [
        {
          "schema_version": 1,
          "attributes": {
            "id": "content-prod-logs-555566667777",
            "bucket": "content-prod-logs-555566667777",
            "region": "eu-west-1",
            "tags": {
              "Environment": "PROD",
              "System": "コンテンツ基盤",
              "ManagedBy": "terraform",
              "Name": "content-prod-logs-555566667777"
            },
            "tags_all": {
              "Environment": "PROD",
              "System": "コンテンツ基盤",
              "ManagedBy": "terraform",
              "Name": "content-prod-logs-555566667777"
            }
          }
        }
      ]
    },
    {
      "mode": "managed",
      "type": "aws_s3_bucket_public_access_block",
      "name": "content_prod_logs_555566667777_pab",
      "provider": "provider[\"registry.terraform.io/hashicorp/aws\"]",
      "instances": [
        {
          "schema_version": 1,
          "attributes": {
            "id": "content-prod-logs-555566667777",
            "bucket": "content-prod-logs-555566667777",
            "block_public_acls": true,
            "block_public_policy": true,
            "ignore_public_acls": true,
            "restrict_public_buckets": true
          }
        }
      ]
    },
    {
      "mode": "managed",
      "type": "aws_s3_bucket",
      "name": "content_prod_deploy_555566667777",
      "provider": "provider[\"registry.terraform.io/hashicorp/aws\"]",
      "instances": [
        {
          "schema_version": 1,
          "attributes": {
            "id": "content-prod-deploy-555566667777",
            "bucket": "content-prod-deploy-555566667777",
            "region": "eu-west-1",
            "tags": {
              "Environment": "PROD",
              "System": "コンテンツ基盤",
              "ManagedBy": "terraform",
              "Name": "content-prod-deploy-555566667777"
            },
            "tags_all": {
              "Environment": "PROD",
              "System": "コンテンツ基盤",
              "ManagedBy": "terraform",
              "Name": "content-prod-deploy-555566667777"
            }
          }
        }
      ]
    },
    {
      "mode": "managed",
      "type": "aws_s3_bucket_public_access_block",
      "name": "content_prod_deploy_555566667777_pab",
      "provider": "provider[\"registry.terraform.io/hashicorp/aws\"]",
      "instances": [
        {
          "schema_version": 1,
          "attributes": {
            "id": "content-prod-deploy-555566667777",
            "bucket": "content-prod-deploy-555566667777",
            "block_public_acls": true,
            "block_public_policy": true,
            "ignore_public_acls": true,
            "restrict_public_buckets": true
          }
        }
      ]
    },
    {
      "mode": "managed",
      "type": "aws_cloudwatch_log_group",
      "name": "aws_ec2_content-prod",
      "provider": "provider[\"registry.terraform.io/hashicorp/aws\"]",
      "instances": [
        {
          "schema_version": 1,
          "attributes": {
            "id": "/aws/ec2/content-prod",
            "name": "/aws/ec2/content-prod",
            "retention_in_days": 90,
            "tags": {
              "Environment": "PROD",
              "System": "コンテンツ基盤",
              "ManagedBy": "terraform"
            },
            "tags_all": {
              "Environment": "PROD",
              "System": "コンテンツ基盤",
              "ManagedBy": "terraform"
            }
          }
        }
      ]
    },
    {
      "mode": "managed",
      "type": "aws_cloudwatch_log_group",
      "name": "aws_rds_content-prod-db",
      "provider": "provider[\"registry.terraform.io/hashicorp/aws\"]",
      "instances": [
        {
          "schema_version": 1,
          "attributes": {
            "id": "/aws/rds/content-prod-db",
            "name": "/aws/rds/content-prod-db",
            "retention_in_days": 90,
            "tags": {
              "Environment": "PROD",
              "System": "コンテンツ基盤",
              "ManagedBy": "terraform"
            },
            "tags_all": {
              "Environment": "PROD",
              "System": "コンテンツ基盤",
              "ManagedBy": "terraform"
            }
          }
        }
      ]
    },
    {
      "mode": "managed",
      "type": "aws_cloudwatch_metric_alarm",
      "name": "ec2_cpu_high",
      "provider": "provider[\"registry.terraform.io/hashicorp/aws\"]",
      "instances": [
        {
          "schema_version": 1,
          "attributes": {
            "id": "content-prod-ec2-cpu-high",
            "alarm_name": "content-prod-ec2-cpu-high",
            "alarm_description": "EC2 CPU utilization too high",
            "metric_name": "CPUUtilization",
            "namespace": "AWS/EC2",
            "statistic": "Average",
            "period": 300,
            "evaluation_periods": 2,
            "threshold": 80.0,
            "comparison_operator": "GreaterThanThreshold",
            "alarm_actions": [
              "arn:aws:sns:eu-west-1:555566667777:alerts"
            ],
            "ok_actions": [],
            "insufficient_data_actions": [],
            "dimensions": {
              "AutoScalingGroupName": "content-prod-asg"
            },
            "treat_missing_data": "notBreaching",
            "unit": "Percent",
            "tags": {
              "Environment": "PROD",
              "System": "コンテンツ基盤",
              "ManagedBy": "terraform"
            },
            "tags_all": {
              "Environment": "PROD",
              "System": "コンテンツ基盤",
              "ManagedBy": "terraform"
            }
          }
        }
      ]
    },
    {
      "mode": "managed",
      "type": "aws_cloudwatch_metric_alarm",
      "name": "rds_connections_high",
      "provider": "provider[\"registry.terraform.io/hashicorp/aws\"]",
      "instances": [
        {
          "schema_version": 1,
          "attributes": {
            "id": "content-prod-rds-connections-high",
            "alarm_name": "content-prod-rds-connections-high",
            "alarm_description": "RDS connection count too high",
            "metric_name": "DatabaseConnections",
            "namespace": "AWS/RDS",
            "statistic": "Average",
            "period": 60,
            "evaluation_periods": 5,
            "threshold": 400.0,
            "comparison_operator": "GreaterThanThreshold",
            "alarm_actions": [
              "arn:aws:sns:eu-west-1:555566667777:alerts"
            ],
            "ok_actions": [],
            "insufficient_data_actions": [],
            "dimensions": {
              "DBInstanceIdentifier": "content-prod-db"
            },
            "treat_missing_data": "notBreaching",
            "unit": "Count",
            "tags": {
              "Environment": "PROD",
              "System": "コンテンツ基盤",
              "ManagedBy": "terraform"
            },
            "tags_all": {
              "Environment": "PROD",
              "System": "コンテンツ基盤",
              "ManagedBy": "terraform"
            }
          }
        }
      ]
    },
    {
      "mode": "managed",
      "type": "aws_codedeploy_app",
      "name": "main",
      "provider": "provider[\"registry.terraform.io/hashicorp/aws\"]",
      "instances": [
        {
          "schema_version": 1,
          "attributes": {
            "id": "content-prod-app",
            "name": "content-prod-app",
            "compute_platform": "Server",
            "application_id": "6e0f79eb",
            "tags": {
              "Environment": "PROD",
              "System": "コンテンツ基盤",
              "ManagedBy": "terraform",
              "Name": "content-prod-app"
            },
            "tags_all": {
              "Environment": "PROD",
              "System": "コンテンツ基盤",
              "ManagedBy": "terraform",
              "Name": "content-prod-app"
            }
          }
        }
      ]
    },
    {
      "mode": "managed",
      "type": "aws_codedeploy_deployment_group",
      "name": "main",
      "provider": "provider[\"registry.terraform.io/hashicorp/aws\"]",
      "instances": [
        {
          "schema_version": 1,
          "attributes": {
            "id": "7f4489e1",
            "app_name": "content-prod-app",
            "deployment_group_name": "content-prod-deploy-group",
            "service_role_arn": "arn:aws:iam::555566667777:role/content-prod-codedeploy-role",
            "deployment_config_name": "CodeDeployDefault.OneAtATime",
            "autoscaling_groups": [
              "content-prod-asg"
            ],
            "deployment_style": [
              {
                "deployment_option": "WITHOUT_TRAFFIC_CONTROL",
                "deployment_type": "IN_PLACE"
              }
            ],
            "auto_rollback_configuration": [
              {
                "enabled": true,
                "events": [
                  "DEPLOYMENT_FAILURE",
                  "DEPLOYMENT_STOP_ON_ALARM"
                ]
              }
            ],
            "alarm_configuration": [
              {
                "enabled": true,
                "alarms": [
                  "content-prod-ec2-cpu-high"
                ]
              }
            ]
          }
        }
      ]
    }
  ]
}