{
  "version": 4,
  "terraform_version": "1.7.4",
  "serial": 103,
  "lineage": "a8b33252-3b6a-840d-bdac-d37de82afd79",
  "outputs": {},
  "resources": [
    {
      "mode": "managed",
      "type": "aws_vpc",
      "name": "main",
      "provider": "provider[\"registry.terraform.io/hashicorp/aws\"]",
      "instances": [
        {
          "schema_version": 1,
          "attributes": {
            "id": "vpc-0a8b332520001",
            "cidr_block": "10.3.0.0/16",
            "default": false,
            "enable_dns_support": true,
            "enable_dns_hostnames": true,
            "dhcp_options_id": "dopt-0a8b332520001",
            "tags": {
              "Environment": "PROD",
              "System": "顧客管理",
              "ManagedBy": "terraform",
              "Name": "crm-prod-vpc"
            },
            "tags_all": {
              "Environment": "PROD",
              "System": "顧客管理",
              "ManagedBy": "terraform",
              "Name": "crm-prod-vpc"
            }
          }
        }
      ]
    },
    {
      "mode": "managed",
      "type": "aws_subnet",
      "name": "public_1",
      "provider": "provider[\"registry.terraform.io/hashicorp/aws\"]",
      "instances": [
        {
          "schema_version": 1,
          "attributes": {
            "id": "subnet-006d34c4601",
            "vpc_id": "vpc-0a8b332520001",
            "cidr_block": "10.3.1.0/24",
            "availability_zone": "ap-northeast-3a",
            "map_public_ip_on_launch": true,
            "tags": {
              "Environment": "PROD",
              "System": "顧客管理",
              "ManagedBy": "terraform",
              "Name": "crm-prod-public-1"
            },
            "tags_all": {
              "Environment": "PROD",
              "System": "顧客管理",
              "ManagedBy": "terraform",
              "Name": "crm-prod-public-1"
            }
          }
        }
      ]
    },
    {
      "mode": "managed",
      "type": "aws_subnet",
      "name": "public_2",
      "provider": "provider[\"registry.terraform.io/hashicorp/aws\"]",
      "instances": [
        {
          "schema_version": 1,
          "attributes": {
            "id": "subnet-063407c2001",
            "vpc_id": "vpc-0a8b332520001",
            "cidr_block": "10.3.2.0/24",
            "availability_zone": "ap-northeast-3b",
            "map_public_ip_on_launch": true,
            "tags": {
              "Environment": "PROD",
              "System": "顧客管理",
              "ManagedBy": "terraform",
              "Name": "crm-prod-public-2"
            },
            "tags_all": {
              "Environment": "PROD",
              "System": "顧客管理",
              "ManagedBy": "terraform",
              "Name": "crm-prod-public-2"
            }
          }
        }
      ]
    },
    {
      "mode": "managed",
      "type": "aws_subnet",
      "name": "private_1",
      "provider": "provider[\"registry.terraform.io/hashicorp/aws\"]",
      "instances": [
        {
          "schema_version": 1,
          "attributes": {
            "id": "subnet-0bb89b8ab01",
            "vpc_id": "vpc-0a8b332520001",
            "cidr_block": "10.3.11.0/24",
            "availability_zone": "ap-northeast-3a",
            "map_public_ip_on_launch": false,
            "tags": {
              "Environment": "PROD",
              "System": "顧客管理",
              "ManagedBy": "terraform",
              "Name": "crm-prod-private-1"
            },
            "tags_all": {
              "Environment": "PROD",
              "System": "顧客管理",
              "ManagedBy": "terraform",
              "Name": "crm-prod-private-1"
            }
          }
        }
      ]
    },
    {
      "mode": "managed",
      "type": "aws_subnet",
      "name": "private_2",
      "provider": "provider[\"registry.terraform.io/hashicorp/aws\"]",
      "instances": [
        {
          "schema_version": 1,
          "attributes": {
            "id": "subnet-01780577e01",
            "vpc_id": "vpc-0a8b332520001",
            "cidr_block": "10.3.12.0/24",
            "availability_zone": "ap-northeast-3b",
            "map_public_ip_on_launch": false,
            "tags": {
              "Environment": "PROD",
              "System": "顧客管理",
              "ManagedBy": "terraform",
              "Name": "crm-prod-private-2"
            },
            "tags_all": {
              "Environment": "PROD",
              "System": "顧客管理",
              "ManagedBy": "terraform",
              "Name": "crm-prod-private-2"
            }
          }
        }
      ]
    },
    {
      "mode": "managed",
      "type": "aws_internet_gateway",
      "name": "main",
      "provider": "provider[\"registry.terraform.io/hashicorp/aws\"]",
      "instances": [
        {
          "schema_version": 1,
          "attributes": {
            "id": "igw-0a8b332520001",
            "vpc_id": "vpc-0a8b332520001",
            "tags": {
              "Environment": "PROD",
              "System": "顧客管理",
              "ManagedBy": "terraform",
              "Name": "crm-prod-igw"
            },
            "tags_all": {
              "Environment": "PROD",
              "System": "顧客管理",
              "ManagedBy": "terraform",
              "Name": "crm-prod-igw"
            }
          }
        }
      ]
    },
    {
      "mode": "managed",
      "type": "aws_eip",
      "name": "nat_1",
      "provider": "provider[\"registry.terraform.io/hashicorp/aws\"]",
      "instances": [
        {
          "schema_version": 1,
          "attributes": {
            "id": "eipalloc-0733f5c6b01",
            "public_ip": "54.13.20.105",
            "domain": "vpc",
            "vpc": true,
            "tags": {
              "Environment": "PROD",
              "System": "顧客管理",
              "ManagedBy": "terraform",
              "Name": "crm-prod-eip-nat-1"
            },
            "tags_all": {
              "Environment": "PROD",
              "System": "顧客管理",
              "ManagedBy": "terraform",
              "Name": "crm-prod-eip-nat-1"
            }
          }
        }
      ]
    },
    {
      "mode": "managed",
      "type": "aws_nat_gateway",
      "name": "az1",
      "provider": "provider[\"registry.terraform.io/hashicorp/aws\"]",
      "instances": [
        {
          "schema_version": 1,
          "attributes": {
            "id": "nat-095d946e401",
            "subnet_id": "subnet-006d34c4601",
            "allocation_id": "eipalloc-0733f5c6b01",
            "connectivity_type": "public",
            "state": "available",
            "tags": {
              "Environment": "PROD",
              "System": "顧客管理",
              "ManagedBy": "terraform",
              "Name": "crm-prod-nat-az1"
            },
            "tags_all": {
              "Environment": "PROD",
              "System": "顧客管理",
              "ManagedBy": "terraform",
              "Name": "crm-prod-nat-az1"
            }
          }
        }
      ]
    },
    {
      "mode": "managed",
      "type": "aws_eip",
      "name": "nat_2",
      "provider": "provider[\"registry.terraform.io/hashicorp/aws\"]",
      "instances": [
        {
          "schema_version": 1,
          "attributes": {
            "id": "eipalloc-07f8b5dd101",
            "public_ip": "54.13.40.110",
            "domain": "vpc",
            "vpc": true,
            "tags": {
              "Environment": "PROD",
              "System": "顧客管理",
              "ManagedBy": "terraform",
              "Name": "crm-prod-eip-nat-2"
            },
            "tags_all": {
              "Environment": "PROD",
              "System": "顧客管理",
              "ManagedBy": "terraform",
              "Name": "crm-prod-eip-nat-2"
            }
          }
        }
      ]
    },
    {
      "mode": "managed",
      "type": "aws_nat_gateway",
      "name": "az2",
      "provider": "provider[\"registry.terraform.io/hashicorp/aws\"]",
      "instances": [
        {
          "schema_version": 1,
          "attributes": {
            "id": "nat-08b5f3c7e01",
            "subnet_id": "subnet-063407c2001",
            "allocation_id": "eipalloc-07f8b5dd101",
            "connectivity_type": "public",
            "state": "available",
            "tags": {
              "Environment": "PROD",
              "System": "顧客管理",
              "ManagedBy": "terraform",
              "Name": "crm-prod-nat-az2"
            },
            "tags_all": {
              "Environment": "PROD",
              "System": "顧客管理",
              "ManagedBy": "terraform",
              "Name": "crm-prod-nat-az2"
            }
          }
        }
      ]
    },
    {
      "mode": "managed",
      "type": "aws_security_group",
      "name": "alb",
      "provider": "provider[\"registry.terraform.io/hashicorp/aws\"]",
      "instances": [
        {
          "schema_version": 1,
          "attributes": {
            "id": "sg-0632c6a7501",
            "name": "crm-prod-sg-alb",
            "description": "ALB security group",
            "vpc_id": "vpc-0a8b332520001",
            "ingress": [
              {
                "from_port": 80,
                "to_port": 80,
                "protocol": "tcp",
                "cidr_blocks": [
                  "0.0.0.0/0"
                ],
                "ipv6_cidr_blocks": [
                  "::/0"
                ],
                "prefix_list_ids": [],
                "security_groups": [],
                "self": false,
                "description": "HTTP"
              },
              {
                "from_port": 443,
                "to_port": 443,
                "protocol": "tcp",
                "cidr_blocks": [
                  "0.0.0.0/0"
                ],
                "ipv6_cidr_blocks": [
                  "::/0"
                ],
                "prefix_list_ids": [],
                "security_groups": [],
                "self": false,
                "description": "HTTPS"
              }
            ],
            "egress": [
              {
                "from_port": 0,
                "to_port": 0,
                "protocol": "-1",
                "cidr_blocks": [
                  "0.0.0.0/0"
                ],
                "ipv6_cidr_blocks": [],
                "prefix_list_ids": [],
                "security_groups": [],
                "self": false,
                "description": ""
              }
            ],
            "tags": {
              "Environment": "PROD",
              "System": "顧客管理",
              "ManagedBy": "terraform",
              "Name": "crm-prod-sg-alb"
            },
            "tags_all": {
              "Environment": "PROD",
              "System": "顧客管理",
              "ManagedBy": "terraform",
              "Name": "crm-prod-sg-alb"
            }
          }
        }
      ]
    },
    {
      "mode": "managed",
      "type": "aws_security_group",
      "name": "app",
      "provider": "provider[\"registry.terraform.io/hashicorp/aws\"]",
      "instances": [
        {
          "schema_version": 1,
          "attributes": {
            "id": "sg-08d6a385a01",
            "name": "crm-prod-sg-app",
            "description": "App server security group",
            "vpc_id": "vpc-0a8b332520001",
            "ingress": [
              {
                "from_port": 8080,
                "to_port": 8080,
                "protocol": "tcp",
                "cidr_blocks": [],
                "ipv6_cidr_blocks": [],
                "prefix_list_ids": [],
                "security_groups": [
                  "sg-0632c6a7501"
                ],
                "self": false,
                "description": "From ALB"
              },
              {
                "from_port": 22,
                "to_port": 22,
                "protocol": "tcp",
                "cidr_blocks": [
                  "10.0.0.0/8"
                ],
                "ipv6_cidr_blocks": [],
                "prefix_list_ids": [],
                "security_groups": [],
                "self": false,
                "description": "SSH from internal"
              }
            ],
            "egress": [
              {
                "from_port": 0,
                "to_port": 0,
                "protocol": "-1",
                "cidr_blocks": [
                  "0.0.0.0/0"
                ],
                "ipv6_cidr_blocks": [],
                "prefix_list_ids": [],
                "security_groups": [],
                "self": false,
                "description": ""
              }
            ],
            "tags": {
              "Environment": "PROD",
              "System": "顧客管理",
              "ManagedBy": "terraform",
              "Name": "crm-prod-sg-app"
            },
            "tags_all": {
              "Environment": "PROD",
              "System": "顧客管理",
              "ManagedBy": "terraform",
              "Name": "crm-prod-sg-app"
            }
          }
        }
      ]
    },
    {
      "mode": "managed",
      "type": "aws_security_group",
      "name": "rds",
      "provider": "provider[\"registry.terraform.io/hashicorp/aws\"]",
      "instances": [
        {
          "schema_version": 1,
          "attributes": {
            "id": "sg-023b6ca4601",
            "name": "crm-prod-sg-rds",
            "description": "RDS security group",
            "vpc_id": "vpc-0a8b332520001",
            "ingress": [
              {
                "from_port": 3306,
                "to_port": 3306,
                "protocol": "tcp",
                "cidr_blocks": [],
                "ipv6_cidr_blocks": [],
                "prefix_list_ids": [],
                "security_groups": [
                  "sg-08d6a385a01"
                ],
                "self": false,
                "description": "From App tier"
              }
            ],
            "egress": [
              {
                "from_port": 0,
                "to_port": 0,
                "protocol": "-1",
                "cidr_blocks": [
                  "0.0.0.0/0"
                ],
                "ipv6_cidr_blocks": [],
                "prefix_list_ids": [],
                "security_groups": [],
                "self": false,
                "description": ""
              }
            ],
            "tags": {
              "Environment": "PROD",
              "System": "顧客管理",
              "ManagedBy": "terraform",
              "Name": "crm-prod-sg-rds"
            },
            "tags_all": {
              "Environment": "PROD",
              "System": "顧客管理",
              "ManagedBy": "terraform",
              "Name": "crm-prod-sg-rds"
            }
          }
        }
      ]
    },
    {
      "mode": "managed",
      "type": "aws_instance",
      "name": "app_1",
      "provider": "provider[\"registry.terraform.io/hashicorp/aws\"]",
      "instances": [
        {
          "schema_version": 1,
          "attributes": {
            "id": "i-047f59d8e01",
            "ami": "ami-0ca38c7440de7bf54",
            "instance_type": "t3.large",
            "instance_state": "running",
            "vpc_id": "vpc-0a8b332520001",
            "subnet_id": "subnet-0bb89b8ab01",
            "availability_zone": "ap-northeast-3a",
            "private_ip": "10.3.11.10",
            "public_ip": null,
            "vpc_security_group_ids": [
              "sg-08d6a385a01"
            ],
            "key_name": "crm-prod-keypair",
            "iam_instance_profile": "crm-prod-ec2-profile",
            "monitoring": true,
            "platform": null,
            "tags": {
              "Environment": "PROD",
              "System": "顧客管理",
              "ManagedBy": "terraform",
              "Name": "crm-prod-app-01",
              "Application": "顧客管理システム",
              "Language": "ruby",
              "Framework": "rails",
              "Runtime": "puma",
              "DeployMethod": "ec2",
              "Branch": "main"
            },
            "tags_all": {
              "Environment": "PROD",
              "System": "顧客管理",
              "ManagedBy": "terraform",
              "Name": "crm-prod-app-01",
              "Application": "顧客管理システム",
              "Language": "ruby",
              "Framework": "rails",
              "Runtime": "puma",
              "DeployMethod": "ec2",
              "Branch": "main"
            }
          }
        }
      ]
    },
    {
      "mode": "managed",
      "type": "aws_instance",
      "name": "app_2",
      "provider": "provider[\"registry.terraform.io/hashicorp/aws\"]",
      "instances": [
        {
          "schema_version": 1,
          "attributes": {
            "id": "i-0ef39762901",
            "ami": "ami-0ca38c7440de7bf54",
            "instance_type": "t3.large",
            "instance_state": "running",
            "vpc_id": "vpc-0a8b332520001",
            "subnet_id": "subnet-01780577e01",
            "availability_zone": "ap-northeast-3b",
            "private_ip": "10.3.11.20",
            "public_ip": null,
            "vpc_security_group_ids": [
              "sg-08d6a385a01"
            ],
            "key_name": "crm-prod-keypair",
            "iam_instance_profile": "crm-prod-ec2-profile",
            "monitoring": true,
            "platform": null,
            "tags": {
              "Environment": "PROD",
              "System": "顧客管理",
              "ManagedBy": "terraform",
              "Name": "crm-prod-app-02",
              "Application": "顧客管理システム",
              "Language": "ruby",
              "Framework": "rails",
              "Runtime": "puma",
              "DeployMethod": "ec2",
              "Branch": "main"
            },
            "tags_all": {
              "Environment": "PROD",
              "System": "顧客管理",
              "ManagedBy": "terraform",
              "Name": "crm-prod-app-02",
              "Application": "顧客管理システム",
              "Language": "ruby",
              "Framework": "rails",
              "Runtime": "puma",
              "DeployMethod": "ec2",
              "Branch": "main"
            }
          }
        }
      ]
    },
    {
      "mode": "managed",
      "type": "aws_ebs_volume",
      "name": "app_1",
      "provider": "provider[\"registry.terraform.io/hashicorp/aws\"]",
      "instances": [
        {
          "schema_version": 1,
          "attributes": {
            "id": "vol-0c45cf97101",
            "size": 50,
            "type": "gp3",
            "iops": 3000,
            "throughput": 125,
            "availability_zone": "ap-northeast-3a",
            "encrypted": true,
            "kms_key_id": "arn:aws:kms:ap-northeast-3:777788889999:key/5a7665e2",
            "snapshot_id": null,
            "multi_attach_enabled": false,
            "attachments": [
              {
                "instance_id": "i-047f59d8e01",
                "device": "/dev/sdf",
                "delete_on_termination": true
              }
            ],
            "tags": {
              "Environment": "PROD",
              "System": "顧客管理",
              "ManagedBy": "terraform",
              "Name": "crm-prod-ebs-01",
              "attached_instance_id": "i-047f59d8e01"
            },
            "tags_all": {
              "Environment": "PROD",
              "System": "顧客管理",
              "ManagedBy": "terraform",
              "Name": "crm-prod-ebs-01",
              "attached_instance_id": "i-047f59d8e01"
            }
          }
        }
      ]
    },
    {
      "mode": "managed",
      "type": "aws_ebs_volume",
      "name": "app_2",
      "provider": "provider[\"registry.terraform.io/hashicorp/aws\"]",
      "instances": [
        {
          "schema_version": 1,
          "attributes": {
            "id": "vol-0a417969b01",
            "size": 50,
            "type": "gp3",
            "iops": 3000,
            "throughput": 125,
            "availability_zone": "ap-northeast-3b",
            "encrypted": true,
            "kms_key_id": "arn:aws:kms:ap-northeast-3:777788889999:key/5a7665e2",
            "snapshot_id": null,
            "multi_attach_enabled": false,
            "attachments": [
              {
                "instance_id": "i-0ef39762901",
                "device": "/dev/sdf",
                "delete_on_termination": true
              }
            ],
            "tags": {
              "Environment": "PROD",
              "System": "顧客管理",
              "ManagedBy": "terraform",
              "Name": "crm-prod-ebs-02",
              "attached_instance_id": "i-0ef39762901"
            },
            "tags_all": {
              "Environment": "PROD",
              "System": "顧客管理",
              "ManagedBy": "terraform",
              "Name": "crm-prod-ebs-02",
              "attached_instance_id": "i-0ef39762901"
            }
          }
        }
      ]
    },
    {
      "mode": "managed",
      "type": "aws_db_instance",
      "name": "main",
      "provider": "provider[\"registry.terraform.io/hashicorp/aws\"]",
      "instances": [
        {
          "schema_version": 1,
          "attributes": {
            "id": "crm-prod-db",
            "identifier": "crm-prod-db",
            "engine": "mysql",
            "engine_version": "8.0.36",
            "instance_class": "db.t3.large",
            "db_name": "crm",
            "username": "admin",
            "port": 3306,
            "endpoint": "crm-prod-db.a8b332.ap-northeast-3.rds.amazonaws.com:3306",
            "address": "crm-prod-db.a8b332.ap-northeast-3.rds.amazonaws.com",
            "status": "available",
            "multi_az": true,
            "publicly_accessible": false,
            "storage_type": "gp3",
            "allocated_storage": 100,
            "backup_retention_period": 7,
            "deletion_protection": true,
            "availability_zone": null,
            "vpc_security_group_memberships": [
              {
                "id": "sg-023b6ca4601",
                "name": "crm-prod-sg-rds"
              }
            ],
            "tags": {
              "Environment": "PROD",
              "System": "顧客管理",
              "ManagedBy": "terraform",
              "Name": "crm-prod-db"
            },
            "tags_all": {
              "Environment": "PROD",
              "System": "顧客管理",
              "ManagedBy": "terraform",
              "Name": "crm-prod-db"
            }
          }
        }
      ]
    },
    {
      "mode": "managed",
      "type": "aws_lb",
      "name": "main",
      "provider": "provider[\"registry.terraform.io/hashicorp/aws\"]",
      "instances": [
        {
          "schema_version": 1,
          "attributes": {
            "id": "arn:aws:elasticloadbalancing:ap-northeast-3:777788889999:loadbalancer/app/crm-prod-alb/0a8b332520001",
            "arn": "arn:aws:elasticloadbalancing:ap-northeast-3:777788889999:loadbalancer/app/crm-prod-alb/0a8b332520001",
            "name": "crm-prod-alb",
            "dns_name": "crm-prod-alb-43187.ap-northeast-3.elb.amazonaws.com",
            "internal": false,
            "load_balancer_type": "application",
            "subnets": [
              "subnet-006d34c4601",
              "subnet-063407c2001"
            ],
            "security_groups": [
              "sg-0632c6a7501"
            ],
            "vpc_id": "vpc-0a8b332520001",
            "state": "active",
            "idle_timeout": 60,
            "enable_deletion_protection": true,
            "access_logs": [
              {
                "enabled": true,
                "bucket": "crm-prod-logs-777788889999",
                "prefix": "alb"
              }
            ],
            "tags": {
              "Environment": "PROD",
              "System": "顧客管理",
              "ManagedBy": "terraform",
              "Name": "crm-prod-alb"
            },
            "tags_all": {
              "Environment": "PROD",
              "System": "顧客管理",
              "ManagedBy": "terraform",
              "Name": "crm-prod-alb"
            }
          }
        }
      ]
    },
    {
      "mode": "managed",
      "type": "aws_lb_target_group",
      "name": "main",
      "provider": "provider[\"registry.terraform.io/hashicorp/aws\"]",
      "instances": [
        {
          "schema_version": 1,
          "attributes": {
            "id": "arn:aws:elasticloadbalancing:ap-northeast-3:777788889999:targetgroup/crm-prod-tg/0fe23157601",
            "arn": "arn:aws:elasticloadbalancing:ap-northeast-3:777788889999:targetgroup/crm-prod-tg/0fe23157601",
            "name": "crm-prod-tg",
            "protocol": "HTTP",
            "port": 8080,
            "target_type": "instance",
            "vpc_id": "vpc-0a8b332520001",
            "load_balancer_arns": [
              "arn:aws:elasticloadbalancing:ap-northeast-3:777788889999:loadbalancer/app/crm-prod-alb/0a8b332520001"
            ],
            "health_check": [
              {
                "enabled": true,
                "path": "/health",
                "protocol": "HTTP",
                "port": "traffic-port",
                "interval": 30,
                "timeout": 5,
                "healthy_threshold": 3,
                "unhealthy_threshold": 3
              }
            ],
            "tags": {
              "Environment": "PROD",
              "System": "顧客管理",
              "ManagedBy": "terraform",
              "Name": "crm-prod-tg"
            },
            "tags_all": {
              "Environment": "PROD",
              "System": "顧客管理",
              "ManagedBy": "terraform",
              "Name": "crm-prod-tg"
            }
          }
        }
      ]
    },
    {
      "mode": "managed",
      "type": "aws_lb_listener",
      "name": "https",
      "provider": "provider[\"registry.terraform.io/hashicorp/aws\"]",
      "instances": [
        {
          "schema_version": 1,
          "attributes": {
            "id": "arn:aws:elasticloadbalancing:ap-northeast-3:777788889999:listener/app/crm-prod-alb/0a8b332520001/025affdbf01",
            "arn": "arn:aws:elasticloadbalancing:ap-northeast-3:777788889999:listener/app/crm-prod-alb/0a8b332520001/025affdbf01",
            "load_balancer_arn": "arn:aws:elasticloadbalancing:ap-northeast-3:777788889999:loadbalancer/app/crm-prod-alb/0a8b332520001",
            "port": 443,
            "protocol": "HTTPS",
            "ssl_policy": "ELBSecurityPolicy-TLS13-1-2-2021-06",
            "certificate_arn": "arn:aws:acm:ap-northeast-3:777788889999:certificate/10d67db1-cea8-8ae2-b57d-cc63af5b09e6",
            "default_action": [
              {
                "type": "forward",
                "target_group_arn": "arn:aws:elasticloadbalancing:ap-northeast-3:777788889999:targetgroup/crm-prod-tg/0fe23157601",
                "redirect": [],
                "fixed_response": []
              }
            ],
            "tags": {
              "Environment": "PROD",
              "System": "顧客管理",
              "ManagedBy": "terraform"
            },
            "tags_all": {
              "Environment": "PROD",
              "System": "顧客管理",
              "ManagedBy": "terraform"
            }
          }
        }
      ]
    },
    {
      "mode": "managed",
      "type": "aws_lb_listener",
      "name": "http",
      "provider": "provider[\"registry.terraform.io/hashicorp/aws\"]",
      "instances": [
        {
          "schema_version": 1,
          "attributes": {
            "id": "arn:aws:elasticloadbalancing:ap-northeast-3:777788889999:listener/app/crm-prod-alb/0a8b332520001/0404ef70001",
            "arn": "arn:aws:elasticloadbalancing:ap-northeast-3:777788889999:listener/app/crm-prod-alb/0a8b332520001/0404ef70001",
            "load_balancer_arn": "arn:aws:elasticloadbalancing:ap-northeast-3:777788889999:loadbalancer/app/crm-prod-alb/0a8b332520001",
            "port": 80,
            "protocol": "HTTP",
            "ssl_policy": null,
            "certificate_arn": null,
            "default_action": [
              {
                "type": "redirect",
                "target_group_arn": null,
                "redirect": [
                  {
                    "port": "443",
                    "protocol": "HTTPS",
                    "status_code": "HTTP_301",
                    "host": "#{host}",
                    "path": "/#{path}",
                    "query": "#{query}"
                  }
                ],
                "fixed_response": []
              }
            ],
            "tags": {
              "Environment": "PROD",
              "System": "顧客管理",
              "ManagedBy": "terraform"
            },
            "tags_all": {
              "Environment": "PROD",
              "System": "顧客管理",
              "ManagedBy": "terraform"
            }
          }
        }
      ]
    },
    {
      "mode": "managed",
      "type": "aws_wafv2_web_acl",
      "name": "main",
      "provider": "provider[\"registry.terraform.io/hashicorp/aws\"]",
      "instances": [
        {
          "schema_version": 1,
          "attributes": {
            "id": "2f5baa7e",
            "arn": "arn:aws:wafv2:ap-northeast-3:777788889999:regional/webacl/crm-prod-waf/02f5baa7e",
            "name": "crm-prod-waf",
            "scope": "REGIONAL",
            "default_action": [
              {
                "allow": [
                  {}
                ],
                "block": []
              }
            ],
            "rule": [
              {
                "name": "AWSManagedRulesCommonRuleSet",
                "priority": 1,
                "action": [],
                "override_action": [
                  {
                    "none": [
                      {}
                    ],
                    "count": []
                  }
                ],
                "statement": [
                  {
                    "managed_rule_group_statement": [
                      {
                        "vendor_name": "AWS",
                        "name": "AWSManagedRulesCommonRuleSet",
                        "excluded_rule": []
                      }
                    ]
                  }
                ],
                "visibility_config": [
                  {
                    "sampled_requests_enabled": true,
                    "cloudwatch_metrics_enabled": true,
                    "metric_name": "CommonRules"
                  }
                ]
              },
              {
                "name": "RateLimit",
                "priority": 2,
                "action": [
                  {
                    "block": [
                      {}
                    ],
                    "allow": [],
                    "count": []
                  }
                ],
                "override_action": [],
                "statement": [
                  {
                    "rate_based_statement": [
                      {
                        "limit": 2000,
                        "aggregate_key_type": "IP"
                      }
                    ]
                  }
                ],
                "visibility_config": [
                  {
                    "sampled_requests_enabled": true,
                    "cloudwatch_metrics_enabled": true,
                    "metric_name": "RateLimit"
                  }
                ]
              }
            ],
            "visibility_config": [
              {
                "sampled_requests_enabled": true,
                "cloudwatch_metrics_enabled": true,
                "metric_name": "crm-prod-waf"
              }
            ],
            "tags": {
              "Environment": "PROD",
              "System": "顧客管理",
              "ManagedBy": "terraform",
              "Name": "crm-prod-waf"
            },
            "tags_all": {
              "Environment": "PROD",
              "System": "顧客管理",
              "ManagedBy": "terraform",
              "Name": "crm-prod-waf"
            }
          }
        }
      ]
    },
    {
      "mode": "managed",
      "type": "aws_wafv2_web_acl_association",
      "name": "main",
      "provider": "provider[\"registry.terraform.io/hashicorp/aws\"]",
      "instances": [
        {
          "schema_version": 1,
          "attributes": {
            "id": "arn:aws:wafv2:ap-northeast-3:777788889999:regional/webacl/crm-prod-waf/02f5baa7e|arn:aws:elasticloadbalancing:ap-northeast-3:777788889999:loadbalancer/app/crm-prod-alb/0a8b332520001",
            "resource_arn": "arn:aws:elasticloadbalancing:ap-northeast-3:777788889999:loadbalancer/app/crm-prod-alb/0a8b332520001",
            "web_acl_arn": "arn:aws:wafv2:ap-northeast-3:777788889999:regional/webacl/crm-prod-waf/02f5baa7e"
          }
        }
      ]
    },
    {
      "mode": "managed",
      "type": "aws_s3_bucket",
      "name": "crm_prod_assets_777788889999",
      "provider": "provider[\"registry.terraform.io/hashicorp/aws\"]",
      "instances": [
        {
          "schema_version": 1,
          "attributes": {
            "id": "crm-prod-assets-777788889999",
            "bucket": "crm-prod-assets-777788889999",
            "region": "ap-northeast-3",
            "tags": {
              "Environment": "PROD",
              "System": "顧客管理",
              "ManagedBy": "terraform",
              "Name": "crm-prod-assets-777788889999"
            },
            "tags_all": {
              "Environment": "PROD",
              "System": "顧客管理",
              "ManagedBy": "terraform",
              "Name": "crm-prod-assets-777788889999"
            }
          }
        }
      ]
    },
    {
      "mode": "managed",
      "type": "aws_s3_bucket_versioning",
      "name": "crm_prod_assets_777788889999_versioning",
      "provider": "provider[\"registry.terraform.io/hashicorp/aws\"]",
      "instances": [
        {
          "schema_version": 1,
          "attributes": {
            "id": "crm-prod-assets-777788889999",
            "bucket": "crm-prod-assets-777788889999",
            "versioning_configuration": [
              {
                "status": "Enabled",
                "mfa_delete": "Disabled"
              }
            ]
          }
        }
      ]
    },
    {
      "mode": "managed",
      "type": "aws_s3_bucket_server_side_encryption_configuration",
      "name": "crm_prod_assets_777788889999_sse",
      "provider": "provider[\"registry.terraform.io/hashicorp/aws\"]",
      "instances": [
        {
          "schema_version": 1,
          "attributes": {
            "id": "crm-prod-assets-777788889999",
            "bucket": "crm-prod-assets-777788889999",
            "rule": [
              {
                "apply_server_side_encryption_by_default": [
                  {
                    "sse_algorithm": "aws:kms",
                    "kms_master_key_id": "arn:aws:kms:ap-northeast-3:777788889999:key/2b92b0af"
                  }
                ],
                "bucket_key_enabled": true
              }
            ]
          }
        }
      ]
    },
    {
      "mode": "managed",
      "type": "aws_s3_bucket_public_access_block",
      "name": "crm_prod_assets_777788889999_pab",
      "provider": "provider[\"registry.terraform.io/hashicorp/aws\"]",
      "instances": [
        {
          "schema_version": 1,
          "attributes": {
            "id": "crm-prod-assets-777788889999",
            "bucket": "crm-prod-assets-777788889999",
            "block_public_acls": true,
            "block_public_policy": true,
            "ignore_public_acls": true,
            "restrict_public_buckets": true
          }
        }
      ]
    },
    {
      "mode": "managed",
      "type": "aws_s3_bucket",
      "name": "crm_prod_logs_777788889999",
      "provider": "provider[\"registry.terraform.io/hashicorp/aws\"]",
      "instances": [
        {
          "schema_version": 1,
          "attributes": {
            "id": "crm-prod-logs-777788889999",
            "bucket": "crm-prod-logs-777788889999",
            "region": "ap-northeast-3",
            "tags": {
              "Environment": "PROD",
              "System": "顧客管理",
              "ManagedBy": "terraform",
              "Name": "crm-prod-logs-777788889999"
            },
            "tags_all": {
              "Environment": "PROD",
              "System": "顧客管理",
              "ManagedBy": "terraform",
              "Name": "crm-prod-logs-777788889999"
            }
          }
        }
      ]
    },
    {
      "mode": "managed",
      "type": "aws_s3_bucket_public_access_block",
      "name": "crm_prod_logs_777788889999_pab",
      "provider": "provider[\"registry.terraform.io/hashicorp/aws\"]",
      "instances": [
        {
          "schema_version": 1,
          "attributes": {
            "id": "crm-prod-logs-777788889999",
            "bucket": "crm-prod-logs-777788889999",
            "block_public_acls": true,
            "block_public_policy": true,
            "ignore_public_acls": true,
            "restrict_public_buckets": true
          }
        }
      ]
    },
    {
      "mode": "managed",
      "type": "aws_s3_bucket",
      "name": "crm_prod_deploy_777788889999",
      "provider": "provider[\"registry.terraform.io/hashicorp/aws\"]",
      "instances": [
        {
          "schema_version": 1,
          "attributes": {
            "id": "crm-prod-deploy-777788889999",
            "bucket": "crm-prod-deploy-777788889999",
            "region": "ap-northeast-3",
            "tags": {
              "Environment": "PROD",
              "System": "顧客管理",
              "ManagedBy": "terraform",
              "Name": "crm-prod-deploy-777788889999"
            },
            "tags_all": {
              "Environment": "PROD",
              "System": "顧客管理",
              "ManagedBy": "terraform",
              "Name": "crm-prod-deploy-777788889999"
            }
          }
        }
      ]
    },
    {
      "mode": "managed",
      "type": "aws_s3_bucket_public_access_block",
      "name": "crm_prod_deploy_777788889999_pab",
      "provider": "provider[\"registry.terraform.io/hashicorp/aws\"]",
      "instances": [
        {
          "schema_version": 1,
          "attributes": {
            "id": "crm-prod-deploy-777788889999",
            "bucket": "crm-prod-deploy-777788889999",
            "block_public_acls": true,
            "block_public_policy": true,
            "ignore_public_acls": true,
            "restrict_public_buckets": true
          }
        }
      ]
    },
    {
      "mode": "managed",
      "type": "aws_cloudwatch_log_group",
      "name": "aws_ec2_crm-prod",
      "provider": "provider[\"registry.terraform.io/hashicorp/aws\"]",
      "instances": [
        {
          "schema_version": 1,
          "attributes": {
            "id": "/aws/ec2/crm-prod",
            "name": "/aws/ec2/crm-prod",
            "retention_in_days": 90,
            "tags": {
              "Environment": "PROD",
              "System": "顧客管理",
              "ManagedBy": "terraform"
            },
            "tags_all": {
              "Environment": "PROD",
              "System": "顧客管理",
              "ManagedBy": "terraform"
            }
          }
        }
      ]
    },
    {
      "mode": "managed",
      "type": "aws_cloudwatch_log_group",
      "name": "aws_rds_crm-prod-db",
      "provider": "provider[\"registry.terraform.io/hashicorp/aws\"]",
      "instances": [
        {
          "schema_version": 1,
          "attributes": {
            "id": "/aws/rds/crm-prod-db",
            "name": "/aws/rds/crm-prod-db",
            "retention_in_days": 90,
            "tags": {
              "Environment": "PROD",
              "System": "顧客管理",
              "ManagedBy": "terraform"
            },
            "tags_all": {
              "Environment": "PROD",
              "System": "顧客管理",
              "ManagedBy": "terraform"
            }
          }
        }
      ]
    },
    {
      "mode": "managed",
      "type": "aws_cloudwatch_metric_alarm",
      "name": "ec2_cpu_high",
      "provider": "provider[\"registry.terraform.io/hashicorp/aws\"]",
      "instances": [
        {
          "schema_version": 1,
          "attributes": {
            "id": "crm-prod-ec2-cpu-high",
            "alarm_name": "crm-prod-ec2-cpu-high",
            "alarm_description": "EC2 CPU utilization too high",
            "metric_name": "CPUUtilization",
            "namespace": "AWS/EC2",
            "statistic": "Average",
            "period": 300,
            "evaluation_periods": 2,
            "threshold": 80.0,
            "comparison_operator": "GreaterThanThreshold",
            "alarm_actions": [
              "arn:aws:sns:ap-northeast-3:777788889999:alerts"
            ],
            "ok_actions": [],
            "insufficient_data_actions": [],
            "dimensions": {
              "AutoScalingGroupName": "crm-prod-asg"
            },
            "treat_missing_data": "notBreaching",
            "unit": "Percent",
            "tags": {
              "Environment": "PROD",
              "System": "顧客管理",
              "ManagedBy": "terraform"
            },
            "tags_all": {
              "Environment": "PROD",
              "System": "顧客管理",
              "ManagedBy": "terraform"
            }
          }
        }
      ]
    },
    {
      "mode": "managed",
      "type": "aws_cloudwatch_metric_alarm",
      "name": "rds_connections_high",
      "provider": "provider[\"registry.terraform.io/hashicorp/aws\"]",
      "instances": [
        {
          "schema_version": 1,
          "attributes": {
            "id": "crm-prod-rds-connections-high",
            "alarm_name": "crm-prod-rds-connections-high",
            "alarm_description": "RDS connection count too high",
            "metric_name": "DatabaseConnections",
            "namespace": "AWS/RDS",
            "statistic": "Average",
            "period": 60,
            "evaluation_periods": 5,
            "threshold": 400.0,
            "comparison_operator": "GreaterThanThreshold",
            "alarm_actions": [
              "arn:aws:sns:ap-northeast-3:777788889999:alerts"
            ],
            "ok_actions": [],
            "insufficient_data_actions": [],
            "dimensions": {
              "DBInstanceIdentifier": "crm-prod-db"
            },
            "treat_missing_data": "notBreaching",
            "unit": "Count",
            "tags": {
              "Environment": "PROD",
              "System": "顧客管理",
              "ManagedBy": "terraform"
            },
            "tags_all": {
              "Environment": "PROD",
              "System": "顧客管理",
              "ManagedBy": "terraform"
            }
          }
        }
      ]
    },
    {
      "mode": "managed",
      "type": "aws_codedeploy_app",
      "name": "main",
      "provider": "provider[\"registry.terraform.io/hashicorp/aws\"]",
      "instances": [
        {
          "schema_version": 1,
          "attributes": {
            "id": "crm-prod-app",
            "name": "crm-prod-app",
            "compute_platform": "Server",
            "application_id": "ed02cc4d",
            "tags": {
              "Environment": "PROD",
              "System": "顧客管理",
              "ManagedBy": "terraform",
              "Name": "crm-prod-app"
            },
            "tags_all": {
              "Environment": "PROD",
              "System": "顧客管理",
              "ManagedBy": "terraform",
              "Name": "crm-prod-app"
            }
          }
        }
      ]
    },
    {
      "mode": "managed",
      "type": "aws_codedeploy_deployment_group",
      "name": "main",
      "provider": "provider[\"registry.terraform.io/hashicorp/aws\"]",
      "instances": [
        {
          "schema_version": 1,
          "attributes": {
            "id": "d63d8972",
            "app_name": "crm-prod-app",
            "deployment_group_name": "crm-prod-deploy-group",
            "service_role_arn": "arn:aws:iam::777788889999:role/crm-prod-codedeploy-role",
            "deployment_config_name": "CodeDeployDefault.OneAtATime",
            "autoscaling_groups": [
              "crm-prod-asg"
            ],
            "deployment_style": [
              {
                "deployment_option": "WITHOUT_TRAFFIC_CONTROL",
                "deployment_type": "IN_PLACE"
              }
            ],
            "auto_rollback_configuration": [
              {
                "enabled": true,
                "events": [
                  "DEPLOYMENT_FAILURE",
                  "DEPLOYMENT_STOP_ON_ALARM"
                ]
              }
            ],
            "alarm_configuration": [
              {
                "enabled": true,
                "alarms": [
                  "crm-prod-ec2-cpu-high"
                ]
              }
            ]
          }
        }
      ]
    }
  ]
}