{
  "version": 4,
  "terraform_version": "1.7.4",
  "serial": 104,
  "lineage": "0b5446b4-c95a-cb28-eb7e-b7376d03d2d3",
  "outputs": {},
  "resources": [
    {
      "mode": "managed",
      "type": "aws_vpc",
      "name": "main",
      "provider": "provider[\"registry.terraform.io/hashicorp/aws\"]",
      "instances": [
        {
          "schema_version": 1,
          "attributes": {
            "id": "vpc-00b5446b40001",
            "cidr_block": "10.4.0.0/16",
            "default": false,
            "enable_dns_support": true,
            "enable_dns_hostnames": true,
            "dhcp_options_id": "dopt-00b5446b40001",
            "tags": {
              "Environment": "STG",
              "System": "顧客管理",
              "ManagedBy": "terraform",
              "Name": "crm-stg-vpc"
            },
            "tags_all": {
              "Environment": "STG",
              "System": "顧客管理",
              "ManagedBy": "terraform",
              "Name": "crm-stg-vpc"
            }
          }
        }
      ]
    },
    {
      "mode": "managed",
      "type": "aws_subnet",
      "name": "public_1",
      "provider": "provider[\"registry.terraform.io/hashicorp/aws\"]",
      "instances": [
        {
          "schema_version": 1,
          "attributes": {
            "id": "subnet-0563fbaaa01",
            "vpc_id": "vpc-00b5446b40001",
            "cidr_block": "10.4.1.0/24",
            "availability_zone": "ap-northeast-3a",
            "map_public_ip_on_launch": true,
            "tags": {
              "Environment": "STG",
              "System": "顧客管理",
              "ManagedBy": "terraform",
              "Name": "crm-stg-public-1"
            },
            "tags_all": {
              "Environment": "STG",
              "System": "顧客管理",
              "ManagedBy": "terraform",
              "Name": "crm-stg-public-1"
            }
          }
        }
      ]
    },
    {
      "mode": "managed",
      "type": "aws_subnet",
      "name": "public_2",
      "provider": "provider[\"registry.terraform.io/hashicorp/aws\"]",
      "instances": [
        {
          "schema_version": 1,
          "attributes": {
            "id": "subnet-0748300ae01",
            "vpc_id": "vpc-00b5446b40001",
            "cidr_block": "10.4.2.0/24",
            "availability_zone": "ap-northeast-3b",
            "map_public_ip_on_launch": true,
            "tags": {
              "Environment": "STG",
              "System": "顧客管理",
              "ManagedBy": "terraform",
              "Name": "crm-stg-public-2"
            },
            "tags_all": {
              "Environment": "STG",
              "System": "顧客管理",
              "ManagedBy": "terraform",
              "Name": "crm-stg-public-2"
            }
          }
        }
      ]
    },
    {
      "mode": "managed",
      "type": "aws_subnet",
      "name": "private_1",
      "provider": "provider[\"registry.terraform.io/hashicorp/aws\"]",
      "instances": [
        {
          "schema_version": 1,
          "attributes": {
            "id": "subnet-03533a93401",
            "vpc_id": "vpc-00b5446b40001",
            "cidr_block": "10.4.11.0/24",
            "availability_zone": "ap-northeast-3a",
            "map_public_ip_on_launch": false,
            "tags": {
              "Environment": "STG",
              "System": "顧客管理",
              "ManagedBy": "terraform",
              "Name": "crm-stg-private-1"
            },
            "tags_all": {
              "Environment": "STG",
              "System": "顧客管理",
              "ManagedBy": "terraform",
              "Name": "crm-stg-private-1"
            }
          }
        }
      ]
    },
    {
      "mode": "managed",
      "type": "aws_subnet",
      "name": "private_2",
      "provider": "provider[\"registry.terraform.io/hashicorp/aws\"]",
      "instances": [
        {
          "schema_version": 1,
          "attributes": {
            "id": "subnet-06ff2316701",
            "vpc_id": "vpc-00b5446b40001",
            "cidr_block": "10.4.12.0/24",
            "availability_zone": "ap-northeast-3b",
            "map_public_ip_on_launch": false,
            "tags": {
              "Environment": "STG",
              "System": "顧客管理",
              "ManagedBy": "terraform",
              "Name": "crm-stg-private-2"
            },
            "tags_all": {
              "Environment": "STG",
              "System": "顧客管理",
              "ManagedBy": "terraform",
              "Name": "crm-stg-private-2"
            }
          }
        }
      ]
    },
    {
      "mode": "managed",
      "type": "aws_internet_gateway",
      "name": "main",
      "provider": "provider[\"registry.terraform.io/hashicorp/aws\"]",
      "instances": [
        {
          "schema_version": 1,
          "attributes": {
            "id": "igw-00b5446b40001",
            "vpc_id": "vpc-00b5446b40001",
            "tags": {
              "Environment": "STG",
              "System": "顧客管理",
              "ManagedBy": "terraform",
              "Name": "crm-stg-igw"
            },
            "tags_all": {
              "Environment": "STG",
              "System": "顧客管理",
              "ManagedBy": "terraform",
              "Name": "crm-stg-igw"
            }
          }
        }
      ]
    },
    {
      "mode": "managed",
      "type": "aws_security_group",
      "name": "alb",
      "provider": "provider[\"registry.terraform.io/hashicorp/aws\"]",
      "instances": [
        {
          "schema_version": 1,
          "attributes": {
            "id": "sg-0105dee3801",
            "name": "crm-stg-sg-alb",
            "description": "ALB security group",
            "vpc_id": "vpc-00b5446b40001",
            "ingress": [
              {
                "from_port": 80,
                "to_port": 80,
                "protocol": "tcp",
                "cidr_blocks": [
                  "0.0.0.0/0"
                ],
                "ipv6_cidr_blocks": [
                  "::/0"
                ],
                "prefix_list_ids": [],
                "security_groups": [],
                "self": false,
                "description": "HTTP"
              },
              {
                "from_port": 443,
                "to_port": 443,
                "protocol": "tcp",
                "cidr_blocks": [
                  "0.0.0.0/0"
                ],
                "ipv6_cidr_blocks": [
                  "::/0"
                ],
                "prefix_list_ids": [],
                "security_groups": [],
                "self": false,
                "description": "HTTPS"
              }
            ],
            "egress": [
              {
                "from_port": 0,
                "to_port": 0,
                "protocol": "-1",
                "cidr_blocks": [
                  "0.0.0.0/0"
                ],
                "ipv6_cidr_blocks": [],
                "prefix_list_ids": [],
                "security_groups": [],
                "self": false,
                "description": ""
              }
            ],
            "tags": {
              "Environment": "STG",
              "System": "顧客管理",
              "ManagedBy": "terraform",
              "Name": "crm-stg-sg-alb"
            },
            "tags_all": {
              "Environment": "STG",
              "System": "顧客管理",
              "ManagedBy": "terraform",
              "Name": "crm-stg-sg-alb"
            }
          }
        }
      ]
    },
    {
      "mode": "managed",
      "type": "aws_security_group",
      "name": "app",
      "provider": "provider[\"registry.terraform.io/hashicorp/aws\"]",
      "instances": [
        {
          "schema_version": 1,
          "attributes": {
            "id": "sg-07189b11001",
            "name": "crm-stg-sg-app",
            "description": "App server security group",
            "vpc_id": "vpc-00b5446b40001",
            "ingress": [
              {
                "from_port": 8080,
                "to_port": 8080,
                "protocol": "tcp",
                "cidr_blocks": [],
                "ipv6_cidr_blocks": [],
                "prefix_list_ids": [],
                "security_groups": [
                  "sg-0105dee3801"
                ],
                "self": false,
                "description": "From ALB"
              },
              {
                "from_port": 22,
                "to_port": 22,
                "protocol": "tcp",
                "cidr_blocks": [
                  "10.0.0.0/8"
                ],
                "ipv6_cidr_blocks": [],
                "prefix_list_ids": [],
                "security_groups": [],
                "self": false,
                "description": "SSH from internal"
              }
            ],
            "egress": [
              {
                "from_port": 0,
                "to_port": 0,
                "protocol": "-1",
                "cidr_blocks": [
                  "0.0.0.0/0"
                ],
                "ipv6_cidr_blocks": [],
                "prefix_list_ids": [],
                "security_groups": [],
                "self": false,
                "description": ""
              }
            ],
            "tags": {
              "Environment": "STG",
              "System": "顧客管理",
              "ManagedBy": "terraform",
              "Name": "crm-stg-sg-app"
            },
            "tags_all": {
              "Environment": "STG",
              "System": "顧客管理",
              "ManagedBy": "terraform",
              "Name": "crm-stg-sg-app"
            }
          }
        }
      ]
    },
    {
      "mode": "managed",
      "type": "aws_security_group",
      "name": "rds",
      "provider": "provider[\"registry.terraform.io/hashicorp/aws\"]",
      "instances": [
        {
          "schema_version": 1,
          "attributes": {
            "id": "sg-02219699701",
            "name": "crm-stg-sg-rds",
            "description": "RDS security group",
            "vpc_id": "vpc-00b5446b40001",
            "ingress": [
              {
                "from_port": 3306,
                "to_port": 3306,
                "protocol": "tcp",
                "cidr_blocks": [],
                "ipv6_cidr_blocks": [],
                "prefix_list_ids": [],
                "security_groups": [
                  "sg-07189b11001"
                ],
                "self": false,
                "description": "From App tier"
              }
            ],
            "egress": [
              {
                "from_port": 0,
                "to_port": 0,
                "protocol": "-1",
                "cidr_blocks": [
                  "0.0.0.0/0"
                ],
                "ipv6_cidr_blocks": [],
                "prefix_list_ids": [],
                "security_groups": [],
                "self": false,
                "description": ""
              }
            ],
            "tags": {
              "Environment": "STG",
              "System": "顧客管理",
              "ManagedBy": "terraform",
              "Name": "crm-stg-sg-rds"
            },
            "tags_all": {
              "Environment": "STG",
              "System": "顧客管理",
              "ManagedBy": "terraform",
              "Name": "crm-stg-sg-rds"
            }
          }
        }
      ]
    },
    {
      "mode": "managed",
      "type": "aws_instance",
      "name": "app_1",
      "provider": "provider[\"registry.terraform.io/hashicorp/aws\"]",
      "instances": [
        {
          "schema_version": 1,
          "attributes": {
            "id": "i-0acaeeff801",
            "ami": "ami-0ca38c7440de7bf54",
            "instance_type": "t3.small",
            "instance_state": "running",
            "vpc_id": "vpc-00b5446b40001",
            "subnet_id": "subnet-03533a93401",
            "availability_zone": "ap-northeast-3a",
            "private_ip": "10.4.11.10",
            "public_ip": null,
            "vpc_security_group_ids": [
              "sg-07189b11001"
            ],
            "key_name": "crm-stg-keypair",
            "iam_instance_profile": "crm-stg-ec2-profile",
            "monitoring": true,
            "platform": null,
            "tags": {
              "Environment": "STG",
              "System": "顧客管理",
              "ManagedBy": "terraform",
              "Name": "crm-stg-app-01",
              "Application": "顧客管理システム",
              "Language": "ruby",
              "Framework": "rails",
              "Runtime": "puma",
              "DeployMethod": "ec2",
              "Branch": "develop"
            },
            "tags_all": {
              "Environment": "STG",
              "System": "顧客管理",
              "ManagedBy": "terraform",
              "Name": "crm-stg-app-01",
              "Application": "顧客管理システム",
              "Language": "ruby",
              "Framework": "rails",
              "Runtime": "puma",
              "DeployMethod": "ec2",
              "Branch": "develop"
            }
          }
        }
      ]
    },
    {
      "mode": "managed",
      "type": "aws_ebs_volume",
      "name": "app_1",
      "provider": "provider[\"registry.terraform.io/hashicorp/aws\"]",
      "instances": [
        {
          "schema_version": 1,
          "attributes": {
            "id": "vol-0b0aef11501",
            "size": 30,
            "type": "gp3",
            "iops": 3000,
            "throughput": 125,
            "availability_zone": "ap-northeast-3a",
            "encrypted": true,
            "kms_key_id": "arn:aws:kms:ap-northeast-3:777788889999:key/1516839c",
            "snapshot_id": null,
            "multi_attach_enabled": false,
            "attachments": [
              {
                "instance_id": "i-0acaeeff801",
                "device": "/dev/sdf",
                "delete_on_termination": true
              }
            ],
            "tags": {
              "Environment": "STG",
              "System": "顧客管理",
              "ManagedBy": "terraform",
              "Name": "crm-stg-ebs-01",
              "attached_instance_id": "i-0acaeeff801"
            },
            "tags_all": {
              "Environment": "STG",
              "System": "顧客管理",
              "ManagedBy": "terraform",
              "Name": "crm-stg-ebs-01",
              "attached_instance_id": "i-0acaeeff801"
            }
          }
        }
      ]
    },
    {
      "mode": "managed",
      "type": "aws_db_instance",
      "name": "main",
      "provider": "provider[\"registry.terraform.io/hashicorp/aws\"]",
      "instances": [
        {
          "schema_version": 1,
          "attributes": {
            "id": "crm-stg-db",
            "identifier": "crm-stg-db",
            "engine": "mysql",
            "engine_version": "8.0.36",
            "instance_class": "db.t3.micro",
            "db_name": "crm",
            "username": "admin",
            "port": 3306,
            "endpoint": "crm-stg-db.0b5446.ap-northeast-3.rds.amazonaws.com:3306",
            "address": "crm-stg-db.0b5446.ap-northeast-3.rds.amazonaws.com",
            "status": "available",
            "multi_az": false,
            "publicly_accessible": false,
            "storage_type": "gp3",
            "allocated_storage": 20,
            "backup_retention_period": 1,
            "deletion_protection": false,
            "availability_zone": "ap-northeast-3a",
            "vpc_security_group_memberships": [
              {
                "id": "sg-02219699701",
                "name": "crm-stg-sg-rds"
              }
            ],
            "tags": {
              "Environment": "STG",
              "System": "顧客管理",
              "ManagedBy": "terraform",
              "Name": "crm-stg-db"
            },
            "tags_all": {
              "Environment": "STG",
              "System": "顧客管理",
              "ManagedBy": "terraform",
              "Name": "crm-stg-db"
            }
          }
        }
      ]
    },
    {
      "mode": "managed",
      "type": "aws_lb",
      "name": "main",
      "provider": "provider[\"registry.terraform.io/hashicorp/aws\"]",
      "instances": [
        {
          "schema_version": 1,
          "attributes": {
            "id": "arn:aws:elasticloadbalancing:ap-northeast-3:777788889999:loadbalancer/app/crm-stg-alb/00b5446b40001",
            "arn": "arn:aws:elasticloadbalancing:ap-northeast-3:777788889999:loadbalancer/app/crm-stg-alb/00b5446b40001",
            "name": "crm-stg-alb",
            "dns_name": "crm-stg-alb-2900.ap-northeast-3.elb.amazonaws.com",
            "internal": false,
            "load_balancer_type": "application",
            "subnets": [
              "subnet-0563fbaaa01",
              "subnet-0748300ae01"
            ],
            "security_groups": [
              "sg-0105dee3801"
            ],
            "vpc_id": "vpc-00b5446b40001",
            "state": "active",
            "idle_timeout": 60,
            "enable_deletion_protection": false,
            "access_logs": [
              {
                "enabled": true,
                "bucket": "crm-stg-logs-777788889999",
                "prefix": "alb"
              }
            ],
            "tags": {
              "Environment": "STG",
              "System": "顧客管理",
              "ManagedBy": "terraform",
              "Name": "crm-stg-alb"
            },
            "tags_all": {
              "Environment": "STG",
              "System": "顧客管理",
              "ManagedBy": "terraform",
              "Name": "crm-stg-alb"
            }
          }
        }
      ]
    },
    {
      "mode": "managed",
      "type": "aws_lb_target_group",
      "name": "main",
      "provider": "provider[\"registry.terraform.io/hashicorp/aws\"]",
      "instances": [
        {
          "schema_version": 1,
          "attributes": {
            "id": "arn:aws:elasticloadbalancing:ap-northeast-3:777788889999:targetgroup/crm-stg-tg/09f0277bc01",
            "arn": "arn:aws:elasticloadbalancing:ap-northeast-3:777788889999:targetgroup/crm-stg-tg/09f0277bc01",
            "name": "crm-stg-tg",
            "protocol": "HTTP",
            "port": 8080,
            "target_type": "instance",
            "vpc_id": "vpc-00b5446b40001",
            "load_balancer_arns": [
              "arn:aws:elasticloadbalancing:ap-northeast-3:777788889999:loadbalancer/app/crm-stg-alb/00b5446b40001"
            ],
            "health_check": [
              {
                "enabled": true,
                "path": "/health",
                "protocol": "HTTP",
                "port": "traffic-port",
                "interval": 30,
                "timeout": 5,
                "healthy_threshold": 3,
                "unhealthy_threshold": 3
              }
            ],
            "tags": {
              "Environment": "STG",
              "System": "顧客管理",
              "ManagedBy": "terraform",
              "Name": "crm-stg-tg"
            },
            "tags_all": {
              "Environment": "STG",
              "System": "顧客管理",
              "ManagedBy": "terraform",
              "Name": "crm-stg-tg"
            }
          }
        }
      ]
    },
    {
      "mode": "managed",
      "type": "aws_lb_listener",
      "name": "https",
      "provider": "provider[\"registry.terraform.io/hashicorp/aws\"]",
      "instances": [
        {
          "schema_version": 1,
          "attributes": {
            "id": "arn:aws:elasticloadbalancing:ap-northeast-3:777788889999:listener/app/crm-stg-alb/00b5446b40001/0fb57b93801",
            "arn": "arn:aws:elasticloadbalancing:ap-northeast-3:777788889999:listener/app/crm-stg-alb/00b5446b40001/0fb57b93801",
            "load_balancer_arn": "arn:aws:elasticloadbalancing:ap-northeast-3:777788889999:loadbalancer/app/crm-stg-alb/00b5446b40001",
            "port": 443,
            "protocol": "HTTPS",
            "ssl_policy": "ELBSecurityPolicy-TLS13-1-2-2021-06",
            "certificate_arn": "arn:aws:acm:ap-northeast-3:777788889999:certificate/dba53604-0546-9ca8-4821-e59dca5a4c9a",
            "default_action": [
              {
                "type": "forward",
                "target_group_arn": "arn:aws:elasticloadbalancing:ap-northeast-3:777788889999:targetgroup/crm-stg-tg/09f0277bc01",
                "redirect": [],
                "fixed_response": []
              }
            ],
            "tags": {
              "Environment": "STG",
              "System": "顧客管理",
              "ManagedBy": "terraform"
            },
            "tags_all": {
              "Environment": "STG",
              "System": "顧客管理",
              "ManagedBy": "terraform"
            }
          }
        }
      ]
    },
    {
      "mode": "managed",
      "type": "aws_lb_listener",
      "name": "http",
      "provider": "provider[\"registry.terraform.io/hashicorp/aws\"]",
      "instances": [
        {
          "schema_version": 1,
          "attributes": {
            "id": "arn:aws:elasticloadbalancing:ap-northeast-3:777788889999:listener/app/crm-stg-alb/00b5446b40001/05d9eb82a01",
            "arn": "arn:aws:elasticloadbalancing:ap-northeast-3:777788889999:listener/app/crm-stg-alb/00b5446b40001/05d9eb82a01",
            "load_balancer_arn": "arn:aws:elasticloadbalancing:ap-northeast-3:777788889999:loadbalancer/app/crm-stg-alb/00b5446b40001",
            "port": 80,
            "protocol": "HTTP",
            "ssl_policy": null,
            "certificate_arn": null,
            "default_action": [
              {
                "type": "redirect",
                "target_group_arn": null,
                "redirect": [
                  {
                    "port": "443",
                    "protocol": "HTTPS",
                    "status_code": "HTTP_301",
                    "host": "#{host}",
                    "path": "/#{path}",
                    "query": "#{query}"
                  }
                ],
                "fixed_response": []
              }
            ],
            "tags": {
              "Environment": "STG",
              "System": "顧客管理",
              "ManagedBy": "terraform"
            },
            "tags_all": {
              "Environment": "STG",
              "System": "顧客管理",
              "ManagedBy": "terraform"
            }
          }
        }
      ]
    },
    {
      "mode": "managed",
      "type": "aws_s3_bucket",
      "name": "crm_stg_assets_777788889999",
      "provider": "provider[\"registry.terraform.io/hashicorp/aws\"]",
      "instances": [
        {
          "schema_version": 1,
          "attributes": {
            "id": "crm-stg-assets-777788889999",
            "bucket": "crm-stg-assets-777788889999",
            "region": "ap-northeast-3",
            "tags": {
              "Environment": "STG",
              "System": "顧客管理",
              "ManagedBy": "terraform",
              "Name": "crm-stg-assets-777788889999"
            },
            "tags_all": {
              "Environment": "STG",
              "System": "顧客管理",
              "ManagedBy": "terraform",
              "Name": "crm-stg-assets-777788889999"
            }
          }
        }
      ]
    },
    {
      "mode": "managed",
      "type": "aws_s3_bucket_versioning",
      "name": "crm_stg_assets_777788889999_versioning",
      "provider": "provider[\"registry.terraform.io/hashicorp/aws\"]",
      "instances": [
        {
          "schema_version": 1,
          "attributes": {
            "id": "crm-stg-assets-777788889999",
            "bucket": "crm-stg-assets-777788889999",
            "versioning_configuration": [
              {
                "status": "Enabled",
                "mfa_delete": "Disabled"
              }
            ]
          }
        }
      ]
    },
    {
      "mode": "managed",
      "type": "aws_s3_bucket_server_side_encryption_configuration",
      "name": "crm_stg_assets_777788889999_sse",
      "provider": "provider[\"registry.terraform.io/hashicorp/aws\"]",
      "instances": [
        {
          "schema_version": 1,
          "attributes": {
            "id": "crm-stg-assets-777788889999",
            "bucket": "crm-stg-assets-777788889999",
            "rule": [
              {
                "apply_server_side_encryption_by_default": [
                  {
                    "sse_algorithm": "aws:kms",
                    "kms_master_key_id": "arn:aws:kms:ap-northeast-3:777788889999:key/0b1f9491"
                  }
                ],
                "bucket_key_enabled": true
              }
            ]
          }
        }
      ]
    },
    {
      "mode": "managed",
      "type": "aws_s3_bucket_public_access_block",
      "name": "crm_stg_assets_777788889999_pab",
      "provider": "provider[\"registry.terraform.io/hashicorp/aws\"]",
      "instances": [
        {
          "schema_version": 1,
          "attributes": {
            "id": "crm-stg-assets-777788889999",
            "bucket": "crm-stg-assets-777788889999",
            "block_public_acls": true,
            "block_public_policy": true,
            "ignore_public_acls": true,
            "restrict_public_buckets": true
          }
        }
      ]
    },
    {
      "mode": "managed",
      "type": "aws_s3_bucket",
      "name": "crm_stg_logs_777788889999",
      "provider": "provider[\"registry.terraform.io/hashicorp/aws\"]",
      "instances": [
        {
          "schema_version": 1,
          "attributes": {
            "id": "crm-stg-logs-777788889999",
            "bucket": "crm-stg-logs-777788889999",
            "region": "ap-northeast-3",
            "tags": {
              "Environment": "STG",
              "System": "顧客管理",
              "ManagedBy": "terraform",
              "Name": "crm-stg-logs-777788889999"
            },
            "tags_all": {
              "Environment": "STG",
              "System": "顧客管理",
              "ManagedBy": "terraform",
              "Name": "crm-stg-logs-777788889999"
            }
          }
        }
      ]
    },
    {
      "mode": "managed",
      "type": "aws_s3_bucket_public_access_block",
      "name": "crm_stg_logs_777788889999_pab",
      "provider": "provider[\"registry.terraform.io/hashicorp/aws\"]",
      "instances": [
        {
          "schema_version": 1,
          "attributes": {
            "id": "crm-stg-logs-777788889999",
            "bucket": "crm-stg-logs-777788889999",
            "block_public_acls": true,
            "block_public_policy": true,
            "ignore_public_acls": true,
            "restrict_public_buckets": true
          }
        }
      ]
    },
    {
      "mode": "managed",
      "type": "aws_cloudwatch_log_group",
      "name": "aws_ec2_crm-stg",
      "provider": "provider[\"registry.terraform.io/hashicorp/aws\"]",
      "instances": [
        {
          "schema_version": 1,
          "attributes": {
            "id": "/aws/ec2/crm-stg",
            "name": "/aws/ec2/crm-stg",
            "retention_in_days": 30,
            "tags": {
              "Environment": "STG",
              "System": "顧客管理",
              "ManagedBy": "terraform"
            },
            "tags_all": {
              "Environment": "STG",
              "System": "顧客管理",
              "ManagedBy": "terraform"
            }
          }
        }
      ]
    },
    {
      "mode": "managed",
      "type": "aws_cloudwatch_log_group",
      "name": "aws_rds_crm-stg-db",
      "provider": "provider[\"registry.terraform.io/hashicorp/aws\"]",
      "instances": [
        {
          "schema_version": 1,
          "attributes": {
            "id": "/aws/rds/crm-stg-db",
            "name": "/aws/rds/crm-stg-db",
            "retention_in_days": 30,
            "tags": {
              "Environment": "STG",
              "System": "顧客管理",
              "ManagedBy": "terraform"
            },
            "tags_all": {
              "Environment": "STG",
              "System": "顧客管理",
              "ManagedBy": "terraform"
            }
          }
        }
      ]
    },
    {
      "mode": "managed",
      "type": "aws_cloudwatch_metric_alarm",
      "name": "ec2_cpu_high",
      "provider": "provider[\"registry.terraform.io/hashicorp/aws\"]",
      "instances": [
        {
          "schema_version": 1,
          "attributes": {
            "id": "crm-stg-ec2-cpu-high",
            "alarm_name": "crm-stg-ec2-cpu-high",
            "alarm_description": "EC2 CPU utilization too high",
            "metric_name": "CPUUtilization",
            "namespace": "AWS/EC2",
            "statistic": "Average",
            "period": 300,
            "evaluation_periods": 2,
            "threshold": 80.0,
            "comparison_operator": "GreaterThanThreshold",
            "alarm_actions": [
              "arn:aws:sns:ap-northeast-3:777788889999:alerts"
            ],
            "ok_actions": [],
            "insufficient_data_actions": [],
            "dimensions": {
              "AutoScalingGroupName": "crm-stg-asg"
            },
            "treat_missing_data": "notBreaching",
            "unit": "Percent",
            "tags": {
              "Environment": "STG",
              "System": "顧客管理",
              "ManagedBy": "terraform"
            },
            "tags_all": {
              "Environment": "STG",
              "System": "顧客管理",
              "ManagedBy": "terraform"
            }
          }
        }
      ]
    },
    {
      "mode": "managed",
      "type": "aws_cloudwatch_metric_alarm",
      "name": "rds_connections_high",
      "provider": "provider[\"registry.terraform.io/hashicorp/aws\"]",
      "instances": [
        {
          "schema_version": 1,
          "attributes": {
            "id": "crm-stg-rds-connections-high",
            "alarm_name": "crm-stg-rds-connections-high",
            "alarm_description": "RDS connection count too high",
            "metric_name": "DatabaseConnections",
            "namespace": "AWS/RDS",
            "statistic": "Average",
            "period": 60,
            "evaluation_periods": 5,
            "threshold": 400.0,
            "comparison_operator": "GreaterThanThreshold",
            "alarm_actions": [
              "arn:aws:sns:ap-northeast-3:777788889999:alerts"
            ],
            "ok_actions": [],
            "insufficient_data_actions": [],
            "dimensions": {
              "DBInstanceIdentifier": "crm-stg-db"
            },
            "treat_missing_data": "notBreaching",
            "unit": "Count",
            "tags": {
              "Environment": "STG",
              "System": "顧客管理",
              "ManagedBy": "terraform"
            },
            "tags_all": {
              "Environment": "STG",
              "System": "顧客管理",
              "ManagedBy": "terraform"
            }
          }
        }
      ]
    }
  ]
}