{
  "version": 4,
  "terraform_version": "1.7.4",
  "serial": 109,
  "lineage": "bdc90b48-1aa5-bacc-85a2-d86796cd907b",
  "outputs": {},
  "resources": [
    {
      "mode": "managed",
      "type": "aws_vpc",
      "name": "main",
      "provider": "provider[\"registry.terraform.io/hashicorp/aws\"]",
      "instances": [
        {
          "schema_version": 1,
          "attributes": {
            "id": "vpc-0bdc90b480001",
            "cidr_block": "10.9.0.0/16",
            "default": false,
            "enable_dns_support": true,
            "enable_dns_hostnames": true,
            "dhcp_options_id": "dopt-0bdc90b480001",
            "tags": {
              "Environment": "PROD",
              "System": "データパイプライン",
              "ManagedBy": "terraform",
              "Name": "datapipe-prod-vpc"
            },
            "tags_all": {
              "Environment": "PROD",
              "System": "データパイプライン",
              "ManagedBy": "terraform",
              "Name": "datapipe-prod-vpc"
            }
          }
        }
      ]
    },
    {
      "mode": "managed",
      "type": "aws_subnet",
      "name": "public_1",
      "provider": "provider[\"registry.terraform.io/hashicorp/aws\"]",
      "instances": [
        {
          "schema_version": 1,
          "attributes": {
            "id": "subnet-0c363af0b01",
            "vpc_id": "vpc-0bdc90b480001",
            "cidr_block": "10.9.1.0/24",
            "availability_zone": "us-west-2a",
            "map_public_ip_on_launch": true,
            "tags": {
              "Environment": "PROD",
              "System": "データパイプライン",
              "ManagedBy": "terraform",
              "Name": "datapipe-prod-public-1"
            },
            "tags_all": {
              "Environment": "PROD",
              "System": "データパイプライン",
              "ManagedBy": "terraform",
              "Name": "datapipe-prod-public-1"
            }
          }
        }
      ]
    },
    {
      "mode": "managed",
      "type": "aws_subnet",
      "name": "public_2",
      "provider": "provider[\"registry.terraform.io/hashicorp/aws\"]",
      "instances": [
        {
          "schema_version": 1,
          "attributes": {
            "id": "subnet-0d3dfbee801",
            "vpc_id": "vpc-0bdc90b480001",
            "cidr_block": "10.9.2.0/24",
            "availability_zone": "us-west-2b",
            "map_public_ip_on_launch": true,
            "tags": {
              "Environment": "PROD",
              "System": "データパイプライン",
              "ManagedBy": "terraform",
              "Name": "datapipe-prod-public-2"
            },
            "tags_all": {
              "Environment": "PROD",
              "System": "データパイプライン",
              "ManagedBy": "terraform",
              "Name": "datapipe-prod-public-2"
            }
          }
        }
      ]
    },
    {
      "mode": "managed",
      "type": "aws_subnet",
      "name": "private_1",
      "provider": "provider[\"registry.terraform.io/hashicorp/aws\"]",
      "instances": [
        {
          "schema_version": 1,
          "attributes": {
            "id": "subnet-02dd514f901",
            "vpc_id": "vpc-0bdc90b480001",
            "cidr_block": "10.9.11.0/24",
            "availability_zone": "us-west-2a",
            "map_public_ip_on_launch": false,
            "tags": {
              "Environment": "PROD",
              "System": "データパイプライン",
              "ManagedBy": "terraform",
              "Name": "datapipe-prod-private-1"
            },
            "tags_all": {
              "Environment": "PROD",
              "System": "データパイプライン",
              "ManagedBy": "terraform",
              "Name": "datapipe-prod-private-1"
            }
          }
        }
      ]
    },
    {
      "mode": "managed",
      "type": "aws_subnet",
      "name": "private_2",
      "provider": "provider[\"registry.terraform.io/hashicorp/aws\"]",
      "instances": [
        {
          "schema_version": 1,
          "attributes": {
            "id": "subnet-081bb937401",
            "vpc_id": "vpc-0bdc90b480001",
            "cidr_block": "10.9.12.0/24",
            "availability_zone": "us-west-2b",
            "map_public_ip_on_launch": false,
            "tags": {
              "Environment": "PROD",
              "System": "データパイプライン",
              "ManagedBy": "terraform",
              "Name": "datapipe-prod-private-2"
            },
            "tags_all": {
              "Environment": "PROD",
              "System": "データパイプライン",
              "ManagedBy": "terraform",
              "Name": "datapipe-prod-private-2"
            }
          }
        }
      ]
    },
    {
      "mode": "managed",
      "type": "aws_internet_gateway",
      "name": "main",
      "provider": "provider[\"registry.terraform.io/hashicorp/aws\"]",
      "instances": [
        {
          "schema_version": 1,
          "attributes": {
            "id": "igw-0bdc90b480001",
            "vpc_id": "vpc-0bdc90b480001",
            "tags": {
              "Environment": "PROD",
              "System": "データパイプライン",
              "ManagedBy": "terraform",
              "Name": "datapipe-prod-igw"
            },
            "tags_all": {
              "Environment": "PROD",
              "System": "データパイプライン",
              "ManagedBy": "terraform",
              "Name": "datapipe-prod-igw"
            }
          }
        }
      ]
    },
    {
      "mode": "managed",
      "type": "aws_eip",
      "name": "nat_1",
      "provider": "provider[\"registry.terraform.io/hashicorp/aws\"]",
      "instances": [
        {
          "schema_version": 1,
          "attributes": {
            "id": "eipalloc-0bf56ee6001",
            "public_ip": "54.19.20.105",
            "domain": "vpc",
            "vpc": true,
            "tags": {
              "Environment": "PROD",
              "System": "データパイプライン",
              "ManagedBy": "terraform",
              "Name": "datapipe-prod-eip-nat-1"
            },
            "tags_all": {
              "Environment": "PROD",
              "System": "データパイプライン",
              "ManagedBy": "terraform",
              "Name": "datapipe-prod-eip-nat-1"
            }
          }
        }
      ]
    },
    {
      "mode": "managed",
      "type": "aws_nat_gateway",
      "name": "az1",
      "provider": "provider[\"registry.terraform.io/hashicorp/aws\"]",
      "instances": [
        {
          "schema_version": 1,
          "attributes": {
            "id": "nat-0072f386d01",
            "subnet_id": "subnet-0c363af0b01",
            "allocation_id": "eipalloc-0bf56ee6001",
            "connectivity_type": "public",
            "state": "available",
            "tags": {
              "Environment": "PROD",
              "System": "データパイプライン",
              "ManagedBy": "terraform",
              "Name": "datapipe-prod-nat-az1"
            },
            "tags_all": {
              "Environment": "PROD",
              "System": "データパイプライン",
              "ManagedBy": "terraform",
              "Name": "datapipe-prod-nat-az1"
            }
          }
        }
      ]
    },
    {
      "mode": "managed",
      "type": "aws_eip",
      "name": "nat_2",
      "provider": "provider[\"registry.terraform.io/hashicorp/aws\"]",
      "instances": [
        {
          "schema_version": 1,
          "attributes": {
            "id": "eipalloc-00d6339d901",
            "public_ip": "54.19.40.110",
            "domain": "vpc",
            "vpc": true,
            "tags": {
              "Environment": "PROD",
              "System": "データパイプライン",
              "ManagedBy": "terraform",
              "Name": "datapipe-prod-eip-nat-2"
            },
            "tags_all": {
              "Environment": "PROD",
              "System": "データパイプライン",
              "ManagedBy": "terraform",
              "Name": "datapipe-prod-eip-nat-2"
            }
          }
        }
      ]
    },
    {
      "mode": "managed",
      "type": "aws_nat_gateway",
      "name": "az2",
      "provider": "provider[\"registry.terraform.io/hashicorp/aws\"]",
      "instances": [
        {
          "schema_version": 1,
          "attributes": {
            "id": "nat-01f8b24df01",
            "subnet_id": "subnet-0d3dfbee801",
            "allocation_id": "eipalloc-00d6339d901",
            "connectivity_type": "public",
            "state": "available",
            "tags": {
              "Environment": "PROD",
              "System": "データパイプライン",
              "ManagedBy": "terraform",
              "Name": "datapipe-prod-nat-az2"
            },
            "tags_all": {
              "Environment": "PROD",
              "System": "データパイプライン",
              "ManagedBy": "terraform",
              "Name": "datapipe-prod-nat-az2"
            }
          }
        }
      ]
    },
    {
      "mode": "managed",
      "type": "aws_security_group",
      "name": "alb",
      "provider": "provider[\"registry.terraform.io/hashicorp/aws\"]",
      "instances": [
        {
          "schema_version": 1,
          "attributes": {
            "id": "sg-002fc1cae01",
            "name": "datapipe-prod-sg-alb",
            "description": "ALB security group",
            "vpc_id": "vpc-0bdc90b480001",
            "ingress": [
              {
                "from_port": 80,
                "to_port": 80,
                "protocol": "tcp",
                "cidr_blocks": [
                  "0.0.0.0/0"
                ],
                "ipv6_cidr_blocks": [
                  "::/0"
                ],
                "prefix_list_ids": [],
                "security_groups": [],
                "self": false,
                "description": "HTTP"
              },
              {
                "from_port": 443,
                "to_port": 443,
                "protocol": "tcp",
                "cidr_blocks": [
                  "0.0.0.0/0"
                ],
                "ipv6_cidr_blocks": [
                  "::/0"
                ],
                "prefix_list_ids": [],
                "security_groups": [],
                "self": false,
                "description": "HTTPS"
              }
            ],
            "egress": [
              {
                "from_port": 0,
                "to_port": 0,
                "protocol": "-1",
                "cidr_blocks": [
                  "0.0.0.0/0"
                ],
                "ipv6_cidr_blocks": [],
                "prefix_list_ids": [],
                "security_groups": [],
                "self": false,
                "description": ""
              }
            ],
            "tags": {
              "Environment": "PROD",
              "System": "データパイプライン",
              "ManagedBy": "terraform",
              "Name": "datapipe-prod-sg-alb"
            },
            "tags_all": {
              "Environment": "PROD",
              "System": "データパイプライン",
              "ManagedBy": "terraform",
              "Name": "datapipe-prod-sg-alb"
            }
          }
        }
      ]
    },
    {
      "mode": "managed",
      "type": "aws_security_group",
      "name": "app",
      "provider": "provider[\"registry.terraform.io/hashicorp/aws\"]",
      "instances": [
        {
          "schema_version": 1,
          "attributes": {
            "id": "sg-00749f98501",
            "name": "datapipe-prod-sg-app",
            "description": "App server security group",
            "vpc_id": "vpc-0bdc90b480001",
            "ingress": [
              {
                "from_port": 8080,
                "to_port": 8080,
                "protocol": "tcp",
                "cidr_blocks": [],
                "ipv6_cidr_blocks": [],
                "prefix_list_ids": [],
                "security_groups": [
                  "sg-002fc1cae01"
                ],
                "self": false,
                "description": "From ALB"
              },
              {
                "from_port": 22,
                "to_port": 22,
                "protocol": "tcp",
                "cidr_blocks": [
                  "10.0.0.0/8"
                ],
                "ipv6_cidr_blocks": [],
                "prefix_list_ids": [],
                "security_groups": [],
                "self": false,
                "description": "SSH from internal"
              }
            ],
            "egress": [
              {
                "from_port": 0,
                "to_port": 0,
                "protocol": "-1",
                "cidr_blocks": [
                  "0.0.0.0/0"
                ],
                "ipv6_cidr_blocks": [],
                "prefix_list_ids": [],
                "security_groups": [],
                "self": false,
                "description": ""
              }
            ],
            "tags": {
              "Environment": "PROD",
              "System": "データパイプライン",
              "ManagedBy": "terraform",
              "Name": "datapipe-prod-sg-app"
            },
            "tags_all": {
              "Environment": "PROD",
              "System": "データパイプライン",
              "ManagedBy": "terraform",
              "Name": "datapipe-prod-sg-app"
            }
          }
        }
      ]
    },
    {
      "mode": "managed",
      "type": "aws_security_group",
      "name": "rds",
      "provider": "provider[\"registry.terraform.io/hashicorp/aws\"]",
      "instances": [
        {
          "schema_version": 1,
          "attributes": {
            "id": "sg-0e6f9f6f001",
            "name": "datapipe-prod-sg-rds",
            "description": "RDS security group",
            "vpc_id": "vpc-0bdc90b480001",
            "ingress": [
              {
                "from_port": 5432,
                "to_port": 5432,
                "protocol": "tcp",
                "cidr_blocks": [],
                "ipv6_cidr_blocks": [],
                "prefix_list_ids": [],
                "security_groups": [
                  "sg-00749f98501"
                ],
                "self": false,
                "description": "From App tier"
              }
            ],
            "egress": [
              {
                "from_port": 0,
                "to_port": 0,
                "protocol": "-1",
                "cidr_blocks": [
                  "0.0.0.0/0"
                ],
                "ipv6_cidr_blocks": [],
                "prefix_list_ids": [],
                "security_groups": [],
                "self": false,
                "description": ""
              }
            ],
            "tags": {
              "Environment": "PROD",
              "System": "データパイプライン",
              "ManagedBy": "terraform",
              "Name": "datapipe-prod-sg-rds"
            },
            "tags_all": {
              "Environment": "PROD",
              "System": "データパイプライン",
              "ManagedBy": "terraform",
              "Name": "datapipe-prod-sg-rds"
            }
          }
        }
      ]
    },
    {
      "mode": "managed",
      "type": "aws_instance",
      "name": "app_1",
      "provider": "provider[\"registry.terraform.io/hashicorp/aws\"]",
      "instances": [
        {
          "schema_version": 1,
          "attributes": {
            "id": "i-07560a88101",
            "ami": "ami-098e42ae54c764c35",
            "instance_type": "r6g.xlarge",
            "instance_state": "running",
            "vpc_id": "vpc-0bdc90b480001",
            "subnet_id": "subnet-02dd514f901",
            "availability_zone": "us-west-2a",
            "private_ip": "10.9.11.10",
            "public_ip": null,
            "vpc_security_group_ids": [
              "sg-00749f98501"
            ],
            "key_name": "datapipe-prod-keypair",
            "iam_instance_profile": "datapipe-prod-ec2-profile",
            "monitoring": true,
            "platform": null,
            "tags": {
              "Environment": "PROD",
              "System": "データパイプライン",
              "ManagedBy": "terraform",
              "Name": "datapipe-prod-app-01",
              "Application": "データパイプライン",
              "Language": "python",
              "Framework": "none",
              "Runtime": "none",
              "DeployMethod": "ec2",
              "Branch": "main"
            },
            "tags_all": {
              "Environment": "PROD",
              "System": "データパイプライン",
              "ManagedBy": "terraform",
              "Name": "datapipe-prod-app-01",
              "Application": "データパイプライン",
              "Language": "python",
              "Framework": "none",
              "Runtime": "none",
              "DeployMethod": "ec2",
              "Branch": "main"
            }
          }
        }
      ]
    },
    {
      "mode": "managed",
      "type": "aws_instance",
      "name": "app_2",
      "provider": "provider[\"registry.terraform.io/hashicorp/aws\"]",
      "instances": [
        {
          "schema_version": 1,
          "attributes": {
            "id": "i-0f958935f01",
            "ami": "ami-098e42ae54c764c35",
            "instance_type": "r6g.xlarge",
            "instance_state": "running",
            "vpc_id": "vpc-0bdc90b480001",
            "subnet_id": "subnet-081bb937401",
            "availability_zone": "us-west-2b",
            "private_ip": "10.9.11.20",
            "public_ip": null,
            "vpc_security_group_ids": [
              "sg-00749f98501"
            ],
            "key_name": "datapipe-prod-keypair",
            "iam_instance_profile": "datapipe-prod-ec2-profile",
            "monitoring": true,
            "platform": null,
            "tags": {
              "Environment": "PROD",
              "System": "データパイプライン",
              "ManagedBy": "terraform",
              "Name": "datapipe-prod-app-02",
              "Application": "データパイプライン",
              "Language": "python",
              "Framework": "none",
              "Runtime": "none",
              "DeployMethod": "ec2",
              "Branch": "main"
            },
            "tags_all": {
              "Environment": "PROD",
              "System": "データパイプライン",
              "ManagedBy": "terraform",
              "Name": "datapipe-prod-app-02",
              "Application": "データパイプライン",
              "Language": "python",
              "Framework": "none",
              "Runtime": "none",
              "DeployMethod": "ec2",
              "Branch": "main"
            }
          }
        }
      ]
    },
    {
      "mode": "managed",
      "type": "aws_ebs_volume",
      "name": "app_1",
      "provider": "provider[\"registry.terraform.io/hashicorp/aws\"]",
      "instances": [
        {
          "schema_version": 1,
          "attributes": {
            "id": "vol-0b3f601f601",
            "size": 50,
            "type": "gp3",
            "iops": 3000,
            "throughput": 125,
            "availability_zone": "us-west-2a",
            "encrypted": true,
            "kms_key_id": "arn:aws:kms:us-west-2:999900001111:key/96995a6e",
            "snapshot_id": null,
            "multi_attach_enabled": false,
            "attachments": [
              {
                "instance_id": "i-07560a88101",
                "device": "/dev/sdf",
                "delete_on_termination": true
              }
            ],
            "tags": {
              "Environment": "PROD",
              "System": "データパイプライン",
              "ManagedBy": "terraform",
              "Name": "datapipe-prod-ebs-01",
              "attached_instance_id": "i-07560a88101"
            },
            "tags_all": {
              "Environment": "PROD",
              "System": "データパイプライン",
              "ManagedBy": "terraform",
              "Name": "datapipe-prod-ebs-01",
              "attached_instance_id": "i-07560a88101"
            }
          }
        }
      ]
    },
    {
      "mode": "managed",
      "type": "aws_ebs_volume",
      "name": "app_2",
      "provider": "provider[\"registry.terraform.io/hashicorp/aws\"]",
      "instances": [
        {
          "schema_version": 1,
          "attributes": {
            "id": "vol-02438438e01",
            "size": 50,
            "type": "gp3",
            "iops": 3000,
            "throughput": 125,
            "availability_zone": "us-west-2b",
            "encrypted": true,
            "kms_key_id": "arn:aws:kms:us-west-2:999900001111:key/96995a6e",
            "snapshot_id": null,
            "multi_attach_enabled": false,
            "attachments": [
              {
                "instance_id": "i-0f958935f01",
                "device": "/dev/sdf",
                "delete_on_termination": true
              }
            ],
            "tags": {
              "Environment": "PROD",
              "System": "データパイプライン",
              "ManagedBy": "terraform",
              "Name": "datapipe-prod-ebs-02",
              "attached_instance_id": "i-0f958935f01"
            },
            "tags_all": {
              "Environment": "PROD",
              "System": "データパイプライン",
              "ManagedBy": "terraform",
              "Name": "datapipe-prod-ebs-02",
              "attached_instance_id": "i-0f958935f01"
            }
          }
        }
      ]
    },
    {
      "mode": "managed",
      "type": "aws_db_instance",
      "name": "main",
      "provider": "provider[\"registry.terraform.io/hashicorp/aws\"]",
      "instances": [
        {
          "schema_version": 1,
          "attributes": {
            "id": "datapipe-prod-db",
            "identifier": "datapipe-prod-db",
            "engine": "postgres",
            "engine_version": "16.2",
            "instance_class": "db.r6g.xlarge",
            "db_name": "datapipe",
            "username": "admin",
            "port": 5432,
            "endpoint": "datapipe-prod-db.bdc90b.us-west-2.rds.amazonaws.com:5432",
            "address": "datapipe-prod-db.bdc90b.us-west-2.rds.amazonaws.com",
            "status": "available",
            "multi_az": true,
            "publicly_accessible": false,
            "storage_type": "gp3",
            "allocated_storage": 100,
            "backup_retention_period": 7,
            "deletion_protection": true,
            "availability_zone": null,
            "vpc_security_group_memberships": [
              {
                "id": "sg-0e6f9f6f001",
                "name": "datapipe-prod-sg-rds"
              }
            ],
            "tags": {
              "Environment": "PROD",
              "System": "データパイプライン",
              "ManagedBy": "terraform",
              "Name": "datapipe-prod-db"
            },
            "tags_all": {
              "Environment": "PROD",
              "System": "データパイプライン",
              "ManagedBy": "terraform",
              "Name": "datapipe-prod-db"
            }
          }
        }
      ]
    },
    {
      "mode": "managed",
      "type": "aws_lb",
      "name": "main",
      "provider": "provider[\"registry.terraform.io/hashicorp/aws\"]",
      "instances": [
        {
          "schema_version": 1,
          "attributes": {
            "id": "arn:aws:elasticloadbalancing:us-west-2:999900001111:loadbalancer/app/datapipe-prod-alb/0bdc90b480001",
            "arn": "arn:aws:elasticloadbalancing:us-west-2:999900001111:loadbalancer/app/datapipe-prod-alb/0bdc90b480001",
            "name": "datapipe-prod-alb",
            "dns_name": "datapipe-prod-alb-48585.us-west-2.elb.amazonaws.com",
            "internal": false,
            "load_balancer_type": "application",
            "subnets": [
              "subnet-0c363af0b01",
              "subnet-0d3dfbee801"
            ],
            "security_groups": [
              "sg-002fc1cae01"
            ],
            "vpc_id": "vpc-0bdc90b480001",
            "state": "active",
            "idle_timeout": 60,
            "enable_deletion_protection": true,
            "access_logs": [
              {
                "enabled": true,
                "bucket": "datapipe-prod-logs-999900001111",
                "prefix": "alb"
              }
            ],
            "tags": {
              "Environment": "PROD",
              "System": "データパイプライン",
              "ManagedBy": "terraform",
              "Name": "datapipe-prod-alb"
            },
            "tags_all": {
              "Environment": "PROD",
              "System": "データパイプライン",
              "ManagedBy": "terraform",
              "Name": "datapipe-prod-alb"
            }
          }
        }
      ]
    },
    {
      "mode": "managed",
      "type": "aws_lb_target_group",
      "name": "main",
      "provider": "provider[\"registry.terraform.io/hashicorp/aws\"]",
      "instances": [
        {
          "schema_version": 1,
          "attributes": {
            "id": "arn:aws:elasticloadbalancing:us-west-2:999900001111:targetgroup/datapipe-prod-tg/016ef51bd01",
            "arn": "arn:aws:elasticloadbalancing:us-west-2:999900001111:targetgroup/datapipe-prod-tg/016ef51bd01",
            "name": "datapipe-prod-tg",
            "protocol": "HTTP",
            "port": 8080,
            "target_type": "instance",
            "vpc_id": "vpc-0bdc90b480001",
            "load_balancer_arns": [
              "arn:aws:elasticloadbalancing:us-west-2:999900001111:loadbalancer/app/datapipe-prod-alb/0bdc90b480001"
            ],
            "health_check": [
              {
                "enabled": true,
                "path": "/health",
                "protocol": "HTTP",
                "port": "traffic-port",
                "interval": 30,
                "timeout": 5,
                "healthy_threshold": 3,
                "unhealthy_threshold": 3
              }
            ],
            "tags": {
              "Environment": "PROD",
              "System": "データパイプライン",
              "ManagedBy": "terraform",
              "Name": "datapipe-prod-tg"
            },
            "tags_all": {
              "Environment": "PROD",
              "System": "データパイプライン",
              "ManagedBy": "terraform",
              "Name": "datapipe-prod-tg"
            }
          }
        }
      ]
    },
    {
      "mode": "managed",
      "type": "aws_lb_listener",
      "name": "https",
      "provider": "provider[\"registry.terraform.io/hashicorp/aws\"]",
      "instances": [
        {
          "schema_version": 1,
          "attributes": {
            "id": "arn:aws:elasticloadbalancing:us-west-2:999900001111:listener/app/datapipe-prod-alb/0bdc90b480001/08bf1a34f01",
            "arn": "arn:aws:elasticloadbalancing:us-west-2:999900001111:listener/app/datapipe-prod-alb/0bdc90b480001/08bf1a34f01",
            "load_balancer_arn": "arn:aws:elasticloadbalancing:us-west-2:999900001111:loadbalancer/app/datapipe-prod-alb/0bdc90b480001",
            "port": 443,
            "protocol": "HTTPS",
            "ssl_policy": "ELBSecurityPolicy-TLS13-1-2-2021-06",
            "certificate_arn": "arn:aws:acm:us-west-2:999900001111:certificate/da2cd727-e366-d7d9-a4f4-e4318a0ad5b7",
            "default_action": [
              {
                "type": "forward",
                "target_group_arn": "arn:aws:elasticloadbalancing:us-west-2:999900001111:targetgroup/datapipe-prod-tg/016ef51bd01",
                "redirect": [],
                "fixed_response": []
              }
            ],
            "tags": {
              "Environment": "PROD",
              "System": "データパイプライン",
              "ManagedBy": "terraform"
            },
            "tags_all": {
              "Environment": "PROD",
              "System": "データパイプライン",
              "ManagedBy": "terraform"
            }
          }
        }
      ]
    },
    {
      "mode": "managed",
      "type": "aws_lb_listener",
      "name": "http",
      "provider": "provider[\"registry.terraform.io/hashicorp/aws\"]",
      "instances": [
        {
          "schema_version": 1,
          "attributes": {
            "id": "arn:aws:elasticloadbalancing:us-west-2:999900001111:listener/app/datapipe-prod-alb/0bdc90b480001/0d155a6f301",
            "arn": "arn:aws:elasticloadbalancing:us-west-2:999900001111:listener/app/datapipe-prod-alb/0bdc90b480001/0d155a6f301",
            "load_balancer_arn": "arn:aws:elasticloadbalancing:us-west-2:999900001111:loadbalancer/app/datapipe-prod-alb/0bdc90b480001",
            "port": 80,
            "protocol": "HTTP",
            "ssl_policy": null,
            "certificate_arn": null,
            "default_action": [
              {
                "type": "redirect",
                "target_group_arn": null,
                "redirect": [
                  {
                    "port": "443",
                    "protocol": "HTTPS",
                    "status_code": "HTTP_301",
                    "host": "#{host}",
                    "path": "/#{path}",
                    "query": "#{query}"
                  }
                ],
                "fixed_response": []
              }
            ],
            "tags": {
              "Environment": "PROD",
              "System": "データパイプライン",
              "ManagedBy": "terraform"
            },
            "tags_all": {
              "Environment": "PROD",
              "System": "データパイプライン",
              "ManagedBy": "terraform"
            }
          }
        }
      ]
    },
    {
      "mode": "managed",
      "type": "aws_s3_bucket",
      "name": "datapipe_prod_assets_999900001111",
      "provider": "provider[\"registry.terraform.io/hashicorp/aws\"]",
      "instances": [
        {
          "schema_version": 1,
          "attributes": {
            "id": "datapipe-prod-assets-999900001111",
            "bucket": "datapipe-prod-assets-999900001111",
            "region": "us-west-2",
            "tags": {
              "Environment": "PROD",
              "System": "データパイプライン",
              "ManagedBy": "terraform",
              "Name": "datapipe-prod-assets-999900001111"
            },
            "tags_all": {
              "Environment": "PROD",
              "System": "データパイプライン",
              "ManagedBy": "terraform",
              "Name": "datapipe-prod-assets-999900001111"
            }
          }
        }
      ]
    },
    {
      "mode": "managed",
      "type": "aws_s3_bucket_versioning",
      "name": "datapipe_prod_assets_999900001111_versioning",
      "provider": "provider[\"registry.terraform.io/hashicorp/aws\"]",
      "instances": [
        {
          "schema_version": 1,
          "attributes": {
            "id": "datapipe-prod-assets-999900001111",
            "bucket": "datapipe-prod-assets-999900001111",
            "versioning_configuration": [
              {
                "status": "Enabled",
                "mfa_delete": "Disabled"
              }
            ]
          }
        }
      ]
    },
    {
      "mode": "managed",
      "type": "aws_s3_bucket_server_side_encryption_configuration",
      "name": "datapipe_prod_assets_999900001111_sse",
      "provider": "provider[\"registry.terraform.io/hashicorp/aws\"]",
      "instances": [
        {
          "schema_version": 1,
          "attributes": {
            "id": "datapipe-prod-assets-999900001111",
            "bucket": "datapipe-prod-assets-999900001111",
            "rule": [
              {
                "apply_server_side_encryption_by_default": [
                  {
                    "sse_algorithm": "aws:kms",
                    "kms_master_key_id": "arn:aws:kms:us-west-2:999900001111:key/c9c46cbc"
                  }
                ],
                "bucket_key_enabled": true
              }
            ]
          }
        }
      ]
    },
    {
      "mode": "managed",
      "type": "aws_s3_bucket_public_access_block",
      "name": "datapipe_prod_assets_999900001111_pab",
      "provider": "provider[\"registry.terraform.io/hashicorp/aws\"]",
      "instances": [
        {
          "schema_version": 1,
          "attributes": {
            "id": "datapipe-prod-assets-999900001111",
            "bucket": "datapipe-prod-assets-999900001111",
            "block_public_acls": true,
            "block_public_policy": true,
            "ignore_public_acls": true,
            "restrict_public_buckets": true
          }
        }
      ]
    },
    {
      "mode": "managed",
      "type": "aws_s3_bucket",
      "name": "datapipe_prod_logs_999900001111",
      "provider": "provider[\"registry.terraform.io/hashicorp/aws\"]",
      "instances": [
        {
          "schema_version": 1,
          "attributes": {
            "id": "datapipe-prod-logs-999900001111",
            "bucket": "datapipe-prod-logs-999900001111",
            "region": "us-west-2",
            "tags": {
              "Environment": "PROD",
              "System": "データパイプライン",
              "ManagedBy": "terraform",
              "Name": "datapipe-prod-logs-999900001111"
            },
            "tags_all": {
              "Environment": "PROD",
              "System": "データパイプライン",
              "ManagedBy": "terraform",
              "Name": "datapipe-prod-logs-999900001111"
            }
          }
        }
      ]
    },
    {
      "mode": "managed",
      "type": "aws_s3_bucket_public_access_block",
      "name": "datapipe_prod_logs_999900001111_pab",
      "provider": "provider[\"registry.terraform.io/hashicorp/aws\"]",
      "instances": [
        {
          "schema_version": 1,
          "attributes": {
            "id": "datapipe-prod-logs-999900001111",
            "bucket": "datapipe-prod-logs-999900001111",
            "block_public_acls": true,
            "block_public_policy": true,
            "ignore_public_acls": true,
            "restrict_public_buckets": true
          }
        }
      ]
    },
    {
      "mode": "managed",
      "type": "aws_s3_bucket",
      "name": "datapipe_prod_deploy_999900001111",
      "provider": "provider[\"registry.terraform.io/hashicorp/aws\"]",
      "instances": [
        {
          "schema_version": 1,
          "attributes": {
            "id": "datapipe-prod-deploy-999900001111",
            "bucket": "datapipe-prod-deploy-999900001111",
            "region": "us-west-2",
            "tags": {
              "Environment": "PROD",
              "System": "データパイプライン",
              "ManagedBy": "terraform",
              "Name": "datapipe-prod-deploy-999900001111"
            },
            "tags_all": {
              "Environment": "PROD",
              "System": "データパイプライン",
              "ManagedBy": "terraform",
              "Name": "datapipe-prod-deploy-999900001111"
            }
          }
        }
      ]
    },
    {
      "mode": "managed",
      "type": "aws_s3_bucket_public_access_block",
      "name": "datapipe_prod_deploy_999900001111_pab",
      "provider": "provider[\"registry.terraform.io/hashicorp/aws\"]",
      "instances": [
        {
          "schema_version": 1,
          "attributes": {
            "id": "datapipe-prod-deploy-999900001111",
            "bucket": "datapipe-prod-deploy-999900001111",
            "block_public_acls": true,
            "block_public_policy": true,
            "ignore_public_acls": true,
            "restrict_public_buckets": true
          }
        }
      ]
    },
    {
      "mode": "managed",
      "type": "aws_cloudwatch_log_group",
      "name": "aws_ec2_datapipe-prod",
      "provider": "provider[\"registry.terraform.io/hashicorp/aws\"]",
      "instances": [
        {
          "schema_version": 1,
          "attributes": {
            "id": "/aws/ec2/datapipe-prod",
            "name": "/aws/ec2/datapipe-prod",
            "retention_in_days": 90,
            "tags": {
              "Environment": "PROD",
              "System": "データパイプライン",
              "ManagedBy": "terraform"
            },
            "tags_all": {
              "Environment": "PROD",
              "System": "データパイプライン",
              "ManagedBy": "terraform"
            }
          }
        }
      ]
    },
    {
      "mode": "managed",
      "type": "aws_cloudwatch_log_group",
      "name": "aws_rds_datapipe-prod-db",
      "provider": "provider[\"registry.terraform.io/hashicorp/aws\"]",
      "instances": [
        {
          "schema_version": 1,
          "attributes": {
            "id": "/aws/rds/datapipe-prod-db",
            "name": "/aws/rds/datapipe-prod-db",
            "retention_in_days": 90,
            "tags": {
              "Environment": "PROD",
              "System": "データパイプライン",
              "ManagedBy": "terraform"
            },
            "tags_all": {
              "Environment": "PROD",
              "System": "データパイプライン",
              "ManagedBy": "terraform"
            }
          }
        }
      ]
    },
    {
      "mode": "managed",
      "type": "aws_cloudwatch_metric_alarm",
      "name": "ec2_cpu_high",
      "provider": "provider[\"registry.terraform.io/hashicorp/aws\"]",
      "instances": [
        {
          "schema_version": 1,
          "attributes": {
            "id": "datapipe-prod-ec2-cpu-high",
            "alarm_name": "datapipe-prod-ec2-cpu-high",
            "alarm_description": "EC2 CPU utilization too high",
            "metric_name": "CPUUtilization",
            "namespace": "AWS/EC2",
            "statistic": "Average",
            "period": 300,
            "evaluation_periods": 2,
            "threshold": 80.0,
            "comparison_operator": "GreaterThanThreshold",
            "alarm_actions": [
              "arn:aws:sns:us-west-2:999900001111:alerts"
            ],
            "ok_actions": [],
            "insufficient_data_actions": [],
            "dimensions": {
              "AutoScalingGroupName": "datapipe-prod-asg"
            },
            "treat_missing_data": "notBreaching",
            "unit": "Percent",
            "tags": {
              "Environment": "PROD",
              "System": "データパイプライン",
              "ManagedBy": "terraform"
            },
            "tags_all": {
              "Environment": "PROD",
              "System": "データパイプライン",
              "ManagedBy": "terraform"
            }
          }
        }
      ]
    },
    {
      "mode": "managed",
      "type": "aws_cloudwatch_metric_alarm",
      "name": "rds_connections_high",
      "provider": "provider[\"registry.terraform.io/hashicorp/aws\"]",
      "instances": [
        {
          "schema_version": 1,
          "attributes": {
            "id": "datapipe-prod-rds-connections-high",
            "alarm_name": "datapipe-prod-rds-connections-high",
            "alarm_description": "RDS connection count too high",
            "metric_name": "DatabaseConnections",
            "namespace": "AWS/RDS",
            "statistic": "Average",
            "period": 60,
            "evaluation_periods": 5,
            "threshold": 400.0,
            "comparison_operator": "GreaterThanThreshold",
            "alarm_actions": [
              "arn:aws:sns:us-west-2:999900001111:alerts"
            ],
            "ok_actions": [],
            "insufficient_data_actions": [],
            "dimensions": {
              "DBInstanceIdentifier": "datapipe-prod-db"
            },
            "treat_missing_data": "notBreaching",
            "unit": "Count",
            "tags": {
              "Environment": "PROD",
              "System": "データパイプライン",
              "ManagedBy": "terraform"
            },
            "tags_all": {
              "Environment": "PROD",
              "System": "データパイプライン",
              "ManagedBy": "terraform"
            }
          }
        }
      ]
    },
    {
      "mode": "managed",
      "type": "aws_codedeploy_app",
      "name": "main",
      "provider": "provider[\"registry.terraform.io/hashicorp/aws\"]",
      "instances": [
        {
          "schema_version": 1,
          "attributes": {
            "id": "datapipe-prod-app",
            "name": "datapipe-prod-app",
            "compute_platform": "Server",
            "application_id": "bdb5bbcd",
            "tags": {
              "Environment": "PROD",
              "System": "データパイプライン",
              "ManagedBy": "terraform",
              "Name": "datapipe-prod-app"
            },
            "tags_all": {
              "Environment": "PROD",
              "System": "データパイプライン",
              "ManagedBy": "terraform",
              "Name": "datapipe-prod-app"
            }
          }
        }
      ]
    },
    {
      "mode": "managed",
      "type": "aws_codedeploy_deployment_group",
      "name": "main",
      "provider": "provider[\"registry.terraform.io/hashicorp/aws\"]",
      "instances": [
        {
          "schema_version": 1,
          "attributes": {
            "id": "1d57bf63",
            "app_name": "datapipe-prod-app",
            "deployment_group_name": "datapipe-prod-deploy-group",
            "service_role_arn": "arn:aws:iam::999900001111:role/datapipe-prod-codedeploy-role",
            "deployment_config_name": "CodeDeployDefault.OneAtATime",
            "autoscaling_groups": [
              "datapipe-prod-asg"
            ],
            "deployment_style": [
              {
                "deployment_option": "WITHOUT_TRAFFIC_CONTROL",
                "deployment_type": "IN_PLACE"
              }
            ],
            "auto_rollback_configuration": [
              {
                "enabled": true,
                "events": [
                  "DEPLOYMENT_FAILURE",
                  "DEPLOYMENT_STOP_ON_ALARM"
                ]
              }
            ],
            "alarm_configuration": [
              {
                "enabled": true,
                "alarms": [
                  "datapipe-prod-ec2-cpu-high"
                ]
              }
            ]
          }
        }
      ]
    }
  ]
}