{
  "version": 4,
  "terraform_version": "1.7.4",
  "serial": 110,
  "lineage": "fd7acb33-5c42-b08b-2f11-34943f29076b",
  "outputs": {},
  "resources": [
    {
      "mode": "managed",
      "type": "aws_vpc",
      "name": "main",
      "provider": "provider[\"registry.terraform.io/hashicorp/aws\"]",
      "instances": [
        {
          "schema_version": 1,
          "attributes": {
            "id": "vpc-0fd7acb330001",
            "cidr_block": "10.10.0.0/16",
            "default": false,
            "enable_dns_support": true,
            "enable_dns_hostnames": true,
            "dhcp_options_id": "dopt-0fd7acb330001",
            "tags": {
              "Environment": "PROD",
              "System": "金融サービス",
              "ManagedBy": "terraform",
              "Name": "financial-prod-vpc"
            },
            "tags_all": {
              "Environment": "PROD",
              "System": "金融サービス",
              "ManagedBy": "terraform",
              "Name": "financial-prod-vpc"
            }
          }
        }
      ]
    },
    {
      "mode": "managed",
      "type": "aws_subnet",
      "name": "public_1",
      "provider": "provider[\"registry.terraform.io/hashicorp/aws\"]",
      "instances": [
        {
          "schema_version": 1,
          "attributes": {
            "id": "subnet-0e175e75701",
            "vpc_id": "vpc-0fd7acb330001",
            "cidr_block": "10.10.1.0/24",
            "availability_zone": "ap-northeast-1a",
            "map_public_ip_on_launch": true,
            "tags": {
              "Environment": "PROD",
              "System": "金融サービス",
              "ManagedBy": "terraform",
              "Name": "financial-prod-public-1"
            },
            "tags_all": {
              "Environment": "PROD",
              "System": "金融サービス",
              "ManagedBy": "terraform",
              "Name": "financial-prod-public-1"
            }
          }
        }
      ]
    },
    {
      "mode": "managed",
      "type": "aws_subnet",
      "name": "public_2",
      "provider": "provider[\"registry.terraform.io/hashicorp/aws\"]",
      "instances": [
        {
          "schema_version": 1,
          "attributes": {
            "id": "subnet-04e52e16f01",
            "vpc_id": "vpc-0fd7acb330001",
            "cidr_block": "10.10.2.0/24",
            "availability_zone": "ap-northeast-1c",
            "map_public_ip_on_launch": true,
            "tags": {
              "Environment": "PROD",
              "System": "金融サービス",
              "ManagedBy": "terraform",
              "Name": "financial-prod-public-2"
            },
            "tags_all": {
              "Environment": "PROD",
              "System": "金融サービス",
              "ManagedBy": "terraform",
              "Name": "financial-prod-public-2"
            }
          }
        }
      ]
    },
    {
      "mode": "managed",
      "type": "aws_subnet",
      "name": "private_1",
      "provider": "provider[\"registry.terraform.io/hashicorp/aws\"]",
      "instances": [
        {
          "schema_version": 1,
          "attributes": {
            "id": "subnet-0d25ec09e01",
            "vpc_id": "vpc-0fd7acb330001",
            "cidr_block": "10.10.11.0/24",
            "availability_zone": "ap-northeast-1a",
            "map_public_ip_on_launch": false,
            "tags": {
              "Environment": "PROD",
              "System": "金融サービス",
              "ManagedBy": "terraform",
              "Name": "financial-prod-private-1"
            },
            "tags_all": {
              "Environment": "PROD",
              "System": "金融サービス",
              "ManagedBy": "terraform",
              "Name": "financial-prod-private-1"
            }
          }
        }
      ]
    },
    {
      "mode": "managed",
      "type": "aws_subnet",
      "name": "private_2",
      "provider": "provider[\"registry.terraform.io/hashicorp/aws\"]",
      "instances": [
        {
          "schema_version": 1,
          "attributes": {
            "id": "subnet-05867020c01",
            "vpc_id": "vpc-0fd7acb330001",
            "cidr_block": "10.10.12.0/24",
            "availability_zone": "ap-northeast-1c",
            "map_public_ip_on_launch": false,
            "tags": {
              "Environment": "PROD",
              "System": "金融サービス",
              "ManagedBy": "terraform",
              "Name": "financial-prod-private-2"
            },
            "tags_all": {
              "Environment": "PROD",
              "System": "金融サービス",
              "ManagedBy": "terraform",
              "Name": "financial-prod-private-2"
            }
          }
        }
      ]
    },
    {
      "mode": "managed",
      "type": "aws_internet_gateway",
      "name": "main",
      "provider": "provider[\"registry.terraform.io/hashicorp/aws\"]",
      "instances": [
        {
          "schema_version": 1,
          "attributes": {
            "id": "igw-0fd7acb330001",
            "vpc_id": "vpc-0fd7acb330001",
            "tags": {
              "Environment": "PROD",
              "System": "金融サービス",
              "ManagedBy": "terraform",
              "Name": "financial-prod-igw"
            },
            "tags_all": {
              "Environment": "PROD",
              "System": "金融サービス",
              "ManagedBy": "terraform",
              "Name": "financial-prod-igw"
            }
          }
        }
      ]
    },
    {
      "mode": "managed",
      "type": "aws_eip",
      "name": "nat_1",
      "provider": "provider[\"registry.terraform.io/hashicorp/aws\"]",
      "instances": [
        {
          "schema_version": 1,
          "attributes": {
            "id": "eipalloc-04c1ffcd701",
            "public_ip": "54.20.20.105",
            "domain": "vpc",
            "vpc": true,
            "tags": {
              "Environment": "PROD",
              "System": "金融サービス",
              "ManagedBy": "terraform",
              "Name": "financial-prod-eip-nat-1"
            },
            "tags_all": {
              "Environment": "PROD",
              "System": "金融サービス",
              "ManagedBy": "terraform",
              "Name": "financial-prod-eip-nat-1"
            }
          }
        }
      ]
    },
    {
      "mode": "managed",
      "type": "aws_nat_gateway",
      "name": "az1",
      "provider": "provider[\"registry.terraform.io/hashicorp/aws\"]",
      "instances": [
        {
          "schema_version": 1,
          "attributes": {
            "id": "nat-0acf2d22601",
            "subnet_id": "subnet-0e175e75701",
            "allocation_id": "eipalloc-04c1ffcd701",
            "connectivity_type": "public",
            "state": "available",
            "tags": {
              "Environment": "PROD",
              "System": "金融サービス",
              "ManagedBy": "terraform",
              "Name": "financial-prod-nat-az1"
            },
            "tags_all": {
              "Environment": "PROD",
              "System": "金融サービス",
              "ManagedBy": "terraform",
              "Name": "financial-prod-nat-az1"
            }
          }
        }
      ]
    },
    {
      "mode": "managed",
      "type": "aws_eip",
      "name": "nat_2",
      "provider": "provider[\"registry.terraform.io/hashicorp/aws\"]",
      "instances": [
        {
          "schema_version": 1,
          "attributes": {
            "id": "eipalloc-05ebfbcf201",
            "public_ip": "54.20.40.110",
            "domain": "vpc",
            "vpc": true,
            "tags": {
              "Environment": "PROD",
              "System": "金融サービス",
              "ManagedBy": "terraform",
              "Name": "financial-prod-eip-nat-2"
            },
            "tags_all": {
              "Environment": "PROD",
              "System": "金融サービス",
              "ManagedBy": "terraform",
              "Name": "financial-prod-eip-nat-2"
            }
          }
        }
      ]
    },
    {
      "mode": "managed",
      "type": "aws_nat_gateway",
      "name": "az2",
      "provider": "provider[\"registry.terraform.io/hashicorp/aws\"]",
      "instances": [
        {
          "schema_version": 1,
          "attributes": {
            "id": "nat-0a6a1af5a01",
            "subnet_id": "subnet-04e52e16f01",
            "allocation_id": "eipalloc-05ebfbcf201",
            "connectivity_type": "public",
            "state": "available",
            "tags": {
              "Environment": "PROD",
              "System": "金融サービス",
              "ManagedBy": "terraform",
              "Name": "financial-prod-nat-az2"
            },
            "tags_all": {
              "Environment": "PROD",
              "System": "金融サービス",
              "ManagedBy": "terraform",
              "Name": "financial-prod-nat-az2"
            }
          }
        }
      ]
    },
    {
      "mode": "managed",
      "type": "aws_security_group",
      "name": "alb",
      "provider": "provider[\"registry.terraform.io/hashicorp/aws\"]",
      "instances": [
        {
          "schema_version": 1,
          "attributes": {
            "id": "sg-05fdfc5ad01",
            "name": "financial-prod-sg-alb",
            "description": "ALB security group",
            "vpc_id": "vpc-0fd7acb330001",
            "ingress": [
              {
                "from_port": 80,
                "to_port": 80,
                "protocol": "tcp",
                "cidr_blocks": [
                  "0.0.0.0/0"
                ],
                "ipv6_cidr_blocks": [
                  "::/0"
                ],
                "prefix_list_ids": [],
                "security_groups": [],
                "self": false,
                "description": "HTTP"
              },
              {
                "from_port": 443,
                "to_port": 443,
                "protocol": "tcp",
                "cidr_blocks": [
                  "0.0.0.0/0"
                ],
                "ipv6_cidr_blocks": [
                  "::/0"
                ],
                "prefix_list_ids": [],
                "security_groups": [],
                "self": false,
                "description": "HTTPS"
              }
            ],
            "egress": [
              {
                "from_port": 0,
                "to_port": 0,
                "protocol": "-1",
                "cidr_blocks": [
                  "0.0.0.0/0"
                ],
                "ipv6_cidr_blocks": [],
                "prefix_list_ids": [],
                "security_groups": [],
                "self": false,
                "description": ""
              }
            ],
            "tags": {
              "Environment": "PROD",
              "System": "金融サービス",
              "ManagedBy": "terraform",
              "Name": "financial-prod-sg-alb"
            },
            "tags_all": {
              "Environment": "PROD",
              "System": "金融サービス",
              "ManagedBy": "terraform",
              "Name": "financial-prod-sg-alb"
            }
          }
        }
      ]
    },
    {
      "mode": "managed",
      "type": "aws_security_group",
      "name": "app",
      "provider": "provider[\"registry.terraform.io/hashicorp/aws\"]",
      "instances": [
        {
          "schema_version": 1,
          "attributes": {
            "id": "sg-00dfb277901",
            "name": "financial-prod-sg-app",
            "description": "App server security group",
            "vpc_id": "vpc-0fd7acb330001",
            "ingress": [
              {
                "from_port": 8080,
                "to_port": 8080,
                "protocol": "tcp",
                "cidr_blocks": [],
                "ipv6_cidr_blocks": [],
                "prefix_list_ids": [],
                "security_groups": [
                  "sg-05fdfc5ad01"
                ],
                "self": false,
                "description": "From ALB"
              },
              {
                "from_port": 22,
                "to_port": 22,
                "protocol": "tcp",
                "cidr_blocks": [
                  "10.0.0.0/8"
                ],
                "ipv6_cidr_blocks": [],
                "prefix_list_ids": [],
                "security_groups": [],
                "self": false,
                "description": "SSH from internal"
              }
            ],
            "egress": [
              {
                "from_port": 0,
                "to_port": 0,
                "protocol": "-1",
                "cidr_blocks": [
                  "0.0.0.0/0"
                ],
                "ipv6_cidr_blocks": [],
                "prefix_list_ids": [],
                "security_groups": [],
                "self": false,
                "description": ""
              }
            ],
            "tags": {
              "Environment": "PROD",
              "System": "金融サービス",
              "ManagedBy": "terraform",
              "Name": "financial-prod-sg-app"
            },
            "tags_all": {
              "Environment": "PROD",
              "System": "金融サービス",
              "ManagedBy": "terraform",
              "Name": "financial-prod-sg-app"
            }
          }
        }
      ]
    },
    {
      "mode": "managed",
      "type": "aws_security_group",
      "name": "rds",
      "provider": "provider[\"registry.terraform.io/hashicorp/aws\"]",
      "instances": [
        {
          "schema_version": 1,
          "attributes": {
            "id": "sg-09c8f52ea01",
            "name": "financial-prod-sg-rds",
            "description": "RDS security group",
            "vpc_id": "vpc-0fd7acb330001",
            "ingress": [
              {
                "from_port": 1521,
                "to_port": 1521,
                "protocol": "tcp",
                "cidr_blocks": [],
                "ipv6_cidr_blocks": [],
                "prefix_list_ids": [],
                "security_groups": [
                  "sg-00dfb277901"
                ],
                "self": false,
                "description": "From App tier"
              }
            ],
            "egress": [
              {
                "from_port": 0,
                "to_port": 0,
                "protocol": "-1",
                "cidr_blocks": [
                  "0.0.0.0/0"
                ],
                "ipv6_cidr_blocks": [],
                "prefix_list_ids": [],
                "security_groups": [],
                "self": false,
                "description": ""
              }
            ],
            "tags": {
              "Environment": "PROD",
              "System": "金融サービス",
              "ManagedBy": "terraform",
              "Name": "financial-prod-sg-rds"
            },
            "tags_all": {
              "Environment": "PROD",
              "System": "金融サービス",
              "ManagedBy": "terraform",
              "Name": "financial-prod-sg-rds"
            }
          }
        }
      ]
    },
    {
      "mode": "managed",
      "type": "aws_instance",
      "name": "app_1",
      "provider": "provider[\"registry.terraform.io/hashicorp/aws\"]",
      "instances": [
        {
          "schema_version": 1,
          "attributes": {
            "id": "i-01d7e10b001",
            "ami": "ami-0d52744d6551d851e",
            "instance_type": "c5.2xlarge",
            "instance_state": "running",
            "vpc_id": "vpc-0fd7acb330001",
            "subnet_id": "subnet-0d25ec09e01",
            "availability_zone": "ap-northeast-1a",
            "private_ip": "10.10.11.10",
            "public_ip": null,
            "vpc_security_group_ids": [
              "sg-00dfb277901"
            ],
            "key_name": "financial-prod-keypair",
            "iam_instance_profile": "financial-prod-ec2-profile",
            "monitoring": true,
            "platform": null,
            "tags": {
              "Environment": "PROD",
              "System": "金融サービス",
              "ManagedBy": "terraform",
              "Name": "financial-prod-app-01",
              "Application": "金融サービス",
              "Language": "java",
              "Framework": "spring",
              "Runtime": "none",
              "DeployMethod": "ec2",
              "Branch": "main"
            },
            "tags_all": {
              "Environment": "PROD",
              "System": "金融サービス",
              "ManagedBy": "terraform",
              "Name": "financial-prod-app-01",
              "Application": "金融サービス",
              "Language": "java",
              "Framework": "spring",
              "Runtime": "none",
              "DeployMethod": "ec2",
              "Branch": "main"
            }
          }
        }
      ]
    },
    {
      "mode": "managed",
      "type": "aws_instance",
      "name": "app_2",
      "provider": "provider[\"registry.terraform.io/hashicorp/aws\"]",
      "instances": [
        {
          "schema_version": 1,
          "attributes": {
            "id": "i-0331c1c2101",
            "ami": "ami-0d52744d6551d851e",
            "instance_type": "c5.2xlarge",
            "instance_state": "running",
            "vpc_id": "vpc-0fd7acb330001",
            "subnet_id": "subnet-05867020c01",
            "availability_zone": "ap-northeast-1c",
            "private_ip": "10.10.11.20",
            "public_ip": null,
            "vpc_security_group_ids": [
              "sg-00dfb277901"
            ],
            "key_name": "financial-prod-keypair",
            "iam_instance_profile": "financial-prod-ec2-profile",
            "monitoring": true,
            "platform": null,
            "tags": {
              "Environment": "PROD",
              "System": "金融サービス",
              "ManagedBy": "terraform",
              "Name": "financial-prod-app-02",
              "Application": "金融サービス",
              "Language": "java",
              "Framework": "spring",
              "Runtime": "none",
              "DeployMethod": "ec2",
              "Branch": "main"
            },
            "tags_all": {
              "Environment": "PROD",
              "System": "金融サービス",
              "ManagedBy": "terraform",
              "Name": "financial-prod-app-02",
              "Application": "金融サービス",
              "Language": "java",
              "Framework": "spring",
              "Runtime": "none",
              "DeployMethod": "ec2",
              "Branch": "main"
            }
          }
        }
      ]
    },
    {
      "mode": "managed",
      "type": "aws_instance",
      "name": "app_3",
      "provider": "provider[\"registry.terraform.io/hashicorp/aws\"]",
      "instances": [
        {
          "schema_version": 1,
          "attributes": {
            "id": "i-020db753901",
            "ami": "ami-0d52744d6551d851e",
            "instance_type": "c5.2xlarge",
            "instance_state": "running",
            "vpc_id": "vpc-0fd7acb330001",
            "subnet_id": "subnet-0d25ec09e01",
            "availability_zone": "ap-northeast-1a",
            "private_ip": "10.10.11.30",
            "public_ip": null,
            "vpc_security_group_ids": [
              "sg-00dfb277901"
            ],
            "key_name": "financial-prod-keypair",
            "iam_instance_profile": "financial-prod-ec2-profile",
            "monitoring": true,
            "platform": null,
            "tags": {
              "Environment": "PROD",
              "System": "金融サービス",
              "ManagedBy": "terraform",
              "Name": "financial-prod-app-03",
              "Application": "金融サービス",
              "Language": "java",
              "Framework": "spring",
              "Runtime": "none",
              "DeployMethod": "ec2",
              "Branch": "main"
            },
            "tags_all": {
              "Environment": "PROD",
              "System": "金融サービス",
              "ManagedBy": "terraform",
              "Name": "financial-prod-app-03",
              "Application": "金融サービス",
              "Language": "java",
              "Framework": "spring",
              "Runtime": "none",
              "DeployMethod": "ec2",
              "Branch": "main"
            }
          }
        }
      ]
    },
    {
      "mode": "managed",
      "type": "aws_ebs_volume",
      "name": "app_1",
      "provider": "provider[\"registry.terraform.io/hashicorp/aws\"]",
      "instances": [
        {
          "schema_version": 1,
          "attributes": {
            "id": "vol-0b106c73301",
            "size": 50,
            "type": "gp3",
            "iops": 3000,
            "throughput": 125,
            "availability_zone": "ap-northeast-1a",
            "encrypted": true,
            "kms_key_id": "arn:aws:kms:ap-northeast-1:222233334444:key/da626cd6",
            "snapshot_id": null,
            "multi_attach_enabled": false,
            "attachments": [
              {
                "instance_id": "i-01d7e10b001",
                "device": "/dev/sdf",
                "delete_on_termination": true
              }
            ],
            "tags": {
              "Environment": "PROD",
              "System": "金融サービス",
              "ManagedBy": "terraform",
              "Name": "financial-prod-ebs-01",
              "attached_instance_id": "i-01d7e10b001"
            },
            "tags_all": {
              "Environment": "PROD",
              "System": "金融サービス",
              "ManagedBy": "terraform",
              "Name": "financial-prod-ebs-01",
              "attached_instance_id": "i-01d7e10b001"
            }
          }
        }
      ]
    },
    {
      "mode": "managed",
      "type": "aws_ebs_volume",
      "name": "app_2",
      "provider": "provider[\"registry.terraform.io/hashicorp/aws\"]",
      "instances": [
        {
          "schema_version": 1,
          "attributes": {
            "id": "vol-03da610d901",
            "size": 50,
            "type": "gp3",
            "iops": 3000,
            "throughput": 125,
            "availability_zone": "ap-northeast-1c",
            "encrypted": true,
            "kms_key_id": "arn:aws:kms:ap-northeast-1:222233334444:key/da626cd6",
            "snapshot_id": null,
            "multi_attach_enabled": false,
            "attachments": [
              {
                "instance_id": "i-0331c1c2101",
                "device": "/dev/sdf",
                "delete_on_termination": true
              }
            ],
            "tags": {
              "Environment": "PROD",
              "System": "金融サービス",
              "ManagedBy": "terraform",
              "Name": "financial-prod-ebs-02",
              "attached_instance_id": "i-0331c1c2101"
            },
            "tags_all": {
              "Environment": "PROD",
              "System": "金融サービス",
              "ManagedBy": "terraform",
              "Name": "financial-prod-ebs-02",
              "attached_instance_id": "i-0331c1c2101"
            }
          }
        }
      ]
    },
    {
      "mode": "managed",
      "type": "aws_ebs_volume",
      "name": "app_3",
      "provider": "provider[\"registry.terraform.io/hashicorp/aws\"]",
      "instances": [
        {
          "schema_version": 1,
          "attributes": {
            "id": "vol-02299d07401",
            "size": 50,
            "type": "gp3",
            "iops": 3000,
            "throughput": 125,
            "availability_zone": "ap-northeast-1a",
            "encrypted": true,
            "kms_key_id": "arn:aws:kms:ap-northeast-1:222233334444:key/da626cd6",
            "snapshot_id": null,
            "multi_attach_enabled": false,
            "attachments": [
              {
                "instance_id": "i-020db753901",
                "device": "/dev/sdf",
                "delete_on_termination": true
              }
            ],
            "tags": {
              "Environment": "PROD",
              "System": "金融サービス",
              "ManagedBy": "terraform",
              "Name": "financial-prod-ebs-03",
              "attached_instance_id": "i-020db753901"
            },
            "tags_all": {
              "Environment": "PROD",
              "System": "金融サービス",
              "ManagedBy": "terraform",
              "Name": "financial-prod-ebs-03",
              "attached_instance_id": "i-020db753901"
            }
          }
        }
      ]
    },
    {
      "mode": "managed",
      "type": "aws_db_instance",
      "name": "main",
      "provider": "provider[\"registry.terraform.io/hashicorp/aws\"]",
      "instances": [
        {
          "schema_version": 1,
          "attributes": {
            "id": "financial-prod-db",
            "identifier": "financial-prod-db",
            "engine": "oracle-ee",
            "engine_version": "19.0.0.0.ru-2024-01.rur-2024-01.r1",
            "instance_class": "db.r6g.2xlarge",
            "db_name": "financial",
            "username": "admin",
            "port": 1521,
            "endpoint": "financial-prod-db.fd7acb.ap-northeast-1.rds.amazonaws.com:1521",
            "address": "financial-prod-db.fd7acb.ap-northeast-1.rds.amazonaws.com",
            "status": "available",
            "multi_az": true,
            "publicly_accessible": false,
            "storage_type": "gp3",
            "allocated_storage": 100,
            "backup_retention_period": 7,
            "deletion_protection": true,
            "availability_zone": null,
            "vpc_security_group_memberships": [
              {
                "id": "sg-09c8f52ea01",
                "name": "financial-prod-sg-rds"
              }
            ],
            "tags": {
              "Environment": "PROD",
              "System": "金融サービス",
              "ManagedBy": "terraform",
              "Name": "financial-prod-db"
            },
            "tags_all": {
              "Environment": "PROD",
              "System": "金融サービス",
              "ManagedBy": "terraform",
              "Name": "financial-prod-db"
            }
          }
        }
      ]
    },
    {
      "mode": "managed",
      "type": "aws_lb",
      "name": "main",
      "provider": "provider[\"registry.terraform.io/hashicorp/aws\"]",
      "instances": [
        {
          "schema_version": 1,
          "attributes": {
            "id": "arn:aws:elasticloadbalancing:ap-northeast-1:222233334444:loadbalancer/app/financial-prod-alb/0fd7acb330001",
            "arn": "arn:aws:elasticloadbalancing:ap-northeast-1:222233334444:loadbalancer/app/financial-prod-alb/0fd7acb330001",
            "name": "financial-prod-alb",
            "dns_name": "financial-prod-alb-64890.ap-northeast-1.elb.amazonaws.com",
            "internal": false,
            "load_balancer_type": "application",
            "subnets": [
              "subnet-0e175e75701",
              "subnet-04e52e16f01"
            ],
            "security_groups": [
              "sg-05fdfc5ad01"
            ],
            "vpc_id": "vpc-0fd7acb330001",
            "state": "active",
            "idle_timeout": 60,
            "enable_deletion_protection": true,
            "access_logs": [
              {
                "enabled": true,
                "bucket": "financial-prod-logs-222233334444",
                "prefix": "alb"
              }
            ],
            "tags": {
              "Environment": "PROD",
              "System": "金融サービス",
              "ManagedBy": "terraform",
              "Name": "financial-prod-alb"
            },
            "tags_all": {
              "Environment": "PROD",
              "System": "金融サービス",
              "ManagedBy": "terraform",
              "Name": "financial-prod-alb"
            }
          }
        }
      ]
    },
    {
      "mode": "managed",
      "type": "aws_lb_target_group",
      "name": "main",
      "provider": "provider[\"registry.terraform.io/hashicorp/aws\"]",
      "instances": [
        {
          "schema_version": 1,
          "attributes": {
            "id": "arn:aws:elasticloadbalancing:ap-northeast-1:222233334444:targetgroup/financial-prod-tg/09ce2763701",
            "arn": "arn:aws:elasticloadbalancing:ap-northeast-1:222233334444:targetgroup/financial-prod-tg/09ce2763701",
            "name": "financial-prod-tg",
            "protocol": "HTTP",
            "port": 8080,
            "target_type": "instance",
            "vpc_id": "vpc-0fd7acb330001",
            "load_balancer_arns": [
              "arn:aws:elasticloadbalancing:ap-northeast-1:222233334444:loadbalancer/app/financial-prod-alb/0fd7acb330001"
            ],
            "health_check": [
              {
                "enabled": true,
                "path": "/health",
                "protocol": "HTTP",
                "port": "traffic-port",
                "interval": 30,
                "timeout": 5,
                "healthy_threshold": 3,
                "unhealthy_threshold": 3
              }
            ],
            "tags": {
              "Environment": "PROD",
              "System": "金融サービス",
              "ManagedBy": "terraform",
              "Name": "financial-prod-tg"
            },
            "tags_all": {
              "Environment": "PROD",
              "System": "金融サービス",
              "ManagedBy": "terraform",
              "Name": "financial-prod-tg"
            }
          }
        }
      ]
    },
    {
      "mode": "managed",
      "type": "aws_lb_listener",
      "name": "https",
      "provider": "provider[\"registry.terraform.io/hashicorp/aws\"]",
      "instances": [
        {
          "schema_version": 1,
          "attributes": {
            "id": "arn:aws:elasticloadbalancing:ap-northeast-1:222233334444:listener/app/financial-prod-alb/0fd7acb330001/09ba4539d01",
            "arn": "arn:aws:elasticloadbalancing:ap-northeast-1:222233334444:listener/app/financial-prod-alb/0fd7acb330001/09ba4539d01",
            "load_balancer_arn": "arn:aws:elasticloadbalancing:ap-northeast-1:222233334444:loadbalancer/app/financial-prod-alb/0fd7acb330001",
            "port": 443,
            "protocol": "HTTPS",
            "ssl_policy": "ELBSecurityPolicy-TLS13-1-2-2021-06",
            "certificate_arn": "arn:aws:acm:ap-northeast-1:222233334444:certificate/57570515-7ed7-7e89-0f99-7a9728e16d1e",
            "default_action": [
              {
                "type": "forward",
                "target_group_arn": "arn:aws:elasticloadbalancing:ap-northeast-1:222233334444:targetgroup/financial-prod-tg/09ce2763701",
                "redirect": [],
                "fixed_response": []
              }
            ],
            "tags": {
              "Environment": "PROD",
              "System": "金融サービス",
              "ManagedBy": "terraform"
            },
            "tags_all": {
              "Environment": "PROD",
              "System": "金融サービス",
              "ManagedBy": "terraform"
            }
          }
        }
      ]
    },
    {
      "mode": "managed",
      "type": "aws_lb_listener",
      "name": "http",
      "provider": "provider[\"registry.terraform.io/hashicorp/aws\"]",
      "instances": [
        {
          "schema_version": 1,
          "attributes": {
            "id": "arn:aws:elasticloadbalancing:ap-northeast-1:222233334444:listener/app/financial-prod-alb/0fd7acb330001/00ebd0ee301",
            "arn": "arn:aws:elasticloadbalancing:ap-northeast-1:222233334444:listener/app/financial-prod-alb/0fd7acb330001/00ebd0ee301",
            "load_balancer_arn": "arn:aws:elasticloadbalancing:ap-northeast-1:222233334444:loadbalancer/app/financial-prod-alb/0fd7acb330001",
            "port": 80,
            "protocol": "HTTP",
            "ssl_policy": null,
            "certificate_arn": null,
            "default_action": [
              {
                "type": "redirect",
                "target_group_arn": null,
                "redirect": [
                  {
                    "port": "443",
                    "protocol": "HTTPS",
                    "status_code": "HTTP_301",
                    "host": "#{host}",
                    "path": "/#{path}",
                    "query": "#{query}"
                  }
                ],
                "fixed_response": []
              }
            ],
            "tags": {
              "Environment": "PROD",
              "System": "金融サービス",
              "ManagedBy": "terraform"
            },
            "tags_all": {
              "Environment": "PROD",
              "System": "金融サービス",
              "ManagedBy": "terraform"
            }
          }
        }
      ]
    },
    {
      "mode": "managed",
      "type": "aws_wafv2_web_acl",
      "name": "main",
      "provider": "provider[\"registry.terraform.io/hashicorp/aws\"]",
      "instances": [
        {
          "schema_version": 1,
          "attributes": {
            "id": "a73eee58",
            "arn": "arn:aws:wafv2:ap-northeast-1:222233334444:regional/webacl/financial-prod-waf/0a73eee58",
            "name": "financial-prod-waf",
            "scope": "REGIONAL",
            "default_action": [
              {
                "allow": [
                  {}
                ],
                "block": []
              }
            ],
            "rule": [
              {
                "name": "AWSManagedRulesCommonRuleSet",
                "priority": 1,
                "action": [],
                "override_action": [
                  {
                    "none": [
                      {}
                    ],
                    "count": []
                  }
                ],
                "statement": [
                  {
                    "managed_rule_group_statement": [
                      {
                        "vendor_name": "AWS",
                        "name": "AWSManagedRulesCommonRuleSet",
                        "excluded_rule": []
                      }
                    ]
                  }
                ],
                "visibility_config": [
                  {
                    "sampled_requests_enabled": true,
                    "cloudwatch_metrics_enabled": true,
                    "metric_name": "CommonRules"
                  }
                ]
              },
              {
                "name": "RateLimit",
                "priority": 2,
                "action": [
                  {
                    "block": [
                      {}
                    ],
                    "allow": [],
                    "count": []
                  }
                ],
                "override_action": [],
                "statement": [
                  {
                    "rate_based_statement": [
                      {
                        "limit": 2000,
                        "aggregate_key_type": "IP"
                      }
                    ]
                  }
                ],
                "visibility_config": [
                  {
                    "sampled_requests_enabled": true,
                    "cloudwatch_metrics_enabled": true,
                    "metric_name": "RateLimit"
                  }
                ]
              }
            ],
            "visibility_config": [
              {
                "sampled_requests_enabled": true,
                "cloudwatch_metrics_enabled": true,
                "metric_name": "financial-prod-waf"
              }
            ],
            "tags": {
              "Environment": "PROD",
              "System": "金融サービス",
              "ManagedBy": "terraform",
              "Name": "financial-prod-waf"
            },
            "tags_all": {
              "Environment": "PROD",
              "System": "金融サービス",
              "ManagedBy": "terraform",
              "Name": "financial-prod-waf"
            }
          }
        }
      ]
    },
    {
      "mode": "managed",
      "type": "aws_wafv2_web_acl_association",
      "name": "main",
      "provider": "provider[\"registry.terraform.io/hashicorp/aws\"]",
      "instances": [
        {
          "schema_version": 1,
          "attributes": {
            "id": "arn:aws:wafv2:ap-northeast-1:222233334444:regional/webacl/financial-prod-waf/0a73eee58|arn:aws:elasticloadbalancing:ap-northeast-1:222233334444:loadbalancer/app/financial-prod-alb/0fd7acb330001",
            "resource_arn": "arn:aws:elasticloadbalancing:ap-northeast-1:222233334444:loadbalancer/app/financial-prod-alb/0fd7acb330001",
            "web_acl_arn": "arn:aws:wafv2:ap-northeast-1:222233334444:regional/webacl/financial-prod-waf/0a73eee58"
          }
        }
      ]
    },
    {
      "mode": "managed",
      "type": "aws_s3_bucket",
      "name": "financial_prod_assets_222233334444",
      "provider": "provider[\"registry.terraform.io/hashicorp/aws\"]",
      "instances": [
        {
          "schema_version": 1,
          "attributes": {
            "id": "financial-prod-assets-222233334444",
            "bucket": "financial-prod-assets-222233334444",
            "region": "ap-northeast-1",
            "tags": {
              "Environment": "PROD",
              "System": "金融サービス",
              "ManagedBy": "terraform",
              "Name": "financial-prod-assets-222233334444"
            },
            "tags_all": {
              "Environment": "PROD",
              "System": "金融サービス",
              "ManagedBy": "terraform",
              "Name": "financial-prod-assets-222233334444"
            }
          }
        }
      ]
    },
    {
      "mode": "managed",
      "type": "aws_s3_bucket_versioning",
      "name": "financial_prod_assets_222233334444_versioning",
      "provider": "provider[\"registry.terraform.io/hashicorp/aws\"]",
      "instances": [
        {
          "schema_version": 1,
          "attributes": {
            "id": "financial-prod-assets-222233334444",
            "bucket": "financial-prod-assets-222233334444",
            "versioning_configuration": [
              {
                "status": "Enabled",
                "mfa_delete": "Disabled"
              }
            ]
          }
        }
      ]
    },
    {
      "mode": "managed",
      "type": "aws_s3_bucket_server_side_encryption_configuration",
      "name": "financial_prod_assets_222233334444_sse",
      "provider": "provider[\"registry.terraform.io/hashicorp/aws\"]",
      "instances": [
        {
          "schema_version": 1,
          "attributes": {
            "id": "financial-prod-assets-222233334444",
            "bucket": "financial-prod-assets-222233334444",
            "rule": [
              {
                "apply_server_side_encryption_by_default": [
                  {
                    "sse_algorithm": "aws:kms",
                    "kms_master_key_id": "arn:aws:kms:ap-northeast-1:222233334444:key/dee8804f"
                  }
                ],
                "bucket_key_enabled": true
              }
            ]
          }
        }
      ]
    },
    {
      "mode": "managed",
      "type": "aws_s3_bucket_public_access_block",
      "name": "financial_prod_assets_222233334444_pab",
      "provider": "provider[\"registry.terraform.io/hashicorp/aws\"]",
      "instances": [
        {
          "schema_version": 1,
          "attributes": {
            "id": "financial-prod-assets-222233334444",
            "bucket": "financial-prod-assets-222233334444",
            "block_public_acls": true,
            "block_public_policy": true,
            "ignore_public_acls": true,
            "restrict_public_buckets": true
          }
        }
      ]
    },
    {
      "mode": "managed",
      "type": "aws_s3_bucket",
      "name": "financial_prod_logs_222233334444",
      "provider": "provider[\"registry.terraform.io/hashicorp/aws\"]",
      "instances": [
        {
          "schema_version": 1,
          "attributes": {
            "id": "financial-prod-logs-222233334444",
            "bucket": "financial-prod-logs-222233334444",
            "region": "ap-northeast-1",
            "tags": {
              "Environment": "PROD",
              "System": "金融サービス",
              "ManagedBy": "terraform",
              "Name": "financial-prod-logs-222233334444"
            },
            "tags_all": {
              "Environment": "PROD",
              "System": "金融サービス",
              "ManagedBy": "terraform",
              "Name": "financial-prod-logs-222233334444"
            }
          }
        }
      ]
    },
    {
      "mode": "managed",
      "type": "aws_s3_bucket_public_access_block",
      "name": "financial_prod_logs_222233334444_pab",
      "provider": "provider[\"registry.terraform.io/hashicorp/aws\"]",
      "instances": [
        {
          "schema_version": 1,
          "attributes": {
            "id": "financial-prod-logs-222233334444",
            "bucket": "financial-prod-logs-222233334444",
            "block_public_acls": true,
            "block_public_policy": true,
            "ignore_public_acls": true,
            "restrict_public_buckets": true
          }
        }
      ]
    },
    {
      "mode": "managed",
      "type": "aws_cloudwatch_log_group",
      "name": "aws_ec2_financial-prod",
      "provider": "provider[\"registry.terraform.io/hashicorp/aws\"]",
      "instances": [
        {
          "schema_version": 1,
          "attributes": {
            "id": "/aws/ec2/financial-prod",
            "name": "/aws/ec2/financial-prod",
            "retention_in_days": 90,
            "tags": {
              "Environment": "PROD",
              "System": "金融サービス",
              "ManagedBy": "terraform"
            },
            "tags_all": {
              "Environment": "PROD",
              "System": "金融サービス",
              "ManagedBy": "terraform"
            }
          }
        }
      ]
    },
    {
      "mode": "managed",
      "type": "aws_cloudwatch_log_group",
      "name": "aws_rds_financial-prod-db",
      "provider": "provider[\"registry.terraform.io/hashicorp/aws\"]",
      "instances": [
        {
          "schema_version": 1,
          "attributes": {
            "id": "/aws/rds/financial-prod-db",
            "name": "/aws/rds/financial-prod-db",
            "retention_in_days": 90,
            "tags": {
              "Environment": "PROD",
              "System": "金融サービス",
              "ManagedBy": "terraform"
            },
            "tags_all": {
              "Environment": "PROD",
              "System": "金融サービス",
              "ManagedBy": "terraform"
            }
          }
        }
      ]
    },
    {
      "mode": "managed",
      "type": "aws_cloudwatch_metric_alarm",
      "name": "ec2_cpu_high",
      "provider": "provider[\"registry.terraform.io/hashicorp/aws\"]",
      "instances": [
        {
          "schema_version": 1,
          "attributes": {
            "id": "financial-prod-ec2-cpu-high",
            "alarm_name": "financial-prod-ec2-cpu-high",
            "alarm_description": "EC2 CPU utilization too high",
            "metric_name": "CPUUtilization",
            "namespace": "AWS/EC2",
            "statistic": "Average",
            "period": 300,
            "evaluation_periods": 2,
            "threshold": 80.0,
            "comparison_operator": "GreaterThanThreshold",
            "alarm_actions": [
              "arn:aws:sns:ap-northeast-1:222233334444:alerts"
            ],
            "ok_actions": [],
            "insufficient_data_actions": [],
            "dimensions": {
              "AutoScalingGroupName": "financial-prod-asg"
            },
            "treat_missing_data": "notBreaching",
            "unit": "Percent",
            "tags": {
              "Environment": "PROD",
              "System": "金融サービス",
              "ManagedBy": "terraform"
            },
            "tags_all": {
              "Environment": "PROD",
              "System": "金融サービス",
              "ManagedBy": "terraform"
            }
          }
        }
      ]
    },
    {
      "mode": "managed",
      "type": "aws_cloudwatch_metric_alarm",
      "name": "rds_connections_high",
      "provider": "provider[\"registry.terraform.io/hashicorp/aws\"]",
      "instances": [
        {
          "schema_version": 1,
          "attributes": {
            "id": "financial-prod-rds-connections-high",
            "alarm_name": "financial-prod-rds-connections-high",
            "alarm_description": "RDS connection count too high",
            "metric_name": "DatabaseConnections",
            "namespace": "AWS/RDS",
            "statistic": "Average",
            "period": 60,
            "evaluation_periods": 5,
            "threshold": 400.0,
            "comparison_operator": "GreaterThanThreshold",
            "alarm_actions": [
              "arn:aws:sns:ap-northeast-1:222233334444:alerts"
            ],
            "ok_actions": [],
            "insufficient_data_actions": [],
            "dimensions": {
              "DBInstanceIdentifier": "financial-prod-db"
            },
            "treat_missing_data": "notBreaching",
            "unit": "Count",
            "tags": {
              "Environment": "PROD",
              "System": "金融サービス",
              "ManagedBy": "terraform"
            },
            "tags_all": {
              "Environment": "PROD",
              "System": "金融サービス",
              "ManagedBy": "terraform"
            }
          }
        }
      ]
    },
    {
      "mode": "managed",
      "type": "aws_codedeploy_app",
      "name": "main",
      "provider": "provider[\"registry.terraform.io/hashicorp/aws\"]",
      "instances": [
        {
          "schema_version": 1,
          "attributes": {
            "id": "financial-prod-app",
            "name": "financial-prod-app",
            "compute_platform": "Server",
            "application_id": "5d0a7983",
            "tags": {
              "Environment": "PROD",
              "System": "金融サービス",
              "ManagedBy": "terraform",
              "Name": "financial-prod-app"
            },
            "tags_all": {
              "Environment": "PROD",
              "System": "金融サービス",
              "ManagedBy": "terraform",
              "Name": "financial-prod-app"
            }
          }
        }
      ]
    },
    {
      "mode": "managed",
      "type": "aws_codedeploy_deployment_group",
      "name": "main",
      "provider": "provider[\"registry.terraform.io/hashicorp/aws\"]",
      "instances": [
        {
          "schema_version": 1,
          "attributes": {
            "id": "01408788",
            "app_name": "financial-prod-app",
            "deployment_group_name": "financial-prod-deploy-group",
            "service_role_arn": "arn:aws:iam::222233334444:role/financial-prod-codedeploy-role",
            "deployment_config_name": "CodeDeployDefault.OneAtATime",
            "autoscaling_groups": [
              "financial-prod-asg"
            ],
            "deployment_style": [
              {
                "deployment_option": "WITHOUT_TRAFFIC_CONTROL",
                "deployment_type": "IN_PLACE"
              }
            ],
            "auto_rollback_configuration": [
              {
                "enabled": true,
                "events": [
                  "DEPLOYMENT_FAILURE",
                  "DEPLOYMENT_STOP_ON_ALARM"
                ]
              }
            ],
            "alarm_configuration": [
              {
                "enabled": true,
                "alarms": [
                  "financial-prod-ec2-cpu-high"
                ]
              }
            ]
          }
        }
      ]
    }
  ]
}