{
  "version": 4,
  "terraform_version": "1.7.4",
  "serial": 113,
  "lineage": "1b6904e1-b457-0713-b201-8b3f4e738171",
  "outputs": {},
  "resources": [
    {
      "mode": "managed",
      "type": "aws_vpc",
      "name": "main",
      "provider": "provider[\"registry.terraform.io/hashicorp/aws\"]",
      "instances": [
        {
          "schema_version": 1,
          "attributes": {
            "id": "vpc-01b6904e10001",
            "cidr_block": "10.13.0.0/16",
            "default": false,
            "enable_dns_support": true,
            "enable_dns_hostnames": true,
            "dhcp_options_id": "dopt-01b6904e10001",
            "tags": {
              "Environment": "STG",
              "System": "人事管理",
              "ManagedBy": "terraform",
              "Name": "hr-stg-vpc"
            },
            "tags_all": {
              "Environment": "STG",
              "System": "人事管理",
              "ManagedBy": "terraform",
              "Name": "hr-stg-vpc"
            }
          }
        }
      ]
    },
    {
      "mode": "managed",
      "type": "aws_subnet",
      "name": "public_1",
      "provider": "provider[\"registry.terraform.io/hashicorp/aws\"]",
      "instances": [
        {
          "schema_version": 1,
          "attributes": {
            "id": "subnet-022e5be9501",
            "vpc_id": "vpc-01b6904e10001",
            "cidr_block": "10.13.1.0/24",
            "availability_zone": "ap-northeast-1a",
            "map_public_ip_on_launch": true,
            "tags": {
              "Environment": "STG",
              "System": "人事管理",
              "ManagedBy": "terraform",
              "Name": "hr-stg-public-1"
            },
            "tags_all": {
              "Environment": "STG",
              "System": "人事管理",
              "ManagedBy": "terraform",
              "Name": "hr-stg-public-1"
            }
          }
        }
      ]
    },
    {
      "mode": "managed",
      "type": "aws_subnet",
      "name": "public_2",
      "provider": "provider[\"registry.terraform.io/hashicorp/aws\"]",
      "instances": [
        {
          "schema_version": 1,
          "attributes": {
            "id": "subnet-07a64be9301",
            "vpc_id": "vpc-01b6904e10001",
            "cidr_block": "10.13.2.0/24",
            "availability_zone": "ap-northeast-1c",
            "map_public_ip_on_launch": true,
            "tags": {
              "Environment": "STG",
              "System": "人事管理",
              "ManagedBy": "terraform",
              "Name": "hr-stg-public-2"
            },
            "tags_all": {
              "Environment": "STG",
              "System": "人事管理",
              "ManagedBy": "terraform",
              "Name": "hr-stg-public-2"
            }
          }
        }
      ]
    },
    {
      "mode": "managed",
      "type": "aws_subnet",
      "name": "private_1",
      "provider": "provider[\"registry.terraform.io/hashicorp/aws\"]",
      "instances": [
        {
          "schema_version": 1,
          "attributes": {
            "id": "subnet-072a1e6d101",
            "vpc_id": "vpc-01b6904e10001",
            "cidr_block": "10.13.11.0/24",
            "availability_zone": "ap-northeast-1a",
            "map_public_ip_on_launch": false,
            "tags": {
              "Environment": "STG",
              "System": "人事管理",
              "ManagedBy": "terraform",
              "Name": "hr-stg-private-1"
            },
            "tags_all": {
              "Environment": "STG",
              "System": "人事管理",
              "ManagedBy": "terraform",
              "Name": "hr-stg-private-1"
            }
          }
        }
      ]
    },
    {
      "mode": "managed",
      "type": "aws_subnet",
      "name": "private_2",
      "provider": "provider[\"registry.terraform.io/hashicorp/aws\"]",
      "instances": [
        {
          "schema_version": 1,
          "attributes": {
            "id": "subnet-0747f121a01",
            "vpc_id": "vpc-01b6904e10001",
            "cidr_block": "10.13.12.0/24",
            "availability_zone": "ap-northeast-1c",
            "map_public_ip_on_launch": false,
            "tags": {
              "Environment": "STG",
              "System": "人事管理",
              "ManagedBy": "terraform",
              "Name": "hr-stg-private-2"
            },
            "tags_all": {
              "Environment": "STG",
              "System": "人事管理",
              "ManagedBy": "terraform",
              "Name": "hr-stg-private-2"
            }
          }
        }
      ]
    },
    {
      "mode": "managed",
      "type": "aws_internet_gateway",
      "name": "main",
      "provider": "provider[\"registry.terraform.io/hashicorp/aws\"]",
      "instances": [
        {
          "schema_version": 1,
          "attributes": {
            "id": "igw-01b6904e10001",
            "vpc_id": "vpc-01b6904e10001",
            "tags": {
              "Environment": "STG",
              "System": "人事管理",
              "ManagedBy": "terraform",
              "Name": "hr-stg-igw"
            },
            "tags_all": {
              "Environment": "STG",
              "System": "人事管理",
              "ManagedBy": "terraform",
              "Name": "hr-stg-igw"
            }
          }
        }
      ]
    },
    {
      "mode": "managed",
      "type": "aws_security_group",
      "name": "alb",
      "provider": "provider[\"registry.terraform.io/hashicorp/aws\"]",
      "instances": [
        {
          "schema_version": 1,
          "attributes": {
            "id": "sg-0721702cb01",
            "name": "hr-stg-sg-alb",
            "description": "ALB security group",
            "vpc_id": "vpc-01b6904e10001",
            "ingress": [
              {
                "from_port": 80,
                "to_port": 80,
                "protocol": "tcp",
                "cidr_blocks": [
                  "0.0.0.0/0"
                ],
                "ipv6_cidr_blocks": [
                  "::/0"
                ],
                "prefix_list_ids": [],
                "security_groups": [],
                "self": false,
                "description": "HTTP"
              },
              {
                "from_port": 443,
                "to_port": 443,
                "protocol": "tcp",
                "cidr_blocks": [
                  "0.0.0.0/0"
                ],
                "ipv6_cidr_blocks": [
                  "::/0"
                ],
                "prefix_list_ids": [],
                "security_groups": [],
                "self": false,
                "description": "HTTPS"
              }
            ],
            "egress": [
              {
                "from_port": 0,
                "to_port": 0,
                "protocol": "-1",
                "cidr_blocks": [
                  "0.0.0.0/0"
                ],
                "ipv6_cidr_blocks": [],
                "prefix_list_ids": [],
                "security_groups": [],
                "self": false,
                "description": ""
              }
            ],
            "tags": {
              "Environment": "STG",
              "System": "人事管理",
              "ManagedBy": "terraform",
              "Name": "hr-stg-sg-alb"
            },
            "tags_all": {
              "Environment": "STG",
              "System": "人事管理",
              "ManagedBy": "terraform",
              "Name": "hr-stg-sg-alb"
            }
          }
        }
      ]
    },
    {
      "mode": "managed",
      "type": "aws_security_group",
      "name": "app",
      "provider": "provider[\"registry.terraform.io/hashicorp/aws\"]",
      "instances": [
        {
          "schema_version": 1,
          "attributes": {
            "id": "sg-02e404ce301",
            "name": "hr-stg-sg-app",
            "description": "App server security group",
            "vpc_id": "vpc-01b6904e10001",
            "ingress": [
              {
                "from_port": 8080,
                "to_port": 8080,
                "protocol": "tcp",
                "cidr_blocks": [],
                "ipv6_cidr_blocks": [],
                "prefix_list_ids": [],
                "security_groups": [
                  "sg-0721702cb01"
                ],
                "self": false,
                "description": "From ALB"
              },
              {
                "from_port": 22,
                "to_port": 22,
                "protocol": "tcp",
                "cidr_blocks": [
                  "10.0.0.0/8"
                ],
                "ipv6_cidr_blocks": [],
                "prefix_list_ids": [],
                "security_groups": [],
                "self": false,
                "description": "SSH from internal"
              }
            ],
            "egress": [
              {
                "from_port": 0,
                "to_port": 0,
                "protocol": "-1",
                "cidr_blocks": [
                  "0.0.0.0/0"
                ],
                "ipv6_cidr_blocks": [],
                "prefix_list_ids": [],
                "security_groups": [],
                "self": false,
                "description": ""
              }
            ],
            "tags": {
              "Environment": "STG",
              "System": "人事管理",
              "ManagedBy": "terraform",
              "Name": "hr-stg-sg-app"
            },
            "tags_all": {
              "Environment": "STG",
              "System": "人事管理",
              "ManagedBy": "terraform",
              "Name": "hr-stg-sg-app"
            }
          }
        }
      ]
    },
    {
      "mode": "managed",
      "type": "aws_security_group",
      "name": "rds",
      "provider": "provider[\"registry.terraform.io/hashicorp/aws\"]",
      "instances": [
        {
          "schema_version": 1,
          "attributes": {
            "id": "sg-0e87a1d7801",
            "name": "hr-stg-sg-rds",
            "description": "RDS security group",
            "vpc_id": "vpc-01b6904e10001",
            "ingress": [
              {
                "from_port": 3306,
                "to_port": 3306,
                "protocol": "tcp",
                "cidr_blocks": [],
                "ipv6_cidr_blocks": [],
                "prefix_list_ids": [],
                "security_groups": [
                  "sg-02e404ce301"
                ],
                "self": false,
                "description": "From App tier"
              }
            ],
            "egress": [
              {
                "from_port": 0,
                "to_port": 0,
                "protocol": "-1",
                "cidr_blocks": [
                  "0.0.0.0/0"
                ],
                "ipv6_cidr_blocks": [],
                "prefix_list_ids": [],
                "security_groups": [],
                "self": false,
                "description": ""
              }
            ],
            "tags": {
              "Environment": "STG",
              "System": "人事管理",
              "ManagedBy": "terraform",
              "Name": "hr-stg-sg-rds"
            },
            "tags_all": {
              "Environment": "STG",
              "System": "人事管理",
              "ManagedBy": "terraform",
              "Name": "hr-stg-sg-rds"
            }
          }
        }
      ]
    },
    {
      "mode": "managed",
      "type": "aws_instance",
      "name": "app_1",
      "provider": "provider[\"registry.terraform.io/hashicorp/aws\"]",
      "instances": [
        {
          "schema_version": 1,
          "attributes": {
            "id": "i-00eb5a91801",
            "ami": "ami-0d52744d6551d851e",
            "instance_type": "t3.medium",
            "instance_state": "running",
            "vpc_id": "vpc-01b6904e10001",
            "subnet_id": "subnet-072a1e6d101",
            "availability_zone": "ap-northeast-1a",
            "private_ip": "10.13.11.10",
            "public_ip": null,
            "vpc_security_group_ids": [
              "sg-02e404ce301"
            ],
            "key_name": "hr-stg-keypair",
            "iam_instance_profile": "hr-stg-ec2-profile",
            "monitoring": true,
            "platform": null,
            "tags": {
              "Environment": "STG",
              "System": "人事管理",
              "ManagedBy": "terraform",
              "Name": "hr-stg-app-01",
              "Application": "人事管理アプリ",
              "Language": "ruby",
              "Framework": "rails",
              "Runtime": "puma",
              "DeployMethod": "ec2",
              "Branch": "develop"
            },
            "tags_all": {
              "Environment": "STG",
              "System": "人事管理",
              "ManagedBy": "terraform",
              "Name": "hr-stg-app-01",
              "Application": "人事管理アプリ",
              "Language": "ruby",
              "Framework": "rails",
              "Runtime": "puma",
              "DeployMethod": "ec2",
              "Branch": "develop"
            }
          }
        }
      ]
    },
    {
      "mode": "managed",
      "type": "aws_ebs_volume",
      "name": "app_1",
      "provider": "provider[\"registry.terraform.io/hashicorp/aws\"]",
      "instances": [
        {
          "schema_version": 1,
          "attributes": {
            "id": "vol-07dd1252601",
            "size": 30,
            "type": "gp3",
            "iops": 3000,
            "throughput": 125,
            "availability_zone": "ap-northeast-1a",
            "encrypted": true,
            "kms_key_id": "arn:aws:kms:ap-northeast-1:112233445566:key/d1a0ad5f",
            "snapshot_id": null,
            "multi_attach_enabled": false,
            "attachments": [
              {
                "instance_id": "i-00eb5a91801",
                "device": "/dev/sdf",
                "delete_on_termination": true
              }
            ],
            "tags": {
              "Environment": "STG",
              "System": "人事管理",
              "ManagedBy": "terraform",
              "Name": "hr-stg-ebs-01",
              "attached_instance_id": "i-00eb5a91801"
            },
            "tags_all": {
              "Environment": "STG",
              "System": "人事管理",
              "ManagedBy": "terraform",
              "Name": "hr-stg-ebs-01",
              "attached_instance_id": "i-00eb5a91801"
            }
          }
        }
      ]
    },
    {
      "mode": "managed",
      "type": "aws_db_instance",
      "name": "main",
      "provider": "provider[\"registry.terraform.io/hashicorp/aws\"]",
      "instances": [
        {
          "schema_version": 1,
          "attributes": {
            "id": "hr-stg-db",
            "identifier": "hr-stg-db",
            "engine": "mysql",
            "engine_version": "8.0.36",
            "instance_class": "db.t3.medium",
            "db_name": "hr",
            "username": "admin",
            "port": 3306,
            "endpoint": "hr-stg-db.1b6904.ap-northeast-1.rds.amazonaws.com:3306",
            "address": "hr-stg-db.1b6904.ap-northeast-1.rds.amazonaws.com",
            "status": "available",
            "multi_az": false,
            "publicly_accessible": false,
            "storage_type": "gp3",
            "allocated_storage": 20,
            "backup_retention_period": 1,
            "deletion_protection": false,
            "availability_zone": "ap-northeast-1a",
            "vpc_security_group_memberships": [
              {
                "id": "sg-0e87a1d7801",
                "name": "hr-stg-sg-rds"
              }
            ],
            "tags": {
              "Environment": "STG",
              "System": "人事管理",
              "ManagedBy": "terraform",
              "Name": "hr-stg-db"
            },
            "tags_all": {
              "Environment": "STG",
              "System": "人事管理",
              "ManagedBy": "terraform",
              "Name": "hr-stg-db"
            }
          }
        }
      ]
    },
    {
      "mode": "managed",
      "type": "aws_lb",
      "name": "main",
      "provider": "provider[\"registry.terraform.io/hashicorp/aws\"]",
      "instances": [
        {
          "schema_version": 1,
          "attributes": {
            "id": "arn:aws:elasticloadbalancing:ap-northeast-1:112233445566:loadbalancer/app/hr-stg-alb/01b6904e10001",
            "arn": "arn:aws:elasticloadbalancing:ap-northeast-1:112233445566:loadbalancer/app/hr-stg-alb/01b6904e10001",
            "name": "hr-stg-alb",
            "dns_name": "hr-stg-alb-7017.ap-northeast-1.elb.amazonaws.com",
            "internal": false,
            "load_balancer_type": "application",
            "subnets": [
              "subnet-022e5be9501",
              "subnet-07a64be9301"
            ],
            "security_groups": [
              "sg-0721702cb01"
            ],
            "vpc_id": "vpc-01b6904e10001",
            "state": "active",
            "idle_timeout": 60,
            "enable_deletion_protection": false,
            "access_logs": [
              {
                "enabled": true,
                "bucket": "hr-stg-logs-112233445566",
                "prefix": "alb"
              }
            ],
            "tags": {
              "Environment": "STG",
              "System": "人事管理",
              "ManagedBy": "terraform",
              "Name": "hr-stg-alb"
            },
            "tags_all": {
              "Environment": "STG",
              "System": "人事管理",
              "ManagedBy": "terraform",
              "Name": "hr-stg-alb"
            }
          }
        }
      ]
    },
    {
      "mode": "managed",
      "type": "aws_lb_target_group",
      "name": "main",
      "provider": "provider[\"registry.terraform.io/hashicorp/aws\"]",
      "instances": [
        {
          "schema_version": 1,
          "attributes": {
            "id": "arn:aws:elasticloadbalancing:ap-northeast-1:112233445566:targetgroup/hr-stg-tg/04e4aa9ad01",
            "arn": "arn:aws:elasticloadbalancing:ap-northeast-1:112233445566:targetgroup/hr-stg-tg/04e4aa9ad01",
            "name": "hr-stg-tg",
            "protocol": "HTTP",
            "port": 8080,
            "target_type": "instance",
            "vpc_id": "vpc-01b6904e10001",
            "load_balancer_arns": [
              "arn:aws:elasticloadbalancing:ap-northeast-1:112233445566:loadbalancer/app/hr-stg-alb/01b6904e10001"
            ],
            "health_check": [
              {
                "enabled": true,
                "path": "/health",
                "protocol": "HTTP",
                "port": "traffic-port",
                "interval": 30,
                "timeout": 5,
                "healthy_threshold": 3,
                "unhealthy_threshold": 3
              }
            ],
            "tags": {
              "Environment": "STG",
              "System": "人事管理",
              "ManagedBy": "terraform",
              "Name": "hr-stg-tg"
            },
            "tags_all": {
              "Environment": "STG",
              "System": "人事管理",
              "ManagedBy": "terraform",
              "Name": "hr-stg-tg"
            }
          }
        }
      ]
    },
    {
      "mode": "managed",
      "type": "aws_lb_listener",
      "name": "https",
      "provider": "provider[\"registry.terraform.io/hashicorp/aws\"]",
      "instances": [
        {
          "schema_version": 1,
          "attributes": {
            "id": "arn:aws:elasticloadbalancing:ap-northeast-1:112233445566:listener/app/hr-stg-alb/01b6904e10001/03a92d04c01",
            "arn": "arn:aws:elasticloadbalancing:ap-northeast-1:112233445566:listener/app/hr-stg-alb/01b6904e10001/03a92d04c01",
            "load_balancer_arn": "arn:aws:elasticloadbalancing:ap-northeast-1:112233445566:loadbalancer/app/hr-stg-alb/01b6904e10001",
            "port": 443,
            "protocol": "HTTPS",
            "ssl_policy": "ELBSecurityPolicy-TLS13-1-2-2021-06",
            "certificate_arn": "arn:aws:acm:ap-northeast-1:112233445566:certificate/abb0e518-a364-48a2-2ab4-67884a2031be",
            "default_action": [
              {
                "type": "forward",
                "target_group_arn": "arn:aws:elasticloadbalancing:ap-northeast-1:112233445566:targetgroup/hr-stg-tg/04e4aa9ad01",
                "redirect": [],
                "fixed_response": []
              }
            ],
            "tags": {
              "Environment": "STG",
              "System": "人事管理",
              "ManagedBy": "terraform"
            },
            "tags_all": {
              "Environment": "STG",
              "System": "人事管理",
              "ManagedBy": "terraform"
            }
          }
        }
      ]
    },
    {
      "mode": "managed",
      "type": "aws_lb_listener",
      "name": "http",
      "provider": "provider[\"registry.terraform.io/hashicorp/aws\"]",
      "instances": [
        {
          "schema_version": 1,
          "attributes": {
            "id": "arn:aws:elasticloadbalancing:ap-northeast-1:112233445566:listener/app/hr-stg-alb/01b6904e10001/08046608001",
            "arn": "arn:aws:elasticloadbalancing:ap-northeast-1:112233445566:listener/app/hr-stg-alb/01b6904e10001/08046608001",
            "load_balancer_arn": "arn:aws:elasticloadbalancing:ap-northeast-1:112233445566:loadbalancer/app/hr-stg-alb/01b6904e10001",
            "port": 80,
            "protocol": "HTTP",
            "ssl_policy": null,
            "certificate_arn": null,
            "default_action": [
              {
                "type": "redirect",
                "target_group_arn": null,
                "redirect": [
                  {
                    "port": "443",
                    "protocol": "HTTPS",
                    "status_code": "HTTP_301",
                    "host": "#{host}",
                    "path": "/#{path}",
                    "query": "#{query}"
                  }
                ],
                "fixed_response": []
              }
            ],
            "tags": {
              "Environment": "STG",
              "System": "人事管理",
              "ManagedBy": "terraform"
            },
            "tags_all": {
              "Environment": "STG",
              "System": "人事管理",
              "ManagedBy": "terraform"
            }
          }
        }
      ]
    },
    {
      "mode": "managed",
      "type": "aws_s3_bucket",
      "name": "hr_stg_assets_112233445566",
      "provider": "provider[\"registry.terraform.io/hashicorp/aws\"]",
      "instances": [
        {
          "schema_version": 1,
          "attributes": {
            "id": "hr-stg-assets-112233445566",
            "bucket": "hr-stg-assets-112233445566",
            "region": "ap-northeast-1",
            "tags": {
              "Environment": "STG",
              "System": "人事管理",
              "ManagedBy": "terraform",
              "Name": "hr-stg-assets-112233445566"
            },
            "tags_all": {
              "Environment": "STG",
              "System": "人事管理",
              "ManagedBy": "terraform",
              "Name": "hr-stg-assets-112233445566"
            }
          }
        }
      ]
    },
    {
      "mode": "managed",
      "type": "aws_s3_bucket_versioning",
      "name": "hr_stg_assets_112233445566_versioning",
      "provider": "provider[\"registry.terraform.io/hashicorp/aws\"]",
      "instances": [
        {
          "schema_version": 1,
          "attributes": {
            "id": "hr-stg-assets-112233445566",
            "bucket": "hr-stg-assets-112233445566",
            "versioning_configuration": [
              {
                "status": "Enabled",
                "mfa_delete": "Disabled"
              }
            ]
          }
        }
      ]
    },
    {
      "mode": "managed",
      "type": "aws_s3_bucket_server_side_encryption_configuration",
      "name": "hr_stg_assets_112233445566_sse",
      "provider": "provider[\"registry.terraform.io/hashicorp/aws\"]",
      "instances": [
        {
          "schema_version": 1,
          "attributes": {
            "id": "hr-stg-assets-112233445566",
            "bucket": "hr-stg-assets-112233445566",
            "rule": [
              {
                "apply_server_side_encryption_by_default": [
                  {
                    "sse_algorithm": "aws:kms",
                    "kms_master_key_id": "arn:aws:kms:ap-northeast-1:112233445566:key/6fa7814a"
                  }
                ],
                "bucket_key_enabled": true
              }
            ]
          }
        }
      ]
    },
    {
      "mode": "managed",
      "type": "aws_s3_bucket_public_access_block",
      "name": "hr_stg_assets_112233445566_pab",
      "provider": "provider[\"registry.terraform.io/hashicorp/aws\"]",
      "instances": [
        {
          "schema_version": 1,
          "attributes": {
            "id": "hr-stg-assets-112233445566",
            "bucket": "hr-stg-assets-112233445566",
            "block_public_acls": true,
            "block_public_policy": true,
            "ignore_public_acls": true,
            "restrict_public_buckets": true
          }
        }
      ]
    },
    {
      "mode": "managed",
      "type": "aws_s3_bucket",
      "name": "hr_stg_logs_112233445566",
      "provider": "provider[\"registry.terraform.io/hashicorp/aws\"]",
      "instances": [
        {
          "schema_version": 1,
          "attributes": {
            "id": "hr-stg-logs-112233445566",
            "bucket": "hr-stg-logs-112233445566",
            "region": "ap-northeast-1",
            "tags": {
              "Environment": "STG",
              "System": "人事管理",
              "ManagedBy": "terraform",
              "Name": "hr-stg-logs-112233445566"
            },
            "tags_all": {
              "Environment": "STG",
              "System": "人事管理",
              "ManagedBy": "terraform",
              "Name": "hr-stg-logs-112233445566"
            }
          }
        }
      ]
    },
    {
      "mode": "managed",
      "type": "aws_s3_bucket_public_access_block",
      "name": "hr_stg_logs_112233445566_pab",
      "provider": "provider[\"registry.terraform.io/hashicorp/aws\"]",
      "instances": [
        {
          "schema_version": 1,
          "attributes": {
            "id": "hr-stg-logs-112233445566",
            "bucket": "hr-stg-logs-112233445566",
            "block_public_acls": true,
            "block_public_policy": true,
            "ignore_public_acls": true,
            "restrict_public_buckets": true
          }
        }
      ]
    },
    {
      "mode": "managed",
      "type": "aws_cloudwatch_log_group",
      "name": "aws_ec2_hr-stg",
      "provider": "provider[\"registry.terraform.io/hashicorp/aws\"]",
      "instances": [
        {
          "schema_version": 1,
          "attributes": {
            "id": "/aws/ec2/hr-stg",
            "name": "/aws/ec2/hr-stg",
            "retention_in_days": 30,
            "tags": {
              "Environment": "STG",
              "System": "人事管理",
              "ManagedBy": "terraform"
            },
            "tags_all": {
              "Environment": "STG",
              "System": "人事管理",
              "ManagedBy": "terraform"
            }
          }
        }
      ]
    },
    {
      "mode": "managed",
      "type": "aws_cloudwatch_log_group",
      "name": "aws_rds_hr-stg-db",
      "provider": "provider[\"registry.terraform.io/hashicorp/aws\"]",
      "instances": [
        {
          "schema_version": 1,
          "attributes": {
            "id": "/aws/rds/hr-stg-db",
            "name": "/aws/rds/hr-stg-db",
            "retention_in_days": 30,
            "tags": {
              "Environment": "STG",
              "System": "人事管理",
              "ManagedBy": "terraform"
            },
            "tags_all": {
              "Environment": "STG",
              "System": "人事管理",
              "ManagedBy": "terraform"
            }
          }
        }
      ]
    },
    {
      "mode": "managed",
      "type": "aws_cloudwatch_metric_alarm",
      "name": "ec2_cpu_high",
      "provider": "provider[\"registry.terraform.io/hashicorp/aws\"]",
      "instances": [
        {
          "schema_version": 1,
          "attributes": {
            "id": "hr-stg-ec2-cpu-high",
            "alarm_name": "hr-stg-ec2-cpu-high",
            "alarm_description": "EC2 CPU utilization too high",
            "metric_name": "CPUUtilization",
            "namespace": "AWS/EC2",
            "statistic": "Average",
            "period": 300,
            "evaluation_periods": 2,
            "threshold": 80.0,
            "comparison_operator": "GreaterThanThreshold",
            "alarm_actions": [
              "arn:aws:sns:ap-northeast-1:112233445566:alerts"
            ],
            "ok_actions": [],
            "insufficient_data_actions": [],
            "dimensions": {
              "AutoScalingGroupName": "hr-stg-asg"
            },
            "treat_missing_data": "notBreaching",
            "unit": "Percent",
            "tags": {
              "Environment": "STG",
              "System": "人事管理",
              "ManagedBy": "terraform"
            },
            "tags_all": {
              "Environment": "STG",
              "System": "人事管理",
              "ManagedBy": "terraform"
            }
          }
        }
      ]
    },
    {
      "mode": "managed",
      "type": "aws_cloudwatch_metric_alarm",
      "name": "rds_connections_high",
      "provider": "provider[\"registry.terraform.io/hashicorp/aws\"]",
      "instances": [
        {
          "schema_version": 1,
          "attributes": {
            "id": "hr-stg-rds-connections-high",
            "alarm_name": "hr-stg-rds-connections-high",
            "alarm_description": "RDS connection count too high",
            "metric_name": "DatabaseConnections",
            "namespace": "AWS/RDS",
            "statistic": "Average",
            "period": 60,
            "evaluation_periods": 5,
            "threshold": 400.0,
            "comparison_operator": "GreaterThanThreshold",
            "alarm_actions": [
              "arn:aws:sns:ap-northeast-1:112233445566:alerts"
            ],
            "ok_actions": [],
            "insufficient_data_actions": [],
            "dimensions": {
              "DBInstanceIdentifier": "hr-stg-db"
            },
            "treat_missing_data": "notBreaching",
            "unit": "Count",
            "tags": {
              "Environment": "STG",
              "System": "人事管理",
              "ManagedBy": "terraform"
            },
            "tags_all": {
              "Environment": "STG",
              "System": "人事管理",
              "ManagedBy": "terraform"
            }
          }
        }
      ]
    }
  ]
}