{
  "version": 4,
  "terraform_version": "1.7.4",
  "serial": 112,
  "lineage": "8d3a59a8-7c5e-12a2-9422-5d53149d0913",
  "outputs": {},
  "resources": [
    {
      "mode": "managed",
      "type": "aws_vpc",
      "name": "main",
      "provider": "provider[\"registry.terraform.io/hashicorp/aws\"]",
      "instances": [
        {
          "schema_version": 1,
          "attributes": {
            "id": "vpc-08d3a59a80001",
            "cidr_block": "10.12.0.0/16",
            "default": false,
            "enable_dns_support": true,
            "enable_dns_hostnames": true,
            "dhcp_options_id": "dopt-08d3a59a80001",
            "tags": {
              "Environment": "PROD",
              "System": "人事管理",
              "ManagedBy": "terraform",
              "Name": "hr-prod-vpc"
            },
            "tags_all": {
              "Environment": "PROD",
              "System": "人事管理",
              "ManagedBy": "terraform",
              "Name": "hr-prod-vpc"
            }
          }
        }
      ]
    },
    {
      "mode": "managed",
      "type": "aws_subnet",
      "name": "public_1",
      "provider": "provider[\"registry.terraform.io/hashicorp/aws\"]",
      "instances": [
        {
          "schema_version": 1,
          "attributes": {
            "id": "subnet-08f1cd45c01",
            "vpc_id": "vpc-08d3a59a80001",
            "cidr_block": "10.12.1.0/24",
            "availability_zone": "ap-northeast-1a",
            "map_public_ip_on_launch": true,
            "tags": {
              "Environment": "PROD",
              "System": "人事管理",
              "ManagedBy": "terraform",
              "Name": "hr-prod-public-1"
            },
            "tags_all": {
              "Environment": "PROD",
              "System": "人事管理",
              "ManagedBy": "terraform",
              "Name": "hr-prod-public-1"
            }
          }
        }
      ]
    },
    {
      "mode": "managed",
      "type": "aws_subnet",
      "name": "public_2",
      "provider": "provider[\"registry.terraform.io/hashicorp/aws\"]",
      "instances": [
        {
          "schema_version": 1,
          "attributes": {
            "id": "subnet-01290339201",
            "vpc_id": "vpc-08d3a59a80001",
            "cidr_block": "10.12.2.0/24",
            "availability_zone": "ap-northeast-1c",
            "map_public_ip_on_launch": true,
            "tags": {
              "Environment": "PROD",
              "System": "人事管理",
              "ManagedBy": "terraform",
              "Name": "hr-prod-public-2"
            },
            "tags_all": {
              "Environment": "PROD",
              "System": "人事管理",
              "ManagedBy": "terraform",
              "Name": "hr-prod-public-2"
            }
          }
        }
      ]
    },
    {
      "mode": "managed",
      "type": "aws_subnet",
      "name": "private_1",
      "provider": "provider[\"registry.terraform.io/hashicorp/aws\"]",
      "instances": [
        {
          "schema_version": 1,
          "attributes": {
            "id": "subnet-0770396f201",
            "vpc_id": "vpc-08d3a59a80001",
            "cidr_block": "10.12.11.0/24",
            "availability_zone": "ap-northeast-1a",
            "map_public_ip_on_launch": false,
            "tags": {
              "Environment": "PROD",
              "System": "人事管理",
              "ManagedBy": "terraform",
              "Name": "hr-prod-private-1"
            },
            "tags_all": {
              "Environment": "PROD",
              "System": "人事管理",
              "ManagedBy": "terraform",
              "Name": "hr-prod-private-1"
            }
          }
        }
      ]
    },
    {
      "mode": "managed",
      "type": "aws_subnet",
      "name": "private_2",
      "provider": "provider[\"registry.terraform.io/hashicorp/aws\"]",
      "instances": [
        {
          "schema_version": 1,
          "attributes": {
            "id": "subnet-064a140ee01",
            "vpc_id": "vpc-08d3a59a80001",
            "cidr_block": "10.12.12.0/24",
            "availability_zone": "ap-northeast-1c",
            "map_public_ip_on_launch": false,
            "tags": {
              "Environment": "PROD",
              "System": "人事管理",
              "ManagedBy": "terraform",
              "Name": "hr-prod-private-2"
            },
            "tags_all": {
              "Environment": "PROD",
              "System": "人事管理",
              "ManagedBy": "terraform",
              "Name": "hr-prod-private-2"
            }
          }
        }
      ]
    },
    {
      "mode": "managed",
      "type": "aws_internet_gateway",
      "name": "main",
      "provider": "provider[\"registry.terraform.io/hashicorp/aws\"]",
      "instances": [
        {
          "schema_version": 1,
          "attributes": {
            "id": "igw-08d3a59a80001",
            "vpc_id": "vpc-08d3a59a80001",
            "tags": {
              "Environment": "PROD",
              "System": "人事管理",
              "ManagedBy": "terraform",
              "Name": "hr-prod-igw"
            },
            "tags_all": {
              "Environment": "PROD",
              "System": "人事管理",
              "ManagedBy": "terraform",
              "Name": "hr-prod-igw"
            }
          }
        }
      ]
    },
    {
      "mode": "managed",
      "type": "aws_eip",
      "name": "nat_1",
      "provider": "provider[\"registry.terraform.io/hashicorp/aws\"]",
      "instances": [
        {
          "schema_version": 1,
          "attributes": {
            "id": "eipalloc-00f8ad10901",
            "public_ip": "54.22.20.105",
            "domain": "vpc",
            "vpc": true,
            "tags": {
              "Environment": "PROD",
              "System": "人事管理",
              "ManagedBy": "terraform",
              "Name": "hr-prod-eip-nat-1"
            },
            "tags_all": {
              "Environment": "PROD",
              "System": "人事管理",
              "ManagedBy": "terraform",
              "Name": "hr-prod-eip-nat-1"
            }
          }
        }
      ]
    },
    {
      "mode": "managed",
      "type": "aws_nat_gateway",
      "name": "az1",
      "provider": "provider[\"registry.terraform.io/hashicorp/aws\"]",
      "instances": [
        {
          "schema_version": 1,
          "attributes": {
            "id": "nat-0eef3a44a01",
            "subnet_id": "subnet-08f1cd45c01",
            "allocation_id": "eipalloc-00f8ad10901",
            "connectivity_type": "public",
            "state": "available",
            "tags": {
              "Environment": "PROD",
              "System": "人事管理",
              "ManagedBy": "terraform",
              "Name": "hr-prod-nat-az1"
            },
            "tags_all": {
              "Environment": "PROD",
              "System": "人事管理",
              "ManagedBy": "terraform",
              "Name": "hr-prod-nat-az1"
            }
          }
        }
      ]
    },
    {
      "mode": "managed",
      "type": "aws_eip",
      "name": "nat_2",
      "provider": "provider[\"registry.terraform.io/hashicorp/aws\"]",
      "instances": [
        {
          "schema_version": 1,
          "attributes": {
            "id": "eipalloc-067654c5801",
            "public_ip": "54.22.40.110",
            "domain": "vpc",
            "vpc": true,
            "tags": {
              "Environment": "PROD",
              "System": "人事管理",
              "ManagedBy": "terraform",
              "Name": "hr-prod-eip-nat-2"
            },
            "tags_all": {
              "Environment": "PROD",
              "System": "人事管理",
              "ManagedBy": "terraform",
              "Name": "hr-prod-eip-nat-2"
            }
          }
        }
      ]
    },
    {
      "mode": "managed",
      "type": "aws_nat_gateway",
      "name": "az2",
      "provider": "provider[\"registry.terraform.io/hashicorp/aws\"]",
      "instances": [
        {
          "schema_version": 1,
          "attributes": {
            "id": "nat-0ba31e3b001",
            "subnet_id": "subnet-01290339201",
            "allocation_id": "eipalloc-067654c5801",
            "connectivity_type": "public",
            "state": "available",
            "tags": {
              "Environment": "PROD",
              "System": "人事管理",
              "ManagedBy": "terraform",
              "Name": "hr-prod-nat-az2"
            },
            "tags_all": {
              "Environment": "PROD",
              "System": "人事管理",
              "ManagedBy": "terraform",
              "Name": "hr-prod-nat-az2"
            }
          }
        }
      ]
    },
    {
      "mode": "managed",
      "type": "aws_security_group",
      "name": "alb",
      "provider": "provider[\"registry.terraform.io/hashicorp/aws\"]",
      "instances": [
        {
          "schema_version": 1,
          "attributes": {
            "id": "sg-0b93f843401",
            "name": "hr-prod-sg-alb",
            "description": "ALB security group",
            "vpc_id": "vpc-08d3a59a80001",
            "ingress": [
              {
                "from_port": 80,
                "to_port": 80,
                "protocol": "tcp",
                "cidr_blocks": [
                  "0.0.0.0/0"
                ],
                "ipv6_cidr_blocks": [
                  "::/0"
                ],
                "prefix_list_ids": [],
                "security_groups": [],
                "self": false,
                "description": "HTTP"
              },
              {
                "from_port": 443,
                "to_port": 443,
                "protocol": "tcp",
                "cidr_blocks": [
                  "0.0.0.0/0"
                ],
                "ipv6_cidr_blocks": [
                  "::/0"
                ],
                "prefix_list_ids": [],
                "security_groups": [],
                "self": false,
                "description": "HTTPS"
              }
            ],
            "egress": [
              {
                "from_port": 0,
                "to_port": 0,
                "protocol": "-1",
                "cidr_blocks": [
                  "0.0.0.0/0"
                ],
                "ipv6_cidr_blocks": [],
                "prefix_list_ids": [],
                "security_groups": [],
                "self": false,
                "description": ""
              }
            ],
            "tags": {
              "Environment": "PROD",
              "System": "人事管理",
              "ManagedBy": "terraform",
              "Name": "hr-prod-sg-alb"
            },
            "tags_all": {
              "Environment": "PROD",
              "System": "人事管理",
              "ManagedBy": "terraform",
              "Name": "hr-prod-sg-alb"
            }
          }
        }
      ]
    },
    {
      "mode": "managed",
      "type": "aws_security_group",
      "name": "app",
      "provider": "provider[\"registry.terraform.io/hashicorp/aws\"]",
      "instances": [
        {
          "schema_version": 1,
          "attributes": {
            "id": "sg-06d4b7c4701",
            "name": "hr-prod-sg-app",
            "description": "App server security group",
            "vpc_id": "vpc-08d3a59a80001",
            "ingress": [
              {
                "from_port": 8080,
                "to_port": 8080,
                "protocol": "tcp",
                "cidr_blocks": [],
                "ipv6_cidr_blocks": [],
                "prefix_list_ids": [],
                "security_groups": [
                  "sg-0b93f843401"
                ],
                "self": false,
                "description": "From ALB"
              },
              {
                "from_port": 22,
                "to_port": 22,
                "protocol": "tcp",
                "cidr_blocks": [
                  "10.0.0.0/8"
                ],
                "ipv6_cidr_blocks": [],
                "prefix_list_ids": [],
                "security_groups": [],
                "self": false,
                "description": "SSH from internal"
              }
            ],
            "egress": [
              {
                "from_port": 0,
                "to_port": 0,
                "protocol": "-1",
                "cidr_blocks": [
                  "0.0.0.0/0"
                ],
                "ipv6_cidr_blocks": [],
                "prefix_list_ids": [],
                "security_groups": [],
                "self": false,
                "description": ""
              }
            ],
            "tags": {
              "Environment": "PROD",
              "System": "人事管理",
              "ManagedBy": "terraform",
              "Name": "hr-prod-sg-app"
            },
            "tags_all": {
              "Environment": "PROD",
              "System": "人事管理",
              "ManagedBy": "terraform",
              "Name": "hr-prod-sg-app"
            }
          }
        }
      ]
    },
    {
      "mode": "managed",
      "type": "aws_security_group",
      "name": "rds",
      "provider": "provider[\"registry.terraform.io/hashicorp/aws\"]",
      "instances": [
        {
          "schema_version": 1,
          "attributes": {
            "id": "sg-0b210f5c001",
            "name": "hr-prod-sg-rds",
            "description": "RDS security group",
            "vpc_id": "vpc-08d3a59a80001",
            "ingress": [
              {
                "from_port": 3306,
                "to_port": 3306,
                "protocol": "tcp",
                "cidr_blocks": [],
                "ipv6_cidr_blocks": [],
                "prefix_list_ids": [],
                "security_groups": [
                  "sg-06d4b7c4701"
                ],
                "self": false,
                "description": "From App tier"
              }
            ],
            "egress": [
              {
                "from_port": 0,
                "to_port": 0,
                "protocol": "-1",
                "cidr_blocks": [
                  "0.0.0.0/0"
                ],
                "ipv6_cidr_blocks": [],
                "prefix_list_ids": [],
                "security_groups": [],
                "self": false,
                "description": ""
              }
            ],
            "tags": {
              "Environment": "PROD",
              "System": "人事管理",
              "ManagedBy": "terraform",
              "Name": "hr-prod-sg-rds"
            },
            "tags_all": {
              "Environment": "PROD",
              "System": "人事管理",
              "ManagedBy": "terraform",
              "Name": "hr-prod-sg-rds"
            }
          }
        }
      ]
    },
    {
      "mode": "managed",
      "type": "aws_instance",
      "name": "app_1",
      "provider": "provider[\"registry.terraform.io/hashicorp/aws\"]",
      "instances": [
        {
          "schema_version": 1,
          "attributes": {
            "id": "i-072b4de5301",
            "ami": "ami-0d52744d6551d851e",
            "instance_type": "t3.large",
            "instance_state": "running",
            "vpc_id": "vpc-08d3a59a80001",
            "subnet_id": "subnet-0770396f201",
            "availability_zone": "ap-northeast-1a",
            "private_ip": "10.12.11.10",
            "public_ip": null,
            "vpc_security_group_ids": [
              "sg-06d4b7c4701"
            ],
            "key_name": "hr-prod-keypair",
            "iam_instance_profile": "hr-prod-ec2-profile",
            "monitoring": true,
            "platform": null,
            "tags": {
              "Environment": "PROD",
              "System": "人事管理",
              "ManagedBy": "terraform",
              "Name": "hr-prod-app-01",
              "Application": "人事管理アプリ",
              "Language": "ruby",
              "Framework": "rails",
              "Runtime": "puma",
              "DeployMethod": "ec2",
              "Branch": "main"
            },
            "tags_all": {
              "Environment": "PROD",
              "System": "人事管理",
              "ManagedBy": "terraform",
              "Name": "hr-prod-app-01",
              "Application": "人事管理アプリ",
              "Language": "ruby",
              "Framework": "rails",
              "Runtime": "puma",
              "DeployMethod": "ec2",
              "Branch": "main"
            }
          }
        }
      ]
    },
    {
      "mode": "managed",
      "type": "aws_instance",
      "name": "app_2",
      "provider": "provider[\"registry.terraform.io/hashicorp/aws\"]",
      "instances": [
        {
          "schema_version": 1,
          "attributes": {
            "id": "i-0ae6b633c01",
            "ami": "ami-0d52744d6551d851e",
            "instance_type": "t3.large",
            "instance_state": "running",
            "vpc_id": "vpc-08d3a59a80001",
            "subnet_id": "subnet-064a140ee01",
            "availability_zone": "ap-northeast-1c",
            "private_ip": "10.12.11.20",
            "public_ip": null,
            "vpc_security_group_ids": [
              "sg-06d4b7c4701"
            ],
            "key_name": "hr-prod-keypair",
            "iam_instance_profile": "hr-prod-ec2-profile",
            "monitoring": true,
            "platform": null,
            "tags": {
              "Environment": "PROD",
              "System": "人事管理",
              "ManagedBy": "terraform",
              "Name": "hr-prod-app-02",
              "Application": "人事管理アプリ",
              "Language": "ruby",
              "Framework": "rails",
              "Runtime": "puma",
              "DeployMethod": "ec2",
              "Branch": "main"
            },
            "tags_all": {
              "Environment": "PROD",
              "System": "人事管理",
              "ManagedBy": "terraform",
              "Name": "hr-prod-app-02",
              "Application": "人事管理アプリ",
              "Language": "ruby",
              "Framework": "rails",
              "Runtime": "puma",
              "DeployMethod": "ec2",
              "Branch": "main"
            }
          }
        }
      ]
    },
    {
      "mode": "managed",
      "type": "aws_ebs_volume",
      "name": "app_1",
      "provider": "provider[\"registry.terraform.io/hashicorp/aws\"]",
      "instances": [
        {
          "schema_version": 1,
          "attributes": {
            "id": "vol-0835c2fe601",
            "size": 50,
            "type": "gp3",
            "iops": 3000,
            "throughput": 125,
            "availability_zone": "ap-northeast-1a",
            "encrypted": true,
            "kms_key_id": "arn:aws:kms:ap-northeast-1:112233445566:key/1ae86de6",
            "snapshot_id": null,
            "multi_attach_enabled": false,
            "attachments": [
              {
                "instance_id": "i-072b4de5301",
                "device": "/dev/sdf",
                "delete_on_termination": true
              }
            ],
            "tags": {
              "Environment": "PROD",
              "System": "人事管理",
              "ManagedBy": "terraform",
              "Name": "hr-prod-ebs-01",
              "attached_instance_id": "i-072b4de5301"
            },
            "tags_all": {
              "Environment": "PROD",
              "System": "人事管理",
              "ManagedBy": "terraform",
              "Name": "hr-prod-ebs-01",
              "attached_instance_id": "i-072b4de5301"
            }
          }
        }
      ]
    },
    {
      "mode": "managed",
      "type": "aws_ebs_volume",
      "name": "app_2",
      "provider": "provider[\"registry.terraform.io/hashicorp/aws\"]",
      "instances": [
        {
          "schema_version": 1,
          "attributes": {
            "id": "vol-084e0bbe201",
            "size": 50,
            "type": "gp3",
            "iops": 3000,
            "throughput": 125,
            "availability_zone": "ap-northeast-1c",
            "encrypted": true,
            "kms_key_id": "arn:aws:kms:ap-northeast-1:112233445566:key/1ae86de6",
            "snapshot_id": null,
            "multi_attach_enabled": false,
            "attachments": [
              {
                "instance_id": "i-0ae6b633c01",
                "device": "/dev/sdf",
                "delete_on_termination": true
              }
            ],
            "tags": {
              "Environment": "PROD",
              "System": "人事管理",
              "ManagedBy": "terraform",
              "Name": "hr-prod-ebs-02",
              "attached_instance_id": "i-0ae6b633c01"
            },
            "tags_all": {
              "Environment": "PROD",
              "System": "人事管理",
              "ManagedBy": "terraform",
              "Name": "hr-prod-ebs-02",
              "attached_instance_id": "i-0ae6b633c01"
            }
          }
        }
      ]
    },
    {
      "mode": "managed",
      "type": "aws_db_instance",
      "name": "main",
      "provider": "provider[\"registry.terraform.io/hashicorp/aws\"]",
      "instances": [
        {
          "schema_version": 1,
          "attributes": {
            "id": "hr-prod-db",
            "identifier": "hr-prod-db",
            "engine": "mysql",
            "engine_version": "8.0.36",
            "instance_class": "db.t3.large",
            "db_name": "hr",
            "username": "admin",
            "port": 3306,
            "endpoint": "hr-prod-db.8d3a59.ap-northeast-1.rds.amazonaws.com:3306",
            "address": "hr-prod-db.8d3a59.ap-northeast-1.rds.amazonaws.com",
            "status": "available",
            "multi_az": true,
            "publicly_accessible": false,
            "storage_type": "gp3",
            "allocated_storage": 100,
            "backup_retention_period": 7,
            "deletion_protection": true,
            "availability_zone": null,
            "vpc_security_group_memberships": [
              {
                "id": "sg-0b210f5c001",
                "name": "hr-prod-sg-rds"
              }
            ],
            "tags": {
              "Environment": "PROD",
              "System": "人事管理",
              "ManagedBy": "terraform",
              "Name": "hr-prod-db"
            },
            "tags_all": {
              "Environment": "PROD",
              "System": "人事管理",
              "ManagedBy": "terraform",
              "Name": "hr-prod-db"
            }
          }
        }
      ]
    },
    {
      "mode": "managed",
      "type": "aws_lb",
      "name": "main",
      "provider": "provider[\"registry.terraform.io/hashicorp/aws\"]",
      "instances": [
        {
          "schema_version": 1,
          "attributes": {
            "id": "arn:aws:elasticloadbalancing:ap-northeast-1:112233445566:loadbalancer/app/hr-prod-alb/08d3a59a80001",
            "arn": "arn:aws:elasticloadbalancing:ap-northeast-1:112233445566:loadbalancer/app/hr-prod-alb/08d3a59a80001",
            "name": "hr-prod-alb",
            "dns_name": "hr-prod-alb-36154.ap-northeast-1.elb.amazonaws.com",
            "internal": false,
            "load_balancer_type": "application",
            "subnets": [
              "subnet-08f1cd45c01",
              "subnet-01290339201"
            ],
            "security_groups": [
              "sg-0b93f843401"
            ],
            "vpc_id": "vpc-08d3a59a80001",
            "state": "active",
            "idle_timeout": 60,
            "enable_deletion_protection": true,
            "access_logs": [
              {
                "enabled": true,
                "bucket": "hr-prod-logs-112233445566",
                "prefix": "alb"
              }
            ],
            "tags": {
              "Environment": "PROD",
              "System": "人事管理",
              "ManagedBy": "terraform",
              "Name": "hr-prod-alb"
            },
            "tags_all": {
              "Environment": "PROD",
              "System": "人事管理",
              "ManagedBy": "terraform",
              "Name": "hr-prod-alb"
            }
          }
        }
      ]
    },
    {
      "mode": "managed",
      "type": "aws_lb_target_group",
      "name": "main",
      "provider": "provider[\"registry.terraform.io/hashicorp/aws\"]",
      "instances": [
        {
          "schema_version": 1,
          "attributes": {
            "id": "arn:aws:elasticloadbalancing:ap-northeast-1:112233445566:targetgroup/hr-prod-tg/0a13f31ad01",
            "arn": "arn:aws:elasticloadbalancing:ap-northeast-1:112233445566:targetgroup/hr-prod-tg/0a13f31ad01",
            "name": "hr-prod-tg",
            "protocol": "HTTP",
            "port": 8080,
            "target_type": "instance",
            "vpc_id": "vpc-08d3a59a80001",
            "load_balancer_arns": [
              "arn:aws:elasticloadbalancing:ap-northeast-1:112233445566:loadbalancer/app/hr-prod-alb/08d3a59a80001"
            ],
            "health_check": [
              {
                "enabled": true,
                "path": "/health",
                "protocol": "HTTP",
                "port": "traffic-port",
                "interval": 30,
                "timeout": 5,
                "healthy_threshold": 3,
                "unhealthy_threshold": 3
              }
            ],
            "tags": {
              "Environment": "PROD",
              "System": "人事管理",
              "ManagedBy": "terraform",
              "Name": "hr-prod-tg"
            },
            "tags_all": {
              "Environment": "PROD",
              "System": "人事管理",
              "ManagedBy": "terraform",
              "Name": "hr-prod-tg"
            }
          }
        }
      ]
    },
    {
      "mode": "managed",
      "type": "aws_lb_listener",
      "name": "https",
      "provider": "provider[\"registry.terraform.io/hashicorp/aws\"]",
      "instances": [
        {
          "schema_version": 1,
          "attributes": {
            "id": "arn:aws:elasticloadbalancing:ap-northeast-1:112233445566:listener/app/hr-prod-alb/08d3a59a80001/08fe54e0e01",
            "arn": "arn:aws:elasticloadbalancing:ap-northeast-1:112233445566:listener/app/hr-prod-alb/08d3a59a80001/08fe54e0e01",
            "load_balancer_arn": "arn:aws:elasticloadbalancing:ap-northeast-1:112233445566:loadbalancer/app/hr-prod-alb/08d3a59a80001",
            "port": 443,
            "protocol": "HTTPS",
            "ssl_policy": "ELBSecurityPolicy-TLS13-1-2-2021-06",
            "certificate_arn": "arn:aws:acm:ap-northeast-1:112233445566:certificate/5aa3239b-8313-4f55-a64e-d9c45f74eeb2",
            "default_action": [
              {
                "type": "forward",
                "target_group_arn": "arn:aws:elasticloadbalancing:ap-northeast-1:112233445566:targetgroup/hr-prod-tg/0a13f31ad01",
                "redirect": [],
                "fixed_response": []
              }
            ],
            "tags": {
              "Environment": "PROD",
              "System": "人事管理",
              "ManagedBy": "terraform"
            },
            "tags_all": {
              "Environment": "PROD",
              "System": "人事管理",
              "ManagedBy": "terraform"
            }
          }
        }
      ]
    },
    {
      "mode": "managed",
      "type": "aws_lb_listener",
      "name": "http",
      "provider": "provider[\"registry.terraform.io/hashicorp/aws\"]",
      "instances": [
        {
          "schema_version": 1,
          "attributes": {
            "id": "arn:aws:elasticloadbalancing:ap-northeast-1:112233445566:listener/app/hr-prod-alb/08d3a59a80001/065a3ea2b01",
            "arn": "arn:aws:elasticloadbalancing:ap-northeast-1:112233445566:listener/app/hr-prod-alb/08d3a59a80001/065a3ea2b01",
            "load_balancer_arn": "arn:aws:elasticloadbalancing:ap-northeast-1:112233445566:loadbalancer/app/hr-prod-alb/08d3a59a80001",
            "port": 80,
            "protocol": "HTTP",
            "ssl_policy": null,
            "certificate_arn": null,
            "default_action": [
              {
                "type": "redirect",
                "target_group_arn": null,
                "redirect": [
                  {
                    "port": "443",
                    "protocol": "HTTPS",
                    "status_code": "HTTP_301",
                    "host": "#{host}",
                    "path": "/#{path}",
                    "query": "#{query}"
                  }
                ],
                "fixed_response": []
              }
            ],
            "tags": {
              "Environment": "PROD",
              "System": "人事管理",
              "ManagedBy": "terraform"
            },
            "tags_all": {
              "Environment": "PROD",
              "System": "人事管理",
              "ManagedBy": "terraform"
            }
          }
        }
      ]
    },
    {
      "mode": "managed",
      "type": "aws_s3_bucket",
      "name": "hr_prod_assets_112233445566",
      "provider": "provider[\"registry.terraform.io/hashicorp/aws\"]",
      "instances": [
        {
          "schema_version": 1,
          "attributes": {
            "id": "hr-prod-assets-112233445566",
            "bucket": "hr-prod-assets-112233445566",
            "region": "ap-northeast-1",
            "tags": {
              "Environment": "PROD",
              "System": "人事管理",
              "ManagedBy": "terraform",
              "Name": "hr-prod-assets-112233445566"
            },
            "tags_all": {
              "Environment": "PROD",
              "System": "人事管理",
              "ManagedBy": "terraform",
              "Name": "hr-prod-assets-112233445566"
            }
          }
        }
      ]
    },
    {
      "mode": "managed",
      "type": "aws_s3_bucket_versioning",
      "name": "hr_prod_assets_112233445566_versioning",
      "provider": "provider[\"registry.terraform.io/hashicorp/aws\"]",
      "instances": [
        {
          "schema_version": 1,
          "attributes": {
            "id": "hr-prod-assets-112233445566",
            "bucket": "hr-prod-assets-112233445566",
            "versioning_configuration": [
              {
                "status": "Enabled",
                "mfa_delete": "Disabled"
              }
            ]
          }
        }
      ]
    },
    {
      "mode": "managed",
      "type": "aws_s3_bucket_server_side_encryption_configuration",
      "name": "hr_prod_assets_112233445566_sse",
      "provider": "provider[\"registry.terraform.io/hashicorp/aws\"]",
      "instances": [
        {
          "schema_version": 1,
          "attributes": {
            "id": "hr-prod-assets-112233445566",
            "bucket": "hr-prod-assets-112233445566",
            "rule": [
              {
                "apply_server_side_encryption_by_default": [
                  {
                    "sse_algorithm": "aws:kms",
                    "kms_master_key_id": "arn:aws:kms:ap-northeast-1:112233445566:key/61cdc469"
                  }
                ],
                "bucket_key_enabled": true
              }
            ]
          }
        }
      ]
    },
    {
      "mode": "managed",
      "type": "aws_s3_bucket_public_access_block",
      "name": "hr_prod_assets_112233445566_pab",
      "provider": "provider[\"registry.terraform.io/hashicorp/aws\"]",
      "instances": [
        {
          "schema_version": 1,
          "attributes": {
            "id": "hr-prod-assets-112233445566",
            "bucket": "hr-prod-assets-112233445566",
            "block_public_acls": true,
            "block_public_policy": true,
            "ignore_public_acls": true,
            "restrict_public_buckets": true
          }
        }
      ]
    },
    {
      "mode": "managed",
      "type": "aws_s3_bucket",
      "name": "hr_prod_logs_112233445566",
      "provider": "provider[\"registry.terraform.io/hashicorp/aws\"]",
      "instances": [
        {
          "schema_version": 1,
          "attributes": {
            "id": "hr-prod-logs-112233445566",
            "bucket": "hr-prod-logs-112233445566",
            "region": "ap-northeast-1",
            "tags": {
              "Environment": "PROD",
              "System": "人事管理",
              "ManagedBy": "terraform",
              "Name": "hr-prod-logs-112233445566"
            },
            "tags_all": {
              "Environment": "PROD",
              "System": "人事管理",
              "ManagedBy": "terraform",
              "Name": "hr-prod-logs-112233445566"
            }
          }
        }
      ]
    },
    {
      "mode": "managed",
      "type": "aws_s3_bucket_public_access_block",
      "name": "hr_prod_logs_112233445566_pab",
      "provider": "provider[\"registry.terraform.io/hashicorp/aws\"]",
      "instances": [
        {
          "schema_version": 1,
          "attributes": {
            "id": "hr-prod-logs-112233445566",
            "bucket": "hr-prod-logs-112233445566",
            "block_public_acls": true,
            "block_public_policy": true,
            "ignore_public_acls": true,
            "restrict_public_buckets": true
          }
        }
      ]
    },
    {
      "mode": "managed",
      "type": "aws_cloudwatch_log_group",
      "name": "aws_ec2_hr-prod",
      "provider": "provider[\"registry.terraform.io/hashicorp/aws\"]",
      "instances": [
        {
          "schema_version": 1,
          "attributes": {
            "id": "/aws/ec2/hr-prod",
            "name": "/aws/ec2/hr-prod",
            "retention_in_days": 90,
            "tags": {
              "Environment": "PROD",
              "System": "人事管理",
              "ManagedBy": "terraform"
            },
            "tags_all": {
              "Environment": "PROD",
              "System": "人事管理",
              "ManagedBy": "terraform"
            }
          }
        }
      ]
    },
    {
      "mode": "managed",
      "type": "aws_cloudwatch_log_group",
      "name": "aws_rds_hr-prod-db",
      "provider": "provider[\"registry.terraform.io/hashicorp/aws\"]",
      "instances": [
        {
          "schema_version": 1,
          "attributes": {
            "id": "/aws/rds/hr-prod-db",
            "name": "/aws/rds/hr-prod-db",
            "retention_in_days": 90,
            "tags": {
              "Environment": "PROD",
              "System": "人事管理",
              "ManagedBy": "terraform"
            },
            "tags_all": {
              "Environment": "PROD",
              "System": "人事管理",
              "ManagedBy": "terraform"
            }
          }
        }
      ]
    },
    {
      "mode": "managed",
      "type": "aws_cloudwatch_metric_alarm",
      "name": "ec2_cpu_high",
      "provider": "provider[\"registry.terraform.io/hashicorp/aws\"]",
      "instances": [
        {
          "schema_version": 1,
          "attributes": {
            "id": "hr-prod-ec2-cpu-high",
            "alarm_name": "hr-prod-ec2-cpu-high",
            "alarm_description": "EC2 CPU utilization too high",
            "metric_name": "CPUUtilization",
            "namespace": "AWS/EC2",
            "statistic": "Average",
            "period": 300,
            "evaluation_periods": 2,
            "threshold": 80.0,
            "comparison_operator": "GreaterThanThreshold",
            "alarm_actions": [
              "arn:aws:sns:ap-northeast-1:112233445566:alerts"
            ],
            "ok_actions": [],
            "insufficient_data_actions": [],
            "dimensions": {
              "AutoScalingGroupName": "hr-prod-asg"
            },
            "treat_missing_data": "notBreaching",
            "unit": "Percent",
            "tags": {
              "Environment": "PROD",
              "System": "人事管理",
              "ManagedBy": "terraform"
            },
            "tags_all": {
              "Environment": "PROD",
              "System": "人事管理",
              "ManagedBy": "terraform"
            }
          }
        }
      ]
    },
    {
      "mode": "managed",
      "type": "aws_cloudwatch_metric_alarm",
      "name": "rds_connections_high",
      "provider": "provider[\"registry.terraform.io/hashicorp/aws\"]",
      "instances": [
        {
          "schema_version": 1,
          "attributes": {
            "id": "hr-prod-rds-connections-high",
            "alarm_name": "hr-prod-rds-connections-high",
            "alarm_description": "RDS connection count too high",
            "metric_name": "DatabaseConnections",
            "namespace": "AWS/RDS",
            "statistic": "Average",
            "period": 60,
            "evaluation_periods": 5,
            "threshold": 400.0,
            "comparison_operator": "GreaterThanThreshold",
            "alarm_actions": [
              "arn:aws:sns:ap-northeast-1:112233445566:alerts"
            ],
            "ok_actions": [],
            "insufficient_data_actions": [],
            "dimensions": {
              "DBInstanceIdentifier": "hr-prod-db"
            },
            "treat_missing_data": "notBreaching",
            "unit": "Count",
            "tags": {
              "Environment": "PROD",
              "System": "人事管理",
              "ManagedBy": "terraform"
            },
            "tags_all": {
              "Environment": "PROD",
              "System": "人事管理",
              "ManagedBy": "terraform"
            }
          }
        }
      ]
    },
    {
      "mode": "managed",
      "type": "aws_codedeploy_app",
      "name": "main",
      "provider": "provider[\"registry.terraform.io/hashicorp/aws\"]",
      "instances": [
        {
          "schema_version": 1,
          "attributes": {
            "id": "hr-prod-app",
            "name": "hr-prod-app",
            "compute_platform": "Server",
            "application_id": "b745f0d5",
            "tags": {
              "Environment": "PROD",
              "System": "人事管理",
              "ManagedBy": "terraform",
              "Name": "hr-prod-app"
            },
            "tags_all": {
              "Environment": "PROD",
              "System": "人事管理",
              "ManagedBy": "terraform",
              "Name": "hr-prod-app"
            }
          }
        }
      ]
    },
    {
      "mode": "managed",
      "type": "aws_codedeploy_deployment_group",
      "name": "main",
      "provider": "provider[\"registry.terraform.io/hashicorp/aws\"]",
      "instances": [
        {
          "schema_version": 1,
          "attributes": {
            "id": "35294afb",
            "app_name": "hr-prod-app",
            "deployment_group_name": "hr-prod-deploy-group",
            "service_role_arn": "arn:aws:iam::112233445566:role/hr-prod-codedeploy-role",
            "deployment_config_name": "CodeDeployDefault.OneAtATime",
            "autoscaling_groups": [
              "hr-prod-asg"
            ],
            "deployment_style": [
              {
                "deployment_option": "WITHOUT_TRAFFIC_CONTROL",
                "deployment_type": "IN_PLACE"
              }
            ],
            "auto_rollback_configuration": [
              {
                "enabled": true,
                "events": [
                  "DEPLOYMENT_FAILURE",
                  "DEPLOYMENT_STOP_ON_ALARM"
                ]
              }
            ],
            "alarm_configuration": [
              {
                "enabled": true,
                "alarms": [
                  "hr-prod-ec2-cpu-high"
                ]
              }
            ]
          }
        }
      ]
    }
  ]
}