{
  "version": 4,
  "terraform_version": "1.7.4",
  "serial": 106,
  "lineage": "21e77492-701a-e3f4-42c7-cdaf1267adc5",
  "outputs": {},
  "resources": [
    {
      "mode": "managed",
      "type": "aws_vpc",
      "name": "main",
      "provider": "provider[\"registry.terraform.io/hashicorp/aws\"]",
      "instances": [
        {
          "schema_version": 1,
          "attributes": {
            "id": "vpc-021e774920001",
            "cidr_block": "10.6.0.0/16",
            "default": false,
            "enable_dns_support": true,
            "enable_dns_hostnames": true,
            "dhcp_options_id": "dopt-021e774920001",
            "tags": {
              "Environment": "PROD",
              "System": "社内ポータル",
              "ManagedBy": "terraform",
              "Name": "portal-prod-vpc"
            },
            "tags_all": {
              "Environment": "PROD",
              "System": "社内ポータル",
              "ManagedBy": "terraform",
              "Name": "portal-prod-vpc"
            }
          }
        }
      ]
    },
    {
      "mode": "managed",
      "type": "aws_subnet",
      "name": "public_1",
      "provider": "provider[\"registry.terraform.io/hashicorp/aws\"]",
      "instances": [
        {
          "schema_version": 1,
          "attributes": {
            "id": "subnet-00b1c503f01",
            "vpc_id": "vpc-021e774920001",
            "cidr_block": "10.6.1.0/24",
            "availability_zone": "ap-northeast-1a",
            "map_public_ip_on_launch": true,
            "tags": {
              "Environment": "PROD",
              "System": "社内ポータル",
              "ManagedBy": "terraform",
              "Name": "portal-prod-public-1"
            },
            "tags_all": {
              "Environment": "PROD",
              "System": "社内ポータル",
              "ManagedBy": "terraform",
              "Name": "portal-prod-public-1"
            }
          }
        }
      ]
    },
    {
      "mode": "managed",
      "type": "aws_subnet",
      "name": "public_2",
      "provider": "provider[\"registry.terraform.io/hashicorp/aws\"]",
      "instances": [
        {
          "schema_version": 1,
          "attributes": {
            "id": "subnet-053d70de401",
            "vpc_id": "vpc-021e774920001",
            "cidr_block": "10.6.2.0/24",
            "availability_zone": "ap-northeast-1c",
            "map_public_ip_on_launch": true,
            "tags": {
              "Environment": "PROD",
              "System": "社内ポータル",
              "ManagedBy": "terraform",
              "Name": "portal-prod-public-2"
            },
            "tags_all": {
              "Environment": "PROD",
              "System": "社内ポータル",
              "ManagedBy": "terraform",
              "Name": "portal-prod-public-2"
            }
          }
        }
      ]
    },
    {
      "mode": "managed",
      "type": "aws_subnet",
      "name": "private_1",
      "provider": "provider[\"registry.terraform.io/hashicorp/aws\"]",
      "instances": [
        {
          "schema_version": 1,
          "attributes": {
            "id": "subnet-0699212c201",
            "vpc_id": "vpc-021e774920001",
            "cidr_block": "10.6.11.0/24",
            "availability_zone": "ap-northeast-1a",
            "map_public_ip_on_launch": false,
            "tags": {
              "Environment": "PROD",
              "System": "社内ポータル",
              "ManagedBy": "terraform",
              "Name": "portal-prod-private-1"
            },
            "tags_all": {
              "Environment": "PROD",
              "System": "社内ポータル",
              "ManagedBy": "terraform",
              "Name": "portal-prod-private-1"
            }
          }
        }
      ]
    },
    {
      "mode": "managed",
      "type": "aws_subnet",
      "name": "private_2",
      "provider": "provider[\"registry.terraform.io/hashicorp/aws\"]",
      "instances": [
        {
          "schema_version": 1,
          "attributes": {
            "id": "subnet-02fd54b3a01",
            "vpc_id": "vpc-021e774920001",
            "cidr_block": "10.6.12.0/24",
            "availability_zone": "ap-northeast-1c",
            "map_public_ip_on_launch": false,
            "tags": {
              "Environment": "PROD",
              "System": "社内ポータル",
              "ManagedBy": "terraform",
              "Name": "portal-prod-private-2"
            },
            "tags_all": {
              "Environment": "PROD",
              "System": "社内ポータル",
              "ManagedBy": "terraform",
              "Name": "portal-prod-private-2"
            }
          }
        }
      ]
    },
    {
      "mode": "managed",
      "type": "aws_internet_gateway",
      "name": "main",
      "provider": "provider[\"registry.terraform.io/hashicorp/aws\"]",
      "instances": [
        {
          "schema_version": 1,
          "attributes": {
            "id": "igw-021e774920001",
            "vpc_id": "vpc-021e774920001",
            "tags": {
              "Environment": "PROD",
              "System": "社内ポータル",
              "ManagedBy": "terraform",
              "Name": "portal-prod-igw"
            },
            "tags_all": {
              "Environment": "PROD",
              "System": "社内ポータル",
              "ManagedBy": "terraform",
              "Name": "portal-prod-igw"
            }
          }
        }
      ]
    },
    {
      "mode": "managed",
      "type": "aws_eip",
      "name": "nat_1",
      "provider": "provider[\"registry.terraform.io/hashicorp/aws\"]",
      "instances": [
        {
          "schema_version": 1,
          "attributes": {
            "id": "eipalloc-0a59c932301",
            "public_ip": "54.16.20.105",
            "domain": "vpc",
            "vpc": true,
            "tags": {
              "Environment": "PROD",
              "System": "社内ポータル",
              "ManagedBy": "terraform",
              "Name": "portal-prod-eip-nat-1"
            },
            "tags_all": {
              "Environment": "PROD",
              "System": "社内ポータル",
              "ManagedBy": "terraform",
              "Name": "portal-prod-eip-nat-1"
            }
          }
        }
      ]
    },
    {
      "mode": "managed",
      "type": "aws_nat_gateway",
      "name": "az1",
      "provider": "provider[\"registry.terraform.io/hashicorp/aws\"]",
      "instances": [
        {
          "schema_version": 1,
          "attributes": {
            "id": "nat-03c7d62eb01",
            "subnet_id": "subnet-00b1c503f01",
            "allocation_id": "eipalloc-0a59c932301",
            "connectivity_type": "public",
            "state": "available",
            "tags": {
              "Environment": "PROD",
              "System": "社内ポータル",
              "ManagedBy": "terraform",
              "Name": "portal-prod-nat-az1"
            },
            "tags_all": {
              "Environment": "PROD",
              "System": "社内ポータル",
              "ManagedBy": "terraform",
              "Name": "portal-prod-nat-az1"
            }
          }
        }
      ]
    },
    {
      "mode": "managed",
      "type": "aws_eip",
      "name": "nat_2",
      "provider": "provider[\"registry.terraform.io/hashicorp/aws\"]",
      "instances": [
        {
          "schema_version": 1,
          "attributes": {
            "id": "eipalloc-0f3c4775701",
            "public_ip": "54.16.40.110",
            "domain": "vpc",
            "vpc": true,
            "tags": {
              "Environment": "PROD",
              "System": "社内ポータル",
              "ManagedBy": "terraform",
              "Name": "portal-prod-eip-nat-2"
            },
            "tags_all": {
              "Environment": "PROD",
              "System": "社内ポータル",
              "ManagedBy": "terraform",
              "Name": "portal-prod-eip-nat-2"
            }
          }
        }
      ]
    },
    {
      "mode": "managed",
      "type": "aws_nat_gateway",
      "name": "az2",
      "provider": "provider[\"registry.terraform.io/hashicorp/aws\"]",
      "instances": [
        {
          "schema_version": 1,
          "attributes": {
            "id": "nat-018113c0001",
            "subnet_id": "subnet-053d70de401",
            "allocation_id": "eipalloc-0f3c4775701",
            "connectivity_type": "public",
            "state": "available",
            "tags": {
              "Environment": "PROD",
              "System": "社内ポータル",
              "ManagedBy": "terraform",
              "Name": "portal-prod-nat-az2"
            },
            "tags_all": {
              "Environment": "PROD",
              "System": "社内ポータル",
              "ManagedBy": "terraform",
              "Name": "portal-prod-nat-az2"
            }
          }
        }
      ]
    },
    {
      "mode": "managed",
      "type": "aws_security_group",
      "name": "alb",
      "provider": "provider[\"registry.terraform.io/hashicorp/aws\"]",
      "instances": [
        {
          "schema_version": 1,
          "attributes": {
            "id": "sg-0418cd89901",
            "name": "portal-prod-sg-alb",
            "description": "ALB security group",
            "vpc_id": "vpc-021e774920001",
            "ingress": [
              {
                "from_port": 80,
                "to_port": 80,
                "protocol": "tcp",
                "cidr_blocks": [
                  "0.0.0.0/0"
                ],
                "ipv6_cidr_blocks": [
                  "::/0"
                ],
                "prefix_list_ids": [],
                "security_groups": [],
                "self": false,
                "description": "HTTP"
              },
              {
                "from_port": 443,
                "to_port": 443,
                "protocol": "tcp",
                "cidr_blocks": [
                  "0.0.0.0/0"
                ],
                "ipv6_cidr_blocks": [
                  "::/0"
                ],
                "prefix_list_ids": [],
                "security_groups": [],
                "self": false,
                "description": "HTTPS"
              }
            ],
            "egress": [
              {
                "from_port": 0,
                "to_port": 0,
                "protocol": "-1",
                "cidr_blocks": [
                  "0.0.0.0/0"
                ],
                "ipv6_cidr_blocks": [],
                "prefix_list_ids": [],
                "security_groups": [],
                "self": false,
                "description": ""
              }
            ],
            "tags": {
              "Environment": "PROD",
              "System": "社内ポータル",
              "ManagedBy": "terraform",
              "Name": "portal-prod-sg-alb"
            },
            "tags_all": {
              "Environment": "PROD",
              "System": "社内ポータル",
              "ManagedBy": "terraform",
              "Name": "portal-prod-sg-alb"
            }
          }
        }
      ]
    },
    {
      "mode": "managed",
      "type": "aws_security_group",
      "name": "app",
      "provider": "provider[\"registry.terraform.io/hashicorp/aws\"]",
      "instances": [
        {
          "schema_version": 1,
          "attributes": {
            "id": "sg-034f6646501",
            "name": "portal-prod-sg-app",
            "description": "App server security group",
            "vpc_id": "vpc-021e774920001",
            "ingress": [
              {
                "from_port": 8080,
                "to_port": 8080,
                "protocol": "tcp",
                "cidr_blocks": [],
                "ipv6_cidr_blocks": [],
                "prefix_list_ids": [],
                "security_groups": [
                  "sg-0418cd89901"
                ],
                "self": false,
                "description": "From ALB"
              },
              {
                "from_port": 22,
                "to_port": 22,
                "protocol": "tcp",
                "cidr_blocks": [
                  "10.0.0.0/8"
                ],
                "ipv6_cidr_blocks": [],
                "prefix_list_ids": [],
                "security_groups": [],
                "self": false,
                "description": "SSH from internal"
              }
            ],
            "egress": [
              {
                "from_port": 0,
                "to_port": 0,
                "protocol": "-1",
                "cidr_blocks": [
                  "0.0.0.0/0"
                ],
                "ipv6_cidr_blocks": [],
                "prefix_list_ids": [],
                "security_groups": [],
                "self": false,
                "description": ""
              }
            ],
            "tags": {
              "Environment": "PROD",
              "System": "社内ポータル",
              "ManagedBy": "terraform",
              "Name": "portal-prod-sg-app"
            },
            "tags_all": {
              "Environment": "PROD",
              "System": "社内ポータル",
              "ManagedBy": "terraform",
              "Name": "portal-prod-sg-app"
            }
          }
        }
      ]
    },
    {
      "mode": "managed",
      "type": "aws_security_group",
      "name": "rds",
      "provider": "provider[\"registry.terraform.io/hashicorp/aws\"]",
      "instances": [
        {
          "schema_version": 1,
          "attributes": {
            "id": "sg-026b594a101",
            "name": "portal-prod-sg-rds",
            "description": "RDS security group",
            "vpc_id": "vpc-021e774920001",
            "ingress": [
              {
                "from_port": 5432,
                "to_port": 5432,
                "protocol": "tcp",
                "cidr_blocks": [],
                "ipv6_cidr_blocks": [],
                "prefix_list_ids": [],
                "security_groups": [
                  "sg-034f6646501"
                ],
                "self": false,
                "description": "From App tier"
              }
            ],
            "egress": [
              {
                "from_port": 0,
                "to_port": 0,
                "protocol": "-1",
                "cidr_blocks": [
                  "0.0.0.0/0"
                ],
                "ipv6_cidr_blocks": [],
                "prefix_list_ids": [],
                "security_groups": [],
                "self": false,
                "description": ""
              }
            ],
            "tags": {
              "Environment": "PROD",
              "System": "社内ポータル",
              "ManagedBy": "terraform",
              "Name": "portal-prod-sg-rds"
            },
            "tags_all": {
              "Environment": "PROD",
              "System": "社内ポータル",
              "ManagedBy": "terraform",
              "Name": "portal-prod-sg-rds"
            }
          }
        }
      ]
    },
    {
      "mode": "managed",
      "type": "aws_instance",
      "name": "app_1",
      "provider": "provider[\"registry.terraform.io/hashicorp/aws\"]",
      "instances": [
        {
          "schema_version": 1,
          "attributes": {
            "id": "i-01670f42601",
            "ami": "ami-0d52744d6551d851e",
            "instance_type": "t3.medium",
            "instance_state": "running",
            "vpc_id": "vpc-021e774920001",
            "subnet_id": "subnet-0699212c201",
            "availability_zone": "ap-northeast-1a",
            "private_ip": "10.6.11.10",
            "public_ip": null,
            "vpc_security_group_ids": [
              "sg-034f6646501"
            ],
            "key_name": "portal-prod-keypair",
            "iam_instance_profile": "portal-prod-ec2-profile",
            "monitoring": true,
            "platform": null,
            "tags": {
              "Environment": "PROD",
              "System": "社内ポータル",
              "ManagedBy": "terraform",
              "Name": "portal-prod-app-01",
              "Application": "社内ポータル",
              "Language": "typescript",
              "Framework": "nextjs",
              "Runtime": "node",
              "DeployMethod": "ec2",
              "Branch": "main"
            },
            "tags_all": {
              "Environment": "PROD",
              "System": "社内ポータル",
              "ManagedBy": "terraform",
              "Name": "portal-prod-app-01",
              "Application": "社内ポータル",
              "Language": "typescript",
              "Framework": "nextjs",
              "Runtime": "node",
              "DeployMethod": "ec2",
              "Branch": "main"
            }
          }
        }
      ]
    },
    {
      "mode": "managed",
      "type": "aws_instance",
      "name": "app_2",
      "provider": "provider[\"registry.terraform.io/hashicorp/aws\"]",
      "instances": [
        {
          "schema_version": 1,
          "attributes": {
            "id": "i-0746fa6a901",
            "ami": "ami-0d52744d6551d851e",
            "instance_type": "t3.medium",
            "instance_state": "running",
            "vpc_id": "vpc-021e774920001",
            "subnet_id": "subnet-02fd54b3a01",
            "availability_zone": "ap-northeast-1c",
            "private_ip": "10.6.11.20",
            "public_ip": null,
            "vpc_security_group_ids": [
              "sg-034f6646501"
            ],
            "key_name": "portal-prod-keypair",
            "iam_instance_profile": "portal-prod-ec2-profile",
            "monitoring": true,
            "platform": null,
            "tags": {
              "Environment": "PROD",
              "System": "社内ポータル",
              "ManagedBy": "terraform",
              "Name": "portal-prod-app-02",
              "Application": "社内ポータル",
              "Language": "typescript",
              "Framework": "nextjs",
              "Runtime": "node",
              "DeployMethod": "ec2",
              "Branch": "main"
            },
            "tags_all": {
              "Environment": "PROD",
              "System": "社内ポータル",
              "ManagedBy": "terraform",
              "Name": "portal-prod-app-02",
              "Application": "社内ポータル",
              "Language": "typescript",
              "Framework": "nextjs",
              "Runtime": "node",
              "DeployMethod": "ec2",
              "Branch": "main"
            }
          }
        }
      ]
    },
    {
      "mode": "managed",
      "type": "aws_ebs_volume",
      "name": "app_1",
      "provider": "provider[\"registry.terraform.io/hashicorp/aws\"]",
      "instances": [
        {
          "schema_version": 1,
          "attributes": {
            "id": "vol-05426d10b01",
            "size": 50,
            "type": "gp3",
            "iops": 3000,
            "throughput": 125,
            "availability_zone": "ap-northeast-1a",
            "encrypted": true,
            "kms_key_id": "arn:aws:kms:ap-northeast-1:333344445555:key/9a5741a5",
            "snapshot_id": null,
            "multi_attach_enabled": false,
            "attachments": [
              {
                "instance_id": "i-01670f42601",
                "device": "/dev/sdf",
                "delete_on_termination": true
              }
            ],
            "tags": {
              "Environment": "PROD",
              "System": "社内ポータル",
              "ManagedBy": "terraform",
              "Name": "portal-prod-ebs-01",
              "attached_instance_id": "i-01670f42601"
            },
            "tags_all": {
              "Environment": "PROD",
              "System": "社内ポータル",
              "ManagedBy": "terraform",
              "Name": "portal-prod-ebs-01",
              "attached_instance_id": "i-01670f42601"
            }
          }
        }
      ]
    },
    {
      "mode": "managed",
      "type": "aws_ebs_volume",
      "name": "app_2",
      "provider": "provider[\"registry.terraform.io/hashicorp/aws\"]",
      "instances": [
        {
          "schema_version": 1,
          "attributes": {
            "id": "vol-0f4bdb78c01",
            "size": 50,
            "type": "gp3",
            "iops": 3000,
            "throughput": 125,
            "availability_zone": "ap-northeast-1c",
            "encrypted": true,
            "kms_key_id": "arn:aws:kms:ap-northeast-1:333344445555:key/9a5741a5",
            "snapshot_id": null,
            "multi_attach_enabled": false,
            "attachments": [
              {
                "instance_id": "i-0746fa6a901",
                "device": "/dev/sdf",
                "delete_on_termination": true
              }
            ],
            "tags": {
              "Environment": "PROD",
              "System": "社内ポータル",
              "ManagedBy": "terraform",
              "Name": "portal-prod-ebs-02",
              "attached_instance_id": "i-0746fa6a901"
            },
            "tags_all": {
              "Environment": "PROD",
              "System": "社内ポータル",
              "ManagedBy": "terraform",
              "Name": "portal-prod-ebs-02",
              "attached_instance_id": "i-0746fa6a901"
            }
          }
        }
      ]
    },
    {
      "mode": "managed",
      "type": "aws_db_instance",
      "name": "main",
      "provider": "provider[\"registry.terraform.io/hashicorp/aws\"]",
      "instances": [
        {
          "schema_version": 1,
          "attributes": {
            "id": "portal-prod-db",
            "identifier": "portal-prod-db",
            "engine": "postgres",
            "engine_version": "16.2",
            "instance_class": "db.t3.medium",
            "db_name": "portal",
            "username": "admin",
            "port": 5432,
            "endpoint": "portal-prod-db.21e774.ap-northeast-1.rds.amazonaws.com:5432",
            "address": "portal-prod-db.21e774.ap-northeast-1.rds.amazonaws.com",
            "status": "available",
            "multi_az": true,
            "publicly_accessible": false,
            "storage_type": "gp3",
            "allocated_storage": 100,
            "backup_retention_period": 7,
            "deletion_protection": true,
            "availability_zone": null,
            "vpc_security_group_memberships": [
              {
                "id": "sg-026b594a101",
                "name": "portal-prod-sg-rds"
              }
            ],
            "tags": {
              "Environment": "PROD",
              "System": "社内ポータル",
              "ManagedBy": "terraform",
              "Name": "portal-prod-db"
            },
            "tags_all": {
              "Environment": "PROD",
              "System": "社内ポータル",
              "ManagedBy": "terraform",
              "Name": "portal-prod-db"
            }
          }
        }
      ]
    },
    {
      "mode": "managed",
      "type": "aws_lb",
      "name": "main",
      "provider": "provider[\"registry.terraform.io/hashicorp/aws\"]",
      "instances": [
        {
          "schema_version": 1,
          "attributes": {
            "id": "arn:aws:elasticloadbalancing:ap-northeast-1:333344445555:loadbalancer/app/portal-prod-alb/021e774920001",
            "arn": "arn:aws:elasticloadbalancing:ap-northeast-1:333344445555:loadbalancer/app/portal-prod-alb/021e774920001",
            "name": "portal-prod-alb",
            "dns_name": "portal-prod-alb-8679.ap-northeast-1.elb.amazonaws.com",
            "internal": false,
            "load_balancer_type": "application",
            "subnets": [
              "subnet-00b1c503f01",
              "subnet-053d70de401"
            ],
            "security_groups": [
              "sg-0418cd89901"
            ],
            "vpc_id": "vpc-021e774920001",
            "state": "active",
            "idle_timeout": 60,
            "enable_deletion_protection": true,
            "access_logs": [
              {
                "enabled": true,
                "bucket": "portal-prod-logs-333344445555",
                "prefix": "alb"
              }
            ],
            "tags": {
              "Environment": "PROD",
              "System": "社内ポータル",
              "ManagedBy": "terraform",
              "Name": "portal-prod-alb"
            },
            "tags_all": {
              "Environment": "PROD",
              "System": "社内ポータル",
              "ManagedBy": "terraform",
              "Name": "portal-prod-alb"
            }
          }
        }
      ]
    },
    {
      "mode": "managed",
      "type": "aws_lb_target_group",
      "name": "main",
      "provider": "provider[\"registry.terraform.io/hashicorp/aws\"]",
      "instances": [
        {
          "schema_version": 1,
          "attributes": {
            "id": "arn:aws:elasticloadbalancing:ap-northeast-1:333344445555:targetgroup/portal-prod-tg/0f9738d6501",
            "arn": "arn:aws:elasticloadbalancing:ap-northeast-1:333344445555:targetgroup/portal-prod-tg/0f9738d6501",
            "name": "portal-prod-tg",
            "protocol": "HTTP",
            "port": 8080,
            "target_type": "instance",
            "vpc_id": "vpc-021e774920001",
            "load_balancer_arns": [
              "arn:aws:elasticloadbalancing:ap-northeast-1:333344445555:loadbalancer/app/portal-prod-alb/021e774920001"
            ],
            "health_check": [
              {
                "enabled": true,
                "path": "/health",
                "protocol": "HTTP",
                "port": "traffic-port",
                "interval": 30,
                "timeout": 5,
                "healthy_threshold": 3,
                "unhealthy_threshold": 3
              }
            ],
            "tags": {
              "Environment": "PROD",
              "System": "社内ポータル",
              "ManagedBy": "terraform",
              "Name": "portal-prod-tg"
            },
            "tags_all": {
              "Environment": "PROD",
              "System": "社内ポータル",
              "ManagedBy": "terraform",
              "Name": "portal-prod-tg"
            }
          }
        }
      ]
    },
    {
      "mode": "managed",
      "type": "aws_lb_listener",
      "name": "https",
      "provider": "provider[\"registry.terraform.io/hashicorp/aws\"]",
      "instances": [
        {
          "schema_version": 1,
          "attributes": {
            "id": "arn:aws:elasticloadbalancing:ap-northeast-1:333344445555:listener/app/portal-prod-alb/021e774920001/06403ff3101",
            "arn": "arn:aws:elasticloadbalancing:ap-northeast-1:333344445555:listener/app/portal-prod-alb/021e774920001/06403ff3101",
            "load_balancer_arn": "arn:aws:elasticloadbalancing:ap-northeast-1:333344445555:loadbalancer/app/portal-prod-alb/021e774920001",
            "port": 443,
            "protocol": "HTTPS",
            "ssl_policy": "ELBSecurityPolicy-TLS13-1-2-2021-06",
            "certificate_arn": "arn:aws:acm:ap-northeast-1:333344445555:certificate/76879103-fb0f-c08a-bfb8-ae42ed92516e",
            "default_action": [
              {
                "type": "forward",
                "target_group_arn": "arn:aws:elasticloadbalancing:ap-northeast-1:333344445555:targetgroup/portal-prod-tg/0f9738d6501",
                "redirect": [],
                "fixed_response": []
              }
            ],
            "tags": {
              "Environment": "PROD",
              "System": "社内ポータル",
              "ManagedBy": "terraform"
            },
            "tags_all": {
              "Environment": "PROD",
              "System": "社内ポータル",
              "ManagedBy": "terraform"
            }
          }
        }
      ]
    },
    {
      "mode": "managed",
      "type": "aws_lb_listener",
      "name": "http",
      "provider": "provider[\"registry.terraform.io/hashicorp/aws\"]",
      "instances": [
        {
          "schema_version": 1,
          "attributes": {
            "id": "arn:aws:elasticloadbalancing:ap-northeast-1:333344445555:listener/app/portal-prod-alb/021e774920001/0cdd6c27c01",
            "arn": "arn:aws:elasticloadbalancing:ap-northeast-1:333344445555:listener/app/portal-prod-alb/021e774920001/0cdd6c27c01",
            "load_balancer_arn": "arn:aws:elasticloadbalancing:ap-northeast-1:333344445555:loadbalancer/app/portal-prod-alb/021e774920001",
            "port": 80,
            "protocol": "HTTP",
            "ssl_policy": null,
            "certificate_arn": null,
            "default_action": [
              {
                "type": "redirect",
                "target_group_arn": null,
                "redirect": [
                  {
                    "port": "443",
                    "protocol": "HTTPS",
                    "status_code": "HTTP_301",
                    "host": "#{host}",
                    "path": "/#{path}",
                    "query": "#{query}"
                  }
                ],
                "fixed_response": []
              }
            ],
            "tags": {
              "Environment": "PROD",
              "System": "社内ポータル",
              "ManagedBy": "terraform"
            },
            "tags_all": {
              "Environment": "PROD",
              "System": "社内ポータル",
              "ManagedBy": "terraform"
            }
          }
        }
      ]
    },
    {
      "mode": "managed",
      "type": "aws_s3_bucket",
      "name": "portal_prod_assets_333344445555",
      "provider": "provider[\"registry.terraform.io/hashicorp/aws\"]",
      "instances": [
        {
          "schema_version": 1,
          "attributes": {
            "id": "portal-prod-assets-333344445555",
            "bucket": "portal-prod-assets-333344445555",
            "region": "ap-northeast-1",
            "tags": {
              "Environment": "PROD",
              "System": "社内ポータル",
              "ManagedBy": "terraform",
              "Name": "portal-prod-assets-333344445555"
            },
            "tags_all": {
              "Environment": "PROD",
              "System": "社内ポータル",
              "ManagedBy": "terraform",
              "Name": "portal-prod-assets-333344445555"
            }
          }
        }
      ]
    },
    {
      "mode": "managed",
      "type": "aws_s3_bucket_versioning",
      "name": "portal_prod_assets_333344445555_versioning",
      "provider": "provider[\"registry.terraform.io/hashicorp/aws\"]",
      "instances": [
        {
          "schema_version": 1,
          "attributes": {
            "id": "portal-prod-assets-333344445555",
            "bucket": "portal-prod-assets-333344445555",
            "versioning_configuration": [
              {
                "status": "Enabled",
                "mfa_delete": "Disabled"
              }
            ]
          }
        }
      ]
    },
    {
      "mode": "managed",
      "type": "aws_s3_bucket_server_side_encryption_configuration",
      "name": "portal_prod_assets_333344445555_sse",
      "provider": "provider[\"registry.terraform.io/hashicorp/aws\"]",
      "instances": [
        {
          "schema_version": 1,
          "attributes": {
            "id": "portal-prod-assets-333344445555",
            "bucket": "portal-prod-assets-333344445555",
            "rule": [
              {
                "apply_server_side_encryption_by_default": [
                  {
                    "sse_algorithm": "aws:kms",
                    "kms_master_key_id": "arn:aws:kms:ap-northeast-1:333344445555:key/74e54f98"
                  }
                ],
                "bucket_key_enabled": true
              }
            ]
          }
        }
      ]
    },
    {
      "mode": "managed",
      "type": "aws_s3_bucket_public_access_block",
      "name": "portal_prod_assets_333344445555_pab",
      "provider": "provider[\"registry.terraform.io/hashicorp/aws\"]",
      "instances": [
        {
          "schema_version": 1,
          "attributes": {
            "id": "portal-prod-assets-333344445555",
            "bucket": "portal-prod-assets-333344445555",
            "block_public_acls": true,
            "block_public_policy": true,
            "ignore_public_acls": true,
            "restrict_public_buckets": true
          }
        }
      ]
    },
    {
      "mode": "managed",
      "type": "aws_s3_bucket",
      "name": "portal_prod_logs_333344445555",
      "provider": "provider[\"registry.terraform.io/hashicorp/aws\"]",
      "instances": [
        {
          "schema_version": 1,
          "attributes": {
            "id": "portal-prod-logs-333344445555",
            "bucket": "portal-prod-logs-333344445555",
            "region": "ap-northeast-1",
            "tags": {
              "Environment": "PROD",
              "System": "社内ポータル",
              "ManagedBy": "terraform",
              "Name": "portal-prod-logs-333344445555"
            },
            "tags_all": {
              "Environment": "PROD",
              "System": "社内ポータル",
              "ManagedBy": "terraform",
              "Name": "portal-prod-logs-333344445555"
            }
          }
        }
      ]
    },
    {
      "mode": "managed",
      "type": "aws_s3_bucket_public_access_block",
      "name": "portal_prod_logs_333344445555_pab",
      "provider": "provider[\"registry.terraform.io/hashicorp/aws\"]",
      "instances": [
        {
          "schema_version": 1,
          "attributes": {
            "id": "portal-prod-logs-333344445555",
            "bucket": "portal-prod-logs-333344445555",
            "block_public_acls": true,
            "block_public_policy": true,
            "ignore_public_acls": true,
            "restrict_public_buckets": true
          }
        }
      ]
    },
    {
      "mode": "managed",
      "type": "aws_cloudwatch_log_group",
      "name": "aws_ec2_portal-prod",
      "provider": "provider[\"registry.terraform.io/hashicorp/aws\"]",
      "instances": [
        {
          "schema_version": 1,
          "attributes": {
            "id": "/aws/ec2/portal-prod",
            "name": "/aws/ec2/portal-prod",
            "retention_in_days": 90,
            "tags": {
              "Environment": "PROD",
              "System": "社内ポータル",
              "ManagedBy": "terraform"
            },
            "tags_all": {
              "Environment": "PROD",
              "System": "社内ポータル",
              "ManagedBy": "terraform"
            }
          }
        }
      ]
    },
    {
      "mode": "managed",
      "type": "aws_cloudwatch_log_group",
      "name": "aws_rds_portal-prod-db",
      "provider": "provider[\"registry.terraform.io/hashicorp/aws\"]",
      "instances": [
        {
          "schema_version": 1,
          "attributes": {
            "id": "/aws/rds/portal-prod-db",
            "name": "/aws/rds/portal-prod-db",
            "retention_in_days": 90,
            "tags": {
              "Environment": "PROD",
              "System": "社内ポータル",
              "ManagedBy": "terraform"
            },
            "tags_all": {
              "Environment": "PROD",
              "System": "社内ポータル",
              "ManagedBy": "terraform"
            }
          }
        }
      ]
    },
    {
      "mode": "managed",
      "type": "aws_cloudwatch_metric_alarm",
      "name": "ec2_cpu_high",
      "provider": "provider[\"registry.terraform.io/hashicorp/aws\"]",
      "instances": [
        {
          "schema_version": 1,
          "attributes": {
            "id": "portal-prod-ec2-cpu-high",
            "alarm_name": "portal-prod-ec2-cpu-high",
            "alarm_description": "EC2 CPU utilization too high",
            "metric_name": "CPUUtilization",
            "namespace": "AWS/EC2",
            "statistic": "Average",
            "period": 300,
            "evaluation_periods": 2,
            "threshold": 80.0,
            "comparison_operator": "GreaterThanThreshold",
            "alarm_actions": [
              "arn:aws:sns:ap-northeast-1:333344445555:alerts"
            ],
            "ok_actions": [],
            "insufficient_data_actions": [],
            "dimensions": {
              "AutoScalingGroupName": "portal-prod-asg"
            },
            "treat_missing_data": "notBreaching",
            "unit": "Percent",
            "tags": {
              "Environment": "PROD",
              "System": "社内ポータル",
              "ManagedBy": "terraform"
            },
            "tags_all": {
              "Environment": "PROD",
              "System": "社内ポータル",
              "ManagedBy": "terraform"
            }
          }
        }
      ]
    },
    {
      "mode": "managed",
      "type": "aws_cloudwatch_metric_alarm",
      "name": "rds_connections_high",
      "provider": "provider[\"registry.terraform.io/hashicorp/aws\"]",
      "instances": [
        {
          "schema_version": 1,
          "attributes": {
            "id": "portal-prod-rds-connections-high",
            "alarm_name": "portal-prod-rds-connections-high",
            "alarm_description": "RDS connection count too high",
            "metric_name": "DatabaseConnections",
            "namespace": "AWS/RDS",
            "statistic": "Average",
            "period": 60,
            "evaluation_periods": 5,
            "threshold": 400.0,
            "comparison_operator": "GreaterThanThreshold",
            "alarm_actions": [
              "arn:aws:sns:ap-northeast-1:333344445555:alerts"
            ],
            "ok_actions": [],
            "insufficient_data_actions": [],
            "dimensions": {
              "DBInstanceIdentifier": "portal-prod-db"
            },
            "treat_missing_data": "notBreaching",
            "unit": "Count",
            "tags": {
              "Environment": "PROD",
              "System": "社内ポータル",
              "ManagedBy": "terraform"
            },
            "tags_all": {
              "Environment": "PROD",
              "System": "社内ポータル",
              "ManagedBy": "terraform"
            }
          }
        }
      ]
    },
    {
      "mode": "managed",
      "type": "aws_codedeploy_app",
      "name": "main",
      "provider": "provider[\"registry.terraform.io/hashicorp/aws\"]",
      "instances": [
        {
          "schema_version": 1,
          "attributes": {
            "id": "portal-prod-app",
            "name": "portal-prod-app",
            "compute_platform": "Server",
            "application_id": "8238af43",
            "tags": {
              "Environment": "PROD",
              "System": "社内ポータル",
              "ManagedBy": "terraform",
              "Name": "portal-prod-app"
            },
            "tags_all": {
              "Environment": "PROD",
              "System": "社内ポータル",
              "ManagedBy": "terraform",
              "Name": "portal-prod-app"
            }
          }
        }
      ]
    },
    {
      "mode": "managed",
      "type": "aws_codedeploy_deployment_group",
      "name": "main",
      "provider": "provider[\"registry.terraform.io/hashicorp/aws\"]",
      "instances": [
        {
          "schema_version": 1,
          "attributes": {
            "id": "12ed28ff",
            "app_name": "portal-prod-app",
            "deployment_group_name": "portal-prod-deploy-group",
            "service_role_arn": "arn:aws:iam::333344445555:role/portal-prod-codedeploy-role",
            "deployment_config_name": "CodeDeployDefault.OneAtATime",
            "autoscaling_groups": [
              "portal-prod-asg"
            ],
            "deployment_style": [
              {
                "deployment_option": "WITHOUT_TRAFFIC_CONTROL",
                "deployment_type": "IN_PLACE"
              }
            ],
            "auto_rollback_configuration": [
              {
                "enabled": true,
                "events": [
                  "DEPLOYMENT_FAILURE",
                  "DEPLOYMENT_STOP_ON_ALARM"
                ]
              }
            ],
            "alarm_configuration": [
              {
                "enabled": true,
                "alarms": [
                  "portal-prod-ec2-cpu-high"
                ]
              }
            ]
          }
        }
      ]
    }
  ]
}