{
  "version": 4,
  "terraform_version": "1.7.4",
  "serial": 105,
  "lineage": "2541e257-78c0-9026-b20e-e38b1260e91b",
  "outputs": {},
  "resources": [
    {
      "mode": "managed",
      "type": "aws_vpc",
      "name": "main",
      "provider": "provider[\"registry.terraform.io/hashicorp/aws\"]",
      "instances": [
        {
          "schema_version": 1,
          "attributes": {
            "id": "vpc-02541e2570001",
            "cidr_block": "10.5.0.0/16",
            "default": false,
            "enable_dns_support": true,
            "enable_dns_hostnames": true,
            "dhcp_options_id": "dopt-02541e2570001",
            "tags": {
              "Environment": "PROD",
              "System": "物流API",
              "ManagedBy": "terraform",
              "Name": "logistics-prod-vpc"
            },
            "tags_all": {
              "Environment": "PROD",
              "System": "物流API",
              "ManagedBy": "terraform",
              "Name": "logistics-prod-vpc"
            }
          }
        }
      ]
    },
    {
      "mode": "managed",
      "type": "aws_subnet",
      "name": "public_1",
      "provider": "provider[\"registry.terraform.io/hashicorp/aws\"]",
      "instances": [
        {
          "schema_version": 1,
          "attributes": {
            "id": "subnet-0fd57b2cb01",
            "vpc_id": "vpc-02541e2570001",
            "cidr_block": "10.5.1.0/24",
            "availability_zone": "us-east-1a",
            "map_public_ip_on_launch": true,
            "tags": {
              "Environment": "PROD",
              "System": "物流API",
              "ManagedBy": "terraform",
              "Name": "logistics-prod-public-1"
            },
            "tags_all": {
              "Environment": "PROD",
              "System": "物流API",
              "ManagedBy": "terraform",
              "Name": "logistics-prod-public-1"
            }
          }
        }
      ]
    },
    {
      "mode": "managed",
      "type": "aws_subnet",
      "name": "public_2",
      "provider": "provider[\"registry.terraform.io/hashicorp/aws\"]",
      "instances": [
        {
          "schema_version": 1,
          "attributes": {
            "id": "subnet-00919a69401",
            "vpc_id": "vpc-02541e2570001",
            "cidr_block": "10.5.2.0/24",
            "availability_zone": "us-east-1b",
            "map_public_ip_on_launch": true,
            "tags": {
              "Environment": "PROD",
              "System": "物流API",
              "ManagedBy": "terraform",
              "Name": "logistics-prod-public-2"
            },
            "tags_all": {
              "Environment": "PROD",
              "System": "物流API",
              "ManagedBy": "terraform",
              "Name": "logistics-prod-public-2"
            }
          }
        }
      ]
    },
    {
      "mode": "managed",
      "type": "aws_subnet",
      "name": "private_1",
      "provider": "provider[\"registry.terraform.io/hashicorp/aws\"]",
      "instances": [
        {
          "schema_version": 1,
          "attributes": {
            "id": "subnet-0a1167d8701",
            "vpc_id": "vpc-02541e2570001",
            "cidr_block": "10.5.11.0/24",
            "availability_zone": "us-east-1a",
            "map_public_ip_on_launch": false,
            "tags": {
              "Environment": "PROD",
              "System": "物流API",
              "ManagedBy": "terraform",
              "Name": "logistics-prod-private-1"
            },
            "tags_all": {
              "Environment": "PROD",
              "System": "物流API",
              "ManagedBy": "terraform",
              "Name": "logistics-prod-private-1"
            }
          }
        }
      ]
    },
    {
      "mode": "managed",
      "type": "aws_subnet",
      "name": "private_2",
      "provider": "provider[\"registry.terraform.io/hashicorp/aws\"]",
      "instances": [
        {
          "schema_version": 1,
          "attributes": {
            "id": "subnet-04b631aeb01",
            "vpc_id": "vpc-02541e2570001",
            "cidr_block": "10.5.12.0/24",
            "availability_zone": "us-east-1b",
            "map_public_ip_on_launch": false,
            "tags": {
              "Environment": "PROD",
              "System": "物流API",
              "ManagedBy": "terraform",
              "Name": "logistics-prod-private-2"
            },
            "tags_all": {
              "Environment": "PROD",
              "System": "物流API",
              "ManagedBy": "terraform",
              "Name": "logistics-prod-private-2"
            }
          }
        }
      ]
    },
    {
      "mode": "managed",
      "type": "aws_internet_gateway",
      "name": "main",
      "provider": "provider[\"registry.terraform.io/hashicorp/aws\"]",
      "instances": [
        {
          "schema_version": 1,
          "attributes": {
            "id": "igw-02541e2570001",
            "vpc_id": "vpc-02541e2570001",
            "tags": {
              "Environment": "PROD",
              "System": "物流API",
              "ManagedBy": "terraform",
              "Name": "logistics-prod-igw"
            },
            "tags_all": {
              "Environment": "PROD",
              "System": "物流API",
              "ManagedBy": "terraform",
              "Name": "logistics-prod-igw"
            }
          }
        }
      ]
    },
    {
      "mode": "managed",
      "type": "aws_eip",
      "name": "nat_1",
      "provider": "provider[\"registry.terraform.io/hashicorp/aws\"]",
      "instances": [
        {
          "schema_version": 1,
          "attributes": {
            "id": "eipalloc-08caefe0a01",
            "public_ip": "54.15.20.105",
            "domain": "vpc",
            "vpc": true,
            "tags": {
              "Environment": "PROD",
              "System": "物流API",
              "ManagedBy": "terraform",
              "Name": "logistics-prod-eip-nat-1"
            },
            "tags_all": {
              "Environment": "PROD",
              "System": "物流API",
              "ManagedBy": "terraform",
              "Name": "logistics-prod-eip-nat-1"
            }
          }
        }
      ]
    },
    {
      "mode": "managed",
      "type": "aws_nat_gateway",
      "name": "az1",
      "provider": "provider[\"registry.terraform.io/hashicorp/aws\"]",
      "instances": [
        {
          "schema_version": 1,
          "attributes": {
            "id": "nat-086a6a06c01",
            "subnet_id": "subnet-0fd57b2cb01",
            "allocation_id": "eipalloc-08caefe0a01",
            "connectivity_type": "public",
            "state": "available",
            "tags": {
              "Environment": "PROD",
              "System": "物流API",
              "ManagedBy": "terraform",
              "Name": "logistics-prod-nat-az1"
            },
            "tags_all": {
              "Environment": "PROD",
              "System": "物流API",
              "ManagedBy": "terraform",
              "Name": "logistics-prod-nat-az1"
            }
          }
        }
      ]
    },
    {
      "mode": "managed",
      "type": "aws_eip",
      "name": "nat_2",
      "provider": "provider[\"registry.terraform.io/hashicorp/aws\"]",
      "instances": [
        {
          "schema_version": 1,
          "attributes": {
            "id": "eipalloc-04321648d01",
            "public_ip": "54.15.40.110",
            "domain": "vpc",
            "vpc": true,
            "tags": {
              "Environment": "PROD",
              "System": "物流API",
              "ManagedBy": "terraform",
              "Name": "logistics-prod-eip-nat-2"
            },
            "tags_all": {
              "Environment": "PROD",
              "System": "物流API",
              "ManagedBy": "terraform",
              "Name": "logistics-prod-eip-nat-2"
            }
          }
        }
      ]
    },
    {
      "mode": "managed",
      "type": "aws_nat_gateway",
      "name": "az2",
      "provider": "provider[\"registry.terraform.io/hashicorp/aws\"]",
      "instances": [
        {
          "schema_version": 1,
          "attributes": {
            "id": "nat-09c2e031e01",
            "subnet_id": "subnet-00919a69401",
            "allocation_id": "eipalloc-04321648d01",
            "connectivity_type": "public",
            "state": "available",
            "tags": {
              "Environment": "PROD",
              "System": "物流API",
              "ManagedBy": "terraform",
              "Name": "logistics-prod-nat-az2"
            },
            "tags_all": {
              "Environment": "PROD",
              "System": "物流API",
              "ManagedBy": "terraform",
              "Name": "logistics-prod-nat-az2"
            }
          }
        }
      ]
    },
    {
      "mode": "managed",
      "type": "aws_security_group",
      "name": "alb",
      "provider": "provider[\"registry.terraform.io/hashicorp/aws\"]",
      "instances": [
        {
          "schema_version": 1,
          "attributes": {
            "id": "sg-0157cfe7301",
            "name": "logistics-prod-sg-alb",
            "description": "ALB security group",
            "vpc_id": "vpc-02541e2570001",
            "ingress": [
              {
                "from_port": 80,
                "to_port": 80,
                "protocol": "tcp",
                "cidr_blocks": [
                  "0.0.0.0/0"
                ],
                "ipv6_cidr_blocks": [
                  "::/0"
                ],
                "prefix_list_ids": [],
                "security_groups": [],
                "self": false,
                "description": "HTTP"
              },
              {
                "from_port": 443,
                "to_port": 443,
                "protocol": "tcp",
                "cidr_blocks": [
                  "0.0.0.0/0"
                ],
                "ipv6_cidr_blocks": [
                  "::/0"
                ],
                "prefix_list_ids": [],
                "security_groups": [],
                "self": false,
                "description": "HTTPS"
              }
            ],
            "egress": [
              {
                "from_port": 0,
                "to_port": 0,
                "protocol": "-1",
                "cidr_blocks": [
                  "0.0.0.0/0"
                ],
                "ipv6_cidr_blocks": [],
                "prefix_list_ids": [],
                "security_groups": [],
                "self": false,
                "description": ""
              }
            ],
            "tags": {
              "Environment": "PROD",
              "System": "物流API",
              "ManagedBy": "terraform",
              "Name": "logistics-prod-sg-alb"
            },
            "tags_all": {
              "Environment": "PROD",
              "System": "物流API",
              "ManagedBy": "terraform",
              "Name": "logistics-prod-sg-alb"
            }
          }
        }
      ]
    },
    {
      "mode": "managed",
      "type": "aws_security_group",
      "name": "app",
      "provider": "provider[\"registry.terraform.io/hashicorp/aws\"]",
      "instances": [
        {
          "schema_version": 1,
          "attributes": {
            "id": "sg-0e641fbc001",
            "name": "logistics-prod-sg-app",
            "description": "App server security group",
            "vpc_id": "vpc-02541e2570001",
            "ingress": [
              {
                "from_port": 8080,
                "to_port": 8080,
                "protocol": "tcp",
                "cidr_blocks": [],
                "ipv6_cidr_blocks": [],
                "prefix_list_ids": [],
                "security_groups": [
                  "sg-0157cfe7301"
                ],
                "self": false,
                "description": "From ALB"
              },
              {
                "from_port": 22,
                "to_port": 22,
                "protocol": "tcp",
                "cidr_blocks": [
                  "10.0.0.0/8"
                ],
                "ipv6_cidr_blocks": [],
                "prefix_list_ids": [],
                "security_groups": [],
                "self": false,
                "description": "SSH from internal"
              }
            ],
            "egress": [
              {
                "from_port": 0,
                "to_port": 0,
                "protocol": "-1",
                "cidr_blocks": [
                  "0.0.0.0/0"
                ],
                "ipv6_cidr_blocks": [],
                "prefix_list_ids": [],
                "security_groups": [],
                "self": false,
                "description": ""
              }
            ],
            "tags": {
              "Environment": "PROD",
              "System": "物流API",
              "ManagedBy": "terraform",
              "Name": "logistics-prod-sg-app"
            },
            "tags_all": {
              "Environment": "PROD",
              "System": "物流API",
              "ManagedBy": "terraform",
              "Name": "logistics-prod-sg-app"
            }
          }
        }
      ]
    },
    {
      "mode": "managed",
      "type": "aws_security_group",
      "name": "rds",
      "provider": "provider[\"registry.terraform.io/hashicorp/aws\"]",
      "instances": [
        {
          "schema_version": 1,
          "attributes": {
            "id": "sg-04cad223501",
            "name": "logistics-prod-sg-rds",
            "description": "RDS security group",
            "vpc_id": "vpc-02541e2570001",
            "ingress": [
              {
                "from_port": 5432,
                "to_port": 5432,
                "protocol": "tcp",
                "cidr_blocks": [],
                "ipv6_cidr_blocks": [],
                "prefix_list_ids": [],
                "security_groups": [
                  "sg-0e641fbc001"
                ],
                "self": false,
                "description": "From App tier"
              }
            ],
            "egress": [
              {
                "from_port": 0,
                "to_port": 0,
                "protocol": "-1",
                "cidr_blocks": [
                  "0.0.0.0/0"
                ],
                "ipv6_cidr_blocks": [],
                "prefix_list_ids": [],
                "security_groups": [],
                "self": false,
                "description": ""
              }
            ],
            "tags": {
              "Environment": "PROD",
              "System": "物流API",
              "ManagedBy": "terraform",
              "Name": "logistics-prod-sg-rds"
            },
            "tags_all": {
              "Environment": "PROD",
              "System": "物流API",
              "ManagedBy": "terraform",
              "Name": "logistics-prod-sg-rds"
            }
          }
        }
      ]
    },
    {
      "mode": "managed",
      "type": "aws_instance",
      "name": "app_1",
      "provider": "provider[\"registry.terraform.io/hashicorp/aws\"]",
      "instances": [
        {
          "schema_version": 1,
          "attributes": {
            "id": "i-0a9cbcd6101",
            "ami": "ami-0c02fb55956c7d316",
            "instance_type": "c6g.large",
            "instance_state": "running",
            "vpc_id": "vpc-02541e2570001",
            "subnet_id": "subnet-0a1167d8701",
            "availability_zone": "us-east-1a",
            "private_ip": "10.5.11.10",
            "public_ip": null,
            "vpc_security_group_ids": [
              "sg-0e641fbc001"
            ],
            "key_name": "logistics-prod-keypair",
            "iam_instance_profile": "logistics-prod-ec2-profile",
            "monitoring": true,
            "platform": null,
            "tags": {
              "Environment": "PROD",
              "System": "物流API",
              "ManagedBy": "terraform",
              "Name": "logistics-prod-app-01",
              "Application": "物流APIサービス",
              "Language": "go",
              "Framework": "none",
              "Runtime": "none",
              "DeployMethod": "ec2",
              "Branch": "main"
            },
            "tags_all": {
              "Environment": "PROD",
              "System": "物流API",
              "ManagedBy": "terraform",
              "Name": "logistics-prod-app-01",
              "Application": "物流APIサービス",
              "Language": "go",
              "Framework": "none",
              "Runtime": "none",
              "DeployMethod": "ec2",
              "Branch": "main"
            }
          }
        }
      ]
    },
    {
      "mode": "managed",
      "type": "aws_instance",
      "name": "app_2",
      "provider": "provider[\"registry.terraform.io/hashicorp/aws\"]",
      "instances": [
        {
          "schema_version": 1,
          "attributes": {
            "id": "i-027f6284901",
            "ami": "ami-0c02fb55956c7d316",
            "instance_type": "c6g.large",
            "instance_state": "running",
            "vpc_id": "vpc-02541e2570001",
            "subnet_id": "subnet-04b631aeb01",
            "availability_zone": "us-east-1b",
            "private_ip": "10.5.11.20",
            "public_ip": null,
            "vpc_security_group_ids": [
              "sg-0e641fbc001"
            ],
            "key_name": "logistics-prod-keypair",
            "iam_instance_profile": "logistics-prod-ec2-profile",
            "monitoring": true,
            "platform": null,
            "tags": {
              "Environment": "PROD",
              "System": "物流API",
              "ManagedBy": "terraform",
              "Name": "logistics-prod-app-02",
              "Application": "物流APIサービス",
              "Language": "go",
              "Framework": "none",
              "Runtime": "none",
              "DeployMethod": "ec2",
              "Branch": "main"
            },
            "tags_all": {
              "Environment": "PROD",
              "System": "物流API",
              "ManagedBy": "terraform",
              "Name": "logistics-prod-app-02",
              "Application": "物流APIサービス",
              "Language": "go",
              "Framework": "none",
              "Runtime": "none",
              "DeployMethod": "ec2",
              "Branch": "main"
            }
          }
        }
      ]
    },
    {
      "mode": "managed",
      "type": "aws_instance",
      "name": "app_3",
      "provider": "provider[\"registry.terraform.io/hashicorp/aws\"]",
      "instances": [
        {
          "schema_version": 1,
          "attributes": {
            "id": "i-027947f1f01",
            "ami": "ami-0c02fb55956c7d316",
            "instance_type": "c6g.large",
            "instance_state": "running",
            "vpc_id": "vpc-02541e2570001",
            "subnet_id": "subnet-0a1167d8701",
            "availability_zone": "us-east-1a",
            "private_ip": "10.5.11.30",
            "public_ip": null,
            "vpc_security_group_ids": [
              "sg-0e641fbc001"
            ],
            "key_name": "logistics-prod-keypair",
            "iam_instance_profile": "logistics-prod-ec2-profile",
            "monitoring": true,
            "platform": null,
            "tags": {
              "Environment": "PROD",
              "System": "物流API",
              "ManagedBy": "terraform",
              "Name": "logistics-prod-app-03",
              "Application": "物流APIサービス",
              "Language": "go",
              "Framework": "none",
              "Runtime": "none",
              "DeployMethod": "ec2",
              "Branch": "main"
            },
            "tags_all": {
              "Environment": "PROD",
              "System": "物流API",
              "ManagedBy": "terraform",
              "Name": "logistics-prod-app-03",
              "Application": "物流APIサービス",
              "Language": "go",
              "Framework": "none",
              "Runtime": "none",
              "DeployMethod": "ec2",
              "Branch": "main"
            }
          }
        }
      ]
    },
    {
      "mode": "managed",
      "type": "aws_ebs_volume",
      "name": "app_1",
      "provider": "provider[\"registry.terraform.io/hashicorp/aws\"]",
      "instances": [
        {
          "schema_version": 1,
          "attributes": {
            "id": "vol-079736d6c01",
            "size": 50,
            "type": "gp3",
            "iops": 3000,
            "throughput": 125,
            "availability_zone": "us-east-1a",
            "encrypted": true,
            "kms_key_id": "arn:aws:kms:us-east-1:100020003000:key/b20fa7d5",
            "snapshot_id": null,
            "multi_attach_enabled": false,
            "attachments": [
              {
                "instance_id": "i-0a9cbcd6101",
                "device": "/dev/sdf",
                "delete_on_termination": true
              }
            ],
            "tags": {
              "Environment": "PROD",
              "System": "物流API",
              "ManagedBy": "terraform",
              "Name": "logistics-prod-ebs-01",
              "attached_instance_id": "i-0a9cbcd6101"
            },
            "tags_all": {
              "Environment": "PROD",
              "System": "物流API",
              "ManagedBy": "terraform",
              "Name": "logistics-prod-ebs-01",
              "attached_instance_id": "i-0a9cbcd6101"
            }
          }
        }
      ]
    },
    {
      "mode": "managed",
      "type": "aws_ebs_volume",
      "name": "app_2",
      "provider": "provider[\"registry.terraform.io/hashicorp/aws\"]",
      "instances": [
        {
          "schema_version": 1,
          "attributes": {
            "id": "vol-0732f331a01",
            "size": 50,
            "type": "gp3",
            "iops": 3000,
            "throughput": 125,
            "availability_zone": "us-east-1b",
            "encrypted": true,
            "kms_key_id": "arn:aws:kms:us-east-1:100020003000:key/b20fa7d5",
            "snapshot_id": null,
            "multi_attach_enabled": false,
            "attachments": [
              {
                "instance_id": "i-027f6284901",
                "device": "/dev/sdf",
                "delete_on_termination": true
              }
            ],
            "tags": {
              "Environment": "PROD",
              "System": "物流API",
              "ManagedBy": "terraform",
              "Name": "logistics-prod-ebs-02",
              "attached_instance_id": "i-027f6284901"
            },
            "tags_all": {
              "Environment": "PROD",
              "System": "物流API",
              "ManagedBy": "terraform",
              "Name": "logistics-prod-ebs-02",
              "attached_instance_id": "i-027f6284901"
            }
          }
        }
      ]
    },
    {
      "mode": "managed",
      "type": "aws_ebs_volume",
      "name": "app_3",
      "provider": "provider[\"registry.terraform.io/hashicorp/aws\"]",
      "instances": [
        {
          "schema_version": 1,
          "attributes": {
            "id": "vol-0796814d801",
            "size": 50,
            "type": "gp3",
            "iops": 3000,
            "throughput": 125,
            "availability_zone": "us-east-1a",
            "encrypted": true,
            "kms_key_id": "arn:aws:kms:us-east-1:100020003000:key/b20fa7d5",
            "snapshot_id": null,
            "multi_attach_enabled": false,
            "attachments": [
              {
                "instance_id": "i-027947f1f01",
                "device": "/dev/sdf",
                "delete_on_termination": true
              }
            ],
            "tags": {
              "Environment": "PROD",
              "System": "物流API",
              "ManagedBy": "terraform",
              "Name": "logistics-prod-ebs-03",
              "attached_instance_id": "i-027947f1f01"
            },
            "tags_all": {
              "Environment": "PROD",
              "System": "物流API",
              "ManagedBy": "terraform",
              "Name": "logistics-prod-ebs-03",
              "attached_instance_id": "i-027947f1f01"
            }
          }
        }
      ]
    },
    {
      "mode": "managed",
      "type": "aws_db_instance",
      "name": "main",
      "provider": "provider[\"registry.terraform.io/hashicorp/aws\"]",
      "instances": [
        {
          "schema_version": 1,
          "attributes": {
            "id": "logistics-prod-db",
            "identifier": "logistics-prod-db",
            "engine": "postgres",
            "engine_version": "15.6",
            "instance_class": "db.r6g.large",
            "db_name": "logistics",
            "username": "admin",
            "port": 5432,
            "endpoint": "logistics-prod-db.2541e2.us-east-1.rds.amazonaws.com:5432",
            "address": "logistics-prod-db.2541e2.us-east-1.rds.amazonaws.com",
            "status": "available",
            "multi_az": true,
            "publicly_accessible": false,
            "storage_type": "gp3",
            "allocated_storage": 100,
            "backup_retention_period": 7,
            "deletion_protection": true,
            "availability_zone": null,
            "vpc_security_group_memberships": [
              {
                "id": "sg-04cad223501",
                "name": "logistics-prod-sg-rds"
              }
            ],
            "tags": {
              "Environment": "PROD",
              "System": "物流API",
              "ManagedBy": "terraform",
              "Name": "logistics-prod-db"
            },
            "tags_all": {
              "Environment": "PROD",
              "System": "物流API",
              "ManagedBy": "terraform",
              "Name": "logistics-prod-db"
            }
          }
        }
      ]
    },
    {
      "mode": "managed",
      "type": "aws_lb",
      "name": "main",
      "provider": "provider[\"registry.terraform.io/hashicorp/aws\"]",
      "instances": [
        {
          "schema_version": 1,
          "attributes": {
            "id": "arn:aws:elasticloadbalancing:us-east-1:100020003000:loadbalancer/app/logistics-prod-alb/02541e2570001",
            "arn": "arn:aws:elasticloadbalancing:us-east-1:100020003000:loadbalancer/app/logistics-prod-alb/02541e2570001",
            "name": "logistics-prod-alb",
            "dns_name": "logistics-prod-alb-9537.us-east-1.elb.amazonaws.com",
            "internal": false,
            "load_balancer_type": "application",
            "subnets": [
              "subnet-0fd57b2cb01",
              "subnet-00919a69401"
            ],
            "security_groups": [
              "sg-0157cfe7301"
            ],
            "vpc_id": "vpc-02541e2570001",
            "state": "active",
            "idle_timeout": 60,
            "enable_deletion_protection": true,
            "access_logs": [
              {
                "enabled": true,
                "bucket": "logistics-prod-logs-100020003000",
                "prefix": "alb"
              }
            ],
            "tags": {
              "Environment": "PROD",
              "System": "物流API",
              "ManagedBy": "terraform",
              "Name": "logistics-prod-alb"
            },
            "tags_all": {
              "Environment": "PROD",
              "System": "物流API",
              "ManagedBy": "terraform",
              "Name": "logistics-prod-alb"
            }
          }
        }
      ]
    },
    {
      "mode": "managed",
      "type": "aws_lb_target_group",
      "name": "main",
      "provider": "provider[\"registry.terraform.io/hashicorp/aws\"]",
      "instances": [
        {
          "schema_version": 1,
          "attributes": {
            "id": "arn:aws:elasticloadbalancing:us-east-1:100020003000:targetgroup/logistics-prod-tg/087622ea101",
            "arn": "arn:aws:elasticloadbalancing:us-east-1:100020003000:targetgroup/logistics-prod-tg/087622ea101",
            "name": "logistics-prod-tg",
            "protocol": "HTTP",
            "port": 8080,
            "target_type": "instance",
            "vpc_id": "vpc-02541e2570001",
            "load_balancer_arns": [
              "arn:aws:elasticloadbalancing:us-east-1:100020003000:loadbalancer/app/logistics-prod-alb/02541e2570001"
            ],
            "health_check": [
              {
                "enabled": true,
                "path": "/health",
                "protocol": "HTTP",
                "port": "traffic-port",
                "interval": 30,
                "timeout": 5,
                "healthy_threshold": 3,
                "unhealthy_threshold": 3
              }
            ],
            "tags": {
              "Environment": "PROD",
              "System": "物流API",
              "ManagedBy": "terraform",
              "Name": "logistics-prod-tg"
            },
            "tags_all": {
              "Environment": "PROD",
              "System": "物流API",
              "ManagedBy": "terraform",
              "Name": "logistics-prod-tg"
            }
          }
        }
      ]
    },
    {
      "mode": "managed",
      "type": "aws_lb_listener",
      "name": "https",
      "provider": "provider[\"registry.terraform.io/hashicorp/aws\"]",
      "instances": [
        {
          "schema_version": 1,
          "attributes": {
            "id": "arn:aws:elasticloadbalancing:us-east-1:100020003000:listener/app/logistics-prod-alb/02541e2570001/0babe881201",
            "arn": "arn:aws:elasticloadbalancing:us-east-1:100020003000:listener/app/logistics-prod-alb/02541e2570001/0babe881201",
            "load_balancer_arn": "arn:aws:elasticloadbalancing:us-east-1:100020003000:loadbalancer/app/logistics-prod-alb/02541e2570001",
            "port": 443,
            "protocol": "HTTPS",
            "ssl_policy": "ELBSecurityPolicy-TLS13-1-2-2021-06",
            "certificate_arn": "arn:aws:acm:us-east-1:100020003000:certificate/582cf0ed-4e70-4688-500d-0356140ca297",
            "default_action": [
              {
                "type": "forward",
                "target_group_arn": "arn:aws:elasticloadbalancing:us-east-1:100020003000:targetgroup/logistics-prod-tg/087622ea101",
                "redirect": [],
                "fixed_response": []
              }
            ],
            "tags": {
              "Environment": "PROD",
              "System": "物流API",
              "ManagedBy": "terraform"
            },
            "tags_all": {
              "Environment": "PROD",
              "System": "物流API",
              "ManagedBy": "terraform"
            }
          }
        }
      ]
    },
    {
      "mode": "managed",
      "type": "aws_lb_listener",
      "name": "http",
      "provider": "provider[\"registry.terraform.io/hashicorp/aws\"]",
      "instances": [
        {
          "schema_version": 1,
          "attributes": {
            "id": "arn:aws:elasticloadbalancing:us-east-1:100020003000:listener/app/logistics-prod-alb/02541e2570001/09f6f587101",
            "arn": "arn:aws:elasticloadbalancing:us-east-1:100020003000:listener/app/logistics-prod-alb/02541e2570001/09f6f587101",
            "load_balancer_arn": "arn:aws:elasticloadbalancing:us-east-1:100020003000:loadbalancer/app/logistics-prod-alb/02541e2570001",
            "port": 80,
            "protocol": "HTTP",
            "ssl_policy": null,
            "certificate_arn": null,
            "default_action": [
              {
                "type": "redirect",
                "target_group_arn": null,
                "redirect": [
                  {
                    "port": "443",
                    "protocol": "HTTPS",
                    "status_code": "HTTP_301",
                    "host": "#{host}",
                    "path": "/#{path}",
                    "query": "#{query}"
                  }
                ],
                "fixed_response": []
              }
            ],
            "tags": {
              "Environment": "PROD",
              "System": "物流API",
              "ManagedBy": "terraform"
            },
            "tags_all": {
              "Environment": "PROD",
              "System": "物流API",
              "ManagedBy": "terraform"
            }
          }
        }
      ]
    },
    {
      "mode": "managed",
      "type": "aws_wafv2_web_acl",
      "name": "main",
      "provider": "provider[\"registry.terraform.io/hashicorp/aws\"]",
      "instances": [
        {
          "schema_version": 1,
          "attributes": {
            "id": "789384b2",
            "arn": "arn:aws:wafv2:us-east-1:100020003000:regional/webacl/logistics-prod-waf/0789384b2",
            "name": "logistics-prod-waf",
            "scope": "REGIONAL",
            "default_action": [
              {
                "allow": [
                  {}
                ],
                "block": []
              }
            ],
            "rule": [
              {
                "name": "AWSManagedRulesCommonRuleSet",
                "priority": 1,
                "action": [],
                "override_action": [
                  {
                    "none": [
                      {}
                    ],
                    "count": []
                  }
                ],
                "statement": [
                  {
                    "managed_rule_group_statement": [
                      {
                        "vendor_name": "AWS",
                        "name": "AWSManagedRulesCommonRuleSet",
                        "excluded_rule": []
                      }
                    ]
                  }
                ],
                "visibility_config": [
                  {
                    "sampled_requests_enabled": true,
                    "cloudwatch_metrics_enabled": true,
                    "metric_name": "CommonRules"
                  }
                ]
              },
              {
                "name": "RateLimit",
                "priority": 2,
                "action": [
                  {
                    "block": [
                      {}
                    ],
                    "allow": [],
                    "count": []
                  }
                ],
                "override_action": [],
                "statement": [
                  {
                    "rate_based_statement": [
                      {
                        "limit": 2000,
                        "aggregate_key_type": "IP"
                      }
                    ]
                  }
                ],
                "visibility_config": [
                  {
                    "sampled_requests_enabled": true,
                    "cloudwatch_metrics_enabled": true,
                    "metric_name": "RateLimit"
                  }
                ]
              }
            ],
            "visibility_config": [
              {
                "sampled_requests_enabled": true,
                "cloudwatch_metrics_enabled": true,
                "metric_name": "logistics-prod-waf"
              }
            ],
            "tags": {
              "Environment": "PROD",
              "System": "物流API",
              "ManagedBy": "terraform",
              "Name": "logistics-prod-waf"
            },
            "tags_all": {
              "Environment": "PROD",
              "System": "物流API",
              "ManagedBy": "terraform",
              "Name": "logistics-prod-waf"
            }
          }
        }
      ]
    },
    {
      "mode": "managed",
      "type": "aws_wafv2_web_acl_association",
      "name": "main",
      "provider": "provider[\"registry.terraform.io/hashicorp/aws\"]",
      "instances": [
        {
          "schema_version": 1,
          "attributes": {
            "id": "arn:aws:wafv2:us-east-1:100020003000:regional/webacl/logistics-prod-waf/0789384b2|arn:aws:elasticloadbalancing:us-east-1:100020003000:loadbalancer/app/logistics-prod-alb/02541e2570001",
            "resource_arn": "arn:aws:elasticloadbalancing:us-east-1:100020003000:loadbalancer/app/logistics-prod-alb/02541e2570001",
            "web_acl_arn": "arn:aws:wafv2:us-east-1:100020003000:regional/webacl/logistics-prod-waf/0789384b2"
          }
        }
      ]
    },
    {
      "mode": "managed",
      "type": "aws_s3_bucket",
      "name": "logistics_prod_assets_100020003000",
      "provider": "provider[\"registry.terraform.io/hashicorp/aws\"]",
      "instances": [
        {
          "schema_version": 1,
          "attributes": {
            "id": "logistics-prod-assets-100020003000",
            "bucket": "logistics-prod-assets-100020003000",
            "region": "us-east-1",
            "tags": {
              "Environment": "PROD",
              "System": "物流API",
              "ManagedBy": "terraform",
              "Name": "logistics-prod-assets-100020003000"
            },
            "tags_all": {
              "Environment": "PROD",
              "System": "物流API",
              "ManagedBy": "terraform",
              "Name": "logistics-prod-assets-100020003000"
            }
          }
        }
      ]
    },
    {
      "mode": "managed",
      "type": "aws_s3_bucket_versioning",
      "name": "logistics_prod_assets_100020003000_versioning",
      "provider": "provider[\"registry.terraform.io/hashicorp/aws\"]",
      "instances": [
        {
          "schema_version": 1,
          "attributes": {
            "id": "logistics-prod-assets-100020003000",
            "bucket": "logistics-prod-assets-100020003000",
            "versioning_configuration": [
              {
                "status": "Enabled",
                "mfa_delete": "Disabled"
              }
            ]
          }
        }
      ]
    },
    {
      "mode": "managed",
      "type": "aws_s3_bucket_server_side_encryption_configuration",
      "name": "logistics_prod_assets_100020003000_sse",
      "provider": "provider[\"registry.terraform.io/hashicorp/aws\"]",
      "instances": [
        {
          "schema_version": 1,
          "attributes": {
            "id": "logistics-prod-assets-100020003000",
            "bucket": "logistics-prod-assets-100020003000",
            "rule": [
              {
                "apply_server_side_encryption_by_default": [
                  {
                    "sse_algorithm": "aws:kms",
                    "kms_master_key_id": "arn:aws:kms:us-east-1:100020003000:key/39ac5a25"
                  }
                ],
                "bucket_key_enabled": true
              }
            ]
          }
        }
      ]
    },
    {
      "mode": "managed",
      "type": "aws_s3_bucket_public_access_block",
      "name": "logistics_prod_assets_100020003000_pab",
      "provider": "provider[\"registry.terraform.io/hashicorp/aws\"]",
      "instances": [
        {
          "schema_version": 1,
          "attributes": {
            "id": "logistics-prod-assets-100020003000",
            "bucket": "logistics-prod-assets-100020003000",
            "block_public_acls": true,
            "block_public_policy": true,
            "ignore_public_acls": true,
            "restrict_public_buckets": true
          }
        }
      ]
    },
    {
      "mode": "managed",
      "type": "aws_s3_bucket",
      "name": "logistics_prod_logs_100020003000",
      "provider": "provider[\"registry.terraform.io/hashicorp/aws\"]",
      "instances": [
        {
          "schema_version": 1,
          "attributes": {
            "id": "logistics-prod-logs-100020003000",
            "bucket": "logistics-prod-logs-100020003000",
            "region": "us-east-1",
            "tags": {
              "Environment": "PROD",
              "System": "物流API",
              "ManagedBy": "terraform",
              "Name": "logistics-prod-logs-100020003000"
            },
            "tags_all": {
              "Environment": "PROD",
              "System": "物流API",
              "ManagedBy": "terraform",
              "Name": "logistics-prod-logs-100020003000"
            }
          }
        }
      ]
    },
    {
      "mode": "managed",
      "type": "aws_s3_bucket_public_access_block",
      "name": "logistics_prod_logs_100020003000_pab",
      "provider": "provider[\"registry.terraform.io/hashicorp/aws\"]",
      "instances": [
        {
          "schema_version": 1,
          "attributes": {
            "id": "logistics-prod-logs-100020003000",
            "bucket": "logistics-prod-logs-100020003000",
            "block_public_acls": true,
            "block_public_policy": true,
            "ignore_public_acls": true,
            "restrict_public_buckets": true
          }
        }
      ]
    },
    {
      "mode": "managed",
      "type": "aws_cloudwatch_log_group",
      "name": "aws_ec2_logistics-prod",
      "provider": "provider[\"registry.terraform.io/hashicorp/aws\"]",
      "instances": [
        {
          "schema_version": 1,
          "attributes": {
            "id": "/aws/ec2/logistics-prod",
            "name": "/aws/ec2/logistics-prod",
            "retention_in_days": 90,
            "tags": {
              "Environment": "PROD",
              "System": "物流API",
              "ManagedBy": "terraform"
            },
            "tags_all": {
              "Environment": "PROD",
              "System": "物流API",
              "ManagedBy": "terraform"
            }
          }
        }
      ]
    },
    {
      "mode": "managed",
      "type": "aws_cloudwatch_log_group",
      "name": "aws_rds_logistics-prod-db",
      "provider": "provider[\"registry.terraform.io/hashicorp/aws\"]",
      "instances": [
        {
          "schema_version": 1,
          "attributes": {
            "id": "/aws/rds/logistics-prod-db",
            "name": "/aws/rds/logistics-prod-db",
            "retention_in_days": 90,
            "tags": {
              "Environment": "PROD",
              "System": "物流API",
              "ManagedBy": "terraform"
            },
            "tags_all": {
              "Environment": "PROD",
              "System": "物流API",
              "ManagedBy": "terraform"
            }
          }
        }
      ]
    },
    {
      "mode": "managed",
      "type": "aws_cloudwatch_metric_alarm",
      "name": "ec2_cpu_high",
      "provider": "provider[\"registry.terraform.io/hashicorp/aws\"]",
      "instances": [
        {
          "schema_version": 1,
          "attributes": {
            "id": "logistics-prod-ec2-cpu-high",
            "alarm_name": "logistics-prod-ec2-cpu-high",
            "alarm_description": "EC2 CPU utilization too high",
            "metric_name": "CPUUtilization",
            "namespace": "AWS/EC2",
            "statistic": "Average",
            "period": 300,
            "evaluation_periods": 2,
            "threshold": 80.0,
            "comparison_operator": "GreaterThanThreshold",
            "alarm_actions": [
              "arn:aws:sns:us-east-1:100020003000:alerts"
            ],
            "ok_actions": [],
            "insufficient_data_actions": [],
            "dimensions": {
              "AutoScalingGroupName": "logistics-prod-asg"
            },
            "treat_missing_data": "notBreaching",
            "unit": "Percent",
            "tags": {
              "Environment": "PROD",
              "System": "物流API",
              "ManagedBy": "terraform"
            },
            "tags_all": {
              "Environment": "PROD",
              "System": "物流API",
              "ManagedBy": "terraform"
            }
          }
        }
      ]
    },
    {
      "mode": "managed",
      "type": "aws_cloudwatch_metric_alarm",
      "name": "rds_connections_high",
      "provider": "provider[\"registry.terraform.io/hashicorp/aws\"]",
      "instances": [
        {
          "schema_version": 1,
          "attributes": {
            "id": "logistics-prod-rds-connections-high",
            "alarm_name": "logistics-prod-rds-connections-high",
            "alarm_description": "RDS connection count too high",
            "metric_name": "DatabaseConnections",
            "namespace": "AWS/RDS",
            "statistic": "Average",
            "period": 60,
            "evaluation_periods": 5,
            "threshold": 400.0,
            "comparison_operator": "GreaterThanThreshold",
            "alarm_actions": [
              "arn:aws:sns:us-east-1:100020003000:alerts"
            ],
            "ok_actions": [],
            "insufficient_data_actions": [],
            "dimensions": {
              "DBInstanceIdentifier": "logistics-prod-db"
            },
            "treat_missing_data": "notBreaching",
            "unit": "Count",
            "tags": {
              "Environment": "PROD",
              "System": "物流API",
              "ManagedBy": "terraform"
            },
            "tags_all": {
              "Environment": "PROD",
              "System": "物流API",
              "ManagedBy": "terraform"
            }
          }
        }
      ]
    },
    {
      "mode": "managed",
      "type": "aws_codedeploy_app",
      "name": "main",
      "provider": "provider[\"registry.terraform.io/hashicorp/aws\"]",
      "instances": [
        {
          "schema_version": 1,
          "attributes": {
            "id": "logistics-prod-app",
            "name": "logistics-prod-app",
            "compute_platform": "Server",
            "application_id": "c884248e",
            "tags": {
              "Environment": "PROD",
              "System": "物流API",
              "ManagedBy": "terraform",
              "Name": "logistics-prod-app"
            },
            "tags_all": {
              "Environment": "PROD",
              "System": "物流API",
              "ManagedBy": "terraform",
              "Name": "logistics-prod-app"
            }
          }
        }
      ]
    },
    {
      "mode": "managed",
      "type": "aws_codedeploy_deployment_group",
      "name": "main",
      "provider": "provider[\"registry.terraform.io/hashicorp/aws\"]",
      "instances": [
        {
          "schema_version": 1,
          "attributes": {
            "id": "c8ad1f7d",
            "app_name": "logistics-prod-app",
            "deployment_group_name": "logistics-prod-deploy-group",
            "service_role_arn": "arn:aws:iam::100020003000:role/logistics-prod-codedeploy-role",
            "deployment_config_name": "CodeDeployDefault.OneAtATime",
            "autoscaling_groups": [
              "logistics-prod-asg"
            ],
            "deployment_style": [
              {
                "deployment_option": "WITHOUT_TRAFFIC_CONTROL",
                "deployment_type": "IN_PLACE"
              }
            ],
            "auto_rollback_configuration": [
              {
                "enabled": true,
                "events": [
                  "DEPLOYMENT_FAILURE",
                  "DEPLOYMENT_STOP_ON_ALARM"
                ]
              }
            ],
            "alarm_configuration": [
              {
                "enabled": true,
                "alarms": [
                  "logistics-prod-ec2-cpu-high"
                ]
              }
            ]
          }
        }
      ]
    }
  ]
}