{
  "version": 4,
  "terraform_version": "1.7.4",
  "serial": 108,
  "lineage": "2b3563aa-6b9a-10b2-87ba-c24dd813df9a",
  "outputs": {},
  "resources": [
    {
      "mode": "managed",
      "type": "aws_vpc",
      "name": "main",
      "provider": "provider[\"registry.terraform.io/hashicorp/aws\"]",
      "instances": [
        {
          "schema_version": 1,
          "attributes": {
            "id": "vpc-02b3563aa0001",
            "cidr_block": "10.8.0.0/16",
            "default": false,
            "enable_dns_support": true,
            "enable_dns_hostnames": true,
            "dhcp_options_id": "dopt-02b3563aa0001",
            "tags": {
              "Environment": "STG",
              "System": "モバイルAPI",
              "ManagedBy": "terraform",
              "Name": "mobileapi-stg-vpc"
            },
            "tags_all": {
              "Environment": "STG",
              "System": "モバイルAPI",
              "ManagedBy": "terraform",
              "Name": "mobileapi-stg-vpc"
            }
          }
        }
      ]
    },
    {
      "mode": "managed",
      "type": "aws_subnet",
      "name": "public_1",
      "provider": "provider[\"registry.terraform.io/hashicorp/aws\"]",
      "instances": [
        {
          "schema_version": 1,
          "attributes": {
            "id": "subnet-0e06b0f3c01",
            "vpc_id": "vpc-02b3563aa0001",
            "cidr_block": "10.8.1.0/24",
            "availability_zone": "ap-southeast-1a",
            "map_public_ip_on_launch": true,
            "tags": {
              "Environment": "STG",
              "System": "モバイルAPI",
              "ManagedBy": "terraform",
              "Name": "mobileapi-stg-public-1"
            },
            "tags_all": {
              "Environment": "STG",
              "System": "モバイルAPI",
              "ManagedBy": "terraform",
              "Name": "mobileapi-stg-public-1"
            }
          }
        }
      ]
    },
    {
      "mode": "managed",
      "type": "aws_subnet",
      "name": "public_2",
      "provider": "provider[\"registry.terraform.io/hashicorp/aws\"]",
      "instances": [
        {
          "schema_version": 1,
          "attributes": {
            "id": "subnet-02004738201",
            "vpc_id": "vpc-02b3563aa0001",
            "cidr_block": "10.8.2.0/24",
            "availability_zone": "ap-southeast-1b",
            "map_public_ip_on_launch": true,
            "tags": {
              "Environment": "STG",
              "System": "モバイルAPI",
              "ManagedBy": "terraform",
              "Name": "mobileapi-stg-public-2"
            },
            "tags_all": {
              "Environment": "STG",
              "System": "モバイルAPI",
              "ManagedBy": "terraform",
              "Name": "mobileapi-stg-public-2"
            }
          }
        }
      ]
    },
    {
      "mode": "managed",
      "type": "aws_subnet",
      "name": "private_1",
      "provider": "provider[\"registry.terraform.io/hashicorp/aws\"]",
      "instances": [
        {
          "schema_version": 1,
          "attributes": {
            "id": "subnet-00522f06701",
            "vpc_id": "vpc-02b3563aa0001",
            "cidr_block": "10.8.11.0/24",
            "availability_zone": "ap-southeast-1a",
            "map_public_ip_on_launch": false,
            "tags": {
              "Environment": "STG",
              "System": "モバイルAPI",
              "ManagedBy": "terraform",
              "Name": "mobileapi-stg-private-1"
            },
            "tags_all": {
              "Environment": "STG",
              "System": "モバイルAPI",
              "ManagedBy": "terraform",
              "Name": "mobileapi-stg-private-1"
            }
          }
        }
      ]
    },
    {
      "mode": "managed",
      "type": "aws_subnet",
      "name": "private_2",
      "provider": "provider[\"registry.terraform.io/hashicorp/aws\"]",
      "instances": [
        {
          "schema_version": 1,
          "attributes": {
            "id": "subnet-0b581bf3a01",
            "vpc_id": "vpc-02b3563aa0001",
            "cidr_block": "10.8.12.0/24",
            "availability_zone": "ap-southeast-1b",
            "map_public_ip_on_launch": false,
            "tags": {
              "Environment": "STG",
              "System": "モバイルAPI",
              "ManagedBy": "terraform",
              "Name": "mobileapi-stg-private-2"
            },
            "tags_all": {
              "Environment": "STG",
              "System": "モバイルAPI",
              "ManagedBy": "terraform",
              "Name": "mobileapi-stg-private-2"
            }
          }
        }
      ]
    },
    {
      "mode": "managed",
      "type": "aws_internet_gateway",
      "name": "main",
      "provider": "provider[\"registry.terraform.io/hashicorp/aws\"]",
      "instances": [
        {
          "schema_version": 1,
          "attributes": {
            "id": "igw-02b3563aa0001",
            "vpc_id": "vpc-02b3563aa0001",
            "tags": {
              "Environment": "STG",
              "System": "モバイルAPI",
              "ManagedBy": "terraform",
              "Name": "mobileapi-stg-igw"
            },
            "tags_all": {
              "Environment": "STG",
              "System": "モバイルAPI",
              "ManagedBy": "terraform",
              "Name": "mobileapi-stg-igw"
            }
          }
        }
      ]
    },
    {
      "mode": "managed",
      "type": "aws_security_group",
      "name": "alb",
      "provider": "provider[\"registry.terraform.io/hashicorp/aws\"]",
      "instances": [
        {
          "schema_version": 1,
          "attributes": {
            "id": "sg-0c8d1015501",
            "name": "mobileapi-stg-sg-alb",
            "description": "ALB security group",
            "vpc_id": "vpc-02b3563aa0001",
            "ingress": [
              {
                "from_port": 80,
                "to_port": 80,
                "protocol": "tcp",
                "cidr_blocks": [
                  "0.0.0.0/0"
                ],
                "ipv6_cidr_blocks": [
                  "::/0"
                ],
                "prefix_list_ids": [],
                "security_groups": [],
                "self": false,
                "description": "HTTP"
              },
              {
                "from_port": 443,
                "to_port": 443,
                "protocol": "tcp",
                "cidr_blocks": [
                  "0.0.0.0/0"
                ],
                "ipv6_cidr_blocks": [
                  "::/0"
                ],
                "prefix_list_ids": [],
                "security_groups": [],
                "self": false,
                "description": "HTTPS"
              }
            ],
            "egress": [
              {
                "from_port": 0,
                "to_port": 0,
                "protocol": "-1",
                "cidr_blocks": [
                  "0.0.0.0/0"
                ],
                "ipv6_cidr_blocks": [],
                "prefix_list_ids": [],
                "security_groups": [],
                "self": false,
                "description": ""
              }
            ],
            "tags": {
              "Environment": "STG",
              "System": "モバイルAPI",
              "ManagedBy": "terraform",
              "Name": "mobileapi-stg-sg-alb"
            },
            "tags_all": {
              "Environment": "STG",
              "System": "モバイルAPI",
              "ManagedBy": "terraform",
              "Name": "mobileapi-stg-sg-alb"
            }
          }
        }
      ]
    },
    {
      "mode": "managed",
      "type": "aws_security_group",
      "name": "app",
      "provider": "provider[\"registry.terraform.io/hashicorp/aws\"]",
      "instances": [
        {
          "schema_version": 1,
          "attributes": {
            "id": "sg-09250607401",
            "name": "mobileapi-stg-sg-app",
            "description": "App server security group",
            "vpc_id": "vpc-02b3563aa0001",
            "ingress": [
              {
                "from_port": 8080,
                "to_port": 8080,
                "protocol": "tcp",
                "cidr_blocks": [],
                "ipv6_cidr_blocks": [],
                "prefix_list_ids": [],
                "security_groups": [
                  "sg-0c8d1015501"
                ],
                "self": false,
                "description": "From ALB"
              },
              {
                "from_port": 22,
                "to_port": 22,
                "protocol": "tcp",
                "cidr_blocks": [
                  "10.0.0.0/8"
                ],
                "ipv6_cidr_blocks": [],
                "prefix_list_ids": [],
                "security_groups": [],
                "self": false,
                "description": "SSH from internal"
              }
            ],
            "egress": [
              {
                "from_port": 0,
                "to_port": 0,
                "protocol": "-1",
                "cidr_blocks": [
                  "0.0.0.0/0"
                ],
                "ipv6_cidr_blocks": [],
                "prefix_list_ids": [],
                "security_groups": [],
                "self": false,
                "description": ""
              }
            ],
            "tags": {
              "Environment": "STG",
              "System": "モバイルAPI",
              "ManagedBy": "terraform",
              "Name": "mobileapi-stg-sg-app"
            },
            "tags_all": {
              "Environment": "STG",
              "System": "モバイルAPI",
              "ManagedBy": "terraform",
              "Name": "mobileapi-stg-sg-app"
            }
          }
        }
      ]
    },
    {
      "mode": "managed",
      "type": "aws_security_group",
      "name": "rds",
      "provider": "provider[\"registry.terraform.io/hashicorp/aws\"]",
      "instances": [
        {
          "schema_version": 1,
          "attributes": {
            "id": "sg-025ce28a301",
            "name": "mobileapi-stg-sg-rds",
            "description": "RDS security group",
            "vpc_id": "vpc-02b3563aa0001",
            "ingress": [
              {
                "from_port": 3306,
                "to_port": 3306,
                "protocol": "tcp",
                "cidr_blocks": [],
                "ipv6_cidr_blocks": [],
                "prefix_list_ids": [],
                "security_groups": [
                  "sg-09250607401"
                ],
                "self": false,
                "description": "From App tier"
              }
            ],
            "egress": [
              {
                "from_port": 0,
                "to_port": 0,
                "protocol": "-1",
                "cidr_blocks": [
                  "0.0.0.0/0"
                ],
                "ipv6_cidr_blocks": [],
                "prefix_list_ids": [],
                "security_groups": [],
                "self": false,
                "description": ""
              }
            ],
            "tags": {
              "Environment": "STG",
              "System": "モバイルAPI",
              "ManagedBy": "terraform",
              "Name": "mobileapi-stg-sg-rds"
            },
            "tags_all": {
              "Environment": "STG",
              "System": "モバイルAPI",
              "ManagedBy": "terraform",
              "Name": "mobileapi-stg-sg-rds"
            }
          }
        }
      ]
    },
    {
      "mode": "managed",
      "type": "aws_instance",
      "name": "app_1",
      "provider": "provider[\"registry.terraform.io/hashicorp/aws\"]",
      "instances": [
        {
          "schema_version": 1,
          "attributes": {
            "id": "i-09680a20001",
            "ami": "ami-0df7a207adb9788c7",
            "instance_type": "t3.small",
            "instance_state": "running",
            "vpc_id": "vpc-02b3563aa0001",
            "subnet_id": "subnet-00522f06701",
            "availability_zone": "ap-southeast-1a",
            "private_ip": "10.8.11.10",
            "public_ip": null,
            "vpc_security_group_ids": [
              "sg-09250607401"
            ],
            "key_name": "mobileapi-stg-keypair",
            "iam_instance_profile": "mobileapi-stg-ec2-profile",
            "monitoring": true,
            "platform": null,
            "tags": {
              "Environment": "STG",
              "System": "モバイルAPI",
              "ManagedBy": "terraform",
              "Name": "mobileapi-stg-app-01",
              "Application": "モバイルAPIサービス",
              "Language": "java",
              "Framework": "spring",
              "Runtime": "none",
              "DeployMethod": "ec2",
              "Branch": "develop"
            },
            "tags_all": {
              "Environment": "STG",
              "System": "モバイルAPI",
              "ManagedBy": "terraform",
              "Name": "mobileapi-stg-app-01",
              "Application": "モバイルAPIサービス",
              "Language": "java",
              "Framework": "spring",
              "Runtime": "none",
              "DeployMethod": "ec2",
              "Branch": "develop"
            }
          }
        }
      ]
    },
    {
      "mode": "managed",
      "type": "aws_ebs_volume",
      "name": "app_1",
      "provider": "provider[\"registry.terraform.io/hashicorp/aws\"]",
      "instances": [
        {
          "schema_version": 1,
          "attributes": {
            "id": "vol-096b8da8501",
            "size": 30,
            "type": "gp3",
            "iops": 3000,
            "throughput": 125,
            "availability_zone": "ap-southeast-1a",
            "encrypted": true,
            "kms_key_id": "arn:aws:kms:ap-southeast-1:666677778888:key/20befe41",
            "snapshot_id": null,
            "multi_attach_enabled": false,
            "attachments": [
              {
                "instance_id": "i-09680a20001",
                "device": "/dev/sdf",
                "delete_on_termination": true
              }
            ],
            "tags": {
              "Environment": "STG",
              "System": "モバイルAPI",
              "ManagedBy": "terraform",
              "Name": "mobileapi-stg-ebs-01",
              "attached_instance_id": "i-09680a20001"
            },
            "tags_all": {
              "Environment": "STG",
              "System": "モバイルAPI",
              "ManagedBy": "terraform",
              "Name": "mobileapi-stg-ebs-01",
              "attached_instance_id": "i-09680a20001"
            }
          }
        }
      ]
    },
    {
      "mode": "managed",
      "type": "aws_db_instance",
      "name": "main",
      "provider": "provider[\"registry.terraform.io/hashicorp/aws\"]",
      "instances": [
        {
          "schema_version": 1,
          "attributes": {
            "id": "mobileapi-stg-db",
            "identifier": "mobileapi-stg-db",
            "engine": "mysql",
            "engine_version": "8.0.36",
            "instance_class": "db.t3.small",
            "db_name": "mobileapi",
            "username": "admin",
            "port": 3306,
            "endpoint": "mobileapi-stg-db.2b3563.ap-southeast-1.rds.amazonaws.com:3306",
            "address": "mobileapi-stg-db.2b3563.ap-southeast-1.rds.amazonaws.com",
            "status": "available",
            "multi_az": false,
            "publicly_accessible": false,
            "storage_type": "gp3",
            "allocated_storage": 20,
            "backup_retention_period": 1,
            "deletion_protection": false,
            "availability_zone": "ap-southeast-1a",
            "vpc_security_group_memberships": [
              {
                "id": "sg-025ce28a301",
                "name": "mobileapi-stg-sg-rds"
              }
            ],
            "tags": {
              "Environment": "STG",
              "System": "モバイルAPI",
              "ManagedBy": "terraform",
              "Name": "mobileapi-stg-db"
            },
            "tags_all": {
              "Environment": "STG",
              "System": "モバイルAPI",
              "ManagedBy": "terraform",
              "Name": "mobileapi-stg-db"
            }
          }
        }
      ]
    },
    {
      "mode": "managed",
      "type": "aws_lb",
      "name": "main",
      "provider": "provider[\"registry.terraform.io/hashicorp/aws\"]",
      "instances": [
        {
          "schema_version": 1,
          "attributes": {
            "id": "arn:aws:elasticloadbalancing:ap-southeast-1:666677778888:loadbalancer/app/mobileapi-stg-alb/02b3563aa0001",
            "arn": "arn:aws:elasticloadbalancing:ap-southeast-1:666677778888:loadbalancer/app/mobileapi-stg-alb/02b3563aa0001",
            "name": "mobileapi-stg-alb",
            "dns_name": "mobileapi-stg-alb-11061.ap-southeast-1.elb.amazonaws.com",
            "internal": false,
            "load_balancer_type": "application",
            "subnets": [
              "subnet-0e06b0f3c01",
              "subnet-02004738201"
            ],
            "security_groups": [
              "sg-0c8d1015501"
            ],
            "vpc_id": "vpc-02b3563aa0001",
            "state": "active",
            "idle_timeout": 60,
            "enable_deletion_protection": false,
            "access_logs": [
              {
                "enabled": true,
                "bucket": "mobileapi-stg-logs-666677778888",
                "prefix": "alb"
              }
            ],
            "tags": {
              "Environment": "STG",
              "System": "モバイルAPI",
              "ManagedBy": "terraform",
              "Name": "mobileapi-stg-alb"
            },
            "tags_all": {
              "Environment": "STG",
              "System": "モバイルAPI",
              "ManagedBy": "terraform",
              "Name": "mobileapi-stg-alb"
            }
          }
        }
      ]
    },
    {
      "mode": "managed",
      "type": "aws_lb_target_group",
      "name": "main",
      "provider": "provider[\"registry.terraform.io/hashicorp/aws\"]",
      "instances": [
        {
          "schema_version": 1,
          "attributes": {
            "id": "arn:aws:elasticloadbalancing:ap-southeast-1:666677778888:targetgroup/mobileapi-stg-tg/007c4960a01",
            "arn": "arn:aws:elasticloadbalancing:ap-southeast-1:666677778888:targetgroup/mobileapi-stg-tg/007c4960a01",
            "name": "mobileapi-stg-tg",
            "protocol": "HTTP",
            "port": 8080,
            "target_type": "instance",
            "vpc_id": "vpc-02b3563aa0001",
            "load_balancer_arns": [
              "arn:aws:elasticloadbalancing:ap-southeast-1:666677778888:loadbalancer/app/mobileapi-stg-alb/02b3563aa0001"
            ],
            "health_check": [
              {
                "enabled": true,
                "path": "/health",
                "protocol": "HTTP",
                "port": "traffic-port",
                "interval": 30,
                "timeout": 5,
                "healthy_threshold": 3,
                "unhealthy_threshold": 3
              }
            ],
            "tags": {
              "Environment": "STG",
              "System": "モバイルAPI",
              "ManagedBy": "terraform",
              "Name": "mobileapi-stg-tg"
            },
            "tags_all": {
              "Environment": "STG",
              "System": "モバイルAPI",
              "ManagedBy": "terraform",
              "Name": "mobileapi-stg-tg"
            }
          }
        }
      ]
    },
    {
      "mode": "managed",
      "type": "aws_lb_listener",
      "name": "https",
      "provider": "provider[\"registry.terraform.io/hashicorp/aws\"]",
      "instances": [
        {
          "schema_version": 1,
          "attributes": {
            "id": "arn:aws:elasticloadbalancing:ap-southeast-1:666677778888:listener/app/mobileapi-stg-alb/02b3563aa0001/00db7c12601",
            "arn": "arn:aws:elasticloadbalancing:ap-southeast-1:666677778888:listener/app/mobileapi-stg-alb/02b3563aa0001/00db7c12601",
            "load_balancer_arn": "arn:aws:elasticloadbalancing:ap-southeast-1:666677778888:loadbalancer/app/mobileapi-stg-alb/02b3563aa0001",
            "port": 443,
            "protocol": "HTTPS",
            "ssl_policy": "ELBSecurityPolicy-TLS13-1-2-2021-06",
            "certificate_arn": "arn:aws:acm:ap-southeast-1:666677778888:certificate/1b36772b-6818-0d2c-f36b-b466b4be4d2e",
            "default_action": [
              {
                "type": "forward",
                "target_group_arn": "arn:aws:elasticloadbalancing:ap-southeast-1:666677778888:targetgroup/mobileapi-stg-tg/007c4960a01",
                "redirect": [],
                "fixed_response": []
              }
            ],
            "tags": {
              "Environment": "STG",
              "System": "モバイルAPI",
              "ManagedBy": "terraform"
            },
            "tags_all": {
              "Environment": "STG",
              "System": "モバイルAPI",
              "ManagedBy": "terraform"
            }
          }
        }
      ]
    },
    {
      "mode": "managed",
      "type": "aws_lb_listener",
      "name": "http",
      "provider": "provider[\"registry.terraform.io/hashicorp/aws\"]",
      "instances": [
        {
          "schema_version": 1,
          "attributes": {
            "id": "arn:aws:elasticloadbalancing:ap-southeast-1:666677778888:listener/app/mobileapi-stg-alb/02b3563aa0001/0d9b2307701",
            "arn": "arn:aws:elasticloadbalancing:ap-southeast-1:666677778888:listener/app/mobileapi-stg-alb/02b3563aa0001/0d9b2307701",
            "load_balancer_arn": "arn:aws:elasticloadbalancing:ap-southeast-1:666677778888:loadbalancer/app/mobileapi-stg-alb/02b3563aa0001",
            "port": 80,
            "protocol": "HTTP",
            "ssl_policy": null,
            "certificate_arn": null,
            "default_action": [
              {
                "type": "redirect",
                "target_group_arn": null,
                "redirect": [
                  {
                    "port": "443",
                    "protocol": "HTTPS",
                    "status_code": "HTTP_301",
                    "host": "#{host}",
                    "path": "/#{path}",
                    "query": "#{query}"
                  }
                ],
                "fixed_response": []
              }
            ],
            "tags": {
              "Environment": "STG",
              "System": "モバイルAPI",
              "ManagedBy": "terraform"
            },
            "tags_all": {
              "Environment": "STG",
              "System": "モバイルAPI",
              "ManagedBy": "terraform"
            }
          }
        }
      ]
    },
    {
      "mode": "managed",
      "type": "aws_s3_bucket",
      "name": "mobileapi_stg_assets_666677778888",
      "provider": "provider[\"registry.terraform.io/hashicorp/aws\"]",
      "instances": [
        {
          "schema_version": 1,
          "attributes": {
            "id": "mobileapi-stg-assets-666677778888",
            "bucket": "mobileapi-stg-assets-666677778888",
            "region": "ap-southeast-1",
            "tags": {
              "Environment": "STG",
              "System": "モバイルAPI",
              "ManagedBy": "terraform",
              "Name": "mobileapi-stg-assets-666677778888"
            },
            "tags_all": {
              "Environment": "STG",
              "System": "モバイルAPI",
              "ManagedBy": "terraform",
              "Name": "mobileapi-stg-assets-666677778888"
            }
          }
        }
      ]
    },
    {
      "mode": "managed",
      "type": "aws_s3_bucket_versioning",
      "name": "mobileapi_stg_assets_666677778888_versioning",
      "provider": "provider[\"registry.terraform.io/hashicorp/aws\"]",
      "instances": [
        {
          "schema_version": 1,
          "attributes": {
            "id": "mobileapi-stg-assets-666677778888",
            "bucket": "mobileapi-stg-assets-666677778888",
            "versioning_configuration": [
              {
                "status": "Enabled",
                "mfa_delete": "Disabled"
              }
            ]
          }
        }
      ]
    },
    {
      "mode": "managed",
      "type": "aws_s3_bucket_server_side_encryption_configuration",
      "name": "mobileapi_stg_assets_666677778888_sse",
      "provider": "provider[\"registry.terraform.io/hashicorp/aws\"]",
      "instances": [
        {
          "schema_version": 1,
          "attributes": {
            "id": "mobileapi-stg-assets-666677778888",
            "bucket": "mobileapi-stg-assets-666677778888",
            "rule": [
              {
                "apply_server_side_encryption_by_default": [
                  {
                    "sse_algorithm": "aws:kms",
                    "kms_master_key_id": "arn:aws:kms:ap-southeast-1:666677778888:key/40b0dfeb"
                  }
                ],
                "bucket_key_enabled": true
              }
            ]
          }
        }
      ]
    },
    {
      "mode": "managed",
      "type": "aws_s3_bucket_public_access_block",
      "name": "mobileapi_stg_assets_666677778888_pab",
      "provider": "provider[\"registry.terraform.io/hashicorp/aws\"]",
      "instances": [
        {
          "schema_version": 1,
          "attributes": {
            "id": "mobileapi-stg-assets-666677778888",
            "bucket": "mobileapi-stg-assets-666677778888",
            "block_public_acls": true,
            "block_public_policy": true,
            "ignore_public_acls": true,
            "restrict_public_buckets": true
          }
        }
      ]
    },
    {
      "mode": "managed",
      "type": "aws_s3_bucket",
      "name": "mobileapi_stg_logs_666677778888",
      "provider": "provider[\"registry.terraform.io/hashicorp/aws\"]",
      "instances": [
        {
          "schema_version": 1,
          "attributes": {
            "id": "mobileapi-stg-logs-666677778888",
            "bucket": "mobileapi-stg-logs-666677778888",
            "region": "ap-southeast-1",
            "tags": {
              "Environment": "STG",
              "System": "モバイルAPI",
              "ManagedBy": "terraform",
              "Name": "mobileapi-stg-logs-666677778888"
            },
            "tags_all": {
              "Environment": "STG",
              "System": "モバイルAPI",
              "ManagedBy": "terraform",
              "Name": "mobileapi-stg-logs-666677778888"
            }
          }
        }
      ]
    },
    {
      "mode": "managed",
      "type": "aws_s3_bucket_public_access_block",
      "name": "mobileapi_stg_logs_666677778888_pab",
      "provider": "provider[\"registry.terraform.io/hashicorp/aws\"]",
      "instances": [
        {
          "schema_version": 1,
          "attributes": {
            "id": "mobileapi-stg-logs-666677778888",
            "bucket": "mobileapi-stg-logs-666677778888",
            "block_public_acls": true,
            "block_public_policy": true,
            "ignore_public_acls": true,
            "restrict_public_buckets": true
          }
        }
      ]
    },
    {
      "mode": "managed",
      "type": "aws_cloudwatch_log_group",
      "name": "aws_ec2_mobileapi-stg",
      "provider": "provider[\"registry.terraform.io/hashicorp/aws\"]",
      "instances": [
        {
          "schema_version": 1,
          "attributes": {
            "id": "/aws/ec2/mobileapi-stg",
            "name": "/aws/ec2/mobileapi-stg",
            "retention_in_days": 30,
            "tags": {
              "Environment": "STG",
              "System": "モバイルAPI",
              "ManagedBy": "terraform"
            },
            "tags_all": {
              "Environment": "STG",
              "System": "モバイルAPI",
              "ManagedBy": "terraform"
            }
          }
        }
      ]
    },
    {
      "mode": "managed",
      "type": "aws_cloudwatch_log_group",
      "name": "aws_rds_mobileapi-stg-db",
      "provider": "provider[\"registry.terraform.io/hashicorp/aws\"]",
      "instances": [
        {
          "schema_version": 1,
          "attributes": {
            "id": "/aws/rds/mobileapi-stg-db",
            "name": "/aws/rds/mobileapi-stg-db",
            "retention_in_days": 30,
            "tags": {
              "Environment": "STG",
              "System": "モバイルAPI",
              "ManagedBy": "terraform"
            },
            "tags_all": {
              "Environment": "STG",
              "System": "モバイルAPI",
              "ManagedBy": "terraform"
            }
          }
        }
      ]
    },
    {
      "mode": "managed",
      "type": "aws_cloudwatch_metric_alarm",
      "name": "ec2_cpu_high",
      "provider": "provider[\"registry.terraform.io/hashicorp/aws\"]",
      "instances": [
        {
          "schema_version": 1,
          "attributes": {
            "id": "mobileapi-stg-ec2-cpu-high",
            "alarm_name": "mobileapi-stg-ec2-cpu-high",
            "alarm_description": "EC2 CPU utilization too high",
            "metric_name": "CPUUtilization",
            "namespace": "AWS/EC2",
            "statistic": "Average",
            "period": 300,
            "evaluation_periods": 2,
            "threshold": 80.0,
            "comparison_operator": "GreaterThanThreshold",
            "alarm_actions": [
              "arn:aws:sns:ap-southeast-1:666677778888:alerts"
            ],
            "ok_actions": [],
            "insufficient_data_actions": [],
            "dimensions": {
              "AutoScalingGroupName": "mobileapi-stg-asg"
            },
            "treat_missing_data": "notBreaching",
            "unit": "Percent",
            "tags": {
              "Environment": "STG",
              "System": "モバイルAPI",
              "ManagedBy": "terraform"
            },
            "tags_all": {
              "Environment": "STG",
              "System": "モバイルAPI",
              "ManagedBy": "terraform"
            }
          }
        }
      ]
    },
    {
      "mode": "managed",
      "type": "aws_cloudwatch_metric_alarm",
      "name": "rds_connections_high",
      "provider": "provider[\"registry.terraform.io/hashicorp/aws\"]",
      "instances": [
        {
          "schema_version": 1,
          "attributes": {
            "id": "mobileapi-stg-rds-connections-high",
            "alarm_name": "mobileapi-stg-rds-connections-high",
            "alarm_description": "RDS connection count too high",
            "metric_name": "DatabaseConnections",
            "namespace": "AWS/RDS",
            "statistic": "Average",
            "period": 60,
            "evaluation_periods": 5,
            "threshold": 400.0,
            "comparison_operator": "GreaterThanThreshold",
            "alarm_actions": [
              "arn:aws:sns:ap-southeast-1:666677778888:alerts"
            ],
            "ok_actions": [],
            "insufficient_data_actions": [],
            "dimensions": {
              "DBInstanceIdentifier": "mobileapi-stg-db"
            },
            "treat_missing_data": "notBreaching",
            "unit": "Count",
            "tags": {
              "Environment": "STG",
              "System": "モバイルAPI",
              "ManagedBy": "terraform"
            },
            "tags_all": {
              "Environment": "STG",
              "System": "モバイルAPI",
              "ManagedBy": "terraform"
            }
          }
        }
      ]
    }
  ]
}