{
  "version": 4,
  "terraform_version": "1.7.4",
  "serial": 107,
  "lineage": "b93211e4-b556-bdcc-b1a8-c4bc75f3c33f",
  "outputs": {},
  "resources": [
    {
      "mode": "managed",
      "type": "aws_vpc",
      "name": "main",
      "provider": "provider[\"registry.terraform.io/hashicorp/aws\"]",
      "instances": [
        {
          "schema_version": 1,
          "attributes": {
            "id": "vpc-0b93211e40001",
            "cidr_block": "10.7.0.0/16",
            "default": false,
            "enable_dns_support": true,
            "enable_dns_hostnames": true,
            "dhcp_options_id": "dopt-0b93211e40001",
            "tags": {
              "Environment": "PROD",
              "System": "モバイルAPI",
              "ManagedBy": "terraform",
              "Name": "mobileapi-prod-vpc"
            },
            "tags_all": {
              "Environment": "PROD",
              "System": "モバイルAPI",
              "ManagedBy": "terraform",
              "Name": "mobileapi-prod-vpc"
            }
          }
        }
      ]
    },
    {
      "mode": "managed",
      "type": "aws_subnet",
      "name": "public_1",
      "provider": "provider[\"registry.terraform.io/hashicorp/aws\"]",
      "instances": [
        {
          "schema_version": 1,
          "attributes": {
            "id": "subnet-0c538931501",
            "vpc_id": "vpc-0b93211e40001",
            "cidr_block": "10.7.1.0/24",
            "availability_zone": "ap-southeast-1a",
            "map_public_ip_on_launch": true,
            "tags": {
              "Environment": "PROD",
              "System": "モバイルAPI",
              "ManagedBy": "terraform",
              "Name": "mobileapi-prod-public-1"
            },
            "tags_all": {
              "Environment": "PROD",
              "System": "モバイルAPI",
              "ManagedBy": "terraform",
              "Name": "mobileapi-prod-public-1"
            }
          }
        }
      ]
    },
    {
      "mode": "managed",
      "type": "aws_subnet",
      "name": "public_2",
      "provider": "provider[\"registry.terraform.io/hashicorp/aws\"]",
      "instances": [
        {
          "schema_version": 1,
          "attributes": {
            "id": "subnet-0eb5fbc3c01",
            "vpc_id": "vpc-0b93211e40001",
            "cidr_block": "10.7.2.0/24",
            "availability_zone": "ap-southeast-1b",
            "map_public_ip_on_launch": true,
            "tags": {
              "Environment": "PROD",
              "System": "モバイルAPI",
              "ManagedBy": "terraform",
              "Name": "mobileapi-prod-public-2"
            },
            "tags_all": {
              "Environment": "PROD",
              "System": "モバイルAPI",
              "ManagedBy": "terraform",
              "Name": "mobileapi-prod-public-2"
            }
          }
        }
      ]
    },
    {
      "mode": "managed",
      "type": "aws_subnet",
      "name": "private_1",
      "provider": "provider[\"registry.terraform.io/hashicorp/aws\"]",
      "instances": [
        {
          "schema_version": 1,
          "attributes": {
            "id": "subnet-0cf32f5e401",
            "vpc_id": "vpc-0b93211e40001",
            "cidr_block": "10.7.11.0/24",
            "availability_zone": "ap-southeast-1a",
            "map_public_ip_on_launch": false,
            "tags": {
              "Environment": "PROD",
              "System": "モバイルAPI",
              "ManagedBy": "terraform",
              "Name": "mobileapi-prod-private-1"
            },
            "tags_all": {
              "Environment": "PROD",
              "System": "モバイルAPI",
              "ManagedBy": "terraform",
              "Name": "mobileapi-prod-private-1"
            }
          }
        }
      ]
    },
    {
      "mode": "managed",
      "type": "aws_subnet",
      "name": "private_2",
      "provider": "provider[\"registry.terraform.io/hashicorp/aws\"]",
      "instances": [
        {
          "schema_version": 1,
          "attributes": {
            "id": "subnet-04aad6b2201",
            "vpc_id": "vpc-0b93211e40001",
            "cidr_block": "10.7.12.0/24",
            "availability_zone": "ap-southeast-1b",
            "map_public_ip_on_launch": false,
            "tags": {
              "Environment": "PROD",
              "System": "モバイルAPI",
              "ManagedBy": "terraform",
              "Name": "mobileapi-prod-private-2"
            },
            "tags_all": {
              "Environment": "PROD",
              "System": "モバイルAPI",
              "ManagedBy": "terraform",
              "Name": "mobileapi-prod-private-2"
            }
          }
        }
      ]
    },
    {
      "mode": "managed",
      "type": "aws_internet_gateway",
      "name": "main",
      "provider": "provider[\"registry.terraform.io/hashicorp/aws\"]",
      "instances": [
        {
          "schema_version": 1,
          "attributes": {
            "id": "igw-0b93211e40001",
            "vpc_id": "vpc-0b93211e40001",
            "tags": {
              "Environment": "PROD",
              "System": "モバイルAPI",
              "ManagedBy": "terraform",
              "Name": "mobileapi-prod-igw"
            },
            "tags_all": {
              "Environment": "PROD",
              "System": "モバイルAPI",
              "ManagedBy": "terraform",
              "Name": "mobileapi-prod-igw"
            }
          }
        }
      ]
    },
    {
      "mode": "managed",
      "type": "aws_eip",
      "name": "nat_1",
      "provider": "provider[\"registry.terraform.io/hashicorp/aws\"]",
      "instances": [
        {
          "schema_version": 1,
          "attributes": {
            "id": "eipalloc-01015ae9101",
            "public_ip": "54.17.20.105",
            "domain": "vpc",
            "vpc": true,
            "tags": {
              "Environment": "PROD",
              "System": "モバイルAPI",
              "ManagedBy": "terraform",
              "Name": "mobileapi-prod-eip-nat-1"
            },
            "tags_all": {
              "Environment": "PROD",
              "System": "モバイルAPI",
              "ManagedBy": "terraform",
              "Name": "mobileapi-prod-eip-nat-1"
            }
          }
        }
      ]
    },
    {
      "mode": "managed",
      "type": "aws_nat_gateway",
      "name": "az1",
      "provider": "provider[\"registry.terraform.io/hashicorp/aws\"]",
      "instances": [
        {
          "schema_version": 1,
          "attributes": {
            "id": "nat-01467d71a01",
            "subnet_id": "subnet-0c538931501",
            "allocation_id": "eipalloc-01015ae9101",
            "connectivity_type": "public",
            "state": "available",
            "tags": {
              "Environment": "PROD",
              "System": "モバイルAPI",
              "ManagedBy": "terraform",
              "Name": "mobileapi-prod-nat-az1"
            },
            "tags_all": {
              "Environment": "PROD",
              "System": "モバイルAPI",
              "ManagedBy": "terraform",
              "Name": "mobileapi-prod-nat-az1"
            }
          }
        }
      ]
    },
    {
      "mode": "managed",
      "type": "aws_eip",
      "name": "nat_2",
      "provider": "provider[\"registry.terraform.io/hashicorp/aws\"]",
      "instances": [
        {
          "schema_version": 1,
          "attributes": {
            "id": "eipalloc-08b6c12b001",
            "public_ip": "54.17.40.110",
            "domain": "vpc",
            "vpc": true,
            "tags": {
              "Environment": "PROD",
              "System": "モバイルAPI",
              "ManagedBy": "terraform",
              "Name": "mobileapi-prod-eip-nat-2"
            },
            "tags_all": {
              "Environment": "PROD",
              "System": "モバイルAPI",
              "ManagedBy": "terraform",
              "Name": "mobileapi-prod-eip-nat-2"
            }
          }
        }
      ]
    },
    {
      "mode": "managed",
      "type": "aws_nat_gateway",
      "name": "az2",
      "provider": "provider[\"registry.terraform.io/hashicorp/aws\"]",
      "instances": [
        {
          "schema_version": 1,
          "attributes": {
            "id": "nat-0ba1afbad01",
            "subnet_id": "subnet-0eb5fbc3c01",
            "allocation_id": "eipalloc-08b6c12b001",
            "connectivity_type": "public",
            "state": "available",
            "tags": {
              "Environment": "PROD",
              "System": "モバイルAPI",
              "ManagedBy": "terraform",
              "Name": "mobileapi-prod-nat-az2"
            },
            "tags_all": {
              "Environment": "PROD",
              "System": "モバイルAPI",
              "ManagedBy": "terraform",
              "Name": "mobileapi-prod-nat-az2"
            }
          }
        }
      ]
    },
    {
      "mode": "managed",
      "type": "aws_security_group",
      "name": "alb",
      "provider": "provider[\"registry.terraform.io/hashicorp/aws\"]",
      "instances": [
        {
          "schema_version": 1,
          "attributes": {
            "id": "sg-01d26bfc401",
            "name": "mobileapi-prod-sg-alb",
            "description": "ALB security group",
            "vpc_id": "vpc-0b93211e40001",
            "ingress": [
              {
                "from_port": 80,
                "to_port": 80,
                "protocol": "tcp",
                "cidr_blocks": [
                  "0.0.0.0/0"
                ],
                "ipv6_cidr_blocks": [
                  "::/0"
                ],
                "prefix_list_ids": [],
                "security_groups": [],
                "self": false,
                "description": "HTTP"
              },
              {
                "from_port": 443,
                "to_port": 443,
                "protocol": "tcp",
                "cidr_blocks": [
                  "0.0.0.0/0"
                ],
                "ipv6_cidr_blocks": [
                  "::/0"
                ],
                "prefix_list_ids": [],
                "security_groups": [],
                "self": false,
                "description": "HTTPS"
              }
            ],
            "egress": [
              {
                "from_port": 0,
                "to_port": 0,
                "protocol": "-1",
                "cidr_blocks": [
                  "0.0.0.0/0"
                ],
                "ipv6_cidr_blocks": [],
                "prefix_list_ids": [],
                "security_groups": [],
                "self": false,
                "description": ""
              }
            ],
            "tags": {
              "Environment": "PROD",
              "System": "モバイルAPI",
              "ManagedBy": "terraform",
              "Name": "mobileapi-prod-sg-alb"
            },
            "tags_all": {
              "Environment": "PROD",
              "System": "モバイルAPI",
              "ManagedBy": "terraform",
              "Name": "mobileapi-prod-sg-alb"
            }
          }
        }
      ]
    },
    {
      "mode": "managed",
      "type": "aws_security_group",
      "name": "app",
      "provider": "provider[\"registry.terraform.io/hashicorp/aws\"]",
      "instances": [
        {
          "schema_version": 1,
          "attributes": {
            "id": "sg-0a162b74801",
            "name": "mobileapi-prod-sg-app",
            "description": "App server security group",
            "vpc_id": "vpc-0b93211e40001",
            "ingress": [
              {
                "from_port": 8080,
                "to_port": 8080,
                "protocol": "tcp",
                "cidr_blocks": [],
                "ipv6_cidr_blocks": [],
                "prefix_list_ids": [],
                "security_groups": [
                  "sg-01d26bfc401"
                ],
                "self": false,
                "description": "From ALB"
              },
              {
                "from_port": 22,
                "to_port": 22,
                "protocol": "tcp",
                "cidr_blocks": [
                  "10.0.0.0/8"
                ],
                "ipv6_cidr_blocks": [],
                "prefix_list_ids": [],
                "security_groups": [],
                "self": false,
                "description": "SSH from internal"
              }
            ],
            "egress": [
              {
                "from_port": 0,
                "to_port": 0,
                "protocol": "-1",
                "cidr_blocks": [
                  "0.0.0.0/0"
                ],
                "ipv6_cidr_blocks": [],
                "prefix_list_ids": [],
                "security_groups": [],
                "self": false,
                "description": ""
              }
            ],
            "tags": {
              "Environment": "PROD",
              "System": "モバイルAPI",
              "ManagedBy": "terraform",
              "Name": "mobileapi-prod-sg-app"
            },
            "tags_all": {
              "Environment": "PROD",
              "System": "モバイルAPI",
              "ManagedBy": "terraform",
              "Name": "mobileapi-prod-sg-app"
            }
          }
        }
      ]
    },
    {
      "mode": "managed",
      "type": "aws_security_group",
      "name": "rds",
      "provider": "provider[\"registry.terraform.io/hashicorp/aws\"]",
      "instances": [
        {
          "schema_version": 1,
          "attributes": {
            "id": "sg-03fb70f2d01",
            "name": "mobileapi-prod-sg-rds",
            "description": "RDS security group",
            "vpc_id": "vpc-0b93211e40001",
            "ingress": [
              {
                "from_port": 3306,
                "to_port": 3306,
                "protocol": "tcp",
                "cidr_blocks": [],
                "ipv6_cidr_blocks": [],
                "prefix_list_ids": [],
                "security_groups": [
                  "sg-0a162b74801"
                ],
                "self": false,
                "description": "From App tier"
              }
            ],
            "egress": [
              {
                "from_port": 0,
                "to_port": 0,
                "protocol": "-1",
                "cidr_blocks": [
                  "0.0.0.0/0"
                ],
                "ipv6_cidr_blocks": [],
                "prefix_list_ids": [],
                "security_groups": [],
                "self": false,
                "description": ""
              }
            ],
            "tags": {
              "Environment": "PROD",
              "System": "モバイルAPI",
              "ManagedBy": "terraform",
              "Name": "mobileapi-prod-sg-rds"
            },
            "tags_all": {
              "Environment": "PROD",
              "System": "モバイルAPI",
              "ManagedBy": "terraform",
              "Name": "mobileapi-prod-sg-rds"
            }
          }
        }
      ]
    },
    {
      "mode": "managed",
      "type": "aws_instance",
      "name": "app_1",
      "provider": "provider[\"registry.terraform.io/hashicorp/aws\"]",
      "instances": [
        {
          "schema_version": 1,
          "attributes": {
            "id": "i-0b4ebbd7d01",
            "ami": "ami-0df7a207adb9788c7",
            "instance_type": "c5.large",
            "instance_state": "running",
            "vpc_id": "vpc-0b93211e40001",
            "subnet_id": "subnet-0cf32f5e401",
            "availability_zone": "ap-southeast-1a",
            "private_ip": "10.7.11.10",
            "public_ip": null,
            "vpc_security_group_ids": [
              "sg-0a162b74801"
            ],
            "key_name": "mobileapi-prod-keypair",
            "iam_instance_profile": "mobileapi-prod-ec2-profile",
            "monitoring": true,
            "platform": null,
            "tags": {
              "Environment": "PROD",
              "System": "モバイルAPI",
              "ManagedBy": "terraform",
              "Name": "mobileapi-prod-app-01",
              "Application": "モバイルAPIサービス",
              "Language": "java",
              "Framework": "spring",
              "Runtime": "none",
              "DeployMethod": "ec2",
              "Branch": "main"
            },
            "tags_all": {
              "Environment": "PROD",
              "System": "モバイルAPI",
              "ManagedBy": "terraform",
              "Name": "mobileapi-prod-app-01",
              "Application": "モバイルAPIサービス",
              "Language": "java",
              "Framework": "spring",
              "Runtime": "none",
              "DeployMethod": "ec2",
              "Branch": "main"
            }
          }
        }
      ]
    },
    {
      "mode": "managed",
      "type": "aws_instance",
      "name": "app_2",
      "provider": "provider[\"registry.terraform.io/hashicorp/aws\"]",
      "instances": [
        {
          "schema_version": 1,
          "attributes": {
            "id": "i-00bf65d6e01",
            "ami": "ami-0df7a207adb9788c7",
            "instance_type": "c5.large",
            "instance_state": "running",
            "vpc_id": "vpc-0b93211e40001",
            "subnet_id": "subnet-04aad6b2201",
            "availability_zone": "ap-southeast-1b",
            "private_ip": "10.7.11.20",
            "public_ip": null,
            "vpc_security_group_ids": [
              "sg-0a162b74801"
            ],
            "key_name": "mobileapi-prod-keypair",
            "iam_instance_profile": "mobileapi-prod-ec2-profile",
            "monitoring": true,
            "platform": null,
            "tags": {
              "Environment": "PROD",
              "System": "モバイルAPI",
              "ManagedBy": "terraform",
              "Name": "mobileapi-prod-app-02",
              "Application": "モバイルAPIサービス",
              "Language": "java",
              "Framework": "spring",
              "Runtime": "none",
              "DeployMethod": "ec2",
              "Branch": "main"
            },
            "tags_all": {
              "Environment": "PROD",
              "System": "モバイルAPI",
              "ManagedBy": "terraform",
              "Name": "mobileapi-prod-app-02",
              "Application": "モバイルAPIサービス",
              "Language": "java",
              "Framework": "spring",
              "Runtime": "none",
              "DeployMethod": "ec2",
              "Branch": "main"
            }
          }
        }
      ]
    },
    {
      "mode": "managed",
      "type": "aws_ebs_volume",
      "name": "app_1",
      "provider": "provider[\"registry.terraform.io/hashicorp/aws\"]",
      "instances": [
        {
          "schema_version": 1,
          "attributes": {
            "id": "vol-02f7cf06101",
            "size": 50,
            "type": "gp3",
            "iops": 3000,
            "throughput": 125,
            "availability_zone": "ap-southeast-1a",
            "encrypted": true,
            "kms_key_id": "arn:aws:kms:ap-southeast-1:666677778888:key/afd90ac4",
            "snapshot_id": null,
            "multi_attach_enabled": false,
            "attachments": [
              {
                "instance_id": "i-0b4ebbd7d01",
                "device": "/dev/sdf",
                "delete_on_termination": true
              }
            ],
            "tags": {
              "Environment": "PROD",
              "System": "モバイルAPI",
              "ManagedBy": "terraform",
              "Name": "mobileapi-prod-ebs-01",
              "attached_instance_id": "i-0b4ebbd7d01"
            },
            "tags_all": {
              "Environment": "PROD",
              "System": "モバイルAPI",
              "ManagedBy": "terraform",
              "Name": "mobileapi-prod-ebs-01",
              "attached_instance_id": "i-0b4ebbd7d01"
            }
          }
        }
      ]
    },
    {
      "mode": "managed",
      "type": "aws_ebs_volume",
      "name": "app_2",
      "provider": "provider[\"registry.terraform.io/hashicorp/aws\"]",
      "instances": [
        {
          "schema_version": 1,
          "attributes": {
            "id": "vol-0c5354ac401",
            "size": 50,
            "type": "gp3",
            "iops": 3000,
            "throughput": 125,
            "availability_zone": "ap-southeast-1b",
            "encrypted": true,
            "kms_key_id": "arn:aws:kms:ap-southeast-1:666677778888:key/afd90ac4",
            "snapshot_id": null,
            "multi_attach_enabled": false,
            "attachments": [
              {
                "instance_id": "i-00bf65d6e01",
                "device": "/dev/sdf",
                "delete_on_termination": true
              }
            ],
            "tags": {
              "Environment": "PROD",
              "System": "モバイルAPI",
              "ManagedBy": "terraform",
              "Name": "mobileapi-prod-ebs-02",
              "attached_instance_id": "i-00bf65d6e01"
            },
            "tags_all": {
              "Environment": "PROD",
              "System": "モバイルAPI",
              "ManagedBy": "terraform",
              "Name": "mobileapi-prod-ebs-02",
              "attached_instance_id": "i-00bf65d6e01"
            }
          }
        }
      ]
    },
    {
      "mode": "managed",
      "type": "aws_db_instance",
      "name": "main",
      "provider": "provider[\"registry.terraform.io/hashicorp/aws\"]",
      "instances": [
        {
          "schema_version": 1,
          "attributes": {
            "id": "mobileapi-prod-db",
            "identifier": "mobileapi-prod-db",
            "engine": "mysql",
            "engine_version": "8.0.36",
            "instance_class": "db.r6g.large",
            "db_name": "mobileapi",
            "username": "admin",
            "port": 3306,
            "endpoint": "mobileapi-prod-db.b93211.ap-southeast-1.rds.amazonaws.com:3306",
            "address": "mobileapi-prod-db.b93211.ap-southeast-1.rds.amazonaws.com",
            "status": "available",
            "multi_az": true,
            "publicly_accessible": false,
            "storage_type": "gp3",
            "allocated_storage": 100,
            "backup_retention_period": 7,
            "deletion_protection": true,
            "availability_zone": null,
            "vpc_security_group_memberships": [
              {
                "id": "sg-03fb70f2d01",
                "name": "mobileapi-prod-sg-rds"
              }
            ],
            "tags": {
              "Environment": "PROD",
              "System": "モバイルAPI",
              "ManagedBy": "terraform",
              "Name": "mobileapi-prod-db"
            },
            "tags_all": {
              "Environment": "PROD",
              "System": "モバイルAPI",
              "ManagedBy": "terraform",
              "Name": "mobileapi-prod-db"
            }
          }
        }
      ]
    },
    {
      "mode": "managed",
      "type": "aws_lb",
      "name": "main",
      "provider": "provider[\"registry.terraform.io/hashicorp/aws\"]",
      "instances": [
        {
          "schema_version": 1,
          "attributes": {
            "id": "arn:aws:elasticloadbalancing:ap-southeast-1:666677778888:loadbalancer/app/mobileapi-prod-alb/0b93211e40001",
            "arn": "arn:aws:elasticloadbalancing:ap-southeast-1:666677778888:loadbalancer/app/mobileapi-prod-alb/0b93211e40001",
            "name": "mobileapi-prod-alb",
            "dns_name": "mobileapi-prod-alb-47410.ap-southeast-1.elb.amazonaws.com",
            "internal": false,
            "load_balancer_type": "application",
            "subnets": [
              "subnet-0c538931501",
              "subnet-0eb5fbc3c01"
            ],
            "security_groups": [
              "sg-01d26bfc401"
            ],
            "vpc_id": "vpc-0b93211e40001",
            "state": "active",
            "idle_timeout": 60,
            "enable_deletion_protection": true,
            "access_logs": [
              {
                "enabled": true,
                "bucket": "mobileapi-prod-logs-666677778888",
                "prefix": "alb"
              }
            ],
            "tags": {
              "Environment": "PROD",
              "System": "モバイルAPI",
              "ManagedBy": "terraform",
              "Name": "mobileapi-prod-alb"
            },
            "tags_all": {
              "Environment": "PROD",
              "System": "モバイルAPI",
              "ManagedBy": "terraform",
              "Name": "mobileapi-prod-alb"
            }
          }
        }
      ]
    },
    {
      "mode": "managed",
      "type": "aws_lb_target_group",
      "name": "main",
      "provider": "provider[\"registry.terraform.io/hashicorp/aws\"]",
      "instances": [
        {
          "schema_version": 1,
          "attributes": {
            "id": "arn:aws:elasticloadbalancing:ap-southeast-1:666677778888:targetgroup/mobileapi-prod-tg/09510540501",
            "arn": "arn:aws:elasticloadbalancing:ap-southeast-1:666677778888:targetgroup/mobileapi-prod-tg/09510540501",
            "name": "mobileapi-prod-tg",
            "protocol": "HTTP",
            "port": 8080,
            "target_type": "instance",
            "vpc_id": "vpc-0b93211e40001",
            "load_balancer_arns": [
              "arn:aws:elasticloadbalancing:ap-southeast-1:666677778888:loadbalancer/app/mobileapi-prod-alb/0b93211e40001"
            ],
            "health_check": [
              {
                "enabled": true,
                "path": "/health",
                "protocol": "HTTP",
                "port": "traffic-port",
                "interval": 30,
                "timeout": 5,
                "healthy_threshold": 3,
                "unhealthy_threshold": 3
              }
            ],
            "tags": {
              "Environment": "PROD",
              "System": "モバイルAPI",
              "ManagedBy": "terraform",
              "Name": "mobileapi-prod-tg"
            },
            "tags_all": {
              "Environment": "PROD",
              "System": "モバイルAPI",
              "ManagedBy": "terraform",
              "Name": "mobileapi-prod-tg"
            }
          }
        }
      ]
    },
    {
      "mode": "managed",
      "type": "aws_lb_listener",
      "name": "https",
      "provider": "provider[\"registry.terraform.io/hashicorp/aws\"]",
      "instances": [
        {
          "schema_version": 1,
          "attributes": {
            "id": "arn:aws:elasticloadbalancing:ap-southeast-1:666677778888:listener/app/mobileapi-prod-alb/0b93211e40001/0bc706f3801",
            "arn": "arn:aws:elasticloadbalancing:ap-southeast-1:666677778888:listener/app/mobileapi-prod-alb/0b93211e40001/0bc706f3801",
            "load_balancer_arn": "arn:aws:elasticloadbalancing:ap-southeast-1:666677778888:loadbalancer/app/mobileapi-prod-alb/0b93211e40001",
            "port": 443,
            "protocol": "HTTPS",
            "ssl_policy": "ELBSecurityPolicy-TLS13-1-2-2021-06",
            "certificate_arn": "arn:aws:acm:ap-southeast-1:666677778888:certificate/586b5ed7-0047-60a8-a87d-6fc7dc328481",
            "default_action": [
              {
                "type": "forward",
                "target_group_arn": "arn:aws:elasticloadbalancing:ap-southeast-1:666677778888:targetgroup/mobileapi-prod-tg/09510540501",
                "redirect": [],
                "fixed_response": []
              }
            ],
            "tags": {
              "Environment": "PROD",
              "System": "モバイルAPI",
              "ManagedBy": "terraform"
            },
            "tags_all": {
              "Environment": "PROD",
              "System": "モバイルAPI",
              "ManagedBy": "terraform"
            }
          }
        }
      ]
    },
    {
      "mode": "managed",
      "type": "aws_lb_listener",
      "name": "http",
      "provider": "provider[\"registry.terraform.io/hashicorp/aws\"]",
      "instances": [
        {
          "schema_version": 1,
          "attributes": {
            "id": "arn:aws:elasticloadbalancing:ap-southeast-1:666677778888:listener/app/mobileapi-prod-alb/0b93211e40001/03a14063201",
            "arn": "arn:aws:elasticloadbalancing:ap-southeast-1:666677778888:listener/app/mobileapi-prod-alb/0b93211e40001/03a14063201",
            "load_balancer_arn": "arn:aws:elasticloadbalancing:ap-southeast-1:666677778888:loadbalancer/app/mobileapi-prod-alb/0b93211e40001",
            "port": 80,
            "protocol": "HTTP",
            "ssl_policy": null,
            "certificate_arn": null,
            "default_action": [
              {
                "type": "redirect",
                "target_group_arn": null,
                "redirect": [
                  {
                    "port": "443",
                    "protocol": "HTTPS",
                    "status_code": "HTTP_301",
                    "host": "#{host}",
                    "path": "/#{path}",
                    "query": "#{query}"
                  }
                ],
                "fixed_response": []
              }
            ],
            "tags": {
              "Environment": "PROD",
              "System": "モバイルAPI",
              "ManagedBy": "terraform"
            },
            "tags_all": {
              "Environment": "PROD",
              "System": "モバイルAPI",
              "ManagedBy": "terraform"
            }
          }
        }
      ]
    },
    {
      "mode": "managed",
      "type": "aws_wafv2_web_acl",
      "name": "main",
      "provider": "provider[\"registry.terraform.io/hashicorp/aws\"]",
      "instances": [
        {
          "schema_version": 1,
          "attributes": {
            "id": "bbea39c7",
            "arn": "arn:aws:wafv2:ap-southeast-1:666677778888:regional/webacl/mobileapi-prod-waf/0bbea39c7",
            "name": "mobileapi-prod-waf",
            "scope": "REGIONAL",
            "default_action": [
              {
                "allow": [
                  {}
                ],
                "block": []
              }
            ],
            "rule": [
              {
                "name": "AWSManagedRulesCommonRuleSet",
                "priority": 1,
                "action": [],
                "override_action": [
                  {
                    "none": [
                      {}
                    ],
                    "count": []
                  }
                ],
                "statement": [
                  {
                    "managed_rule_group_statement": [
                      {
                        "vendor_name": "AWS",
                        "name": "AWSManagedRulesCommonRuleSet",
                        "excluded_rule": []
                      }
                    ]
                  }
                ],
                "visibility_config": [
                  {
                    "sampled_requests_enabled": true,
                    "cloudwatch_metrics_enabled": true,
                    "metric_name": "CommonRules"
                  }
                ]
              },
              {
                "name": "RateLimit",
                "priority": 2,
                "action": [
                  {
                    "block": [
                      {}
                    ],
                    "allow": [],
                    "count": []
                  }
                ],
                "override_action": [],
                "statement": [
                  {
                    "rate_based_statement": [
                      {
                        "limit": 2000,
                        "aggregate_key_type": "IP"
                      }
                    ]
                  }
                ],
                "visibility_config": [
                  {
                    "sampled_requests_enabled": true,
                    "cloudwatch_metrics_enabled": true,
                    "metric_name": "RateLimit"
                  }
                ]
              }
            ],
            "visibility_config": [
              {
                "sampled_requests_enabled": true,
                "cloudwatch_metrics_enabled": true,
                "metric_name": "mobileapi-prod-waf"
              }
            ],
            "tags": {
              "Environment": "PROD",
              "System": "モバイルAPI",
              "ManagedBy": "terraform",
              "Name": "mobileapi-prod-waf"
            },
            "tags_all": {
              "Environment": "PROD",
              "System": "モバイルAPI",
              "ManagedBy": "terraform",
              "Name": "mobileapi-prod-waf"
            }
          }
        }
      ]
    },
    {
      "mode": "managed",
      "type": "aws_wafv2_web_acl_association",
      "name": "main",
      "provider": "provider[\"registry.terraform.io/hashicorp/aws\"]",
      "instances": [
        {
          "schema_version": 1,
          "attributes": {
            "id": "arn:aws:wafv2:ap-southeast-1:666677778888:regional/webacl/mobileapi-prod-waf/0bbea39c7|arn:aws:elasticloadbalancing:ap-southeast-1:666677778888:loadbalancer/app/mobileapi-prod-alb/0b93211e40001",
            "resource_arn": "arn:aws:elasticloadbalancing:ap-southeast-1:666677778888:loadbalancer/app/mobileapi-prod-alb/0b93211e40001",
            "web_acl_arn": "arn:aws:wafv2:ap-southeast-1:666677778888:regional/webacl/mobileapi-prod-waf/0bbea39c7"
          }
        }
      ]
    },
    {
      "mode": "managed",
      "type": "aws_s3_bucket",
      "name": "mobileapi_prod_assets_666677778888",
      "provider": "provider[\"registry.terraform.io/hashicorp/aws\"]",
      "instances": [
        {
          "schema_version": 1,
          "attributes": {
            "id": "mobileapi-prod-assets-666677778888",
            "bucket": "mobileapi-prod-assets-666677778888",
            "region": "ap-southeast-1",
            "tags": {
              "Environment": "PROD",
              "System": "モバイルAPI",
              "ManagedBy": "terraform",
              "Name": "mobileapi-prod-assets-666677778888"
            },
            "tags_all": {
              "Environment": "PROD",
              "System": "モバイルAPI",
              "ManagedBy": "terraform",
              "Name": "mobileapi-prod-assets-666677778888"
            }
          }
        }
      ]
    },
    {
      "mode": "managed",
      "type": "aws_s3_bucket_versioning",
      "name": "mobileapi_prod_assets_666677778888_versioning",
      "provider": "provider[\"registry.terraform.io/hashicorp/aws\"]",
      "instances": [
        {
          "schema_version": 1,
          "attributes": {
            "id": "mobileapi-prod-assets-666677778888",
            "bucket": "mobileapi-prod-assets-666677778888",
            "versioning_configuration": [
              {
                "status": "Enabled",
                "mfa_delete": "Disabled"
              }
            ]
          }
        }
      ]
    },
    {
      "mode": "managed",
      "type": "aws_s3_bucket_server_side_encryption_configuration",
      "name": "mobileapi_prod_assets_666677778888_sse",
      "provider": "provider[\"registry.terraform.io/hashicorp/aws\"]",
      "instances": [
        {
          "schema_version": 1,
          "attributes": {
            "id": "mobileapi-prod-assets-666677778888",
            "bucket": "mobileapi-prod-assets-666677778888",
            "rule": [
              {
                "apply_server_side_encryption_by_default": [
                  {
                    "sse_algorithm": "aws:kms",
                    "kms_master_key_id": "arn:aws:kms:ap-southeast-1:666677778888:key/01371f0d"
                  }
                ],
                "bucket_key_enabled": true
              }
            ]
          }
        }
      ]
    },
    {
      "mode": "managed",
      "type": "aws_s3_bucket_public_access_block",
      "name": "mobileapi_prod_assets_666677778888_pab",
      "provider": "provider[\"registry.terraform.io/hashicorp/aws\"]",
      "instances": [
        {
          "schema_version": 1,
          "attributes": {
            "id": "mobileapi-prod-assets-666677778888",
            "bucket": "mobileapi-prod-assets-666677778888",
            "block_public_acls": true,
            "block_public_policy": true,
            "ignore_public_acls": true,
            "restrict_public_buckets": true
          }
        }
      ]
    },
    {
      "mode": "managed",
      "type": "aws_s3_bucket",
      "name": "mobileapi_prod_logs_666677778888",
      "provider": "provider[\"registry.terraform.io/hashicorp/aws\"]",
      "instances": [
        {
          "schema_version": 1,
          "attributes": {
            "id": "mobileapi-prod-logs-666677778888",
            "bucket": "mobileapi-prod-logs-666677778888",
            "region": "ap-southeast-1",
            "tags": {
              "Environment": "PROD",
              "System": "モバイルAPI",
              "ManagedBy": "terraform",
              "Name": "mobileapi-prod-logs-666677778888"
            },
            "tags_all": {
              "Environment": "PROD",
              "System": "モバイルAPI",
              "ManagedBy": "terraform",
              "Name": "mobileapi-prod-logs-666677778888"
            }
          }
        }
      ]
    },
    {
      "mode": "managed",
      "type": "aws_s3_bucket_public_access_block",
      "name": "mobileapi_prod_logs_666677778888_pab",
      "provider": "provider[\"registry.terraform.io/hashicorp/aws\"]",
      "instances": [
        {
          "schema_version": 1,
          "attributes": {
            "id": "mobileapi-prod-logs-666677778888",
            "bucket": "mobileapi-prod-logs-666677778888",
            "block_public_acls": true,
            "block_public_policy": true,
            "ignore_public_acls": true,
            "restrict_public_buckets": true
          }
        }
      ]
    },
    {
      "mode": "managed",
      "type": "aws_s3_bucket",
      "name": "mobileapi_prod_deploy_666677778888",
      "provider": "provider[\"registry.terraform.io/hashicorp/aws\"]",
      "instances": [
        {
          "schema_version": 1,
          "attributes": {
            "id": "mobileapi-prod-deploy-666677778888",
            "bucket": "mobileapi-prod-deploy-666677778888",
            "region": "ap-southeast-1",
            "tags": {
              "Environment": "PROD",
              "System": "モバイルAPI",
              "ManagedBy": "terraform",
              "Name": "mobileapi-prod-deploy-666677778888"
            },
            "tags_all": {
              "Environment": "PROD",
              "System": "モバイルAPI",
              "ManagedBy": "terraform",
              "Name": "mobileapi-prod-deploy-666677778888"
            }
          }
        }
      ]
    },
    {
      "mode": "managed",
      "type": "aws_s3_bucket_public_access_block",
      "name": "mobileapi_prod_deploy_666677778888_pab",
      "provider": "provider[\"registry.terraform.io/hashicorp/aws\"]",
      "instances": [
        {
          "schema_version": 1,
          "attributes": {
            "id": "mobileapi-prod-deploy-666677778888",
            "bucket": "mobileapi-prod-deploy-666677778888",
            "block_public_acls": true,
            "block_public_policy": true,
            "ignore_public_acls": true,
            "restrict_public_buckets": true
          }
        }
      ]
    },
    {
      "mode": "managed",
      "type": "aws_cloudwatch_log_group",
      "name": "aws_ec2_mobileapi-prod",
      "provider": "provider[\"registry.terraform.io/hashicorp/aws\"]",
      "instances": [
        {
          "schema_version": 1,
          "attributes": {
            "id": "/aws/ec2/mobileapi-prod",
            "name": "/aws/ec2/mobileapi-prod",
            "retention_in_days": 90,
            "tags": {
              "Environment": "PROD",
              "System": "モバイルAPI",
              "ManagedBy": "terraform"
            },
            "tags_all": {
              "Environment": "PROD",
              "System": "モバイルAPI",
              "ManagedBy": "terraform"
            }
          }
        }
      ]
    },
    {
      "mode": "managed",
      "type": "aws_cloudwatch_log_group",
      "name": "aws_rds_mobileapi-prod-db",
      "provider": "provider[\"registry.terraform.io/hashicorp/aws\"]",
      "instances": [
        {
          "schema_version": 1,
          "attributes": {
            "id": "/aws/rds/mobileapi-prod-db",
            "name": "/aws/rds/mobileapi-prod-db",
            "retention_in_days": 90,
            "tags": {
              "Environment": "PROD",
              "System": "モバイルAPI",
              "ManagedBy": "terraform"
            },
            "tags_all": {
              "Environment": "PROD",
              "System": "モバイルAPI",
              "ManagedBy": "terraform"
            }
          }
        }
      ]
    },
    {
      "mode": "managed",
      "type": "aws_cloudwatch_metric_alarm",
      "name": "ec2_cpu_high",
      "provider": "provider[\"registry.terraform.io/hashicorp/aws\"]",
      "instances": [
        {
          "schema_version": 1,
          "attributes": {
            "id": "mobileapi-prod-ec2-cpu-high",
            "alarm_name": "mobileapi-prod-ec2-cpu-high",
            "alarm_description": "EC2 CPU utilization too high",
            "metric_name": "CPUUtilization",
            "namespace": "AWS/EC2",
            "statistic": "Average",
            "period": 300,
            "evaluation_periods": 2,
            "threshold": 80.0,
            "comparison_operator": "GreaterThanThreshold",
            "alarm_actions": [
              "arn:aws:sns:ap-southeast-1:666677778888:alerts"
            ],
            "ok_actions": [],
            "insufficient_data_actions": [],
            "dimensions": {
              "AutoScalingGroupName": "mobileapi-prod-asg"
            },
            "treat_missing_data": "notBreaching",
            "unit": "Percent",
            "tags": {
              "Environment": "PROD",
              "System": "モバイルAPI",
              "ManagedBy": "terraform"
            },
            "tags_all": {
              "Environment": "PROD",
              "System": "モバイルAPI",
              "ManagedBy": "terraform"
            }
          }
        }
      ]
    },
    {
      "mode": "managed",
      "type": "aws_cloudwatch_metric_alarm",
      "name": "rds_connections_high",
      "provider": "provider[\"registry.terraform.io/hashicorp/aws\"]",
      "instances": [
        {
          "schema_version": 1,
          "attributes": {
            "id": "mobileapi-prod-rds-connections-high",
            "alarm_name": "mobileapi-prod-rds-connections-high",
            "alarm_description": "RDS connection count too high",
            "metric_name": "DatabaseConnections",
            "namespace": "AWS/RDS",
            "statistic": "Average",
            "period": 60,
            "evaluation_periods": 5,
            "threshold": 400.0,
            "comparison_operator": "GreaterThanThreshold",
            "alarm_actions": [
              "arn:aws:sns:ap-southeast-1:666677778888:alerts"
            ],
            "ok_actions": [],
            "insufficient_data_actions": [],
            "dimensions": {
              "DBInstanceIdentifier": "mobileapi-prod-db"
            },
            "treat_missing_data": "notBreaching",
            "unit": "Count",
            "tags": {
              "Environment": "PROD",
              "System": "モバイルAPI",
              "ManagedBy": "terraform"
            },
            "tags_all": {
              "Environment": "PROD",
              "System": "モバイルAPI",
              "ManagedBy": "terraform"
            }
          }
        }
      ]
    },
    {
      "mode": "managed",
      "type": "aws_codedeploy_app",
      "name": "main",
      "provider": "provider[\"registry.terraform.io/hashicorp/aws\"]",
      "instances": [
        {
          "schema_version": 1,
          "attributes": {
            "id": "mobileapi-prod-app",
            "name": "mobileapi-prod-app",
            "compute_platform": "Server",
            "application_id": "db132781",
            "tags": {
              "Environment": "PROD",
              "System": "モバイルAPI",
              "ManagedBy": "terraform",
              "Name": "mobileapi-prod-app"
            },
            "tags_all": {
              "Environment": "PROD",
              "System": "モバイルAPI",
              "ManagedBy": "terraform",
              "Name": "mobileapi-prod-app"
            }
          }
        }
      ]
    },
    {
      "mode": "managed",
      "type": "aws_codedeploy_deployment_group",
      "name": "main",
      "provider": "provider[\"registry.terraform.io/hashicorp/aws\"]",
      "instances": [
        {
          "schema_version": 1,
          "attributes": {
            "id": "e092f49e",
            "app_name": "mobileapi-prod-app",
            "deployment_group_name": "mobileapi-prod-deploy-group",
            "service_role_arn": "arn:aws:iam::666677778888:role/mobileapi-prod-codedeploy-role",
            "deployment_config_name": "CodeDeployDefault.OneAtATime",
            "autoscaling_groups": [
              "mobileapi-prod-asg"
            ],
            "deployment_style": [
              {
                "deployment_option": "WITHOUT_TRAFFIC_CONTROL",
                "deployment_type": "IN_PLACE"
              }
            ],
            "auto_rollback_configuration": [
              {
                "enabled": true,
                "events": [
                  "DEPLOYMENT_FAILURE",
                  "DEPLOYMENT_STOP_ON_ALARM"
                ]
              }
            ],
            "alarm_configuration": [
              {
                "enabled": true,
                "alarms": [
                  "mobileapi-prod-ec2-cpu-high"
                ]
              }
            ]
          }
        }
      ]
    }
  ]
}