{
  "version": 4,
  "terraform_version": "1.7.4",
  "serial": 117,
  "lineage": "1cebbd1e-55dc-3c99-ca3f-0310b2960c3f",
  "outputs": {},
  "resources": [
    {
      "mode": "managed",
      "type": "aws_vpc",
      "name": "main",
      "provider": "provider[\"registry.terraform.io/hashicorp/aws\"]",
      "instances": [
        {
          "schema_version": 1,
          "attributes": {
            "id": "vpc-01cebbd1e0001",
            "cidr_block": "10.17.0.0/16",
            "default": false,
            "enable_dns_support": true,
            "enable_dns_hostnames": true,
            "dhcp_options_id": "dopt-01cebbd1e0001",
            "tags": {
              "Environment": "STG",
              "System": "通知サービス",
              "ManagedBy": "terraform",
              "Name": "notif-stg-vpc"
            },
            "tags_all": {
              "Environment": "STG",
              "System": "通知サービス",
              "ManagedBy": "terraform",
              "Name": "notif-stg-vpc"
            }
          }
        }
      ]
    },
    {
      "mode": "managed",
      "type": "aws_subnet",
      "name": "public_1",
      "provider": "provider[\"registry.terraform.io/hashicorp/aws\"]",
      "instances": [
        {
          "schema_version": 1,
          "attributes": {
            "id": "subnet-013c581df01",
            "vpc_id": "vpc-01cebbd1e0001",
            "cidr_block": "10.17.1.0/24",
            "availability_zone": "ap-northeast-1a",
            "map_public_ip_on_launch": true,
            "tags": {
              "Environment": "STG",
              "System": "通知サービス",
              "ManagedBy": "terraform",
              "Name": "notif-stg-public-1"
            },
            "tags_all": {
              "Environment": "STG",
              "System": "通知サービス",
              "ManagedBy": "terraform",
              "Name": "notif-stg-public-1"
            }
          }
        }
      ]
    },
    {
      "mode": "managed",
      "type": "aws_subnet",
      "name": "public_2",
      "provider": "provider[\"registry.terraform.io/hashicorp/aws\"]",
      "instances": [
        {
          "schema_version": 1,
          "attributes": {
            "id": "subnet-0a2093aa201",
            "vpc_id": "vpc-01cebbd1e0001",
            "cidr_block": "10.17.2.0/24",
            "availability_zone": "ap-northeast-1c",
            "map_public_ip_on_launch": true,
            "tags": {
              "Environment": "STG",
              "System": "通知サービス",
              "ManagedBy": "terraform",
              "Name": "notif-stg-public-2"
            },
            "tags_all": {
              "Environment": "STG",
              "System": "通知サービス",
              "ManagedBy": "terraform",
              "Name": "notif-stg-public-2"
            }
          }
        }
      ]
    },
    {
      "mode": "managed",
      "type": "aws_subnet",
      "name": "private_1",
      "provider": "provider[\"registry.terraform.io/hashicorp/aws\"]",
      "instances": [
        {
          "schema_version": 1,
          "attributes": {
            "id": "subnet-076c1f36901",
            "vpc_id": "vpc-01cebbd1e0001",
            "cidr_block": "10.17.11.0/24",
            "availability_zone": "ap-northeast-1a",
            "map_public_ip_on_launch": false,
            "tags": {
              "Environment": "STG",
              "System": "通知サービス",
              "ManagedBy": "terraform",
              "Name": "notif-stg-private-1"
            },
            "tags_all": {
              "Environment": "STG",
              "System": "通知サービス",
              "ManagedBy": "terraform",
              "Name": "notif-stg-private-1"
            }
          }
        }
      ]
    },
    {
      "mode": "managed",
      "type": "aws_subnet",
      "name": "private_2",
      "provider": "provider[\"registry.terraform.io/hashicorp/aws\"]",
      "instances": [
        {
          "schema_version": 1,
          "attributes": {
            "id": "subnet-038936eec01",
            "vpc_id": "vpc-01cebbd1e0001",
            "cidr_block": "10.17.12.0/24",
            "availability_zone": "ap-northeast-1c",
            "map_public_ip_on_launch": false,
            "tags": {
              "Environment": "STG",
              "System": "通知サービス",
              "ManagedBy": "terraform",
              "Name": "notif-stg-private-2"
            },
            "tags_all": {
              "Environment": "STG",
              "System": "通知サービス",
              "ManagedBy": "terraform",
              "Name": "notif-stg-private-2"
            }
          }
        }
      ]
    },
    {
      "mode": "managed",
      "type": "aws_internet_gateway",
      "name": "main",
      "provider": "provider[\"registry.terraform.io/hashicorp/aws\"]",
      "instances": [
        {
          "schema_version": 1,
          "attributes": {
            "id": "igw-01cebbd1e0001",
            "vpc_id": "vpc-01cebbd1e0001",
            "tags": {
              "Environment": "STG",
              "System": "通知サービス",
              "ManagedBy": "terraform",
              "Name": "notif-stg-igw"
            },
            "tags_all": {
              "Environment": "STG",
              "System": "通知サービス",
              "ManagedBy": "terraform",
              "Name": "notif-stg-igw"
            }
          }
        }
      ]
    },
    {
      "mode": "managed",
      "type": "aws_security_group",
      "name": "alb",
      "provider": "provider[\"registry.terraform.io/hashicorp/aws\"]",
      "instances": [
        {
          "schema_version": 1,
          "attributes": {
            "id": "sg-0e06b202d01",
            "name": "notif-stg-sg-alb",
            "description": "ALB security group",
            "vpc_id": "vpc-01cebbd1e0001",
            "ingress": [
              {
                "from_port": 80,
                "to_port": 80,
                "protocol": "tcp",
                "cidr_blocks": [
                  "0.0.0.0/0"
                ],
                "ipv6_cidr_blocks": [
                  "::/0"
                ],
                "prefix_list_ids": [],
                "security_groups": [],
                "self": false,
                "description": "HTTP"
              },
              {
                "from_port": 443,
                "to_port": 443,
                "protocol": "tcp",
                "cidr_blocks": [
                  "0.0.0.0/0"
                ],
                "ipv6_cidr_blocks": [
                  "::/0"
                ],
                "prefix_list_ids": [],
                "security_groups": [],
                "self": false,
                "description": "HTTPS"
              }
            ],
            "egress": [
              {
                "from_port": 0,
                "to_port": 0,
                "protocol": "-1",
                "cidr_blocks": [
                  "0.0.0.0/0"
                ],
                "ipv6_cidr_blocks": [],
                "prefix_list_ids": [],
                "security_groups": [],
                "self": false,
                "description": ""
              }
            ],
            "tags": {
              "Environment": "STG",
              "System": "通知サービス",
              "ManagedBy": "terraform",
              "Name": "notif-stg-sg-alb"
            },
            "tags_all": {
              "Environment": "STG",
              "System": "通知サービス",
              "ManagedBy": "terraform",
              "Name": "notif-stg-sg-alb"
            }
          }
        }
      ]
    },
    {
      "mode": "managed",
      "type": "aws_security_group",
      "name": "app",
      "provider": "provider[\"registry.terraform.io/hashicorp/aws\"]",
      "instances": [
        {
          "schema_version": 1,
          "attributes": {
            "id": "sg-01a9ccd6e01",
            "name": "notif-stg-sg-app",
            "description": "App server security group",
            "vpc_id": "vpc-01cebbd1e0001",
            "ingress": [
              {
                "from_port": 8080,
                "to_port": 8080,
                "protocol": "tcp",
                "cidr_blocks": [],
                "ipv6_cidr_blocks": [],
                "prefix_list_ids": [],
                "security_groups": [
                  "sg-0e06b202d01"
                ],
                "self": false,
                "description": "From ALB"
              },
              {
                "from_port": 22,
                "to_port": 22,
                "protocol": "tcp",
                "cidr_blocks": [
                  "10.0.0.0/8"
                ],
                "ipv6_cidr_blocks": [],
                "prefix_list_ids": [],
                "security_groups": [],
                "self": false,
                "description": "SSH from internal"
              }
            ],
            "egress": [
              {
                "from_port": 0,
                "to_port": 0,
                "protocol": "-1",
                "cidr_blocks": [
                  "0.0.0.0/0"
                ],
                "ipv6_cidr_blocks": [],
                "prefix_list_ids": [],
                "security_groups": [],
                "self": false,
                "description": ""
              }
            ],
            "tags": {
              "Environment": "STG",
              "System": "通知サービス",
              "ManagedBy": "terraform",
              "Name": "notif-stg-sg-app"
            },
            "tags_all": {
              "Environment": "STG",
              "System": "通知サービス",
              "ManagedBy": "terraform",
              "Name": "notif-stg-sg-app"
            }
          }
        }
      ]
    },
    {
      "mode": "managed",
      "type": "aws_security_group",
      "name": "rds",
      "provider": "provider[\"registry.terraform.io/hashicorp/aws\"]",
      "instances": [
        {
          "schema_version": 1,
          "attributes": {
            "id": "sg-02b5b00cc01",
            "name": "notif-stg-sg-rds",
            "description": "RDS security group",
            "vpc_id": "vpc-01cebbd1e0001",
            "ingress": [
              {
                "from_port": 5432,
                "to_port": 5432,
                "protocol": "tcp",
                "cidr_blocks": [],
                "ipv6_cidr_blocks": [],
                "prefix_list_ids": [],
                "security_groups": [
                  "sg-01a9ccd6e01"
                ],
                "self": false,
                "description": "From App tier"
              }
            ],
            "egress": [
              {
                "from_port": 0,
                "to_port": 0,
                "protocol": "-1",
                "cidr_blocks": [
                  "0.0.0.0/0"
                ],
                "ipv6_cidr_blocks": [],
                "prefix_list_ids": [],
                "security_groups": [],
                "self": false,
                "description": ""
              }
            ],
            "tags": {
              "Environment": "STG",
              "System": "通知サービス",
              "ManagedBy": "terraform",
              "Name": "notif-stg-sg-rds"
            },
            "tags_all": {
              "Environment": "STG",
              "System": "通知サービス",
              "ManagedBy": "terraform",
              "Name": "notif-stg-sg-rds"
            }
          }
        }
      ]
    },
    {
      "mode": "managed",
      "type": "aws_instance",
      "name": "app_1",
      "provider": "provider[\"registry.terraform.io/hashicorp/aws\"]",
      "instances": [
        {
          "schema_version": 1,
          "attributes": {
            "id": "i-0cbe58ec501",
            "ami": "ami-0d52744d6551d851e",
            "instance_type": "t3.small",
            "instance_state": "running",
            "vpc_id": "vpc-01cebbd1e0001",
            "subnet_id": "subnet-076c1f36901",
            "availability_zone": "ap-northeast-1a",
            "private_ip": "10.17.11.10",
            "public_ip": null,
            "vpc_security_group_ids": [
              "sg-01a9ccd6e01"
            ],
            "key_name": "notif-stg-keypair",
            "iam_instance_profile": "notif-stg-ec2-profile",
            "monitoring": true,
            "platform": null,
            "tags": {
              "Environment": "STG",
              "System": "通知サービス",
              "ManagedBy": "terraform",
              "Name": "notif-stg-app-01",
              "Application": "通知サービス",
              "Language": "python",
              "Framework": "fastapi",
              "Runtime": "gunicorn",
              "DeployMethod": "ec2",
              "Branch": "develop"
            },
            "tags_all": {
              "Environment": "STG",
              "System": "通知サービス",
              "ManagedBy": "terraform",
              "Name": "notif-stg-app-01",
              "Application": "通知サービス",
              "Language": "python",
              "Framework": "fastapi",
              "Runtime": "gunicorn",
              "DeployMethod": "ec2",
              "Branch": "develop"
            }
          }
        }
      ]
    },
    {
      "mode": "managed",
      "type": "aws_ebs_volume",
      "name": "app_1",
      "provider": "provider[\"registry.terraform.io/hashicorp/aws\"]",
      "instances": [
        {
          "schema_version": 1,
          "attributes": {
            "id": "vol-01157385401",
            "size": 30,
            "type": "gp3",
            "iops": 3000,
            "throughput": 125,
            "availability_zone": "ap-northeast-1a",
            "encrypted": true,
            "kms_key_id": "arn:aws:kms:ap-northeast-1:334455667788:key/59195f66",
            "snapshot_id": null,
            "multi_attach_enabled": false,
            "attachments": [
              {
                "instance_id": "i-0cbe58ec501",
                "device": "/dev/sdf",
                "delete_on_termination": true
              }
            ],
            "tags": {
              "Environment": "STG",
              "System": "通知サービス",
              "ManagedBy": "terraform",
              "Name": "notif-stg-ebs-01",
              "attached_instance_id": "i-0cbe58ec501"
            },
            "tags_all": {
              "Environment": "STG",
              "System": "通知サービス",
              "ManagedBy": "terraform",
              "Name": "notif-stg-ebs-01",
              "attached_instance_id": "i-0cbe58ec501"
            }
          }
        }
      ]
    },
    {
      "mode": "managed",
      "type": "aws_db_instance",
      "name": "main",
      "provider": "provider[\"registry.terraform.io/hashicorp/aws\"]",
      "instances": [
        {
          "schema_version": 1,
          "attributes": {
            "id": "notif-stg-db",
            "identifier": "notif-stg-db",
            "engine": "postgres",
            "engine_version": "16.2",
            "instance_class": "db.t3.micro",
            "db_name": "notif",
            "username": "admin",
            "port": 5432,
            "endpoint": "notif-stg-db.1cebbd.ap-northeast-1.rds.amazonaws.com:5432",
            "address": "notif-stg-db.1cebbd.ap-northeast-1.rds.amazonaws.com",
            "status": "available",
            "multi_az": false,
            "publicly_accessible": false,
            "storage_type": "gp3",
            "allocated_storage": 20,
            "backup_retention_period": 1,
            "deletion_protection": false,
            "availability_zone": "ap-northeast-1a",
            "vpc_security_group_memberships": [
              {
                "id": "sg-02b5b00cc01",
                "name": "notif-stg-sg-rds"
              }
            ],
            "tags": {
              "Environment": "STG",
              "System": "通知サービス",
              "ManagedBy": "terraform",
              "Name": "notif-stg-db"
            },
            "tags_all": {
              "Environment": "STG",
              "System": "通知サービス",
              "ManagedBy": "terraform",
              "Name": "notif-stg-db"
            }
          }
        }
      ]
    },
    {
      "mode": "managed",
      "type": "aws_lb",
      "name": "main",
      "provider": "provider[\"registry.terraform.io/hashicorp/aws\"]",
      "instances": [
        {
          "schema_version": 1,
          "attributes": {
            "id": "arn:aws:elasticloadbalancing:ap-northeast-1:334455667788:loadbalancer/app/notif-stg-alb/01cebbd1e0001",
            "arn": "arn:aws:elasticloadbalancing:ap-northeast-1:334455667788:loadbalancer/app/notif-stg-alb/01cebbd1e0001",
            "name": "notif-stg-alb",
            "dns_name": "notif-stg-alb-7403.ap-northeast-1.elb.amazonaws.com",
            "internal": false,
            "load_balancer_type": "application",
            "subnets": [
              "subnet-013c581df01",
              "subnet-0a2093aa201"
            ],
            "security_groups": [
              "sg-0e06b202d01"
            ],
            "vpc_id": "vpc-01cebbd1e0001",
            "state": "active",
            "idle_timeout": 60,
            "enable_deletion_protection": false,
            "access_logs": [
              {
                "enabled": true,
                "bucket": "notif-stg-logs-334455667788",
                "prefix": "alb"
              }
            ],
            "tags": {
              "Environment": "STG",
              "System": "通知サービス",
              "ManagedBy": "terraform",
              "Name": "notif-stg-alb"
            },
            "tags_all": {
              "Environment": "STG",
              "System": "通知サービス",
              "ManagedBy": "terraform",
              "Name": "notif-stg-alb"
            }
          }
        }
      ]
    },
    {
      "mode": "managed",
      "type": "aws_lb_target_group",
      "name": "main",
      "provider": "provider[\"registry.terraform.io/hashicorp/aws\"]",
      "instances": [
        {
          "schema_version": 1,
          "attributes": {
            "id": "arn:aws:elasticloadbalancing:ap-northeast-1:334455667788:targetgroup/notif-stg-tg/0c510b34401",
            "arn": "arn:aws:elasticloadbalancing:ap-northeast-1:334455667788:targetgroup/notif-stg-tg/0c510b34401",
            "name": "notif-stg-tg",
            "protocol": "HTTP",
            "port": 8080,
            "target_type": "instance",
            "vpc_id": "vpc-01cebbd1e0001",
            "load_balancer_arns": [
              "arn:aws:elasticloadbalancing:ap-northeast-1:334455667788:loadbalancer/app/notif-stg-alb/01cebbd1e0001"
            ],
            "health_check": [
              {
                "enabled": true,
                "path": "/health",
                "protocol": "HTTP",
                "port": "traffic-port",
                "interval": 30,
                "timeout": 5,
                "healthy_threshold": 3,
                "unhealthy_threshold": 3
              }
            ],
            "tags": {
              "Environment": "STG",
              "System": "通知サービス",
              "ManagedBy": "terraform",
              "Name": "notif-stg-tg"
            },
            "tags_all": {
              "Environment": "STG",
              "System": "通知サービス",
              "ManagedBy": "terraform",
              "Name": "notif-stg-tg"
            }
          }
        }
      ]
    },
    {
      "mode": "managed",
      "type": "aws_lb_listener",
      "name": "https",
      "provider": "provider[\"registry.terraform.io/hashicorp/aws\"]",
      "instances": [
        {
          "schema_version": 1,
          "attributes": {
            "id": "arn:aws:elasticloadbalancing:ap-northeast-1:334455667788:listener/app/notif-stg-alb/01cebbd1e0001/025d724a701",
            "arn": "arn:aws:elasticloadbalancing:ap-northeast-1:334455667788:listener/app/notif-stg-alb/01cebbd1e0001/025d724a701",
            "load_balancer_arn": "arn:aws:elasticloadbalancing:ap-northeast-1:334455667788:loadbalancer/app/notif-stg-alb/01cebbd1e0001",
            "port": 443,
            "protocol": "HTTPS",
            "ssl_policy": "ELBSecurityPolicy-TLS13-1-2-2021-06",
            "certificate_arn": "arn:aws:acm:ap-northeast-1:334455667788:certificate/d636cb04-ad4e-0713-3cb6-cd7c2d7d21c7",
            "default_action": [
              {
                "type": "forward",
                "target_group_arn": "arn:aws:elasticloadbalancing:ap-northeast-1:334455667788:targetgroup/notif-stg-tg/0c510b34401",
                "redirect": [],
                "fixed_response": []
              }
            ],
            "tags": {
              "Environment": "STG",
              "System": "通知サービス",
              "ManagedBy": "terraform"
            },
            "tags_all": {
              "Environment": "STG",
              "System": "通知サービス",
              "ManagedBy": "terraform"
            }
          }
        }
      ]
    },
    {
      "mode": "managed",
      "type": "aws_lb_listener",
      "name": "http",
      "provider": "provider[\"registry.terraform.io/hashicorp/aws\"]",
      "instances": [
        {
          "schema_version": 1,
          "attributes": {
            "id": "arn:aws:elasticloadbalancing:ap-northeast-1:334455667788:listener/app/notif-stg-alb/01cebbd1e0001/0efdd1f3c01",
            "arn": "arn:aws:elasticloadbalancing:ap-northeast-1:334455667788:listener/app/notif-stg-alb/01cebbd1e0001/0efdd1f3c01",
            "load_balancer_arn": "arn:aws:elasticloadbalancing:ap-northeast-1:334455667788:loadbalancer/app/notif-stg-alb/01cebbd1e0001",
            "port": 80,
            "protocol": "HTTP",
            "ssl_policy": null,
            "certificate_arn": null,
            "default_action": [
              {
                "type": "redirect",
                "target_group_arn": null,
                "redirect": [
                  {
                    "port": "443",
                    "protocol": "HTTPS",
                    "status_code": "HTTP_301",
                    "host": "#{host}",
                    "path": "/#{path}",
                    "query": "#{query}"
                  }
                ],
                "fixed_response": []
              }
            ],
            "tags": {
              "Environment": "STG",
              "System": "通知サービス",
              "ManagedBy": "terraform"
            },
            "tags_all": {
              "Environment": "STG",
              "System": "通知サービス",
              "ManagedBy": "terraform"
            }
          }
        }
      ]
    },
    {
      "mode": "managed",
      "type": "aws_s3_bucket",
      "name": "notif_stg_assets_334455667788",
      "provider": "provider[\"registry.terraform.io/hashicorp/aws\"]",
      "instances": [
        {
          "schema_version": 1,
          "attributes": {
            "id": "notif-stg-assets-334455667788",
            "bucket": "notif-stg-assets-334455667788",
            "region": "ap-northeast-1",
            "tags": {
              "Environment": "STG",
              "System": "通知サービス",
              "ManagedBy": "terraform",
              "Name": "notif-stg-assets-334455667788"
            },
            "tags_all": {
              "Environment": "STG",
              "System": "通知サービス",
              "ManagedBy": "terraform",
              "Name": "notif-stg-assets-334455667788"
            }
          }
        }
      ]
    },
    {
      "mode": "managed",
      "type": "aws_s3_bucket_versioning",
      "name": "notif_stg_assets_334455667788_versioning",
      "provider": "provider[\"registry.terraform.io/hashicorp/aws\"]",
      "instances": [
        {
          "schema_version": 1,
          "attributes": {
            "id": "notif-stg-assets-334455667788",
            "bucket": "notif-stg-assets-334455667788",
            "versioning_configuration": [
              {
                "status": "Enabled",
                "mfa_delete": "Disabled"
              }
            ]
          }
        }
      ]
    },
    {
      "mode": "managed",
      "type": "aws_s3_bucket_server_side_encryption_configuration",
      "name": "notif_stg_assets_334455667788_sse",
      "provider": "provider[\"registry.terraform.io/hashicorp/aws\"]",
      "instances": [
        {
          "schema_version": 1,
          "attributes": {
            "id": "notif-stg-assets-334455667788",
            "bucket": "notif-stg-assets-334455667788",
            "rule": [
              {
                "apply_server_side_encryption_by_default": [
                  {
                    "sse_algorithm": "aws:kms",
                    "kms_master_key_id": "arn:aws:kms:ap-northeast-1:334455667788:key/cf022d64"
                  }
                ],
                "bucket_key_enabled": true
              }
            ]
          }
        }
      ]
    },
    {
      "mode": "managed",
      "type": "aws_s3_bucket_public_access_block",
      "name": "notif_stg_assets_334455667788_pab",
      "provider": "provider[\"registry.terraform.io/hashicorp/aws\"]",
      "instances": [
        {
          "schema_version": 1,
          "attributes": {
            "id": "notif-stg-assets-334455667788",
            "bucket": "notif-stg-assets-334455667788",
            "block_public_acls": true,
            "block_public_policy": true,
            "ignore_public_acls": true,
            "restrict_public_buckets": true
          }
        }
      ]
    },
    {
      "mode": "managed",
      "type": "aws_cloudwatch_log_group",
      "name": "aws_ec2_notif-stg",
      "provider": "provider[\"registry.terraform.io/hashicorp/aws\"]",
      "instances": [
        {
          "schema_version": 1,
          "attributes": {
            "id": "/aws/ec2/notif-stg",
            "name": "/aws/ec2/notif-stg",
            "retention_in_days": 30,
            "tags": {
              "Environment": "STG",
              "System": "通知サービス",
              "ManagedBy": "terraform"
            },
            "tags_all": {
              "Environment": "STG",
              "System": "通知サービス",
              "ManagedBy": "terraform"
            }
          }
        }
      ]
    },
    {
      "mode": "managed",
      "type": "aws_cloudwatch_log_group",
      "name": "aws_rds_notif-stg-db",
      "provider": "provider[\"registry.terraform.io/hashicorp/aws\"]",
      "instances": [
        {
          "schema_version": 1,
          "attributes": {
            "id": "/aws/rds/notif-stg-db",
            "name": "/aws/rds/notif-stg-db",
            "retention_in_days": 30,
            "tags": {
              "Environment": "STG",
              "System": "通知サービス",
              "ManagedBy": "terraform"
            },
            "tags_all": {
              "Environment": "STG",
              "System": "通知サービス",
              "ManagedBy": "terraform"
            }
          }
        }
      ]
    },
    {
      "mode": "managed",
      "type": "aws_cloudwatch_metric_alarm",
      "name": "ec2_cpu_high",
      "provider": "provider[\"registry.terraform.io/hashicorp/aws\"]",
      "instances": [
        {
          "schema_version": 1,
          "attributes": {
            "id": "notif-stg-ec2-cpu-high",
            "alarm_name": "notif-stg-ec2-cpu-high",
            "alarm_description": "EC2 CPU utilization too high",
            "metric_name": "CPUUtilization",
            "namespace": "AWS/EC2",
            "statistic": "Average",
            "period": 300,
            "evaluation_periods": 2,
            "threshold": 80.0,
            "comparison_operator": "GreaterThanThreshold",
            "alarm_actions": [
              "arn:aws:sns:ap-northeast-1:334455667788:alerts"
            ],
            "ok_actions": [],
            "insufficient_data_actions": [],
            "dimensions": {
              "AutoScalingGroupName": "notif-stg-asg"
            },
            "treat_missing_data": "notBreaching",
            "unit": "Percent",
            "tags": {
              "Environment": "STG",
              "System": "通知サービス",
              "ManagedBy": "terraform"
            },
            "tags_all": {
              "Environment": "STG",
              "System": "通知サービス",
              "ManagedBy": "terraform"
            }
          }
        }
      ]
    },
    {
      "mode": "managed",
      "type": "aws_cloudwatch_metric_alarm",
      "name": "rds_connections_high",
      "provider": "provider[\"registry.terraform.io/hashicorp/aws\"]",
      "instances": [
        {
          "schema_version": 1,
          "attributes": {
            "id": "notif-stg-rds-connections-high",
            "alarm_name": "notif-stg-rds-connections-high",
            "alarm_description": "RDS connection count too high",
            "metric_name": "DatabaseConnections",
            "namespace": "AWS/RDS",
            "statistic": "Average",
            "period": 60,
            "evaluation_periods": 5,
            "threshold": 400.0,
            "comparison_operator": "GreaterThanThreshold",
            "alarm_actions": [
              "arn:aws:sns:ap-northeast-1:334455667788:alerts"
            ],
            "ok_actions": [],
            "insufficient_data_actions": [],
            "dimensions": {
              "DBInstanceIdentifier": "notif-stg-db"
            },
            "treat_missing_data": "notBreaching",
            "unit": "Count",
            "tags": {
              "Environment": "STG",
              "System": "通知サービス",
              "ManagedBy": "terraform"
            },
            "tags_all": {
              "Environment": "STG",
              "System": "通知サービス",
              "ManagedBy": "terraform"
            }
          }
        }
      ]
    }
  ]
}