{
  "version": 4,
  "terraform_version": "1.7.4",
  "serial": 116,
  "lineage": "9b35045c-6eea-fcad-7ec5-c7f857194db2",
  "outputs": {},
  "resources": [
    {
      "mode": "managed",
      "type": "aws_vpc",
      "name": "main",
      "provider": "provider[\"registry.terraform.io/hashicorp/aws\"]",
      "instances": [
        {
          "schema_version": 1,
          "attributes": {
            "id": "vpc-09b35045c0001",
            "cidr_block": "10.16.0.0/16",
            "default": false,
            "enable_dns_support": true,
            "enable_dns_hostnames": true,
            "dhcp_options_id": "dopt-09b35045c0001",
            "tags": {
              "Environment": "PROD",
              "System": "通知サービス",
              "ManagedBy": "terraform",
              "Name": "notif-prod-vpc"
            },
            "tags_all": {
              "Environment": "PROD",
              "System": "通知サービス",
              "ManagedBy": "terraform",
              "Name": "notif-prod-vpc"
            }
          }
        }
      ]
    },
    {
      "mode": "managed",
      "type": "aws_subnet",
      "name": "public_1",
      "provider": "provider[\"registry.terraform.io/hashicorp/aws\"]",
      "instances": [
        {
          "schema_version": 1,
          "attributes": {
            "id": "subnet-0b73b3b1501",
            "vpc_id": "vpc-09b35045c0001",
            "cidr_block": "10.16.1.0/24",
            "availability_zone": "ap-northeast-1a",
            "map_public_ip_on_launch": true,
            "tags": {
              "Environment": "PROD",
              "System": "通知サービス",
              "ManagedBy": "terraform",
              "Name": "notif-prod-public-1"
            },
            "tags_all": {
              "Environment": "PROD",
              "System": "通知サービス",
              "ManagedBy": "terraform",
              "Name": "notif-prod-public-1"
            }
          }
        }
      ]
    },
    {
      "mode": "managed",
      "type": "aws_subnet",
      "name": "public_2",
      "provider": "provider[\"registry.terraform.io/hashicorp/aws\"]",
      "instances": [
        {
          "schema_version": 1,
          "attributes": {
            "id": "subnet-04cd1df2101",
            "vpc_id": "vpc-09b35045c0001",
            "cidr_block": "10.16.2.0/24",
            "availability_zone": "ap-northeast-1c",
            "map_public_ip_on_launch": true,
            "tags": {
              "Environment": "PROD",
              "System": "通知サービス",
              "ManagedBy": "terraform",
              "Name": "notif-prod-public-2"
            },
            "tags_all": {
              "Environment": "PROD",
              "System": "通知サービス",
              "ManagedBy": "terraform",
              "Name": "notif-prod-public-2"
            }
          }
        }
      ]
    },
    {
      "mode": "managed",
      "type": "aws_subnet",
      "name": "private_1",
      "provider": "provider[\"registry.terraform.io/hashicorp/aws\"]",
      "instances": [
        {
          "schema_version": 1,
          "attributes": {
            "id": "subnet-0d8e185f701",
            "vpc_id": "vpc-09b35045c0001",
            "cidr_block": "10.16.11.0/24",
            "availability_zone": "ap-northeast-1a",
            "map_public_ip_on_launch": false,
            "tags": {
              "Environment": "PROD",
              "System": "通知サービス",
              "ManagedBy": "terraform",
              "Name": "notif-prod-private-1"
            },
            "tags_all": {
              "Environment": "PROD",
              "System": "通知サービス",
              "ManagedBy": "terraform",
              "Name": "notif-prod-private-1"
            }
          }
        }
      ]
    },
    {
      "mode": "managed",
      "type": "aws_subnet",
      "name": "private_2",
      "provider": "provider[\"registry.terraform.io/hashicorp/aws\"]",
      "instances": [
        {
          "schema_version": 1,
          "attributes": {
            "id": "subnet-0395eeb8f01",
            "vpc_id": "vpc-09b35045c0001",
            "cidr_block": "10.16.12.0/24",
            "availability_zone": "ap-northeast-1c",
            "map_public_ip_on_launch": false,
            "tags": {
              "Environment": "PROD",
              "System": "通知サービス",
              "ManagedBy": "terraform",
              "Name": "notif-prod-private-2"
            },
            "tags_all": {
              "Environment": "PROD",
              "System": "通知サービス",
              "ManagedBy": "terraform",
              "Name": "notif-prod-private-2"
            }
          }
        }
      ]
    },
    {
      "mode": "managed",
      "type": "aws_internet_gateway",
      "name": "main",
      "provider": "provider[\"registry.terraform.io/hashicorp/aws\"]",
      "instances": [
        {
          "schema_version": 1,
          "attributes": {
            "id": "igw-09b35045c0001",
            "vpc_id": "vpc-09b35045c0001",
            "tags": {
              "Environment": "PROD",
              "System": "通知サービス",
              "ManagedBy": "terraform",
              "Name": "notif-prod-igw"
            },
            "tags_all": {
              "Environment": "PROD",
              "System": "通知サービス",
              "ManagedBy": "terraform",
              "Name": "notif-prod-igw"
            }
          }
        }
      ]
    },
    {
      "mode": "managed",
      "type": "aws_eip",
      "name": "nat_1",
      "provider": "provider[\"registry.terraform.io/hashicorp/aws\"]",
      "instances": [
        {
          "schema_version": 1,
          "attributes": {
            "id": "eipalloc-0838b64b001",
            "public_ip": "54.26.20.105",
            "domain": "vpc",
            "vpc": true,
            "tags": {
              "Environment": "PROD",
              "System": "通知サービス",
              "ManagedBy": "terraform",
              "Name": "notif-prod-eip-nat-1"
            },
            "tags_all": {
              "Environment": "PROD",
              "System": "通知サービス",
              "ManagedBy": "terraform",
              "Name": "notif-prod-eip-nat-1"
            }
          }
        }
      ]
    },
    {
      "mode": "managed",
      "type": "aws_nat_gateway",
      "name": "az1",
      "provider": "provider[\"registry.terraform.io/hashicorp/aws\"]",
      "instances": [
        {
          "schema_version": 1,
          "attributes": {
            "id": "nat-0c3cfa9c701",
            "subnet_id": "subnet-0b73b3b1501",
            "allocation_id": "eipalloc-0838b64b001",
            "connectivity_type": "public",
            "state": "available",
            "tags": {
              "Environment": "PROD",
              "System": "通知サービス",
              "ManagedBy": "terraform",
              "Name": "notif-prod-nat-az1"
            },
            "tags_all": {
              "Environment": "PROD",
              "System": "通知サービス",
              "ManagedBy": "terraform",
              "Name": "notif-prod-nat-az1"
            }
          }
        }
      ]
    },
    {
      "mode": "managed",
      "type": "aws_eip",
      "name": "nat_2",
      "provider": "provider[\"registry.terraform.io/hashicorp/aws\"]",
      "instances": [
        {
          "schema_version": 1,
          "attributes": {
            "id": "eipalloc-05783f0df01",
            "public_ip": "54.26.40.110",
            "domain": "vpc",
            "vpc": true,
            "tags": {
              "Environment": "PROD",
              "System": "通知サービス",
              "ManagedBy": "terraform",
              "Name": "notif-prod-eip-nat-2"
            },
            "tags_all": {
              "Environment": "PROD",
              "System": "通知サービス",
              "ManagedBy": "terraform",
              "Name": "notif-prod-eip-nat-2"
            }
          }
        }
      ]
    },
    {
      "mode": "managed",
      "type": "aws_nat_gateway",
      "name": "az2",
      "provider": "provider[\"registry.terraform.io/hashicorp/aws\"]",
      "instances": [
        {
          "schema_version": 1,
          "attributes": {
            "id": "nat-0afb7797001",
            "subnet_id": "subnet-04cd1df2101",
            "allocation_id": "eipalloc-05783f0df01",
            "connectivity_type": "public",
            "state": "available",
            "tags": {
              "Environment": "PROD",
              "System": "通知サービス",
              "ManagedBy": "terraform",
              "Name": "notif-prod-nat-az2"
            },
            "tags_all": {
              "Environment": "PROD",
              "System": "通知サービス",
              "ManagedBy": "terraform",
              "Name": "notif-prod-nat-az2"
            }
          }
        }
      ]
    },
    {
      "mode": "managed",
      "type": "aws_security_group",
      "name": "alb",
      "provider": "provider[\"registry.terraform.io/hashicorp/aws\"]",
      "instances": [
        {
          "schema_version": 1,
          "attributes": {
            "id": "sg-0ef588ddf01",
            "name": "notif-prod-sg-alb",
            "description": "ALB security group",
            "vpc_id": "vpc-09b35045c0001",
            "ingress": [
              {
                "from_port": 80,
                "to_port": 80,
                "protocol": "tcp",
                "cidr_blocks": [
                  "0.0.0.0/0"
                ],
                "ipv6_cidr_blocks": [
                  "::/0"
                ],
                "prefix_list_ids": [],
                "security_groups": [],
                "self": false,
                "description": "HTTP"
              },
              {
                "from_port": 443,
                "to_port": 443,
                "protocol": "tcp",
                "cidr_blocks": [
                  "0.0.0.0/0"
                ],
                "ipv6_cidr_blocks": [
                  "::/0"
                ],
                "prefix_list_ids": [],
                "security_groups": [],
                "self": false,
                "description": "HTTPS"
              }
            ],
            "egress": [
              {
                "from_port": 0,
                "to_port": 0,
                "protocol": "-1",
                "cidr_blocks": [
                  "0.0.0.0/0"
                ],
                "ipv6_cidr_blocks": [],
                "prefix_list_ids": [],
                "security_groups": [],
                "self": false,
                "description": ""
              }
            ],
            "tags": {
              "Environment": "PROD",
              "System": "通知サービス",
              "ManagedBy": "terraform",
              "Name": "notif-prod-sg-alb"
            },
            "tags_all": {
              "Environment": "PROD",
              "System": "通知サービス",
              "ManagedBy": "terraform",
              "Name": "notif-prod-sg-alb"
            }
          }
        }
      ]
    },
    {
      "mode": "managed",
      "type": "aws_security_group",
      "name": "app",
      "provider": "provider[\"registry.terraform.io/hashicorp/aws\"]",
      "instances": [
        {
          "schema_version": 1,
          "attributes": {
            "id": "sg-0a9a48f9d01",
            "name": "notif-prod-sg-app",
            "description": "App server security group",
            "vpc_id": "vpc-09b35045c0001",
            "ingress": [
              {
                "from_port": 8080,
                "to_port": 8080,
                "protocol": "tcp",
                "cidr_blocks": [],
                "ipv6_cidr_blocks": [],
                "prefix_list_ids": [],
                "security_groups": [
                  "sg-0ef588ddf01"
                ],
                "self": false,
                "description": "From ALB"
              },
              {
                "from_port": 22,
                "to_port": 22,
                "protocol": "tcp",
                "cidr_blocks": [
                  "10.0.0.0/8"
                ],
                "ipv6_cidr_blocks": [],
                "prefix_list_ids": [],
                "security_groups": [],
                "self": false,
                "description": "SSH from internal"
              }
            ],
            "egress": [
              {
                "from_port": 0,
                "to_port": 0,
                "protocol": "-1",
                "cidr_blocks": [
                  "0.0.0.0/0"
                ],
                "ipv6_cidr_blocks": [],
                "prefix_list_ids": [],
                "security_groups": [],
                "self": false,
                "description": ""
              }
            ],
            "tags": {
              "Environment": "PROD",
              "System": "通知サービス",
              "ManagedBy": "terraform",
              "Name": "notif-prod-sg-app"
            },
            "tags_all": {
              "Environment": "PROD",
              "System": "通知サービス",
              "ManagedBy": "terraform",
              "Name": "notif-prod-sg-app"
            }
          }
        }
      ]
    },
    {
      "mode": "managed",
      "type": "aws_security_group",
      "name": "rds",
      "provider": "provider[\"registry.terraform.io/hashicorp/aws\"]",
      "instances": [
        {
          "schema_version": 1,
          "attributes": {
            "id": "sg-0c7acb2d501",
            "name": "notif-prod-sg-rds",
            "description": "RDS security group",
            "vpc_id": "vpc-09b35045c0001",
            "ingress": [
              {
                "from_port": 5432,
                "to_port": 5432,
                "protocol": "tcp",
                "cidr_blocks": [],
                "ipv6_cidr_blocks": [],
                "prefix_list_ids": [],
                "security_groups": [
                  "sg-0a9a48f9d01"
                ],
                "self": false,
                "description": "From App tier"
              }
            ],
            "egress": [
              {
                "from_port": 0,
                "to_port": 0,
                "protocol": "-1",
                "cidr_blocks": [
                  "0.0.0.0/0"
                ],
                "ipv6_cidr_blocks": [],
                "prefix_list_ids": [],
                "security_groups": [],
                "self": false,
                "description": ""
              }
            ],
            "tags": {
              "Environment": "PROD",
              "System": "通知サービス",
              "ManagedBy": "terraform",
              "Name": "notif-prod-sg-rds"
            },
            "tags_all": {
              "Environment": "PROD",
              "System": "通知サービス",
              "ManagedBy": "terraform",
              "Name": "notif-prod-sg-rds"
            }
          }
        }
      ]
    },
    {
      "mode": "managed",
      "type": "aws_instance",
      "name": "app_1",
      "provider": "provider[\"registry.terraform.io/hashicorp/aws\"]",
      "instances": [
        {
          "schema_version": 1,
          "attributes": {
            "id": "i-02447bee701",
            "ami": "ami-0d52744d6551d851e",
            "instance_type": "t3.large",
            "instance_state": "running",
            "vpc_id": "vpc-09b35045c0001",
            "subnet_id": "subnet-0d8e185f701",
            "availability_zone": "ap-northeast-1a",
            "private_ip": "10.16.11.10",
            "public_ip": null,
            "vpc_security_group_ids": [
              "sg-0a9a48f9d01"
            ],
            "key_name": "notif-prod-keypair",
            "iam_instance_profile": "notif-prod-ec2-profile",
            "monitoring": true,
            "platform": null,
            "tags": {
              "Environment": "PROD",
              "System": "通知サービス",
              "ManagedBy": "terraform",
              "Name": "notif-prod-app-01",
              "Application": "通知サービス",
              "Language": "python",
              "Framework": "fastapi",
              "Runtime": "gunicorn",
              "DeployMethod": "ec2",
              "Branch": "main"
            },
            "tags_all": {
              "Environment": "PROD",
              "System": "通知サービス",
              "ManagedBy": "terraform",
              "Name": "notif-prod-app-01",
              "Application": "通知サービス",
              "Language": "python",
              "Framework": "fastapi",
              "Runtime": "gunicorn",
              "DeployMethod": "ec2",
              "Branch": "main"
            }
          }
        }
      ]
    },
    {
      "mode": "managed",
      "type": "aws_instance",
      "name": "app_2",
      "provider": "provider[\"registry.terraform.io/hashicorp/aws\"]",
      "instances": [
        {
          "schema_version": 1,
          "attributes": {
            "id": "i-07c657c2c01",
            "ami": "ami-0d52744d6551d851e",
            "instance_type": "t3.large",
            "instance_state": "running",
            "vpc_id": "vpc-09b35045c0001",
            "subnet_id": "subnet-0395eeb8f01",
            "availability_zone": "ap-northeast-1c",
            "private_ip": "10.16.11.20",
            "public_ip": null,
            "vpc_security_group_ids": [
              "sg-0a9a48f9d01"
            ],
            "key_name": "notif-prod-keypair",
            "iam_instance_profile": "notif-prod-ec2-profile",
            "monitoring": true,
            "platform": null,
            "tags": {
              "Environment": "PROD",
              "System": "通知サービス",
              "ManagedBy": "terraform",
              "Name": "notif-prod-app-02",
              "Application": "通知サービス",
              "Language": "python",
              "Framework": "fastapi",
              "Runtime": "gunicorn",
              "DeployMethod": "ec2",
              "Branch": "main"
            },
            "tags_all": {
              "Environment": "PROD",
              "System": "通知サービス",
              "ManagedBy": "terraform",
              "Name": "notif-prod-app-02",
              "Application": "通知サービス",
              "Language": "python",
              "Framework": "fastapi",
              "Runtime": "gunicorn",
              "DeployMethod": "ec2",
              "Branch": "main"
            }
          }
        }
      ]
    },
    {
      "mode": "managed",
      "type": "aws_ebs_volume",
      "name": "app_1",
      "provider": "provider[\"registry.terraform.io/hashicorp/aws\"]",
      "instances": [
        {
          "schema_version": 1,
          "attributes": {
            "id": "vol-0f812554d01",
            "size": 50,
            "type": "gp3",
            "iops": 3000,
            "throughput": 125,
            "availability_zone": "ap-northeast-1a",
            "encrypted": true,
            "kms_key_id": "arn:aws:kms:ap-northeast-1:334455667788:key/e6840f25",
            "snapshot_id": null,
            "multi_attach_enabled": false,
            "attachments": [
              {
                "instance_id": "i-02447bee701",
                "device": "/dev/sdf",
                "delete_on_termination": true
              }
            ],
            "tags": {
              "Environment": "PROD",
              "System": "通知サービス",
              "ManagedBy": "terraform",
              "Name": "notif-prod-ebs-01",
              "attached_instance_id": "i-02447bee701"
            },
            "tags_all": {
              "Environment": "PROD",
              "System": "通知サービス",
              "ManagedBy": "terraform",
              "Name": "notif-prod-ebs-01",
              "attached_instance_id": "i-02447bee701"
            }
          }
        }
      ]
    },
    {
      "mode": "managed",
      "type": "aws_ebs_volume",
      "name": "app_2",
      "provider": "provider[\"registry.terraform.io/hashicorp/aws\"]",
      "instances": [
        {
          "schema_version": 1,
          "attributes": {
            "id": "vol-062ca9aa701",
            "size": 50,
            "type": "gp3",
            "iops": 3000,
            "throughput": 125,
            "availability_zone": "ap-northeast-1c",
            "encrypted": true,
            "kms_key_id": "arn:aws:kms:ap-northeast-1:334455667788:key/e6840f25",
            "snapshot_id": null,
            "multi_attach_enabled": false,
            "attachments": [
              {
                "instance_id": "i-07c657c2c01",
                "device": "/dev/sdf",
                "delete_on_termination": true
              }
            ],
            "tags": {
              "Environment": "PROD",
              "System": "通知サービス",
              "ManagedBy": "terraform",
              "Name": "notif-prod-ebs-02",
              "attached_instance_id": "i-07c657c2c01"
            },
            "tags_all": {
              "Environment": "PROD",
              "System": "通知サービス",
              "ManagedBy": "terraform",
              "Name": "notif-prod-ebs-02",
              "attached_instance_id": "i-07c657c2c01"
            }
          }
        }
      ]
    },
    {
      "mode": "managed",
      "type": "aws_db_instance",
      "name": "main",
      "provider": "provider[\"registry.terraform.io/hashicorp/aws\"]",
      "instances": [
        {
          "schema_version": 1,
          "attributes": {
            "id": "notif-prod-db",
            "identifier": "notif-prod-db",
            "engine": "postgres",
            "engine_version": "16.2",
            "instance_class": "db.t3.medium",
            "db_name": "notif",
            "username": "admin",
            "port": 5432,
            "endpoint": "notif-prod-db.9b3504.ap-northeast-1.rds.amazonaws.com:5432",
            "address": "notif-prod-db.9b3504.ap-northeast-1.rds.amazonaws.com",
            "status": "available",
            "multi_az": true,
            "publicly_accessible": false,
            "storage_type": "gp3",
            "allocated_storage": 100,
            "backup_retention_period": 7,
            "deletion_protection": true,
            "availability_zone": null,
            "vpc_security_group_memberships": [
              {
                "id": "sg-0c7acb2d501",
                "name": "notif-prod-sg-rds"
              }
            ],
            "tags": {
              "Environment": "PROD",
              "System": "通知サービス",
              "ManagedBy": "terraform",
              "Name": "notif-prod-db"
            },
            "tags_all": {
              "Environment": "PROD",
              "System": "通知サービス",
              "ManagedBy": "terraform",
              "Name": "notif-prod-db"
            }
          }
        }
      ]
    },
    {
      "mode": "managed",
      "type": "aws_lb",
      "name": "main",
      "provider": "provider[\"registry.terraform.io/hashicorp/aws\"]",
      "instances": [
        {
          "schema_version": 1,
          "attributes": {
            "id": "arn:aws:elasticloadbalancing:ap-northeast-1:334455667788:loadbalancer/app/notif-prod-alb/09b35045c0001",
            "arn": "arn:aws:elasticloadbalancing:ap-northeast-1:334455667788:loadbalancer/app/notif-prod-alb/09b35045c0001",
            "name": "notif-prod-alb",
            "dns_name": "notif-prod-alb-39733.ap-northeast-1.elb.amazonaws.com",
            "internal": false,
            "load_balancer_type": "application",
            "subnets": [
              "subnet-0b73b3b1501",
              "subnet-04cd1df2101"
            ],
            "security_groups": [
              "sg-0ef588ddf01"
            ],
            "vpc_id": "vpc-09b35045c0001",
            "state": "active",
            "idle_timeout": 60,
            "enable_deletion_protection": true,
            "access_logs": [
              {
                "enabled": true,
                "bucket": "notif-prod-logs-334455667788",
                "prefix": "alb"
              }
            ],
            "tags": {
              "Environment": "PROD",
              "System": "通知サービス",
              "ManagedBy": "terraform",
              "Name": "notif-prod-alb"
            },
            "tags_all": {
              "Environment": "PROD",
              "System": "通知サービス",
              "ManagedBy": "terraform",
              "Name": "notif-prod-alb"
            }
          }
        }
      ]
    },
    {
      "mode": "managed",
      "type": "aws_lb_target_group",
      "name": "main",
      "provider": "provider[\"registry.terraform.io/hashicorp/aws\"]",
      "instances": [
        {
          "schema_version": 1,
          "attributes": {
            "id": "arn:aws:elasticloadbalancing:ap-northeast-1:334455667788:targetgroup/notif-prod-tg/04df9c5c501",
            "arn": "arn:aws:elasticloadbalancing:ap-northeast-1:334455667788:targetgroup/notif-prod-tg/04df9c5c501",
            "name": "notif-prod-tg",
            "protocol": "HTTP",
            "port": 8080,
            "target_type": "instance",
            "vpc_id": "vpc-09b35045c0001",
            "load_balancer_arns": [
              "arn:aws:elasticloadbalancing:ap-northeast-1:334455667788:loadbalancer/app/notif-prod-alb/09b35045c0001"
            ],
            "health_check": [
              {
                "enabled": true,
                "path": "/health",
                "protocol": "HTTP",
                "port": "traffic-port",
                "interval": 30,
                "timeout": 5,
                "healthy_threshold": 3,
                "unhealthy_threshold": 3
              }
            ],
            "tags": {
              "Environment": "PROD",
              "System": "通知サービス",
              "ManagedBy": "terraform",
              "Name": "notif-prod-tg"
            },
            "tags_all": {
              "Environment": "PROD",
              "System": "通知サービス",
              "ManagedBy": "terraform",
              "Name": "notif-prod-tg"
            }
          }
        }
      ]
    },
    {
      "mode": "managed",
      "type": "aws_lb_listener",
      "name": "https",
      "provider": "provider[\"registry.terraform.io/hashicorp/aws\"]",
      "instances": [
        {
          "schema_version": 1,
          "attributes": {
            "id": "arn:aws:elasticloadbalancing:ap-northeast-1:334455667788:listener/app/notif-prod-alb/09b35045c0001/083186c8801",
            "arn": "arn:aws:elasticloadbalancing:ap-northeast-1:334455667788:listener/app/notif-prod-alb/09b35045c0001/083186c8801",
            "load_balancer_arn": "arn:aws:elasticloadbalancing:ap-northeast-1:334455667788:loadbalancer/app/notif-prod-alb/09b35045c0001",
            "port": 443,
            "protocol": "HTTPS",
            "ssl_policy": "ELBSecurityPolicy-TLS13-1-2-2021-06",
            "certificate_arn": "arn:aws:acm:ap-northeast-1:334455667788:certificate/bed7ad94-8a60-0842-4ffe-0dd86b857446",
            "default_action": [
              {
                "type": "forward",
                "target_group_arn": "arn:aws:elasticloadbalancing:ap-northeast-1:334455667788:targetgroup/notif-prod-tg/04df9c5c501",
                "redirect": [],
                "fixed_response": []
              }
            ],
            "tags": {
              "Environment": "PROD",
              "System": "通知サービス",
              "ManagedBy": "terraform"
            },
            "tags_all": {
              "Environment": "PROD",
              "System": "通知サービス",
              "ManagedBy": "terraform"
            }
          }
        }
      ]
    },
    {
      "mode": "managed",
      "type": "aws_lb_listener",
      "name": "http",
      "provider": "provider[\"registry.terraform.io/hashicorp/aws\"]",
      "instances": [
        {
          "schema_version": 1,
          "attributes": {
            "id": "arn:aws:elasticloadbalancing:ap-northeast-1:334455667788:listener/app/notif-prod-alb/09b35045c0001/0184f60b701",
            "arn": "arn:aws:elasticloadbalancing:ap-northeast-1:334455667788:listener/app/notif-prod-alb/09b35045c0001/0184f60b701",
            "load_balancer_arn": "arn:aws:elasticloadbalancing:ap-northeast-1:334455667788:loadbalancer/app/notif-prod-alb/09b35045c0001",
            "port": 80,
            "protocol": "HTTP",
            "ssl_policy": null,
            "certificate_arn": null,
            "default_action": [
              {
                "type": "redirect",
                "target_group_arn": null,
                "redirect": [
                  {
                    "port": "443",
                    "protocol": "HTTPS",
                    "status_code": "HTTP_301",
                    "host": "#{host}",
                    "path": "/#{path}",
                    "query": "#{query}"
                  }
                ],
                "fixed_response": []
              }
            ],
            "tags": {
              "Environment": "PROD",
              "System": "通知サービス",
              "ManagedBy": "terraform"
            },
            "tags_all": {
              "Environment": "PROD",
              "System": "通知サービス",
              "ManagedBy": "terraform"
            }
          }
        }
      ]
    },
    {
      "mode": "managed",
      "type": "aws_s3_bucket",
      "name": "notif_prod_assets_334455667788",
      "provider": "provider[\"registry.terraform.io/hashicorp/aws\"]",
      "instances": [
        {
          "schema_version": 1,
          "attributes": {
            "id": "notif-prod-assets-334455667788",
            "bucket": "notif-prod-assets-334455667788",
            "region": "ap-northeast-1",
            "tags": {
              "Environment": "PROD",
              "System": "通知サービス",
              "ManagedBy": "terraform",
              "Name": "notif-prod-assets-334455667788"
            },
            "tags_all": {
              "Environment": "PROD",
              "System": "通知サービス",
              "ManagedBy": "terraform",
              "Name": "notif-prod-assets-334455667788"
            }
          }
        }
      ]
    },
    {
      "mode": "managed",
      "type": "aws_s3_bucket_versioning",
      "name": "notif_prod_assets_334455667788_versioning",
      "provider": "provider[\"registry.terraform.io/hashicorp/aws\"]",
      "instances": [
        {
          "schema_version": 1,
          "attributes": {
            "id": "notif-prod-assets-334455667788",
            "bucket": "notif-prod-assets-334455667788",
            "versioning_configuration": [
              {
                "status": "Enabled",
                "mfa_delete": "Disabled"
              }
            ]
          }
        }
      ]
    },
    {
      "mode": "managed",
      "type": "aws_s3_bucket_server_side_encryption_configuration",
      "name": "notif_prod_assets_334455667788_sse",
      "provider": "provider[\"registry.terraform.io/hashicorp/aws\"]",
      "instances": [
        {
          "schema_version": 1,
          "attributes": {
            "id": "notif-prod-assets-334455667788",
            "bucket": "notif-prod-assets-334455667788",
            "rule": [
              {
                "apply_server_side_encryption_by_default": [
                  {
                    "sse_algorithm": "aws:kms",
                    "kms_master_key_id": "arn:aws:kms:ap-northeast-1:334455667788:key/59efdbaa"
                  }
                ],
                "bucket_key_enabled": true
              }
            ]
          }
        }
      ]
    },
    {
      "mode": "managed",
      "type": "aws_s3_bucket_public_access_block",
      "name": "notif_prod_assets_334455667788_pab",
      "provider": "provider[\"registry.terraform.io/hashicorp/aws\"]",
      "instances": [
        {
          "schema_version": 1,
          "attributes": {
            "id": "notif-prod-assets-334455667788",
            "bucket": "notif-prod-assets-334455667788",
            "block_public_acls": true,
            "block_public_policy": true,
            "ignore_public_acls": true,
            "restrict_public_buckets": true
          }
        }
      ]
    },
    {
      "mode": "managed",
      "type": "aws_s3_bucket",
      "name": "notif_prod_logs_334455667788",
      "provider": "provider[\"registry.terraform.io/hashicorp/aws\"]",
      "instances": [
        {
          "schema_version": 1,
          "attributes": {
            "id": "notif-prod-logs-334455667788",
            "bucket": "notif-prod-logs-334455667788",
            "region": "ap-northeast-1",
            "tags": {
              "Environment": "PROD",
              "System": "通知サービス",
              "ManagedBy": "terraform",
              "Name": "notif-prod-logs-334455667788"
            },
            "tags_all": {
              "Environment": "PROD",
              "System": "通知サービス",
              "ManagedBy": "terraform",
              "Name": "notif-prod-logs-334455667788"
            }
          }
        }
      ]
    },
    {
      "mode": "managed",
      "type": "aws_s3_bucket_public_access_block",
      "name": "notif_prod_logs_334455667788_pab",
      "provider": "provider[\"registry.terraform.io/hashicorp/aws\"]",
      "instances": [
        {
          "schema_version": 1,
          "attributes": {
            "id": "notif-prod-logs-334455667788",
            "bucket": "notif-prod-logs-334455667788",
            "block_public_acls": true,
            "block_public_policy": true,
            "ignore_public_acls": true,
            "restrict_public_buckets": true
          }
        }
      ]
    },
    {
      "mode": "managed",
      "type": "aws_cloudwatch_log_group",
      "name": "aws_ec2_notif-prod",
      "provider": "provider[\"registry.terraform.io/hashicorp/aws\"]",
      "instances": [
        {
          "schema_version": 1,
          "attributes": {
            "id": "/aws/ec2/notif-prod",
            "name": "/aws/ec2/notif-prod",
            "retention_in_days": 90,
            "tags": {
              "Environment": "PROD",
              "System": "通知サービス",
              "ManagedBy": "terraform"
            },
            "tags_all": {
              "Environment": "PROD",
              "System": "通知サービス",
              "ManagedBy": "terraform"
            }
          }
        }
      ]
    },
    {
      "mode": "managed",
      "type": "aws_cloudwatch_log_group",
      "name": "aws_rds_notif-prod-db",
      "provider": "provider[\"registry.terraform.io/hashicorp/aws\"]",
      "instances": [
        {
          "schema_version": 1,
          "attributes": {
            "id": "/aws/rds/notif-prod-db",
            "name": "/aws/rds/notif-prod-db",
            "retention_in_days": 90,
            "tags": {
              "Environment": "PROD",
              "System": "通知サービス",
              "ManagedBy": "terraform"
            },
            "tags_all": {
              "Environment": "PROD",
              "System": "通知サービス",
              "ManagedBy": "terraform"
            }
          }
        }
      ]
    },
    {
      "mode": "managed",
      "type": "aws_cloudwatch_metric_alarm",
      "name": "ec2_cpu_high",
      "provider": "provider[\"registry.terraform.io/hashicorp/aws\"]",
      "instances": [
        {
          "schema_version": 1,
          "attributes": {
            "id": "notif-prod-ec2-cpu-high",
            "alarm_name": "notif-prod-ec2-cpu-high",
            "alarm_description": "EC2 CPU utilization too high",
            "metric_name": "CPUUtilization",
            "namespace": "AWS/EC2",
            "statistic": "Average",
            "period": 300,
            "evaluation_periods": 2,
            "threshold": 80.0,
            "comparison_operator": "GreaterThanThreshold",
            "alarm_actions": [
              "arn:aws:sns:ap-northeast-1:334455667788:alerts"
            ],
            "ok_actions": [],
            "insufficient_data_actions": [],
            "dimensions": {
              "AutoScalingGroupName": "notif-prod-asg"
            },
            "treat_missing_data": "notBreaching",
            "unit": "Percent",
            "tags": {
              "Environment": "PROD",
              "System": "通知サービス",
              "ManagedBy": "terraform"
            },
            "tags_all": {
              "Environment": "PROD",
              "System": "通知サービス",
              "ManagedBy": "terraform"
            }
          }
        }
      ]
    },
    {
      "mode": "managed",
      "type": "aws_cloudwatch_metric_alarm",
      "name": "rds_connections_high",
      "provider": "provider[\"registry.terraform.io/hashicorp/aws\"]",
      "instances": [
        {
          "schema_version": 1,
          "attributes": {
            "id": "notif-prod-rds-connections-high",
            "alarm_name": "notif-prod-rds-connections-high",
            "alarm_description": "RDS connection count too high",
            "metric_name": "DatabaseConnections",
            "namespace": "AWS/RDS",
            "statistic": "Average",
            "period": 60,
            "evaluation_periods": 5,
            "threshold": 400.0,
            "comparison_operator": "GreaterThanThreshold",
            "alarm_actions": [
              "arn:aws:sns:ap-northeast-1:334455667788:alerts"
            ],
            "ok_actions": [],
            "insufficient_data_actions": [],
            "dimensions": {
              "DBInstanceIdentifier": "notif-prod-db"
            },
            "treat_missing_data": "notBreaching",
            "unit": "Count",
            "tags": {
              "Environment": "PROD",
              "System": "通知サービス",
              "ManagedBy": "terraform"
            },
            "tags_all": {
              "Environment": "PROD",
              "System": "通知サービス",
              "ManagedBy": "terraform"
            }
          }
        }
      ]
    },
    {
      "mode": "managed",
      "type": "aws_codedeploy_app",
      "name": "main",
      "provider": "provider[\"registry.terraform.io/hashicorp/aws\"]",
      "instances": [
        {
          "schema_version": 1,
          "attributes": {
            "id": "notif-prod-app",
            "name": "notif-prod-app",
            "compute_platform": "Server",
            "application_id": "cd346524",
            "tags": {
              "Environment": "PROD",
              "System": "通知サービス",
              "ManagedBy": "terraform",
              "Name": "notif-prod-app"
            },
            "tags_all": {
              "Environment": "PROD",
              "System": "通知サービス",
              "ManagedBy": "terraform",
              "Name": "notif-prod-app"
            }
          }
        }
      ]
    },
    {
      "mode": "managed",
      "type": "aws_codedeploy_deployment_group",
      "name": "main",
      "provider": "provider[\"registry.terraform.io/hashicorp/aws\"]",
      "instances": [
        {
          "schema_version": 1,
          "attributes": {
            "id": "60135376",
            "app_name": "notif-prod-app",
            "deployment_group_name": "notif-prod-deploy-group",
            "service_role_arn": "arn:aws:iam::334455667788:role/notif-prod-codedeploy-role",
            "deployment_config_name": "CodeDeployDefault.OneAtATime",
            "autoscaling_groups": [
              "notif-prod-asg"
            ],
            "deployment_style": [
              {
                "deployment_option": "WITHOUT_TRAFFIC_CONTROL",
                "deployment_type": "IN_PLACE"
              }
            ],
            "auto_rollback_configuration": [
              {
                "enabled": true,
                "events": [
                  "DEPLOYMENT_FAILURE",
                  "DEPLOYMENT_STOP_ON_ALARM"
                ]
              }
            ],
            "alarm_configuration": [
              {
                "enabled": true,
                "alarms": [
                  "notif-prod-ec2-cpu-high"
                ]
              }
            ]
          }
        }
      ]
    }
  ]
}