{
  "version": 4,
  "terraform_version": "1.7.4",
  "serial": 114,
  "lineage": "e6e21df3-2cd8-e344-bb68-463c57858d91",
  "outputs": {},
  "resources": [
    {
      "mode": "managed",
      "type": "aws_vpc",
      "name": "main",
      "provider": "provider[\"registry.terraform.io/hashicorp/aws\"]",
      "instances": [
        {
          "schema_version": 1,
          "attributes": {
            "id": "vpc-0e6e21df30001",
            "cidr_block": "10.14.0.0/16",
            "default": false,
            "enable_dns_support": true,
            "enable_dns_hostnames": true,
            "dhcp_options_id": "dopt-0e6e21df30001",
            "tags": {
              "Environment": "PROD",
              "System": "決済連携",
              "ManagedBy": "terraform",
              "Name": "payment-prod-vpc"
            },
            "tags_all": {
              "Environment": "PROD",
              "System": "決済連携",
              "ManagedBy": "terraform",
              "Name": "payment-prod-vpc"
            }
          }
        }
      ]
    },
    {
      "mode": "managed",
      "type": "aws_subnet",
      "name": "public_1",
      "provider": "provider[\"registry.terraform.io/hashicorp/aws\"]",
      "instances": [
        {
          "schema_version": 1,
          "attributes": {
            "id": "subnet-083bb476201",
            "vpc_id": "vpc-0e6e21df30001",
            "cidr_block": "10.14.1.0/24",
            "availability_zone": "ap-northeast-1a",
            "map_public_ip_on_launch": true,
            "tags": {
              "Environment": "PROD",
              "System": "決済連携",
              "ManagedBy": "terraform",
              "Name": "payment-prod-public-1"
            },
            "tags_all": {
              "Environment": "PROD",
              "System": "決済連携",
              "ManagedBy": "terraform",
              "Name": "payment-prod-public-1"
            }
          }
        }
      ]
    },
    {
      "mode": "managed",
      "type": "aws_subnet",
      "name": "public_2",
      "provider": "provider[\"registry.terraform.io/hashicorp/aws\"]",
      "instances": [
        {
          "schema_version": 1,
          "attributes": {
            "id": "subnet-08aa2016601",
            "vpc_id": "vpc-0e6e21df30001",
            "cidr_block": "10.14.2.0/24",
            "availability_zone": "ap-northeast-1c",
            "map_public_ip_on_launch": true,
            "tags": {
              "Environment": "PROD",
              "System": "決済連携",
              "ManagedBy": "terraform",
              "Name": "payment-prod-public-2"
            },
            "tags_all": {
              "Environment": "PROD",
              "System": "決済連携",
              "ManagedBy": "terraform",
              "Name": "payment-prod-public-2"
            }
          }
        }
      ]
    },
    {
      "mode": "managed",
      "type": "aws_subnet",
      "name": "private_1",
      "provider": "provider[\"registry.terraform.io/hashicorp/aws\"]",
      "instances": [
        {
          "schema_version": 1,
          "attributes": {
            "id": "subnet-02773f70901",
            "vpc_id": "vpc-0e6e21df30001",
            "cidr_block": "10.14.11.0/24",
            "availability_zone": "ap-northeast-1a",
            "map_public_ip_on_launch": false,
            "tags": {
              "Environment": "PROD",
              "System": "決済連携",
              "ManagedBy": "terraform",
              "Name": "payment-prod-private-1"
            },
            "tags_all": {
              "Environment": "PROD",
              "System": "決済連携",
              "ManagedBy": "terraform",
              "Name": "payment-prod-private-1"
            }
          }
        }
      ]
    },
    {
      "mode": "managed",
      "type": "aws_subnet",
      "name": "private_2",
      "provider": "provider[\"registry.terraform.io/hashicorp/aws\"]",
      "instances": [
        {
          "schema_version": 1,
          "attributes": {
            "id": "subnet-0bf2bf54401",
            "vpc_id": "vpc-0e6e21df30001",
            "cidr_block": "10.14.12.0/24",
            "availability_zone": "ap-northeast-1c",
            "map_public_ip_on_launch": false,
            "tags": {
              "Environment": "PROD",
              "System": "決済連携",
              "ManagedBy": "terraform",
              "Name": "payment-prod-private-2"
            },
            "tags_all": {
              "Environment": "PROD",
              "System": "決済連携",
              "ManagedBy": "terraform",
              "Name": "payment-prod-private-2"
            }
          }
        }
      ]
    },
    {
      "mode": "managed",
      "type": "aws_internet_gateway",
      "name": "main",
      "provider": "provider[\"registry.terraform.io/hashicorp/aws\"]",
      "instances": [
        {
          "schema_version": 1,
          "attributes": {
            "id": "igw-0e6e21df30001",
            "vpc_id": "vpc-0e6e21df30001",
            "tags": {
              "Environment": "PROD",
              "System": "決済連携",
              "ManagedBy": "terraform",
              "Name": "payment-prod-igw"
            },
            "tags_all": {
              "Environment": "PROD",
              "System": "決済連携",
              "ManagedBy": "terraform",
              "Name": "payment-prod-igw"
            }
          }
        }
      ]
    },
    {
      "mode": "managed",
      "type": "aws_eip",
      "name": "nat_1",
      "provider": "provider[\"registry.terraform.io/hashicorp/aws\"]",
      "instances": [
        {
          "schema_version": 1,
          "attributes": {
            "id": "eipalloc-0cd99235f01",
            "public_ip": "54.24.20.105",
            "domain": "vpc",
            "vpc": true,
            "tags": {
              "Environment": "PROD",
              "System": "決済連携",
              "ManagedBy": "terraform",
              "Name": "payment-prod-eip-nat-1"
            },
            "tags_all": {
              "Environment": "PROD",
              "System": "決済連携",
              "ManagedBy": "terraform",
              "Name": "payment-prod-eip-nat-1"
            }
          }
        }
      ]
    },
    {
      "mode": "managed",
      "type": "aws_nat_gateway",
      "name": "az1",
      "provider": "provider[\"registry.terraform.io/hashicorp/aws\"]",
      "instances": [
        {
          "schema_version": 1,
          "attributes": {
            "id": "nat-039c4b71201",
            "subnet_id": "subnet-083bb476201",
            "allocation_id": "eipalloc-0cd99235f01",
            "connectivity_type": "public",
            "state": "available",
            "tags": {
              "Environment": "PROD",
              "System": "決済連携",
              "ManagedBy": "terraform",
              "Name": "payment-prod-nat-az1"
            },
            "tags_all": {
              "Environment": "PROD",
              "System": "決済連携",
              "ManagedBy": "terraform",
              "Name": "payment-prod-nat-az1"
            }
          }
        }
      ]
    },
    {
      "mode": "managed",
      "type": "aws_eip",
      "name": "nat_2",
      "provider": "provider[\"registry.terraform.io/hashicorp/aws\"]",
      "instances": [
        {
          "schema_version": 1,
          "attributes": {
            "id": "eipalloc-0b5c2de3901",
            "public_ip": "54.24.40.110",
            "domain": "vpc",
            "vpc": true,
            "tags": {
              "Environment": "PROD",
              "System": "決済連携",
              "ManagedBy": "terraform",
              "Name": "payment-prod-eip-nat-2"
            },
            "tags_all": {
              "Environment": "PROD",
              "System": "決済連携",
              "ManagedBy": "terraform",
              "Name": "payment-prod-eip-nat-2"
            }
          }
        }
      ]
    },
    {
      "mode": "managed",
      "type": "aws_nat_gateway",
      "name": "az2",
      "provider": "provider[\"registry.terraform.io/hashicorp/aws\"]",
      "instances": [
        {
          "schema_version": 1,
          "attributes": {
            "id": "nat-09661d38401",
            "subnet_id": "subnet-08aa2016601",
            "allocation_id": "eipalloc-0b5c2de3901",
            "connectivity_type": "public",
            "state": "available",
            "tags": {
              "Environment": "PROD",
              "System": "決済連携",
              "ManagedBy": "terraform",
              "Name": "payment-prod-nat-az2"
            },
            "tags_all": {
              "Environment": "PROD",
              "System": "決済連携",
              "ManagedBy": "terraform",
              "Name": "payment-prod-nat-az2"
            }
          }
        }
      ]
    },
    {
      "mode": "managed",
      "type": "aws_security_group",
      "name": "alb",
      "provider": "provider[\"registry.terraform.io/hashicorp/aws\"]",
      "instances": [
        {
          "schema_version": 1,
          "attributes": {
            "id": "sg-02341a18b01",
            "name": "payment-prod-sg-alb",
            "description": "ALB security group",
            "vpc_id": "vpc-0e6e21df30001",
            "ingress": [
              {
                "from_port": 80,
                "to_port": 80,
                "protocol": "tcp",
                "cidr_blocks": [
                  "0.0.0.0/0"
                ],
                "ipv6_cidr_blocks": [
                  "::/0"
                ],
                "prefix_list_ids": [],
                "security_groups": [],
                "self": false,
                "description": "HTTP"
              },
              {
                "from_port": 443,
                "to_port": 443,
                "protocol": "tcp",
                "cidr_blocks": [
                  "0.0.0.0/0"
                ],
                "ipv6_cidr_blocks": [
                  "::/0"
                ],
                "prefix_list_ids": [],
                "security_groups": [],
                "self": false,
                "description": "HTTPS"
              }
            ],
            "egress": [
              {
                "from_port": 0,
                "to_port": 0,
                "protocol": "-1",
                "cidr_blocks": [
                  "0.0.0.0/0"
                ],
                "ipv6_cidr_blocks": [],
                "prefix_list_ids": [],
                "security_groups": [],
                "self": false,
                "description": ""
              }
            ],
            "tags": {
              "Environment": "PROD",
              "System": "決済連携",
              "ManagedBy": "terraform",
              "Name": "payment-prod-sg-alb"
            },
            "tags_all": {
              "Environment": "PROD",
              "System": "決済連携",
              "ManagedBy": "terraform",
              "Name": "payment-prod-sg-alb"
            }
          }
        }
      ]
    },
    {
      "mode": "managed",
      "type": "aws_security_group",
      "name": "app",
      "provider": "provider[\"registry.terraform.io/hashicorp/aws\"]",
      "instances": [
        {
          "schema_version": 1,
          "attributes": {
            "id": "sg-024dad54d01",
            "name": "payment-prod-sg-app",
            "description": "App server security group",
            "vpc_id": "vpc-0e6e21df30001",
            "ingress": [
              {
                "from_port": 8080,
                "to_port": 8080,
                "protocol": "tcp",
                "cidr_blocks": [],
                "ipv6_cidr_blocks": [],
                "prefix_list_ids": [],
                "security_groups": [
                  "sg-02341a18b01"
                ],
                "self": false,
                "description": "From ALB"
              },
              {
                "from_port": 22,
                "to_port": 22,
                "protocol": "tcp",
                "cidr_blocks": [
                  "10.0.0.0/8"
                ],
                "ipv6_cidr_blocks": [],
                "prefix_list_ids": [],
                "security_groups": [],
                "self": false,
                "description": "SSH from internal"
              }
            ],
            "egress": [
              {
                "from_port": 0,
                "to_port": 0,
                "protocol": "-1",
                "cidr_blocks": [
                  "0.0.0.0/0"
                ],
                "ipv6_cidr_blocks": [],
                "prefix_list_ids": [],
                "security_groups": [],
                "self": false,
                "description": ""
              }
            ],
            "tags": {
              "Environment": "PROD",
              "System": "決済連携",
              "ManagedBy": "terraform",
              "Name": "payment-prod-sg-app"
            },
            "tags_all": {
              "Environment": "PROD",
              "System": "決済連携",
              "ManagedBy": "terraform",
              "Name": "payment-prod-sg-app"
            }
          }
        }
      ]
    },
    {
      "mode": "managed",
      "type": "aws_security_group",
      "name": "rds",
      "provider": "provider[\"registry.terraform.io/hashicorp/aws\"]",
      "instances": [
        {
          "schema_version": 1,
          "attributes": {
            "id": "sg-098019dd201",
            "name": "payment-prod-sg-rds",
            "description": "RDS security group",
            "vpc_id": "vpc-0e6e21df30001",
            "ingress": [
              {
                "from_port": 3306,
                "to_port": 3306,
                "protocol": "tcp",
                "cidr_blocks": [],
                "ipv6_cidr_blocks": [],
                "prefix_list_ids": [],
                "security_groups": [
                  "sg-024dad54d01"
                ],
                "self": false,
                "description": "From App tier"
              }
            ],
            "egress": [
              {
                "from_port": 0,
                "to_port": 0,
                "protocol": "-1",
                "cidr_blocks": [
                  "0.0.0.0/0"
                ],
                "ipv6_cidr_blocks": [],
                "prefix_list_ids": [],
                "security_groups": [],
                "self": false,
                "description": ""
              }
            ],
            "tags": {
              "Environment": "PROD",
              "System": "決済連携",
              "ManagedBy": "terraform",
              "Name": "payment-prod-sg-rds"
            },
            "tags_all": {
              "Environment": "PROD",
              "System": "決済連携",
              "ManagedBy": "terraform",
              "Name": "payment-prod-sg-rds"
            }
          }
        }
      ]
    },
    {
      "mode": "managed",
      "type": "aws_instance",
      "name": "app_1",
      "provider": "provider[\"registry.terraform.io/hashicorp/aws\"]",
      "instances": [
        {
          "schema_version": 1,
          "attributes": {
            "id": "i-0b1872d9e01",
            "ami": "ami-0d52744d6551d851e",
            "instance_type": "c5.large",
            "instance_state": "running",
            "vpc_id": "vpc-0e6e21df30001",
            "subnet_id": "subnet-02773f70901",
            "availability_zone": "ap-northeast-1a",
            "private_ip": "10.14.11.10",
            "public_ip": null,
            "vpc_security_group_ids": [
              "sg-024dad54d01"
            ],
            "key_name": "payment-prod-keypair",
            "iam_instance_profile": "payment-prod-ec2-profile",
            "monitoring": true,
            "platform": null,
            "tags": {
              "Environment": "PROD",
              "System": "決済連携",
              "ManagedBy": "terraform",
              "Name": "payment-prod-app-01",
              "Application": "決済連携サービス",
              "Language": "go",
              "Framework": "none",
              "Runtime": "none",
              "DeployMethod": "ec2",
              "Branch": "main"
            },
            "tags_all": {
              "Environment": "PROD",
              "System": "決済連携",
              "ManagedBy": "terraform",
              "Name": "payment-prod-app-01",
              "Application": "決済連携サービス",
              "Language": "go",
              "Framework": "none",
              "Runtime": "none",
              "DeployMethod": "ec2",
              "Branch": "main"
            }
          }
        }
      ]
    },
    {
      "mode": "managed",
      "type": "aws_instance",
      "name": "app_2",
      "provider": "provider[\"registry.terraform.io/hashicorp/aws\"]",
      "instances": [
        {
          "schema_version": 1,
          "attributes": {
            "id": "i-0b3bfd71601",
            "ami": "ami-0d52744d6551d851e",
            "instance_type": "c5.large",
            "instance_state": "running",
            "vpc_id": "vpc-0e6e21df30001",
            "subnet_id": "subnet-0bf2bf54401",
            "availability_zone": "ap-northeast-1c",
            "private_ip": "10.14.11.20",
            "public_ip": null,
            "vpc_security_group_ids": [
              "sg-024dad54d01"
            ],
            "key_name": "payment-prod-keypair",
            "iam_instance_profile": "payment-prod-ec2-profile",
            "monitoring": true,
            "platform": null,
            "tags": {
              "Environment": "PROD",
              "System": "決済連携",
              "ManagedBy": "terraform",
              "Name": "payment-prod-app-02",
              "Application": "決済連携サービス",
              "Language": "go",
              "Framework": "none",
              "Runtime": "none",
              "DeployMethod": "ec2",
              "Branch": "main"
            },
            "tags_all": {
              "Environment": "PROD",
              "System": "決済連携",
              "ManagedBy": "terraform",
              "Name": "payment-prod-app-02",
              "Application": "決済連携サービス",
              "Language": "go",
              "Framework": "none",
              "Runtime": "none",
              "DeployMethod": "ec2",
              "Branch": "main"
            }
          }
        }
      ]
    },
    {
      "mode": "managed",
      "type": "aws_ebs_volume",
      "name": "app_1",
      "provider": "provider[\"registry.terraform.io/hashicorp/aws\"]",
      "instances": [
        {
          "schema_version": 1,
          "attributes": {
            "id": "vol-0d71d166201",
            "size": 50,
            "type": "gp3",
            "iops": 3000,
            "throughput": 125,
            "availability_zone": "ap-northeast-1a",
            "encrypted": true,
            "kms_key_id": "arn:aws:kms:ap-northeast-1:998877665544:key/27042cde",
            "snapshot_id": null,
            "multi_attach_enabled": false,
            "attachments": [
              {
                "instance_id": "i-0b1872d9e01",
                "device": "/dev/sdf",
                "delete_on_termination": true
              }
            ],
            "tags": {
              "Environment": "PROD",
              "System": "決済連携",
              "ManagedBy": "terraform",
              "Name": "payment-prod-ebs-01",
              "attached_instance_id": "i-0b1872d9e01"
            },
            "tags_all": {
              "Environment": "PROD",
              "System": "決済連携",
              "ManagedBy": "terraform",
              "Name": "payment-prod-ebs-01",
              "attached_instance_id": "i-0b1872d9e01"
            }
          }
        }
      ]
    },
    {
      "mode": "managed",
      "type": "aws_ebs_volume",
      "name": "app_2",
      "provider": "provider[\"registry.terraform.io/hashicorp/aws\"]",
      "instances": [
        {
          "schema_version": 1,
          "attributes": {
            "id": "vol-0adf4017201",
            "size": 50,
            "type": "gp3",
            "iops": 3000,
            "throughput": 125,
            "availability_zone": "ap-northeast-1c",
            "encrypted": true,
            "kms_key_id": "arn:aws:kms:ap-northeast-1:998877665544:key/27042cde",
            "snapshot_id": null,
            "multi_attach_enabled": false,
            "attachments": [
              {
                "instance_id": "i-0b3bfd71601",
                "device": "/dev/sdf",
                "delete_on_termination": true
              }
            ],
            "tags": {
              "Environment": "PROD",
              "System": "決済連携",
              "ManagedBy": "terraform",
              "Name": "payment-prod-ebs-02",
              "attached_instance_id": "i-0b3bfd71601"
            },
            "tags_all": {
              "Environment": "PROD",
              "System": "決済連携",
              "ManagedBy": "terraform",
              "Name": "payment-prod-ebs-02",
              "attached_instance_id": "i-0b3bfd71601"
            }
          }
        }
      ]
    },
    {
      "mode": "managed",
      "type": "aws_db_instance",
      "name": "main",
      "provider": "provider[\"registry.terraform.io/hashicorp/aws\"]",
      "instances": [
        {
          "schema_version": 1,
          "attributes": {
            "id": "payment-prod-db",
            "identifier": "payment-prod-db",
            "engine": "mysql",
            "engine_version": "8.0.36",
            "instance_class": "db.r6g.large",
            "db_name": "payment",
            "username": "admin",
            "port": 3306,
            "endpoint": "payment-prod-db.e6e21d.ap-northeast-1.rds.amazonaws.com:3306",
            "address": "payment-prod-db.e6e21d.ap-northeast-1.rds.amazonaws.com",
            "status": "available",
            "multi_az": true,
            "publicly_accessible": false,
            "storage_type": "gp3",
            "allocated_storage": 100,
            "backup_retention_period": 7,
            "deletion_protection": true,
            "availability_zone": null,
            "vpc_security_group_memberships": [
              {
                "id": "sg-098019dd201",
                "name": "payment-prod-sg-rds"
              }
            ],
            "tags": {
              "Environment": "PROD",
              "System": "決済連携",
              "ManagedBy": "terraform",
              "Name": "payment-prod-db"
            },
            "tags_all": {
              "Environment": "PROD",
              "System": "決済連携",
              "ManagedBy": "terraform",
              "Name": "payment-prod-db"
            }
          }
        }
      ]
    },
    {
      "mode": "managed",
      "type": "aws_lb",
      "name": "main",
      "provider": "provider[\"registry.terraform.io/hashicorp/aws\"]",
      "instances": [
        {
          "schema_version": 1,
          "attributes": {
            "id": "arn:aws:elasticloadbalancing:ap-northeast-1:998877665544:loadbalancer/app/payment-prod-alb/0e6e21df30001",
            "arn": "arn:aws:elasticloadbalancing:ap-northeast-1:998877665544:loadbalancer/app/payment-prod-alb/0e6e21df30001",
            "name": "payment-prod-alb",
            "dns_name": "payment-prod-alb-59106.ap-northeast-1.elb.amazonaws.com",
            "internal": false,
            "load_balancer_type": "application",
            "subnets": [
              "subnet-083bb476201",
              "subnet-08aa2016601"
            ],
            "security_groups": [
              "sg-02341a18b01"
            ],
            "vpc_id": "vpc-0e6e21df30001",
            "state": "active",
            "idle_timeout": 60,
            "enable_deletion_protection": true,
            "access_logs": [
              {
                "enabled": true,
                "bucket": "payment-prod-logs-998877665544",
                "prefix": "alb"
              }
            ],
            "tags": {
              "Environment": "PROD",
              "System": "決済連携",
              "ManagedBy": "terraform",
              "Name": "payment-prod-alb"
            },
            "tags_all": {
              "Environment": "PROD",
              "System": "決済連携",
              "ManagedBy": "terraform",
              "Name": "payment-prod-alb"
            }
          }
        }
      ]
    },
    {
      "mode": "managed",
      "type": "aws_lb_target_group",
      "name": "main",
      "provider": "provider[\"registry.terraform.io/hashicorp/aws\"]",
      "instances": [
        {
          "schema_version": 1,
          "attributes": {
            "id": "arn:aws:elasticloadbalancing:ap-northeast-1:998877665544:targetgroup/payment-prod-tg/089ff7d5c01",
            "arn": "arn:aws:elasticloadbalancing:ap-northeast-1:998877665544:targetgroup/payment-prod-tg/089ff7d5c01",
            "name": "payment-prod-tg",
            "protocol": "HTTP",
            "port": 8080,
            "target_type": "instance",
            "vpc_id": "vpc-0e6e21df30001",
            "load_balancer_arns": [
              "arn:aws:elasticloadbalancing:ap-northeast-1:998877665544:loadbalancer/app/payment-prod-alb/0e6e21df30001"
            ],
            "health_check": [
              {
                "enabled": true,
                "path": "/health",
                "protocol": "HTTP",
                "port": "traffic-port",
                "interval": 30,
                "timeout": 5,
                "healthy_threshold": 3,
                "unhealthy_threshold": 3
              }
            ],
            "tags": {
              "Environment": "PROD",
              "System": "決済連携",
              "ManagedBy": "terraform",
              "Name": "payment-prod-tg"
            },
            "tags_all": {
              "Environment": "PROD",
              "System": "決済連携",
              "ManagedBy": "terraform",
              "Name": "payment-prod-tg"
            }
          }
        }
      ]
    },
    {
      "mode": "managed",
      "type": "aws_lb_listener",
      "name": "https",
      "provider": "provider[\"registry.terraform.io/hashicorp/aws\"]",
      "instances": [
        {
          "schema_version": 1,
          "attributes": {
            "id": "arn:aws:elasticloadbalancing:ap-northeast-1:998877665544:listener/app/payment-prod-alb/0e6e21df30001/0acbe519801",
            "arn": "arn:aws:elasticloadbalancing:ap-northeast-1:998877665544:listener/app/payment-prod-alb/0e6e21df30001/0acbe519801",
            "load_balancer_arn": "arn:aws:elasticloadbalancing:ap-northeast-1:998877665544:loadbalancer/app/payment-prod-alb/0e6e21df30001",
            "port": 443,
            "protocol": "HTTPS",
            "ssl_policy": "ELBSecurityPolicy-TLS13-1-2-2021-06",
            "certificate_arn": "arn:aws:acm:ap-northeast-1:998877665544:certificate/4b0befa4-a88c-d0f6-77fd-cf671d9443d1",
            "default_action": [
              {
                "type": "forward",
                "target_group_arn": "arn:aws:elasticloadbalancing:ap-northeast-1:998877665544:targetgroup/payment-prod-tg/089ff7d5c01",
                "redirect": [],
                "fixed_response": []
              }
            ],
            "tags": {
              "Environment": "PROD",
              "System": "決済連携",
              "ManagedBy": "terraform"
            },
            "tags_all": {
              "Environment": "PROD",
              "System": "決済連携",
              "ManagedBy": "terraform"
            }
          }
        }
      ]
    },
    {
      "mode": "managed",
      "type": "aws_lb_listener",
      "name": "http",
      "provider": "provider[\"registry.terraform.io/hashicorp/aws\"]",
      "instances": [
        {
          "schema_version": 1,
          "attributes": {
            "id": "arn:aws:elasticloadbalancing:ap-northeast-1:998877665544:listener/app/payment-prod-alb/0e6e21df30001/04761ffe201",
            "arn": "arn:aws:elasticloadbalancing:ap-northeast-1:998877665544:listener/app/payment-prod-alb/0e6e21df30001/04761ffe201",
            "load_balancer_arn": "arn:aws:elasticloadbalancing:ap-northeast-1:998877665544:loadbalancer/app/payment-prod-alb/0e6e21df30001",
            "port": 80,
            "protocol": "HTTP",
            "ssl_policy": null,
            "certificate_arn": null,
            "default_action": [
              {
                "type": "redirect",
                "target_group_arn": null,
                "redirect": [
                  {
                    "port": "443",
                    "protocol": "HTTPS",
                    "status_code": "HTTP_301",
                    "host": "#{host}",
                    "path": "/#{path}",
                    "query": "#{query}"
                  }
                ],
                "fixed_response": []
              }
            ],
            "tags": {
              "Environment": "PROD",
              "System": "決済連携",
              "ManagedBy": "terraform"
            },
            "tags_all": {
              "Environment": "PROD",
              "System": "決済連携",
              "ManagedBy": "terraform"
            }
          }
        }
      ]
    },
    {
      "mode": "managed",
      "type": "aws_wafv2_web_acl",
      "name": "main",
      "provider": "provider[\"registry.terraform.io/hashicorp/aws\"]",
      "instances": [
        {
          "schema_version": 1,
          "attributes": {
            "id": "71ad0d40",
            "arn": "arn:aws:wafv2:ap-northeast-1:998877665544:regional/webacl/payment-prod-waf/071ad0d40",
            "name": "payment-prod-waf",
            "scope": "REGIONAL",
            "default_action": [
              {
                "allow": [
                  {}
                ],
                "block": []
              }
            ],
            "rule": [
              {
                "name": "AWSManagedRulesCommonRuleSet",
                "priority": 1,
                "action": [],
                "override_action": [
                  {
                    "none": [
                      {}
                    ],
                    "count": []
                  }
                ],
                "statement": [
                  {
                    "managed_rule_group_statement": [
                      {
                        "vendor_name": "AWS",
                        "name": "AWSManagedRulesCommonRuleSet",
                        "excluded_rule": []
                      }
                    ]
                  }
                ],
                "visibility_config": [
                  {
                    "sampled_requests_enabled": true,
                    "cloudwatch_metrics_enabled": true,
                    "metric_name": "CommonRules"
                  }
                ]
              },
              {
                "name": "RateLimit",
                "priority": 2,
                "action": [
                  {
                    "block": [
                      {}
                    ],
                    "allow": [],
                    "count": []
                  }
                ],
                "override_action": [],
                "statement": [
                  {
                    "rate_based_statement": [
                      {
                        "limit": 2000,
                        "aggregate_key_type": "IP"
                      }
                    ]
                  }
                ],
                "visibility_config": [
                  {
                    "sampled_requests_enabled": true,
                    "cloudwatch_metrics_enabled": true,
                    "metric_name": "RateLimit"
                  }
                ]
              }
            ],
            "visibility_config": [
              {
                "sampled_requests_enabled": true,
                "cloudwatch_metrics_enabled": true,
                "metric_name": "payment-prod-waf"
              }
            ],
            "tags": {
              "Environment": "PROD",
              "System": "決済連携",
              "ManagedBy": "terraform",
              "Name": "payment-prod-waf"
            },
            "tags_all": {
              "Environment": "PROD",
              "System": "決済連携",
              "ManagedBy": "terraform",
              "Name": "payment-prod-waf"
            }
          }
        }
      ]
    },
    {
      "mode": "managed",
      "type": "aws_wafv2_web_acl_association",
      "name": "main",
      "provider": "provider[\"registry.terraform.io/hashicorp/aws\"]",
      "instances": [
        {
          "schema_version": 1,
          "attributes": {
            "id": "arn:aws:wafv2:ap-northeast-1:998877665544:regional/webacl/payment-prod-waf/071ad0d40|arn:aws:elasticloadbalancing:ap-northeast-1:998877665544:loadbalancer/app/payment-prod-alb/0e6e21df30001",
            "resource_arn": "arn:aws:elasticloadbalancing:ap-northeast-1:998877665544:loadbalancer/app/payment-prod-alb/0e6e21df30001",
            "web_acl_arn": "arn:aws:wafv2:ap-northeast-1:998877665544:regional/webacl/payment-prod-waf/071ad0d40"
          }
        }
      ]
    },
    {
      "mode": "managed",
      "type": "aws_s3_bucket",
      "name": "payment_prod_assets_998877665544",
      "provider": "provider[\"registry.terraform.io/hashicorp/aws\"]",
      "instances": [
        {
          "schema_version": 1,
          "attributes": {
            "id": "payment-prod-assets-998877665544",
            "bucket": "payment-prod-assets-998877665544",
            "region": "ap-northeast-1",
            "tags": {
              "Environment": "PROD",
              "System": "決済連携",
              "ManagedBy": "terraform",
              "Name": "payment-prod-assets-998877665544"
            },
            "tags_all": {
              "Environment": "PROD",
              "System": "決済連携",
              "ManagedBy": "terraform",
              "Name": "payment-prod-assets-998877665544"
            }
          }
        }
      ]
    },
    {
      "mode": "managed",
      "type": "aws_s3_bucket_versioning",
      "name": "payment_prod_assets_998877665544_versioning",
      "provider": "provider[\"registry.terraform.io/hashicorp/aws\"]",
      "instances": [
        {
          "schema_version": 1,
          "attributes": {
            "id": "payment-prod-assets-998877665544",
            "bucket": "payment-prod-assets-998877665544",
            "versioning_configuration": [
              {
                "status": "Enabled",
                "mfa_delete": "Disabled"
              }
            ]
          }
        }
      ]
    },
    {
      "mode": "managed",
      "type": "aws_s3_bucket_server_side_encryption_configuration",
      "name": "payment_prod_assets_998877665544_sse",
      "provider": "provider[\"registry.terraform.io/hashicorp/aws\"]",
      "instances": [
        {
          "schema_version": 1,
          "attributes": {
            "id": "payment-prod-assets-998877665544",
            "bucket": "payment-prod-assets-998877665544",
            "rule": [
              {
                "apply_server_side_encryption_by_default": [
                  {
                    "sse_algorithm": "aws:kms",
                    "kms_master_key_id": "arn:aws:kms:ap-northeast-1:998877665544:key/cc9539c7"
                  }
                ],
                "bucket_key_enabled": true
              }
            ]
          }
        }
      ]
    },
    {
      "mode": "managed",
      "type": "aws_s3_bucket_public_access_block",
      "name": "payment_prod_assets_998877665544_pab",
      "provider": "provider[\"registry.terraform.io/hashicorp/aws\"]",
      "instances": [
        {
          "schema_version": 1,
          "attributes": {
            "id": "payment-prod-assets-998877665544",
            "bucket": "payment-prod-assets-998877665544",
            "block_public_acls": true,
            "block_public_policy": true,
            "ignore_public_acls": true,
            "restrict_public_buckets": true
          }
        }
      ]
    },
    {
      "mode": "managed",
      "type": "aws_s3_bucket",
      "name": "payment_prod_logs_998877665544",
      "provider": "provider[\"registry.terraform.io/hashicorp/aws\"]",
      "instances": [
        {
          "schema_version": 1,
          "attributes": {
            "id": "payment-prod-logs-998877665544",
            "bucket": "payment-prod-logs-998877665544",
            "region": "ap-northeast-1",
            "tags": {
              "Environment": "PROD",
              "System": "決済連携",
              "ManagedBy": "terraform",
              "Name": "payment-prod-logs-998877665544"
            },
            "tags_all": {
              "Environment": "PROD",
              "System": "決済連携",
              "ManagedBy": "terraform",
              "Name": "payment-prod-logs-998877665544"
            }
          }
        }
      ]
    },
    {
      "mode": "managed",
      "type": "aws_s3_bucket_public_access_block",
      "name": "payment_prod_logs_998877665544_pab",
      "provider": "provider[\"registry.terraform.io/hashicorp/aws\"]",
      "instances": [
        {
          "schema_version": 1,
          "attributes": {
            "id": "payment-prod-logs-998877665544",
            "bucket": "payment-prod-logs-998877665544",
            "block_public_acls": true,
            "block_public_policy": true,
            "ignore_public_acls": true,
            "restrict_public_buckets": true
          }
        }
      ]
    },
    {
      "mode": "managed",
      "type": "aws_cloudwatch_log_group",
      "name": "aws_ec2_payment-prod",
      "provider": "provider[\"registry.terraform.io/hashicorp/aws\"]",
      "instances": [
        {
          "schema_version": 1,
          "attributes": {
            "id": "/aws/ec2/payment-prod",
            "name": "/aws/ec2/payment-prod",
            "retention_in_days": 90,
            "tags": {
              "Environment": "PROD",
              "System": "決済連携",
              "ManagedBy": "terraform"
            },
            "tags_all": {
              "Environment": "PROD",
              "System": "決済連携",
              "ManagedBy": "terraform"
            }
          }
        }
      ]
    },
    {
      "mode": "managed",
      "type": "aws_cloudwatch_log_group",
      "name": "aws_rds_payment-prod-db",
      "provider": "provider[\"registry.terraform.io/hashicorp/aws\"]",
      "instances": [
        {
          "schema_version": 1,
          "attributes": {
            "id": "/aws/rds/payment-prod-db",
            "name": "/aws/rds/payment-prod-db",
            "retention_in_days": 90,
            "tags": {
              "Environment": "PROD",
              "System": "決済連携",
              "ManagedBy": "terraform"
            },
            "tags_all": {
              "Environment": "PROD",
              "System": "決済連携",
              "ManagedBy": "terraform"
            }
          }
        }
      ]
    },
    {
      "mode": "managed",
      "type": "aws_cloudwatch_metric_alarm",
      "name": "ec2_cpu_high",
      "provider": "provider[\"registry.terraform.io/hashicorp/aws\"]",
      "instances": [
        {
          "schema_version": 1,
          "attributes": {
            "id": "payment-prod-ec2-cpu-high",
            "alarm_name": "payment-prod-ec2-cpu-high",
            "alarm_description": "EC2 CPU utilization too high",
            "metric_name": "CPUUtilization",
            "namespace": "AWS/EC2",
            "statistic": "Average",
            "period": 300,
            "evaluation_periods": 2,
            "threshold": 80.0,
            "comparison_operator": "GreaterThanThreshold",
            "alarm_actions": [
              "arn:aws:sns:ap-northeast-1:998877665544:alerts"
            ],
            "ok_actions": [],
            "insufficient_data_actions": [],
            "dimensions": {
              "AutoScalingGroupName": "payment-prod-asg"
            },
            "treat_missing_data": "notBreaching",
            "unit": "Percent",
            "tags": {
              "Environment": "PROD",
              "System": "決済連携",
              "ManagedBy": "terraform"
            },
            "tags_all": {
              "Environment": "PROD",
              "System": "決済連携",
              "ManagedBy": "terraform"
            }
          }
        }
      ]
    },
    {
      "mode": "managed",
      "type": "aws_cloudwatch_metric_alarm",
      "name": "rds_connections_high",
      "provider": "provider[\"registry.terraform.io/hashicorp/aws\"]",
      "instances": [
        {
          "schema_version": 1,
          "attributes": {
            "id": "payment-prod-rds-connections-high",
            "alarm_name": "payment-prod-rds-connections-high",
            "alarm_description": "RDS connection count too high",
            "metric_name": "DatabaseConnections",
            "namespace": "AWS/RDS",
            "statistic": "Average",
            "period": 60,
            "evaluation_periods": 5,
            "threshold": 400.0,
            "comparison_operator": "GreaterThanThreshold",
            "alarm_actions": [
              "arn:aws:sns:ap-northeast-1:998877665544:alerts"
            ],
            "ok_actions": [],
            "insufficient_data_actions": [],
            "dimensions": {
              "DBInstanceIdentifier": "payment-prod-db"
            },
            "treat_missing_data": "notBreaching",
            "unit": "Count",
            "tags": {
              "Environment": "PROD",
              "System": "決済連携",
              "ManagedBy": "terraform"
            },
            "tags_all": {
              "Environment": "PROD",
              "System": "決済連携",
              "ManagedBy": "terraform"
            }
          }
        }
      ]
    },
    {
      "mode": "managed",
      "type": "aws_codedeploy_app",
      "name": "main",
      "provider": "provider[\"registry.terraform.io/hashicorp/aws\"]",
      "instances": [
        {
          "schema_version": 1,
          "attributes": {
            "id": "payment-prod-app",
            "name": "payment-prod-app",
            "compute_platform": "Server",
            "application_id": "7e947623",
            "tags": {
              "Environment": "PROD",
              "System": "決済連携",
              "ManagedBy": "terraform",
              "Name": "payment-prod-app"
            },
            "tags_all": {
              "Environment": "PROD",
              "System": "決済連携",
              "ManagedBy": "terraform",
              "Name": "payment-prod-app"
            }
          }
        }
      ]
    },
    {
      "mode": "managed",
      "type": "aws_codedeploy_deployment_group",
      "name": "main",
      "provider": "provider[\"registry.terraform.io/hashicorp/aws\"]",
      "instances": [
        {
          "schema_version": 1,
          "attributes": {
            "id": "840db81a",
            "app_name": "payment-prod-app",
            "deployment_group_name": "payment-prod-deploy-group",
            "service_role_arn": "arn:aws:iam::998877665544:role/payment-prod-codedeploy-role",
            "deployment_config_name": "CodeDeployDefault.OneAtATime",
            "autoscaling_groups": [
              "payment-prod-asg"
            ],
            "deployment_style": [
              {
                "deployment_option": "WITHOUT_TRAFFIC_CONTROL",
                "deployment_type": "IN_PLACE"
              }
            ],
            "auto_rollback_configuration": [
              {
                "enabled": true,
                "events": [
                  "DEPLOYMENT_FAILURE",
                  "DEPLOYMENT_STOP_ON_ALARM"
                ]
              }
            ],
            "alarm_configuration": [
              {
                "enabled": true,
                "alarms": [
                  "payment-prod-ec2-cpu-high"
                ]
              }
            ]
          }
        }
      ]
    }
  ]
}