{
  "version": 4,
  "terraform_version": "1.7.4",
  "serial": 115,
  "lineage": "74929d2f-e850-e162-5d46-49f1a5ab40a0",
  "outputs": {},
  "resources": [
    {
      "mode": "managed",
      "type": "aws_vpc",
      "name": "main",
      "provider": "provider[\"registry.terraform.io/hashicorp/aws\"]",
      "instances": [
        {
          "schema_version": 1,
          "attributes": {
            "id": "vpc-074929d2f0001",
            "cidr_block": "10.15.0.0/16",
            "default": false,
            "enable_dns_support": true,
            "enable_dns_hostnames": true,
            "dhcp_options_id": "dopt-074929d2f0001",
            "tags": {
              "Environment": "STG",
              "System": "決済連携",
              "ManagedBy": "terraform",
              "Name": "payment-stg-vpc"
            },
            "tags_all": {
              "Environment": "STG",
              "System": "決済連携",
              "ManagedBy": "terraform",
              "Name": "payment-stg-vpc"
            }
          }
        }
      ]
    },
    {
      "mode": "managed",
      "type": "aws_subnet",
      "name": "public_1",
      "provider": "provider[\"registry.terraform.io/hashicorp/aws\"]",
      "instances": [
        {
          "schema_version": 1,
          "attributes": {
            "id": "subnet-0e475d42301",
            "vpc_id": "vpc-074929d2f0001",
            "cidr_block": "10.15.1.0/24",
            "availability_zone": "ap-northeast-1a",
            "map_public_ip_on_launch": true,
            "tags": {
              "Environment": "STG",
              "System": "決済連携",
              "ManagedBy": "terraform",
              "Name": "payment-stg-public-1"
            },
            "tags_all": {
              "Environment": "STG",
              "System": "決済連携",
              "ManagedBy": "terraform",
              "Name": "payment-stg-public-1"
            }
          }
        }
      ]
    },
    {
      "mode": "managed",
      "type": "aws_subnet",
      "name": "public_2",
      "provider": "provider[\"registry.terraform.io/hashicorp/aws\"]",
      "instances": [
        {
          "schema_version": 1,
          "attributes": {
            "id": "subnet-0d44e819101",
            "vpc_id": "vpc-074929d2f0001",
            "cidr_block": "10.15.2.0/24",
            "availability_zone": "ap-northeast-1c",
            "map_public_ip_on_launch": true,
            "tags": {
              "Environment": "STG",
              "System": "決済連携",
              "ManagedBy": "terraform",
              "Name": "payment-stg-public-2"
            },
            "tags_all": {
              "Environment": "STG",
              "System": "決済連携",
              "ManagedBy": "terraform",
              "Name": "payment-stg-public-2"
            }
          }
        }
      ]
    },
    {
      "mode": "managed",
      "type": "aws_subnet",
      "name": "private_1",
      "provider": "provider[\"registry.terraform.io/hashicorp/aws\"]",
      "instances": [
        {
          "schema_version": 1,
          "attributes": {
            "id": "subnet-00b7760a301",
            "vpc_id": "vpc-074929d2f0001",
            "cidr_block": "10.15.11.0/24",
            "availability_zone": "ap-northeast-1a",
            "map_public_ip_on_launch": false,
            "tags": {
              "Environment": "STG",
              "System": "決済連携",
              "ManagedBy": "terraform",
              "Name": "payment-stg-private-1"
            },
            "tags_all": {
              "Environment": "STG",
              "System": "決済連携",
              "ManagedBy": "terraform",
              "Name": "payment-stg-private-1"
            }
          }
        }
      ]
    },
    {
      "mode": "managed",
      "type": "aws_subnet",
      "name": "private_2",
      "provider": "provider[\"registry.terraform.io/hashicorp/aws\"]",
      "instances": [
        {
          "schema_version": 1,
          "attributes": {
            "id": "subnet-0aa6f44b401",
            "vpc_id": "vpc-074929d2f0001",
            "cidr_block": "10.15.12.0/24",
            "availability_zone": "ap-northeast-1c",
            "map_public_ip_on_launch": false,
            "tags": {
              "Environment": "STG",
              "System": "決済連携",
              "ManagedBy": "terraform",
              "Name": "payment-stg-private-2"
            },
            "tags_all": {
              "Environment": "STG",
              "System": "決済連携",
              "ManagedBy": "terraform",
              "Name": "payment-stg-private-2"
            }
          }
        }
      ]
    },
    {
      "mode": "managed",
      "type": "aws_internet_gateway",
      "name": "main",
      "provider": "provider[\"registry.terraform.io/hashicorp/aws\"]",
      "instances": [
        {
          "schema_version": 1,
          "attributes": {
            "id": "igw-074929d2f0001",
            "vpc_id": "vpc-074929d2f0001",
            "tags": {
              "Environment": "STG",
              "System": "決済連携",
              "ManagedBy": "terraform",
              "Name": "payment-stg-igw"
            },
            "tags_all": {
              "Environment": "STG",
              "System": "決済連携",
              "ManagedBy": "terraform",
              "Name": "payment-stg-igw"
            }
          }
        }
      ]
    },
    {
      "mode": "managed",
      "type": "aws_security_group",
      "name": "alb",
      "provider": "provider[\"registry.terraform.io/hashicorp/aws\"]",
      "instances": [
        {
          "schema_version": 1,
          "attributes": {
            "id": "sg-0691ad1e301",
            "name": "payment-stg-sg-alb",
            "description": "ALB security group",
            "vpc_id": "vpc-074929d2f0001",
            "ingress": [
              {
                "from_port": 80,
                "to_port": 80,
                "protocol": "tcp",
                "cidr_blocks": [
                  "0.0.0.0/0"
                ],
                "ipv6_cidr_blocks": [
                  "::/0"
                ],
                "prefix_list_ids": [],
                "security_groups": [],
                "self": false,
                "description": "HTTP"
              },
              {
                "from_port": 443,
                "to_port": 443,
                "protocol": "tcp",
                "cidr_blocks": [
                  "0.0.0.0/0"
                ],
                "ipv6_cidr_blocks": [
                  "::/0"
                ],
                "prefix_list_ids": [],
                "security_groups": [],
                "self": false,
                "description": "HTTPS"
              }
            ],
            "egress": [
              {
                "from_port": 0,
                "to_port": 0,
                "protocol": "-1",
                "cidr_blocks": [
                  "0.0.0.0/0"
                ],
                "ipv6_cidr_blocks": [],
                "prefix_list_ids": [],
                "security_groups": [],
                "self": false,
                "description": ""
              }
            ],
            "tags": {
              "Environment": "STG",
              "System": "決済連携",
              "ManagedBy": "terraform",
              "Name": "payment-stg-sg-alb"
            },
            "tags_all": {
              "Environment": "STG",
              "System": "決済連携",
              "ManagedBy": "terraform",
              "Name": "payment-stg-sg-alb"
            }
          }
        }
      ]
    },
    {
      "mode": "managed",
      "type": "aws_security_group",
      "name": "app",
      "provider": "provider[\"registry.terraform.io/hashicorp/aws\"]",
      "instances": [
        {
          "schema_version": 1,
          "attributes": {
            "id": "sg-0d14f002101",
            "name": "payment-stg-sg-app",
            "description": "App server security group",
            "vpc_id": "vpc-074929d2f0001",
            "ingress": [
              {
                "from_port": 8080,
                "to_port": 8080,
                "protocol": "tcp",
                "cidr_blocks": [],
                "ipv6_cidr_blocks": [],
                "prefix_list_ids": [],
                "security_groups": [
                  "sg-0691ad1e301"
                ],
                "self": false,
                "description": "From ALB"
              },
              {
                "from_port": 22,
                "to_port": 22,
                "protocol": "tcp",
                "cidr_blocks": [
                  "10.0.0.0/8"
                ],
                "ipv6_cidr_blocks": [],
                "prefix_list_ids": [],
                "security_groups": [],
                "self": false,
                "description": "SSH from internal"
              }
            ],
            "egress": [
              {
                "from_port": 0,
                "to_port": 0,
                "protocol": "-1",
                "cidr_blocks": [
                  "0.0.0.0/0"
                ],
                "ipv6_cidr_blocks": [],
                "prefix_list_ids": [],
                "security_groups": [],
                "self": false,
                "description": ""
              }
            ],
            "tags": {
              "Environment": "STG",
              "System": "決済連携",
              "ManagedBy": "terraform",
              "Name": "payment-stg-sg-app"
            },
            "tags_all": {
              "Environment": "STG",
              "System": "決済連携",
              "ManagedBy": "terraform",
              "Name": "payment-stg-sg-app"
            }
          }
        }
      ]
    },
    {
      "mode": "managed",
      "type": "aws_security_group",
      "name": "rds",
      "provider": "provider[\"registry.terraform.io/hashicorp/aws\"]",
      "instances": [
        {
          "schema_version": 1,
          "attributes": {
            "id": "sg-00b1cbd7801",
            "name": "payment-stg-sg-rds",
            "description": "RDS security group",
            "vpc_id": "vpc-074929d2f0001",
            "ingress": [
              {
                "from_port": 3306,
                "to_port": 3306,
                "protocol": "tcp",
                "cidr_blocks": [],
                "ipv6_cidr_blocks": [],
                "prefix_list_ids": [],
                "security_groups": [
                  "sg-0d14f002101"
                ],
                "self": false,
                "description": "From App tier"
              }
            ],
            "egress": [
              {
                "from_port": 0,
                "to_port": 0,
                "protocol": "-1",
                "cidr_blocks": [
                  "0.0.0.0/0"
                ],
                "ipv6_cidr_blocks": [],
                "prefix_list_ids": [],
                "security_groups": [],
                "self": false,
                "description": ""
              }
            ],
            "tags": {
              "Environment": "STG",
              "System": "決済連携",
              "ManagedBy": "terraform",
              "Name": "payment-stg-sg-rds"
            },
            "tags_all": {
              "Environment": "STG",
              "System": "決済連携",
              "ManagedBy": "terraform",
              "Name": "payment-stg-sg-rds"
            }
          }
        }
      ]
    },
    {
      "mode": "managed",
      "type": "aws_instance",
      "name": "app_1",
      "provider": "provider[\"registry.terraform.io/hashicorp/aws\"]",
      "instances": [
        {
          "schema_version": 1,
          "attributes": {
            "id": "i-05e1d135201",
            "ami": "ami-0d52744d6551d851e",
            "instance_type": "t3.medium",
            "instance_state": "running",
            "vpc_id": "vpc-074929d2f0001",
            "subnet_id": "subnet-00b7760a301",
            "availability_zone": "ap-northeast-1a",
            "private_ip": "10.15.11.10",
            "public_ip": null,
            "vpc_security_group_ids": [
              "sg-0d14f002101"
            ],
            "key_name": "payment-stg-keypair",
            "iam_instance_profile": "payment-stg-ec2-profile",
            "monitoring": true,
            "platform": null,
            "tags": {
              "Environment": "STG",
              "System": "決済連携",
              "ManagedBy": "terraform",
              "Name": "payment-stg-app-01",
              "Application": "決済連携サービス",
              "Language": "go",
              "Framework": "none",
              "Runtime": "none",
              "DeployMethod": "ec2",
              "Branch": "develop"
            },
            "tags_all": {
              "Environment": "STG",
              "System": "決済連携",
              "ManagedBy": "terraform",
              "Name": "payment-stg-app-01",
              "Application": "決済連携サービス",
              "Language": "go",
              "Framework": "none",
              "Runtime": "none",
              "DeployMethod": "ec2",
              "Branch": "develop"
            }
          }
        }
      ]
    },
    {
      "mode": "managed",
      "type": "aws_ebs_volume",
      "name": "app_1",
      "provider": "provider[\"registry.terraform.io/hashicorp/aws\"]",
      "instances": [
        {
          "schema_version": 1,
          "attributes": {
            "id": "vol-0398847e001",
            "size": 30,
            "type": "gp3",
            "iops": 3000,
            "throughput": 125,
            "availability_zone": "ap-northeast-1a",
            "encrypted": true,
            "kms_key_id": "arn:aws:kms:ap-northeast-1:998877665544:key/e2c942af",
            "snapshot_id": null,
            "multi_attach_enabled": false,
            "attachments": [
              {
                "instance_id": "i-05e1d135201",
                "device": "/dev/sdf",
                "delete_on_termination": true
              }
            ],
            "tags": {
              "Environment": "STG",
              "System": "決済連携",
              "ManagedBy": "terraform",
              "Name": "payment-stg-ebs-01",
              "attached_instance_id": "i-05e1d135201"
            },
            "tags_all": {
              "Environment": "STG",
              "System": "決済連携",
              "ManagedBy": "terraform",
              "Name": "payment-stg-ebs-01",
              "attached_instance_id": "i-05e1d135201"
            }
          }
        }
      ]
    },
    {
      "mode": "managed",
      "type": "aws_db_instance",
      "name": "main",
      "provider": "provider[\"registry.terraform.io/hashicorp/aws\"]",
      "instances": [
        {
          "schema_version": 1,
          "attributes": {
            "id": "payment-stg-db",
            "identifier": "payment-stg-db",
            "engine": "mysql",
            "engine_version": "8.0.36",
            "instance_class": "db.t3.medium",
            "db_name": "payment",
            "username": "admin",
            "port": 3306,
            "endpoint": "payment-stg-db.74929d.ap-northeast-1.rds.amazonaws.com:3306",
            "address": "payment-stg-db.74929d.ap-northeast-1.rds.amazonaws.com",
            "status": "available",
            "multi_az": false,
            "publicly_accessible": false,
            "storage_type": "gp3",
            "allocated_storage": 20,
            "backup_retention_period": 1,
            "deletion_protection": false,
            "availability_zone": "ap-northeast-1a",
            "vpc_security_group_memberships": [
              {
                "id": "sg-00b1cbd7801",
                "name": "payment-stg-sg-rds"
              }
            ],
            "tags": {
              "Environment": "STG",
              "System": "決済連携",
              "ManagedBy": "terraform",
              "Name": "payment-stg-db"
            },
            "tags_all": {
              "Environment": "STG",
              "System": "決済連携",
              "ManagedBy": "terraform",
              "Name": "payment-stg-db"
            }
          }
        }
      ]
    },
    {
      "mode": "managed",
      "type": "aws_lb",
      "name": "main",
      "provider": "provider[\"registry.terraform.io/hashicorp/aws\"]",
      "instances": [
        {
          "schema_version": 1,
          "attributes": {
            "id": "arn:aws:elasticloadbalancing:ap-northeast-1:998877665544:loadbalancer/app/payment-stg-alb/074929d2f0001",
            "arn": "arn:aws:elasticloadbalancing:ap-northeast-1:998877665544:loadbalancer/app/payment-stg-alb/074929d2f0001",
            "name": "payment-stg-alb",
            "dns_name": "payment-stg-alb-29842.ap-northeast-1.elb.amazonaws.com",
            "internal": false,
            "load_balancer_type": "application",
            "subnets": [
              "subnet-0e475d42301",
              "subnet-0d44e819101"
            ],
            "security_groups": [
              "sg-0691ad1e301"
            ],
            "vpc_id": "vpc-074929d2f0001",
            "state": "active",
            "idle_timeout": 60,
            "enable_deletion_protection": false,
            "access_logs": [
              {
                "enabled": true,
                "bucket": "payment-stg-logs-998877665544",
                "prefix": "alb"
              }
            ],
            "tags": {
              "Environment": "STG",
              "System": "決済連携",
              "ManagedBy": "terraform",
              "Name": "payment-stg-alb"
            },
            "tags_all": {
              "Environment": "STG",
              "System": "決済連携",
              "ManagedBy": "terraform",
              "Name": "payment-stg-alb"
            }
          }
        }
      ]
    },
    {
      "mode": "managed",
      "type": "aws_lb_target_group",
      "name": "main",
      "provider": "provider[\"registry.terraform.io/hashicorp/aws\"]",
      "instances": [
        {
          "schema_version": 1,
          "attributes": {
            "id": "arn:aws:elasticloadbalancing:ap-northeast-1:998877665544:targetgroup/payment-stg-tg/02b4a6b6d01",
            "arn": "arn:aws:elasticloadbalancing:ap-northeast-1:998877665544:targetgroup/payment-stg-tg/02b4a6b6d01",
            "name": "payment-stg-tg",
            "protocol": "HTTP",
            "port": 8080,
            "target_type": "instance",
            "vpc_id": "vpc-074929d2f0001",
            "load_balancer_arns": [
              "arn:aws:elasticloadbalancing:ap-northeast-1:998877665544:loadbalancer/app/payment-stg-alb/074929d2f0001"
            ],
            "health_check": [
              {
                "enabled": true,
                "path": "/health",
                "protocol": "HTTP",
                "port": "traffic-port",
                "interval": 30,
                "timeout": 5,
                "healthy_threshold": 3,
                "unhealthy_threshold": 3
              }
            ],
            "tags": {
              "Environment": "STG",
              "System": "決済連携",
              "ManagedBy": "terraform",
              "Name": "payment-stg-tg"
            },
            "tags_all": {
              "Environment": "STG",
              "System": "決済連携",
              "ManagedBy": "terraform",
              "Name": "payment-stg-tg"
            }
          }
        }
      ]
    },
    {
      "mode": "managed",
      "type": "aws_lb_listener",
      "name": "https",
      "provider": "provider[\"registry.terraform.io/hashicorp/aws\"]",
      "instances": [
        {
          "schema_version": 1,
          "attributes": {
            "id": "arn:aws:elasticloadbalancing:ap-northeast-1:998877665544:listener/app/payment-stg-alb/074929d2f0001/084c027c901",
            "arn": "arn:aws:elasticloadbalancing:ap-northeast-1:998877665544:listener/app/payment-stg-alb/074929d2f0001/084c027c901",
            "load_balancer_arn": "arn:aws:elasticloadbalancing:ap-northeast-1:998877665544:loadbalancer/app/payment-stg-alb/074929d2f0001",
            "port": 443,
            "protocol": "HTTPS",
            "ssl_policy": "ELBSecurityPolicy-TLS13-1-2-2021-06",
            "certificate_arn": "arn:aws:acm:ap-northeast-1:998877665544:certificate/9f71c71e-0c77-ed3d-9463-4664a75dd778",
            "default_action": [
              {
                "type": "forward",
                "target_group_arn": "arn:aws:elasticloadbalancing:ap-northeast-1:998877665544:targetgroup/payment-stg-tg/02b4a6b6d01",
                "redirect": [],
                "fixed_response": []
              }
            ],
            "tags": {
              "Environment": "STG",
              "System": "決済連携",
              "ManagedBy": "terraform"
            },
            "tags_all": {
              "Environment": "STG",
              "System": "決済連携",
              "ManagedBy": "terraform"
            }
          }
        }
      ]
    },
    {
      "mode": "managed",
      "type": "aws_lb_listener",
      "name": "http",
      "provider": "provider[\"registry.terraform.io/hashicorp/aws\"]",
      "instances": [
        {
          "schema_version": 1,
          "attributes": {
            "id": "arn:aws:elasticloadbalancing:ap-northeast-1:998877665544:listener/app/payment-stg-alb/074929d2f0001/0c577803101",
            "arn": "arn:aws:elasticloadbalancing:ap-northeast-1:998877665544:listener/app/payment-stg-alb/074929d2f0001/0c577803101",
            "load_balancer_arn": "arn:aws:elasticloadbalancing:ap-northeast-1:998877665544:loadbalancer/app/payment-stg-alb/074929d2f0001",
            "port": 80,
            "protocol": "HTTP",
            "ssl_policy": null,
            "certificate_arn": null,
            "default_action": [
              {
                "type": "redirect",
                "target_group_arn": null,
                "redirect": [
                  {
                    "port": "443",
                    "protocol": "HTTPS",
                    "status_code": "HTTP_301",
                    "host": "#{host}",
                    "path": "/#{path}",
                    "query": "#{query}"
                  }
                ],
                "fixed_response": []
              }
            ],
            "tags": {
              "Environment": "STG",
              "System": "決済連携",
              "ManagedBy": "terraform"
            },
            "tags_all": {
              "Environment": "STG",
              "System": "決済連携",
              "ManagedBy": "terraform"
            }
          }
        }
      ]
    },
    {
      "mode": "managed",
      "type": "aws_s3_bucket",
      "name": "payment_stg_assets_998877665544",
      "provider": "provider[\"registry.terraform.io/hashicorp/aws\"]",
      "instances": [
        {
          "schema_version": 1,
          "attributes": {
            "id": "payment-stg-assets-998877665544",
            "bucket": "payment-stg-assets-998877665544",
            "region": "ap-northeast-1",
            "tags": {
              "Environment": "STG",
              "System": "決済連携",
              "ManagedBy": "terraform",
              "Name": "payment-stg-assets-998877665544"
            },
            "tags_all": {
              "Environment": "STG",
              "System": "決済連携",
              "ManagedBy": "terraform",
              "Name": "payment-stg-assets-998877665544"
            }
          }
        }
      ]
    },
    {
      "mode": "managed",
      "type": "aws_s3_bucket_versioning",
      "name": "payment_stg_assets_998877665544_versioning",
      "provider": "provider[\"registry.terraform.io/hashicorp/aws\"]",
      "instances": [
        {
          "schema_version": 1,
          "attributes": {
            "id": "payment-stg-assets-998877665544",
            "bucket": "payment-stg-assets-998877665544",
            "versioning_configuration": [
              {
                "status": "Enabled",
                "mfa_delete": "Disabled"
              }
            ]
          }
        }
      ]
    },
    {
      "mode": "managed",
      "type": "aws_s3_bucket_server_side_encryption_configuration",
      "name": "payment_stg_assets_998877665544_sse",
      "provider": "provider[\"registry.terraform.io/hashicorp/aws\"]",
      "instances": [
        {
          "schema_version": 1,
          "attributes": {
            "id": "payment-stg-assets-998877665544",
            "bucket": "payment-stg-assets-998877665544",
            "rule": [
              {
                "apply_server_side_encryption_by_default": [
                  {
                    "sse_algorithm": "aws:kms",
                    "kms_master_key_id": "arn:aws:kms:ap-northeast-1:998877665544:key/9ba82ece"
                  }
                ],
                "bucket_key_enabled": true
              }
            ]
          }
        }
      ]
    },
    {
      "mode": "managed",
      "type": "aws_s3_bucket_public_access_block",
      "name": "payment_stg_assets_998877665544_pab",
      "provider": "provider[\"registry.terraform.io/hashicorp/aws\"]",
      "instances": [
        {
          "schema_version": 1,
          "attributes": {
            "id": "payment-stg-assets-998877665544",
            "bucket": "payment-stg-assets-998877665544",
            "block_public_acls": true,
            "block_public_policy": true,
            "ignore_public_acls": true,
            "restrict_public_buckets": true
          }
        }
      ]
    },
    {
      "mode": "managed",
      "type": "aws_cloudwatch_log_group",
      "name": "aws_ec2_payment-stg",
      "provider": "provider[\"registry.terraform.io/hashicorp/aws\"]",
      "instances": [
        {
          "schema_version": 1,
          "attributes": {
            "id": "/aws/ec2/payment-stg",
            "name": "/aws/ec2/payment-stg",
            "retention_in_days": 30,
            "tags": {
              "Environment": "STG",
              "System": "決済連携",
              "ManagedBy": "terraform"
            },
            "tags_all": {
              "Environment": "STG",
              "System": "決済連携",
              "ManagedBy": "terraform"
            }
          }
        }
      ]
    },
    {
      "mode": "managed",
      "type": "aws_cloudwatch_log_group",
      "name": "aws_rds_payment-stg-db",
      "provider": "provider[\"registry.terraform.io/hashicorp/aws\"]",
      "instances": [
        {
          "schema_version": 1,
          "attributes": {
            "id": "/aws/rds/payment-stg-db",
            "name": "/aws/rds/payment-stg-db",
            "retention_in_days": 30,
            "tags": {
              "Environment": "STG",
              "System": "決済連携",
              "ManagedBy": "terraform"
            },
            "tags_all": {
              "Environment": "STG",
              "System": "決済連携",
              "ManagedBy": "terraform"
            }
          }
        }
      ]
    },
    {
      "mode": "managed",
      "type": "aws_cloudwatch_metric_alarm",
      "name": "ec2_cpu_high",
      "provider": "provider[\"registry.terraform.io/hashicorp/aws\"]",
      "instances": [
        {
          "schema_version": 1,
          "attributes": {
            "id": "payment-stg-ec2-cpu-high",
            "alarm_name": "payment-stg-ec2-cpu-high",
            "alarm_description": "EC2 CPU utilization too high",
            "metric_name": "CPUUtilization",
            "namespace": "AWS/EC2",
            "statistic": "Average",
            "period": 300,
            "evaluation_periods": 2,
            "threshold": 80.0,
            "comparison_operator": "GreaterThanThreshold",
            "alarm_actions": [
              "arn:aws:sns:ap-northeast-1:998877665544:alerts"
            ],
            "ok_actions": [],
            "insufficient_data_actions": [],
            "dimensions": {
              "AutoScalingGroupName": "payment-stg-asg"
            },
            "treat_missing_data": "notBreaching",
            "unit": "Percent",
            "tags": {
              "Environment": "STG",
              "System": "決済連携",
              "ManagedBy": "terraform"
            },
            "tags_all": {
              "Environment": "STG",
              "System": "決済連携",
              "ManagedBy": "terraform"
            }
          }
        }
      ]
    },
    {
      "mode": "managed",
      "type": "aws_cloudwatch_metric_alarm",
      "name": "rds_connections_high",
      "provider": "provider[\"registry.terraform.io/hashicorp/aws\"]",
      "instances": [
        {
          "schema_version": 1,
          "attributes": {
            "id": "payment-stg-rds-connections-high",
            "alarm_name": "payment-stg-rds-connections-high",
            "alarm_description": "RDS connection count too high",
            "metric_name": "DatabaseConnections",
            "namespace": "AWS/RDS",
            "statistic": "Average",
            "period": 60,
            "evaluation_periods": 5,
            "threshold": 400.0,
            "comparison_operator": "GreaterThanThreshold",
            "alarm_actions": [
              "arn:aws:sns:ap-northeast-1:998877665544:alerts"
            ],
            "ok_actions": [],
            "insufficient_data_actions": [],
            "dimensions": {
              "DBInstanceIdentifier": "payment-stg-db"
            },
            "treat_missing_data": "notBreaching",
            "unit": "Count",
            "tags": {
              "Environment": "STG",
              "System": "決済連携",
              "ManagedBy": "terraform"
            },
            "tags_all": {
              "Environment": "STG",
              "System": "決済連携",
              "ManagedBy": "terraform"
            }
          }
        }
      ]
    }
  ]
}